{
    "version": 3,
    "terraform_version": "0.11.3",
    "serial": 21,
    "lineage": "e5f52129-6b91-455a-b9fb-50471c68a7ac",
    "modules": [
        {
            "path": [
                "root"
            ],
            "outputs": {},
            "resources": {},
            "depends_on": []
        },
        {
            "path": [
                "root",
                "converted_zones"
            ],
            "outputs": {},
            "resources": {
                "aws_route53_record.0-ss-cz-CNAME": {
                    "type": "aws_route53_record",
                    "depends_on": [
                        "aws_route53_zone.ss-cz"
                    ],
                    "primary": {
                        "id": "Z2W0J1YKYA1TN5_0.ss.cz_CNAME",
                        "attributes": {
                            "allow_overwrite": "true",
                            "fqdn": "0.ss.cz",
                            "health_check_id": "",
                            "id": "Z2W0J1YKYA1TN5_0.ss.cz_CNAME",
                            "name": "0.ss.cz",
                            "records.#": "1",
                            "records.2810076214": "0.ss.cx.s3.amazonaws.com.",
                            "set_identifier": "",
                            "ttl": "10800",
                            "type": "CNAME",
                            "zone_id": "Z2W0J1YKYA1TN5"
                        },
                        "meta": {
                            "schema_version": "2"
                        },
                        "tainted": false
                    },
                    "deposed": [],
                    "provider": "provider.aws"
                },
                "aws_route53_record.a-andrewmonks-net-CNAME": {
                    "type": "aws_route53_record",
                    "depends_on": [
                        "aws_route53_zone.andrewmonks-net"
                    ],
                    "primary": {
                        "id": "Z2LC9EOHE58CX5_a.andrewmonks.net_CNAME",
                        "attributes": {
                            "allow_overwrite": "true",
                            "fqdn": "a.andrewmonks.net",
                            "health_check_id": "",
                            "id": "Z2LC9EOHE58CX5_a.andrewmonks.net_CNAME",
                            "name": "a.andrewmonks.net",
                            "records.#": "1",
                            "records.1911113127": "monks.co.",
                            "set_identifier": "",
                            "ttl": "10800",
                            "type": "CNAME",
                            "zone_id": "Z2LC9EOHE58CX5"
                        },
                        "meta": {
                            "schema_version": "2"
                        },
                        "tainted": false
                    },
                    "deposed": [],
                    "provider": "provider.aws"
                },
                "aws_route53_record.andrewmonks-net-A": {
                    "type": "aws_route53_record",
                    "depends_on": [
                        "aws_route53_zone.andrewmonks-net"
                    ],
                    "primary": {
                        "id": "Z2LC9EOHE58CX5_andrewmonks.net_A",
                        "attributes": {
                            "allow_overwrite": "true",
                            "fqdn": "andrewmonks.net",
                            "health_check_id": "",
                            "id": "Z2LC9EOHE58CX5_andrewmonks.net_A",
                            "name": "andrewmonks.net",
                            "records.#": "1",
                            "records.679693099": "217.70.184.38",
                            "set_identifier": "",
                            "ttl": "10800",
                            "type": "A",
                            "zone_id": "Z2LC9EOHE58CX5"
                        },
                        "meta": {
                            "schema_version": "2"
                        },
                        "tainted": false
                    },
                    "deposed": [],
                    "provider": "provider.aws"
                },
                "aws_route53_record.andrewmonks-net-MX": {
                    "type": "aws_route53_record",
                    "depends_on": [
                        "aws_route53_zone.andrewmonks-net"
                    ],
                    "primary": {
                        "id": "Z2LC9EOHE58CX5_andrewmonks.net_MX",
                        "attributes": {
                            "allow_overwrite": "true",
                            "fqdn": "andrewmonks.net",
                            "health_check_id": "",
                            "id": "Z2LC9EOHE58CX5_andrewmonks.net_MX",
                            "name": "andrewmonks.net",
                            "records.#": "2",
                            "records.2874989177": "20 in2-smtp.messagingengine.com.",
                            "records.3520593669": "10 in1-smtp.messagingengine.com.",
                            "set_identifier": "",
                            "ttl": "10800",
                            "type": "MX",
                            "zone_id": "Z2LC9EOHE58CX5"
                        },
                        "meta": {
                            "schema_version": "2"
                        },
                        "tainted": false
                    },
                    "deposed": [],
                    "provider": "provider.aws"
                },
                "aws_route53_record.andrewmonks-net-SPF": {
                    "type": "aws_route53_record",
                    "depends_on": [
                        "aws_route53_zone.andrewmonks-net"
                    ],
                    "primary": {
                        "id": "Z2LC9EOHE58CX5_andrewmonks.net_SPF",
                        "attributes": {
                            "allow_overwrite": "true",
                            "fqdn": "andrewmonks.net",
                            "health_check_id": "",
                            "id": "Z2LC9EOHE58CX5_andrewmonks.net_SPF",
                            "name": "andrewmonks.net",
                            "records.#": "1",
                            "records.4051053723": "v=spf1 include:spf.messagingengine.com -all",
                            "set_identifier": "",
                            "ttl": "10800",
                            "type": "SPF",
                            "zone_id": "Z2LC9EOHE58CX5"
                        },
                        "meta": {
                            "schema_version": "2"
                        },
                        "tainted": false
                    },
                    "deposed": [],
                    "provider": "provider.aws"
                },
                "aws_route53_record.andrewmonks-net-TXT": {
                    "type": "aws_route53_record",
                    "depends_on": [
                        "aws_route53_zone.andrewmonks-net"
                    ],
                    "primary": {
                        "id": "Z2LC9EOHE58CX5_andrewmonks.net_TXT",
                        "attributes": {
                            "allow_overwrite": "true",
                            "fqdn": "andrewmonks.net",
                            "health_check_id": "",
                            "id": "Z2LC9EOHE58CX5_andrewmonks.net_TXT",
                            "name": "andrewmonks.net",
                            "records.#": "1",
                            "records.4051053723": "v=spf1 include:spf.messagingengine.com -all",
                            "set_identifier": "",
                            "ttl": "10800",
                            "type": "TXT",
                            "zone_id": "Z2LC9EOHE58CX5"
                        },
                        "meta": {
                            "schema_version": "2"
                        },
                        "tainted": false
                    },
                    "deposed": [],
                    "provider": "provider.aws"
                },
                "aws_route53_record.b-ss-cz-CNAME": {
                    "type": "aws_route53_record",
                    "depends_on": [
                        "aws_route53_zone.ss-cz"
                    ],
                    "primary": {
                        "id": "Z2W0J1YKYA1TN5_b.ss.cz_CNAME",
                        "attributes": {
                            "allow_overwrite": "true",
                            "fqdn": "b.ss.cz",
                            "health_check_id": "",
                            "id": "Z2W0J1YKYA1TN5_b.ss.cz_CNAME",
                            "name": "b.ss.cz",
                            "records.#": "1",
                            "records.1613803253": "cross-origin-bouncer.herokuapp.com.",
                            "set_identifier": "",
                            "ttl": "10800",
                            "type": "CNAME",
                            "zone_id": "Z2W0J1YKYA1TN5"
                        },
                        "meta": {
                            "schema_version": "2"
                        },
                        "tainted": false
                    },
                    "deposed": [],
                    "provider": "provider.aws"
                },
                "aws_route53_record.bandcamp-needsyourhelp-org-CNAME": {
                    "type": "aws_route53_record",
                    "depends_on": [
                        "aws_route53_zone.needsyourhelp-org"
                    ],
                    "primary": {
                        "id": "ZAWVK3MD13OJ6_bandcamp.needsyourhelp.org_CNAME",
                        "attributes": {
                            "allow_overwrite": "true",
                            "fqdn": "bandcamp.needsyourhelp.org",
                            "health_check_id": "",
                            "id": "ZAWVK3MD13OJ6_bandcamp.needsyourhelp.org_CNAME",
                            "name": "bandcamp.needsyourhelp.org",
                            "records.#": "1",
                            "records.4202399866": "bandcamp-pirate.herokuapp.com.",
                            "set_identifier": "",
                            "ttl": "10800",
                            "type": "CNAME",
                            "zone_id": "ZAWVK3MD13OJ6"
                        },
                        "meta": {
                            "schema_version": "2"
                        },
                        "tainted": false
                    },
                    "deposed": [],
                    "provider": "provider.aws"
                },
                "aws_route53_record.belgianman-com-A": {
                    "type": "aws_route53_record",
                    "depends_on": [
                        "aws_route53_zone.belgianman-com"
                    ],
                    "primary": {
                        "id": "Z2WRXSAGEFT2C1_belgianman.com_A",
                        "attributes": {
                            "allow_overwrite": "true",
                            "fqdn": "belgianman.com",
                            "health_check_id": "",
                            "id": "Z2WRXSAGEFT2C1_belgianman.com_A",
                            "name": "belgianman.com",
                            "records.#": "1",
                            "records.679693099": "217.70.184.38",
                            "set_identifier": "",
                            "ttl": "10800",
                            "type": "A",
                            "zone_id": "Z2WRXSAGEFT2C1"
                        },
                        "meta": {
                            "schema_version": "2"
                        },
                        "tainted": false
                    },
                    "deposed": [],
                    "provider": "provider.aws"
                },
                "aws_route53_record.belgianman-com-MX": {
                    "type": "aws_route53_record",
                    "depends_on": [
                        "aws_route53_zone.belgianman-com"
                    ],
                    "primary": {
                        "id": "Z2WRXSAGEFT2C1_belgianman.com_MX",
                        "attributes": {
                            "allow_overwrite": "true",
                            "fqdn": "belgianman.com",
                            "health_check_id": "",
                            "id": "Z2WRXSAGEFT2C1_belgianman.com_MX",
                            "name": "belgianman.com",
                            "records.#": "5",
                            "records.1840399271": "5 ASPMX2.GOOGLEMAIL.COM.",
                            "records.1989113070": "3 ALT1.ASPMX.L.GOOGLE.COM.",
                            "records.2075103820": "1 ASPMX.L.GOOGLE.COM.",
                            "records.227669517": "3 ALT2.ASPMX.L.GOOGLE.COM.",
                            "records.3927214308": "5 ASPMX3.GOOGLEMAIL.COM.",
                            "set_identifier": "",
                            "ttl": "28800",
                            "type": "MX",
                            "zone_id": "Z2WRXSAGEFT2C1"
                        },
                        "meta": {
                            "schema_version": "2"
                        },
                        "tainted": false
                    },
                    "deposed": [],
                    "provider": "provider.aws"
                },
                "aws_route53_record.brianeno-needsyourhelp-org-CNAME": {
                    "type": "aws_route53_record",
                    "depends_on": [
                        "aws_route53_zone.needsyourhelp-org"
                    ],
                    "primary": {
                        "id": "ZAWVK3MD13OJ6_brianeno.needsyourhelp.org_CNAME",
                        "attributes": {
                            "allow_overwrite": "true",
                            "fqdn": "brianeno.needsyourhelp.org",
                            "health_check_id": "",
                            "id": "ZAWVK3MD13OJ6_brianeno.needsyourhelp.org_CNAME",
                            "name": "brianeno.needsyourhelp.org",
                            "records.#": "1",
                            "records.1187996168": "oblique-strategies-api.herokuapp.com.",
                            "set_identifier": "",
                            "ttl": "10800",
                            "type": "CNAME",
                            "zone_id": "ZAWVK3MD13OJ6"
                        },
                        "meta": {
                            "schema_version": "2"
                        },
                        "tainted": false
                    },
                    "deposed": [],
                    "provider": "provider.aws"
                },
                "aws_route53_record.divvy-needsyourhelp-org-CNAME": {
                    "type": "aws_route53_record",
                    "depends_on": [
                        "aws_route53_zone.needsyourhelp-org"
                    ],
                    "primary": {
                        "id": "ZAWVK3MD13OJ6_divvy.needsyourhelp.org_CNAME",
                        "attributes": {
                            "allow_overwrite": "true",
                            "fqdn": "divvy.needsyourhelp.org",
                            "health_check_id": "",
                            "id": "ZAWVK3MD13OJ6_divvy.needsyourhelp.org_CNAME",
                            "name": "divvy.needsyourhelp.org",
                            "records.#": "1",
                            "records.4117694220": "divvy-json.herokuapp.com.",
                            "set_identifier": "",
                            "ttl": "10800",
                            "type": "CNAME",
                            "zone_id": "ZAWVK3MD13OJ6"
                        },
                        "meta": {
                            "schema_version": "2"
                        },
                        "tainted": false
                    },
                    "deposed": [],
                    "provider": "provider.aws"
                },
                "aws_route53_record.docrimes-com-A": {
                    "type": "aws_route53_record",
                    "depends_on": [
                        "aws_route53_zone.docrimes-com"
                    ],
                    "primary": {
                        "id": "Z3LLRBMYG197KV_docrimes.com_A",
                        "attributes": {
                            "allow_overwrite": "true",
                            "fqdn": "docrimes.com",
                            "health_check_id": "",
                            "id": "Z3LLRBMYG197KV_docrimes.com_A",
                            "name": "docrimes.com",
                            "records.#": "2",
                            "records.1544820271": "192.30.252.154",
                            "records.3262153612": "192.30.252.153",
                            "set_identifier": "",
                            "ttl": "10800",
                            "type": "A",
                            "zone_id": "Z3LLRBMYG197KV"
                        },
                        "meta": {
                            "schema_version": "2"
                        },
                        "tainted": false
                    },
                    "deposed": [],
                    "provider": "provider.aws"
                },
                "aws_route53_record.doge-needsyourhelp-org-CNAME": {
                    "type": "aws_route53_record",
                    "depends_on": [
                        "aws_route53_zone.needsyourhelp-org"
                    ],
                    "primary": {
                        "id": "ZAWVK3MD13OJ6_doge.needsyourhelp.org_CNAME",
                        "attributes": {
                            "allow_overwrite": "true",
                            "fqdn": "doge.needsyourhelp.org",
                            "health_check_id": "",
                            "id": "ZAWVK3MD13OJ6_doge.needsyourhelp.org_CNAME",
                            "name": "doge.needsyourhelp.org",
                            "records.#": "1",
                            "records.3769512853": "amonks.github.io.",
                            "set_identifier": "",
                            "ttl": "10800",
                            "type": "CNAME",
                            "zone_id": "ZAWVK3MD13OJ6"
                        },
                        "meta": {
                            "schema_version": "2"
                        },
                        "tainted": false
                    },
                    "deposed": [],
                    "provider": "provider.aws"
                },
                "aws_route53_record.facekov-andrewmonks-net-CNAME": {
                    "type": "aws_route53_record",
                    "depends_on": [
                        "aws_route53_zone.andrewmonks-net"
                    ],
                    "primary": {
                        "id": "Z2LC9EOHE58CX5_facekov.andrewmonks.net_CNAME",
                        "attributes": {
                            "allow_overwrite": "true",
                            "fqdn": "facekov.andrewmonks.net",
                            "health_check_id": "",
                            "id": "Z2LC9EOHE58CX5_facekov.andrewmonks.net_CNAME",
                            "name": "facekov.andrewmonks.net",
                            "records.#": "1",
                            "records.540730580": "facekov.herokuapp.com.",
                            "set_identifier": "",
                            "ttl": "10800",
                            "type": "CNAME",
                            "zone_id": "Z2LC9EOHE58CX5"
                        },
                        "meta": {
                            "schema_version": "2"
                        },
                        "tainted": false
                    },
                    "deposed": [],
                    "provider": "provider.aws"
                },
                "aws_route53_record.homer-andrewmonks-net-CNAME": {
                    "type": "aws_route53_record",
                    "depends_on": [
                        "aws_route53_zone.andrewmonks-net"
                    ],
                    "primary": {
                        "id": "Z2LC9EOHE58CX5_homer.andrewmonks.net_CNAME",
                        "attributes": {
                            "allow_overwrite": "true",
                            "fqdn": "homer.andrewmonks.net",
                            "health_check_id": "",
                            "id": "Z2LC9EOHE58CX5_homer.andrewmonks.net_CNAME",
                            "name": "homer.andrewmonks.net",
                            "records.#": "1",
                            "records.3828332948": "collectivememory.herokuapp.com.",
                            "set_identifier": "",
                            "ttl": "10800",
                            "type": "CNAME",
                            "zone_id": "Z2LC9EOHE58CX5"
                        },
                        "meta": {
                            "schema_version": "2"
                        },
                        "tainted": false
                    },
                    "deposed": [],
                    "provider": "provider.aws"
                },
                "aws_route53_record.liminal-website-A": {
                    "type": "aws_route53_record",
                    "depends_on": [
                        "aws_route53_zone.liminal-website"
                    ],
                    "primary": {
                        "id": "Z3PAL8WFCKZC25_liminal.website_A",
                        "attributes": {
                            "allow_overwrite": "true",
                            "fqdn": "liminal.website",
                            "health_check_id": "",
                            "id": "Z3PAL8WFCKZC25_liminal.website_A",
                            "name": "liminal.website",
                            "records.#": "2",
                            "records.1544820271": "192.30.252.154",
                            "records.3262153612": "192.30.252.153",
                            "set_identifier": "",
                            "ttl": "10800",
                            "type": "A",
                            "zone_id": "Z3PAL8WFCKZC25"
                        },
                        "meta": {
                            "schema_version": "2"
                        },
                        "tainted": false
                    },
                    "deposed": [],
                    "provider": "provider.aws"
                },
                "aws_route53_record.lyrics-andrewmonks-net-CNAME": {
                    "type": "aws_route53_record",
                    "depends_on": [
                        "aws_route53_zone.andrewmonks-net"
                    ],
                    "primary": {
                        "id": "Z2LC9EOHE58CX5_lyrics.andrewmonks.net_CNAME",
                        "attributes": {
                            "allow_overwrite": "true",
                            "fqdn": "lyrics.andrewmonks.net",
                            "health_check_id": "",
                            "id": "Z2LC9EOHE58CX5_lyrics.andrewmonks.net_CNAME",
                            "name": "lyrics.andrewmonks.net",
                            "records.#": "1",
                            "records.2919874956": "limitless-harbor-4493.herokuapp.com.",
                            "set_identifier": "",
                            "ttl": "10800",
                            "type": "CNAME",
                            "zone_id": "Z2LC9EOHE58CX5"
                        },
                        "meta": {
                            "schema_version": "2"
                        },
                        "tainted": false
                    },
                    "deposed": [],
                    "provider": "provider.aws"
                },
                "aws_route53_record.lyrics-gy-A": {
                    "type": "aws_route53_record",
                    "depends_on": [
                        "aws_route53_zone.lyrics-gy"
                    ],
                    "primary": {
                        "id": "Z1SNXKXT44GU03_lyrics.gy_A",
                        "attributes": {
                            "allow_overwrite": "true",
                            "fqdn": "lyrics.gy",
                            "health_check_id": "",
                            "id": "Z1SNXKXT44GU03_lyrics.gy_A",
                            "name": "lyrics.gy",
                            "records.#": "1",
                            "records.679693099": "217.70.184.38",
                            "set_identifier": "",
                            "ttl": "10800",
                            "type": "A",
                            "zone_id": "Z1SNXKXT44GU03"
                        },
                        "meta": {
                            "schema_version": "2"
                        },
                        "tainted": false
                    },
                    "deposed": [],
                    "provider": "provider.aws"
                },
                "aws_route53_record.mesmtp-_domainkey-andrewmonks-net-TXT": {
                    "type": "aws_route53_record",
                    "depends_on": [
                        "aws_route53_zone.andrewmonks-net"
                    ],
                    "primary": {
                        "id": "Z2LC9EOHE58CX5_mesmtp._domainkey.andrewmonks.net_TXT",
                        "attributes": {
                            "allow_overwrite": "true",
                            "fqdn": "mesmtp._domainkey.andrewmonks.net",
                            "health_check_id": "",
                            "id": "Z2LC9EOHE58CX5_mesmtp._domainkey.andrewmonks.net_TXT",
                            "name": "mesmtp._domainkey.andrewmonks.net",
                            "records.#": "1",
                            "records.1912193580": "v=DKIM1; k=rsa; p=MIGfMA0GCSqGSIb3DQEBAQUAA4GNADCBiQKBgQCpei/JKjIBw0Cdq+2AoqOYF2/chTf2J94qbJ/UTotlofS4xdLNkDlLEG7iXC4J/gJhlYxWWl2zImu7GqgqIzvCxu30nqFS35wILvcNGfFV/V5MFXCua2dTwJERcY3DP41UuiNAdbR4GapEjRDYMcDDpnWnVAyb0+qxVv+lkCMWBwIDAQAB",
                            "set_identifier": "",
                            "ttl": "10800",
                            "type": "TXT",
                            "zone_id": "Z2LC9EOHE58CX5"
                        },
                        "meta": {
                            "schema_version": "2"
                        },
                        "tainted": false
                    },
                    "deposed": [],
                    "provider": "provider.aws"
                },
                "aws_route53_record.music-belgianman-com-CNAME": {
                    "type": "aws_route53_record",
                    "depends_on": [
                        "aws_route53_zone.belgianman-com"
                    ],
                    "primary": {
                        "id": "Z2WRXSAGEFT2C1_music.belgianman.com_CNAME",
                        "attributes": {
                            "allow_overwrite": "true",
                            "fqdn": "music.belgianman.com",
                            "health_check_id": "",
                            "id": "Z2WRXSAGEFT2C1_music.belgianman.com_CNAME",
                            "name": "music.belgianman.com",
                            "records.#": "1",
                            "records.1091585824": "dom.bandcamp.com.",
                            "set_identifier": "",
                            "ttl": "10800",
                            "type": "CNAME",
                            "zone_id": "Z2WRXSAGEFT2C1"
                        },
                        "meta": {
                            "schema_version": "2"
                        },
                        "tainted": false
                    },
                    "deposed": [],
                    "provider": "provider.aws"
                },
                "aws_route53_record.numbers-andrewmonks-net-CNAME": {
                    "type": "aws_route53_record",
                    "depends_on": [
                        "aws_route53_zone.andrewmonks-net"
                    ],
                    "primary": {
                        "id": "Z2LC9EOHE58CX5_numbers.andrewmonks.net_CNAME",
                        "attributes": {
                            "allow_overwrite": "true",
                            "fqdn": "numbers.andrewmonks.net",
                            "health_check_id": "",
                            "id": "Z2LC9EOHE58CX5_numbers.andrewmonks.net_CNAME",
                            "name": "numbers.andrewmonks.net",
                            "records.#": "1",
                            "records.113077386": "tranquil-spire-3396.herokuapp.com.",
                            "set_identifier": "",
                            "ttl": "10800",
                            "type": "CNAME",
                            "zone_id": "Z2LC9EOHE58CX5"
                        },
                        "meta": {
                            "schema_version": "2"
                        },
                        "tainted": false
                    },
                    "deposed": [],
                    "provider": "provider.aws"
                },
                "aws_route53_record.oblique-andrewmonks-net-CNAME": {
                    "type": "aws_route53_record",
                    "depends_on": [
                        "aws_route53_zone.andrewmonks-net"
                    ],
                    "primary": {
                        "id": "Z2LC9EOHE58CX5_oblique.andrewmonks.net_CNAME",
                        "attributes": {
                            "allow_overwrite": "true",
                            "fqdn": "oblique.andrewmonks.net",
                            "health_check_id": "",
                            "id": "Z2LC9EOHE58CX5_oblique.andrewmonks.net_CNAME",
                            "name": "oblique.andrewmonks.net",
                            "records.#": "1",
                            "records.1187996168": "oblique-strategies-api.herokuapp.com.",
                            "set_identifier": "",
                            "ttl": "10800",
                            "type": "CNAME",
                            "zone_id": "Z2LC9EOHE58CX5"
                        },
                        "meta": {
                            "schema_version": "2"
                        },
                        "tainted": false
                    },
                    "deposed": [],
                    "provider": "provider.aws"
                },
                "aws_route53_record.old-belgianman-com-CNAME": {
                    "type": "aws_route53_record",
                    "depends_on": [
                        "aws_route53_zone.belgianman-com"
                    ],
                    "primary": {
                        "id": "Z2WRXSAGEFT2C1_old.belgianman.com_CNAME",
                        "attributes": {
                            "allow_overwrite": "true",
                            "fqdn": "old.belgianman.com",
                            "health_check_id": "",
                            "id": "Z2WRXSAGEFT2C1_old.belgianman.com_CNAME",
                            "name": "old.belgianman.com",
                            "records.#": "1",
                            "records.1254551243": "belgianman.github.io.",
                            "set_identifier": "",
                            "ttl": "10800",
                            "type": "CNAME",
                            "zone_id": "Z2WRXSAGEFT2C1"
                        },
                        "meta": {
                            "schema_version": "2"
                        },
                        "tainted": false
                    },
                    "deposed": [],
                    "provider": "provider.aws"
                },
                "aws_route53_record.s-ss-cz-CNAME": {
                    "type": "aws_route53_record",
                    "depends_on": [
                        "aws_route53_zone.ss-cz"
                    ],
                    "primary": {
                        "id": "Z2W0J1YKYA1TN5_s.ss.cz_CNAME",
                        "attributes": {
                            "allow_overwrite": "true",
                            "fqdn": "s.ss.cz",
                            "health_check_id": "",
                            "id": "Z2W0J1YKYA1TN5_s.ss.cz_CNAME",
                            "name": "s.ss.cz",
                            "records.#": "1",
                            "records.2465095064": "bioart-saic-production.herokuapp.com.",
                            "set_identifier": "",
                            "ttl": "10800",
                            "type": "CNAME",
                            "zone_id": "Z2W0J1YKYA1TN5"
                        },
                        "meta": {
                            "schema_version": "2"
                        },
                        "tainted": false
                    },
                    "deposed": [],
                    "provider": "provider.aws"
                },
                "aws_route53_record.ss-cz-A": {
                    "type": "aws_route53_record",
                    "depends_on": [
                        "aws_route53_zone.ss-cz"
                    ],
                    "primary": {
                        "id": "Z2W0J1YKYA1TN5_ss.cz_A",
                        "attributes": {
                            "allow_overwrite": "true",
                            "fqdn": "ss.cz",
                            "health_check_id": "",
                            "id": "Z2W0J1YKYA1TN5_ss.cz_A",
                            "name": "ss.cz",
                            "records.#": "1",
                            "records.1838451575": "168.235.71.126",
                            "set_identifier": "",
                            "ttl": "10800",
                            "type": "A",
                            "zone_id": "Z2W0J1YKYA1TN5"
                        },
                        "meta": {
                            "schema_version": "2"
                        },
                        "tainted": false
                    },
                    "deposed": [],
                    "provider": "provider.aws"
                },
                "aws_route53_record.status-belgianman-com-CNAME": {
                    "type": "aws_route53_record",
                    "depends_on": [
                        "aws_route53_zone.belgianman-com"
                    ],
                    "primary": {
                        "id": "Z2WRXSAGEFT2C1_status.belgianman.com_CNAME",
                        "attributes": {
                            "allow_overwrite": "true",
                            "fqdn": "status.belgianman.com",
                            "health_check_id": "",
                            "id": "Z2WRXSAGEFT2C1_status.belgianman.com_CNAME",
                            "name": "status.belgianman.com",
                            "records.#": "1",
                            "records.3933224775": "stats.pingdom.com.",
                            "set_identifier": "",
                            "ttl": "10800",
                            "type": "CNAME",
                            "zone_id": "Z2WRXSAGEFT2C1"
                        },
                        "meta": {
                            "schema_version": "2"
                        },
                        "tainted": false
                    },
                    "deposed": [],
                    "provider": "provider.aws"
                },
                "aws_route53_record.surveil-social-A": {
                    "type": "aws_route53_record",
                    "depends_on": [
                        "aws_route53_zone.surveil-social"
                    ],
                    "primary": {
                        "id": "Z19USUAPBZQEBP_surveil.social_A",
                        "attributes": {
                            "allow_overwrite": "true",
                            "fqdn": "surveil.social",
                            "health_check_id": "",
                            "id": "Z19USUAPBZQEBP_surveil.social_A",
                            "name": "surveil.social",
                            "records.#": "1",
                            "records.1544820271": "192.30.252.154",
                            "set_identifier": "",
                            "ttl": "10800",
                            "type": "A",
                            "zone_id": "Z19USUAPBZQEBP"
                        },
                        "meta": {
                            "schema_version": "2"
                        },
                        "tainted": false
                    },
                    "deposed": [],
                    "provider": "provider.aws"
                },
                "aws_route53_record.v-ss-cz-CNAME": {
                    "type": "aws_route53_record",
                    "depends_on": [
                        "aws_route53_zone.ss-cz"
                    ],
                    "primary": {
                        "id": "Z2W0J1YKYA1TN5_v.ss.cz_CNAME",
                        "attributes": {
                            "allow_overwrite": "true",
                            "fqdn": "v.ss.cz",
                            "health_check_id": "",
                            "id": "Z2W0J1YKYA1TN5_v.ss.cz_CNAME",
                            "name": "v.ss.cz",
                            "records.#": "1",
                            "records.3769512853": "amonks.github.io.",
                            "set_identifier": "",
                            "ttl": "10800",
                            "type": "CNAME",
                            "zone_id": "Z2W0J1YKYA1TN5"
                        },
                        "meta": {
                            "schema_version": "2"
                        },
                        "tainted": false
                    },
                    "deposed": [],
                    "provider": "provider.aws"
                },
                "aws_route53_record.wafelijzer-belgianman-com-CNAME": {
                    "type": "aws_route53_record",
                    "depends_on": [
                        "aws_route53_zone.belgianman-com"
                    ],
                    "primary": {
                        "id": "Z2WRXSAGEFT2C1_wafelijzer.belgianman.com_CNAME",
                        "attributes": {
                            "allow_overwrite": "true",
                            "fqdn": "wafelijzer.belgianman.com",
                            "health_check_id": "",
                            "id": "Z2WRXSAGEFT2C1_wafelijzer.belgianman.com_CNAME",
                            "name": "wafelijzer.belgianman.com",
                            "records.#": "1",
                            "records.1254551243": "belgianman.github.io.",
                            "set_identifier": "",
                            "ttl": "10800",
                            "type": "CNAME",
                            "zone_id": "Z2WRXSAGEFT2C1"
                        },
                        "meta": {
                            "schema_version": "2"
                        },
                        "tainted": false
                    },
                    "deposed": [],
                    "provider": "provider.aws"
                },
                "aws_route53_record.wildcard-docrimes-com-A": {
                    "type": "aws_route53_record",
                    "depends_on": [
                        "aws_route53_zone.docrimes-com"
                    ],
                    "primary": {
                        "id": "Z3LLRBMYG197KV_*.docrimes.com_A",
                        "attributes": {
                            "allow_overwrite": "true",
                            "fqdn": "*.docrimes.com",
                            "health_check_id": "",
                            "id": "Z3LLRBMYG197KV_*.docrimes.com_A",
                            "name": "*.docrimes.com",
                            "records.#": "2",
                            "records.1544820271": "192.30.252.154",
                            "records.3262153612": "192.30.252.153",
                            "set_identifier": "",
                            "ttl": "10800",
                            "type": "A",
                            "zone_id": "Z3LLRBMYG197KV"
                        },
                        "meta": {
                            "schema_version": "2"
                        },
                        "tainted": false
                    },
                    "deposed": [],
                    "provider": "provider.aws"
                },
                "aws_route53_record.wildcard-liminal-website-A": {
                    "type": "aws_route53_record",
                    "depends_on": [
                        "aws_route53_zone.liminal-website"
                    ],
                    "primary": {
                        "id": "Z3PAL8WFCKZC25_*.liminal.website_A",
                        "attributes": {
                            "allow_overwrite": "true",
                            "fqdn": "*.liminal.website",
                            "health_check_id": "",
                            "id": "Z3PAL8WFCKZC25_*.liminal.website_A",
                            "name": "*.liminal.website",
                            "records.#": "2",
                            "records.1544820271": "192.30.252.154",
                            "records.3262153612": "192.30.252.153",
                            "set_identifier": "",
                            "ttl": "10800",
                            "type": "A",
                            "zone_id": "Z3PAL8WFCKZC25"
                        },
                        "meta": {
                            "schema_version": "2"
                        },
                        "tainted": false
                    },
                    "deposed": [],
                    "provider": "provider.aws"
                },
                "aws_route53_record.wildcard-wunder-xyz-A": {
                    "type": "aws_route53_record",
                    "depends_on": [
                        "aws_route53_zone.wunder-xyz"
                    ],
                    "primary": {
                        "id": "Z3DZ81ECX1FF5W_*.wunder.xyz_A",
                        "attributes": {
                            "allow_overwrite": "true",
                            "fqdn": "*.wunder.xyz",
                            "health_check_id": "",
                            "id": "Z3DZ81ECX1FF5W_*.wunder.xyz_A",
                            "name": "*.wunder.xyz",
                            "records.#": "2",
                            "records.1544820271": "192.30.252.154",
                            "records.3262153612": "192.30.252.153",
                            "set_identifier": "",
                            "ttl": "10800",
                            "type": "A",
                            "zone_id": "Z3DZ81ECX1FF5W"
                        },
                        "meta": {
                            "schema_version": "2"
                        },
                        "tainted": false
                    },
                    "deposed": [],
                    "provider": "provider.aws"
                },
                "aws_route53_record.wunder-xyz-A": {
                    "type": "aws_route53_record",
                    "depends_on": [
                        "aws_route53_zone.wunder-xyz"
                    ],
                    "primary": {
                        "id": "Z3DZ81ECX1FF5W_wunder.xyz_A",
                        "attributes": {
                            "allow_overwrite": "true",
                            "fqdn": "wunder.xyz",
                            "health_check_id": "",
                            "id": "Z3DZ81ECX1FF5W_wunder.xyz_A",
                            "name": "wunder.xyz",
                            "records.#": "2",
                            "records.1544820271": "192.30.252.154",
                            "records.3262153612": "192.30.252.153",
                            "set_identifier": "",
                            "ttl": "10800",
                            "type": "A",
                            "zone_id": "Z3DZ81ECX1FF5W"
                        },
                        "meta": {
                            "schema_version": "2"
                        },
                        "tainted": false
                    },
                    "deposed": [],
                    "provider": "provider.aws"
                },
                "aws_route53_record.www-andrewmonks-net-CNAME": {
                    "type": "aws_route53_record",
                    "depends_on": [
                        "aws_route53_zone.andrewmonks-net"
                    ],
                    "primary": {
                        "id": "Z2LC9EOHE58CX5_www.andrewmonks.net_CNAME",
                        "attributes": {
                            "allow_overwrite": "true",
                            "fqdn": "www.andrewmonks.net",
                            "health_check_id": "",
                            "id": "Z2LC9EOHE58CX5_www.andrewmonks.net_CNAME",
                            "name": "www.andrewmonks.net",
                            "records.#": "1",
                            "records.1911113127": "monks.co.",
                            "set_identifier": "",
                            "ttl": "10800",
                            "type": "CNAME",
                            "zone_id": "Z2LC9EOHE58CX5"
                        },
                        "meta": {
                            "schema_version": "2"
                        },
                        "tainted": false
                    },
                    "deposed": [],
                    "provider": "provider.aws"
                },
                "aws_route53_record.www-belgianman-com-CNAME": {
                    "type": "aws_route53_record",
                    "depends_on": [
                        "aws_route53_zone.belgianman-com"
                    ],
                    "primary": {
                        "id": "Z2WRXSAGEFT2C1_www.belgianman.com_CNAME",
                        "attributes": {
                            "allow_overwrite": "true",
                            "fqdn": "www.belgianman.com",
                            "health_check_id": "",
                            "id": "Z2WRXSAGEFT2C1_www.belgianman.com_CNAME",
                            "name": "www.belgianman.com",
                            "records.#": "1",
                            "records.3986505638": "wafelijzer.herokuapp.com.",
                            "set_identifier": "",
                            "ttl": "10800",
                            "type": "CNAME",
                            "zone_id": "Z2WRXSAGEFT2C1"
                        },
                        "meta": {
                            "schema_version": "2"
                        },
                        "tainted": false
                    },
                    "deposed": [],
                    "provider": "provider.aws"
                },
                "aws_route53_record.www-lyrics-gy-CNAME": {
                    "type": "aws_route53_record",
                    "depends_on": [
                        "aws_route53_zone.lyrics-gy"
                    ],
                    "primary": {
                        "id": "Z1SNXKXT44GU03_www.lyrics.gy_CNAME",
                        "attributes": {
                            "allow_overwrite": "true",
                            "fqdn": "www.lyrics.gy",
                            "health_check_id": "",
                            "id": "Z1SNXKXT44GU03_www.lyrics.gy_CNAME",
                            "name": "www.lyrics.gy",
                            "records.#": "1",
                            "records.815785088": "lyricsgen.herokuapp.com.",
                            "set_identifier": "",
                            "ttl": "10800",
                            "type": "CNAME",
                            "zone_id": "Z1SNXKXT44GU03"
                        },
                        "meta": {
                            "schema_version": "2"
                        },
                        "tainted": false
                    },
                    "deposed": [],
                    "provider": "provider.aws"
                },
                "aws_route53_record.www-surveil-social-CNAME": {
                    "type": "aws_route53_record",
                    "depends_on": [
                        "aws_route53_zone.surveil-social"
                    ],
                    "primary": {
                        "id": "Z19USUAPBZQEBP_www.surveil.social_CNAME",
                        "attributes": {
                            "allow_overwrite": "true",
                            "fqdn": "www.surveil.social",
                            "health_check_id": "",
                            "id": "Z19USUAPBZQEBP_www.surveil.social_CNAME",
                            "name": "www.surveil.social",
                            "records.#": "1",
                            "records.3769512853": "amonks.github.io.",
                            "set_identifier": "",
                            "ttl": "10800",
                            "type": "CNAME",
                            "zone_id": "Z19USUAPBZQEBP"
                        },
                        "meta": {
                            "schema_version": "2"
                        },
                        "tainted": false
                    },
                    "deposed": [],
                    "provider": "provider.aws"
                },
                "aws_route53_record.yungfuture-andrewmonks-net-CNAME": {
                    "type": "aws_route53_record",
                    "depends_on": [
                        "aws_route53_zone.andrewmonks-net"
                    ],
                    "primary": {
                        "id": "Z2LC9EOHE58CX5_yungfuture.andrewmonks.net_CNAME",
                        "attributes": {
                            "allow_overwrite": "true",
                            "fqdn": "yungfuture.andrewmonks.net",
                            "health_check_id": "",
                            "id": "Z2LC9EOHE58CX5_yungfuture.andrewmonks.net_CNAME",
                            "name": "yungfuture.andrewmonks.net",
                            "records.#": "1",
                            "records.1911113127": "monks.co.",
                            "set_identifier": "",
                            "ttl": "10800",
                            "type": "CNAME",
                            "zone_id": "Z2LC9EOHE58CX5"
                        },
                        "meta": {
                            "schema_version": "2"
                        },
                        "tainted": false
                    },
                    "deposed": [],
                    "provider": "provider.aws"
                },
                "aws_route53_zone.andrewmonks-net": {
                    "type": "aws_route53_zone",
                    "depends_on": [],
                    "primary": {
                        "id": "Z2LC9EOHE58CX5",
                        "attributes": {
                            "comment": "Managed by Terraform",
                            "force_destroy": "false",
                            "id": "Z2LC9EOHE58CX5",
                            "name": "andrewmonks.net",
                            "name_servers.#": "4",
                            "name_servers.0": "ns-1168.awsdns-18.org",
                            "name_servers.1": "ns-1818.awsdns-35.co.uk",
                            "name_servers.2": "ns-648.awsdns-17.net",
                            "name_servers.3": "ns-79.awsdns-09.com",
                            "tags.%": "0",
                            "zone_id": "Z2LC9EOHE58CX5"
                        },
                        "meta": {},
                        "tainted": false
                    },
                    "deposed": [],
                    "provider": "provider.aws"
                },
                "aws_route53_zone.belgianman-com": {
                    "type": "aws_route53_zone",
                    "depends_on": [],
                    "primary": {
                        "id": "Z2WRXSAGEFT2C1",
                        "attributes": {
                            "comment": "Managed by Terraform",
                            "force_destroy": "false",
                            "id": "Z2WRXSAGEFT2C1",
                            "name": "belgianman.com",
                            "name_servers.#": "4",
                            "name_servers.0": "ns-1146.awsdns-15.org",
                            "name_servers.1": "ns-1609.awsdns-09.co.uk",
                            "name_servers.2": "ns-458.awsdns-57.com",
                            "name_servers.3": "ns-592.awsdns-10.net",
                            "tags.%": "0",
                            "zone_id": "Z2WRXSAGEFT2C1"
                        },
                        "meta": {},
                        "tainted": false
                    },
                    "deposed": [],
                    "provider": "provider.aws"
                },
                "aws_route53_zone.docrimes-com": {
                    "type": "aws_route53_zone",
                    "depends_on": [],
                    "primary": {
                        "id": "Z3LLRBMYG197KV",
                        "attributes": {
                            "comment": "Managed by Terraform",
                            "force_destroy": "false",
                            "id": "Z3LLRBMYG197KV",
                            "name": "docrimes.com",
                            "name_servers.#": "4",
                            "name_servers.0": "ns-1151.awsdns-15.org",
                            "name_servers.1": "ns-1628.awsdns-11.co.uk",
                            "name_servers.2": "ns-492.awsdns-61.com",
                            "name_servers.3": "ns-572.awsdns-07.net",
                            "tags.%": "0",
                            "zone_id": "Z3LLRBMYG197KV"
                        },
                        "meta": {},
                        "tainted": false
                    },
                    "deposed": [],
                    "provider": "provider.aws"
                },
                "aws_route53_zone.liminal-website": {
                    "type": "aws_route53_zone",
                    "depends_on": [],
                    "primary": {
                        "id": "Z3PAL8WFCKZC25",
                        "attributes": {
                            "comment": "Managed by Terraform",
                            "force_destroy": "false",
                            "id": "Z3PAL8WFCKZC25",
                            "name": "liminal.website",
                            "name_servers.#": "4",
                            "name_servers.0": "ns-1382.awsdns-44.org",
                            "name_servers.1": "ns-1540.awsdns-00.co.uk",
                            "name_servers.2": "ns-184.awsdns-23.com",
                            "name_servers.3": "ns-561.awsdns-06.net",
                            "tags.%": "0",
                            "zone_id": "Z3PAL8WFCKZC25"
                        },
                        "meta": {},
                        "tainted": false
                    },
                    "deposed": [],
                    "provider": "provider.aws"
                },
                "aws_route53_zone.lyrics-gy": {
                    "type": "aws_route53_zone",
                    "depends_on": [],
                    "primary": {
                        "id": "Z1SNXKXT44GU03",
                        "attributes": {
                            "comment": "Managed by Terraform",
                            "force_destroy": "false",
                            "id": "Z1SNXKXT44GU03",
                            "name": "lyrics.gy",
                            "name_servers.#": "4",
                            "name_servers.0": "ns-1334.awsdns-38.org",
                            "name_servers.1": "ns-1807.awsdns-33.co.uk",
                            "name_servers.2": "ns-87.awsdns-10.com",
                            "name_servers.3": "ns-971.awsdns-57.net",
                            "tags.%": "0",
                            "zone_id": "Z1SNXKXT44GU03"
                        },
                        "meta": {},
                        "tainted": false
                    },
                    "deposed": [],
                    "provider": "provider.aws"
                },
                "aws_route53_zone.needsyourhelp-org": {
                    "type": "aws_route53_zone",
                    "depends_on": [],
                    "primary": {
                        "id": "ZAWVK3MD13OJ6",
                        "attributes": {
                            "comment": "Managed by Terraform",
                            "force_destroy": "false",
                            "id": "ZAWVK3MD13OJ6",
                            "name": "needsyourhelp.org",
                            "name_servers.#": "4",
                            "name_servers.0": "ns-1286.awsdns-32.org",
                            "name_servers.1": "ns-158.awsdns-19.com",
                            "name_servers.2": "ns-1768.awsdns-29.co.uk",
                            "name_servers.3": "ns-911.awsdns-49.net",
                            "tags.%": "0",
                            "zone_id": "ZAWVK3MD13OJ6"
                        },
                        "meta": {},
                        "tainted": false
                    },
                    "deposed": [],
                    "provider": "provider.aws"
                },
                "aws_route53_zone.ss-cz": {
                    "type": "aws_route53_zone",
                    "depends_on": [],
                    "primary": {
                        "id": "Z2W0J1YKYA1TN5",
                        "attributes": {
                            "comment": "Managed by Terraform",
                            "force_destroy": "false",
                            "id": "Z2W0J1YKYA1TN5",
                            "name": "ss.cz",
                            "name_servers.#": "4",
                            "name_servers.0": "ns-1424.awsdns-50.org",
                            "name_servers.1": "ns-168.awsdns-21.com",
                            "name_servers.2": "ns-1832.awsdns-37.co.uk",
                            "name_servers.3": "ns-825.awsdns-39.net",
                            "tags.%": "0",
                            "zone_id": "Z2W0J1YKYA1TN5"
                        },
                        "meta": {},
                        "tainted": false
                    },
                    "deposed": [],
                    "provider": "provider.aws"
                },
                "aws_route53_zone.surveil-social": {
                    "type": "aws_route53_zone",
                    "depends_on": [],
                    "primary": {
                        "id": "Z19USUAPBZQEBP",
                        "attributes": {
                            "comment": "Managed by Terraform",
                            "force_destroy": "false",
                            "id": "Z19USUAPBZQEBP",
                            "name": "surveil.social",
                            "name_servers.#": "4",
                            "name_servers.0": "ns-1391.awsdns-45.org",
                            "name_servers.1": "ns-1878.awsdns-42.co.uk",
                            "name_servers.2": "ns-215.awsdns-26.com",
                            "name_servers.3": "ns-857.awsdns-43.net",
                            "tags.%": "0",
                            "zone_id": "Z19USUAPBZQEBP"
                        },
                        "meta": {},
                        "tainted": false
                    },
                    "deposed": [],
                    "provider": "provider.aws"
                },
                "aws_route53_zone.wunder-xyz": {
                    "type": "aws_route53_zone",
                    "depends_on": [],
                    "primary": {
                        "id": "Z3DZ81ECX1FF5W",
                        "attributes": {
                            "comment": "Managed by Terraform",
                            "force_destroy": "false",
                            "id": "Z3DZ81ECX1FF5W",
                            "name": "wunder.xyz",
                            "name_servers.#": "4",
                            "name_servers.0": "ns-1075.awsdns-06.org",
                            "name_servers.1": "ns-1823.awsdns-35.co.uk",
                            "name_servers.2": "ns-240.awsdns-30.com",
                            "name_servers.3": "ns-585.awsdns-09.net",
                            "tags.%": "0",
                            "zone_id": "Z3DZ81ECX1FF5W"
                        },
                        "meta": {},
                        "tainted": false
                    },
                    "deposed": [],
                    "provider": "provider.aws"
                }
            },
            "depends_on": []
        },
        {
            "path": [
                "root",
                "sources"
            ],
            "outputs": {},
            "resources": {
                "aws_route53_record.4klau6rhbc2dx4lq5fifcnrziujq22iw-_domainkey-radblock-xyz-CNAME": {
                    "type": "aws_route53_record",
                    "depends_on": [
                        "aws_route53_zone.radblock-xyz-public"
                    ],
                    "primary": {
                        "id": "Z1SLXHOGO4DU45_4klau6rhbc2dx4lq5fifcnrziujq22iw._domainkey.radblock.xyz_CNAME",
                        "attributes": {
                            "allow_overwrite": "true",
                            "fqdn": "4klau6rhbc2dx4lq5fifcnrziujq22iw._domainkey.radblock.xyz",
                            "health_check_id": "",
                            "id": "Z1SLXHOGO4DU45_4klau6rhbc2dx4lq5fifcnrziujq22iw._domainkey.radblock.xyz_CNAME",
                            "name": "4klau6rhbc2dx4lq5fifcnrziujq22iw._domainkey.radblock.xyz",
                            "records.#": "1",
                            "records.3691699848": "4klau6rhbc2dx4lq5fifcnrziujq22iw.dkim.amazonses.com",
                            "set_identifier": "",
                            "ttl": "1800",
                            "type": "CNAME",
                            "zone_id": "Z1SLXHOGO4DU45"
                        },
                        "meta": {
                            "schema_version": "2"
                        },
                        "tainted": false
                    },
                    "deposed": [],
                    "provider": "provider.aws"
                },
                "aws_route53_record.6hnnvk6qxhx2zdw5diz3r6hkebqfnn4x-_domainkey-monks-co-CNAME": {
                    "type": "aws_route53_record",
                    "depends_on": [
                        "aws_route53_zone.monks-co-public"
                    ],
                    "primary": {
                        "id": "Z2HQE6DV0EKCBL_6hnnvk6qxhx2zdw5diz3r6hkebqfnn4x._domainkey.monks.co_CNAME",
                        "attributes": {
                            "allow_overwrite": "true",
                            "fqdn": "6hnnvk6qxhx2zdw5diz3r6hkebqfnn4x._domainkey.monks.co",
                            "health_check_id": "",
                            "id": "Z2HQE6DV0EKCBL_6hnnvk6qxhx2zdw5diz3r6hkebqfnn4x._domainkey.monks.co_CNAME",
                            "name": "6hnnvk6qxhx2zdw5diz3r6hkebqfnn4x._domainkey.monks.co",
                            "records.#": "1",
                            "records.4003971964": "6hnnvk6qxhx2zdw5diz3r6hkebqfnn4x.dkim.amazonses.com",
                            "set_identifier": "",
                            "ttl": "1800",
                            "type": "CNAME",
                            "zone_id": "Z2HQE6DV0EKCBL"
                        },
                        "meta": {
                            "schema_version": "2"
                        },
                        "tainted": false
                    },
                    "deposed": [],
                    "provider": "provider.aws"
                },
                "aws_route53_record._amazonses-gifbooth-co-TXT": {
                    "type": "aws_route53_record",
                    "depends_on": [
                        "aws_route53_zone.gifbooth-co-public"
                    ],
                    "primary": {
                        "id": "Z24PSF3W8K28GR__amazonses.gifbooth.co_TXT",
                        "attributes": {
                            "allow_overwrite": "true",
                            "fqdn": "_amazonses.gifbooth.co",
                            "health_check_id": "",
                            "id": "Z24PSF3W8K28GR__amazonses.gifbooth.co_TXT",
                            "name": "_amazonses.gifbooth.co",
                            "records.#": "1",
                            "records.980936104": "rgV0IaEBkhwjbFau3iHbqgY6MnttGaeBPNQD1OZ5V90=",
                            "set_identifier": "",
                            "ttl": "1800",
                            "type": "TXT",
                            "zone_id": "Z24PSF3W8K28GR"
                        },
                        "meta": {
                            "schema_version": "2"
                        },
                        "tainted": false
                    },
                    "deposed": [],
                    "provider": "provider.aws"
                },
                "aws_route53_record._amazonses-monks-co-TXT": {
                    "type": "aws_route53_record",
                    "depends_on": [
                        "aws_route53_zone.monks-co-public"
                    ],
                    "primary": {
                        "id": "Z2HQE6DV0EKCBL__amazonses.monks.co_TXT",
                        "attributes": {
                            "allow_overwrite": "true",
                            "fqdn": "_amazonses.monks.co",
                            "health_check_id": "",
                            "id": "Z2HQE6DV0EKCBL__amazonses.monks.co_TXT",
                            "name": "_amazonses.monks.co",
                            "records.#": "1",
                            "records.2718711984": "FhsJsbEIG/XDigqpB7eJufYKADoiedmLkiP1/kQT2k4=",
                            "set_identifier": "",
                            "ttl": "1800",
                            "type": "TXT",
                            "zone_id": "Z2HQE6DV0EKCBL"
                        },
                        "meta": {
                            "schema_version": "2"
                        },
                        "tainted": false
                    },
                    "deposed": [],
                    "provider": "provider.aws"
                },
                "aws_route53_record._amazonses-radblock-xyz-TXT": {
                    "type": "aws_route53_record",
                    "depends_on": [
                        "aws_route53_zone.radblock-xyz-public"
                    ],
                    "primary": {
                        "id": "Z1SLXHOGO4DU45__amazonses.radblock.xyz_TXT",
                        "attributes": {
                            "allow_overwrite": "true",
                            "fqdn": "_amazonses.radblock.xyz",
                            "health_check_id": "",
                            "id": "Z1SLXHOGO4DU45__amazonses.radblock.xyz_TXT",
                            "name": "_amazonses.radblock.xyz",
                            "records.#": "1",
                            "records.296566421": "HddxiqfGkLcgONdunZkP+rgxAomlGqeRxYocch3GAoY=",
                            "set_identifier": "",
                            "ttl": "1800",
                            "type": "TXT",
                            "zone_id": "Z1SLXHOGO4DU45"
                        },
                        "meta": {
                            "schema_version": "2"
                        },
                        "tainted": false
                    },
                    "deposed": [],
                    "provider": "provider.aws"
                },
                "aws_route53_record._keybase-monks-co-TXT": {
                    "type": "aws_route53_record",
                    "depends_on": [
                        "aws_route53_zone.monks-co-public"
                    ],
                    "primary": {
                        "id": "Z2HQE6DV0EKCBL__keybase.monks.co_TXT",
                        "attributes": {
                            "allow_overwrite": "true",
                            "fqdn": "_keybase.monks.co",
                            "health_check_id": "",
                            "id": "Z2HQE6DV0EKCBL__keybase.monks.co_TXT",
                            "name": "_keybase.monks.co",
                            "records.#": "1",
                            "records.88092207": "keybase-site-verification=JZj7vchXA6vfSV8oa5QQyGmnI8CKDRgQIHYIFPl5sF0",
                            "set_identifier": "",
                            "ttl": "10800",
                            "type": "TXT",
                            "zone_id": "Z2HQE6DV0EKCBL"
                        },
                        "meta": {
                            "schema_version": "2"
                        },
                        "tainted": false
                    },
                    "deposed": [],
                    "provider": "provider.aws"
                },
                "aws_route53_record._keybase-xn--onks-99b-com-TXT": {
                    "type": "aws_route53_record",
                    "depends_on": [
                        "aws_route53_zone.xn--onks-99b-com-public"
                    ],
                    "primary": {
                        "id": "Z1FLZSREYSZUOK__keybase.xn--onks-99b.com_TXT",
                        "attributes": {
                            "allow_overwrite": "true",
                            "fqdn": "_keybase.xn--onks-99b.com",
                            "health_check_id": "",
                            "id": "Z1FLZSREYSZUOK__keybase.xn--onks-99b.com_TXT",
                            "name": "_keybase.xn--onks-99b.com",
                            "records.#": "1",
                            "records.1221612725": "keybase-site-verification=FW8oH3s4U7E5u4mO1QbTMFboNeFpgVui6SHDdKgAEU4",
                            "set_identifier": "",
                            "ttl": "300",
                            "type": "TXT",
                            "zone_id": "Z1FLZSREYSZUOK"
                        },
                        "meta": {
                            "schema_version": "2"
                        },
                        "tainted": false
                    },
                    "deposed": [],
                    "provider": "provider.aws"
                },
                "aws_route53_record.a-monks-co-CNAME": {
                    "type": "aws_route53_record",
                    "depends_on": [
                        "aws_route53_zone.monks-co-public"
                    ],
                    "primary": {
                        "id": "Z2HQE6DV0EKCBL_a.monks.co_CNAME",
                        "attributes": {
                            "allow_overwrite": "true",
                            "fqdn": "a.monks.co",
                            "health_check_id": "",
                            "id": "Z2HQE6DV0EKCBL_a.monks.co_CNAME",
                            "name": "a.monks.co",
                            "records.#": "1",
                            "records.1911113127": "monks.co.",
                            "set_identifier": "",
                            "ttl": "10800",
                            "type": "CNAME",
                            "zone_id": "Z2HQE6DV0EKCBL"
                        },
                        "meta": {
                            "schema_version": "2"
                        },
                        "tainted": false
                    },
                    "deposed": [],
                    "provider": "provider.aws"
                },
                "aws_route53_record.baton-monks-co-CNAME": {
                    "type": "aws_route53_record",
                    "depends_on": [
                        "aws_route53_zone.monks-co-public"
                    ],
                    "primary": {
                        "id": "Z2HQE6DV0EKCBL_baton.monks.co_CNAME",
                        "attributes": {
                            "allow_overwrite": "true",
                            "fqdn": "baton.monks.co",
                            "health_check_id": "",
                            "id": "Z2HQE6DV0EKCBL_baton.monks.co_CNAME",
                            "name": "baton.monks.co",
                            "records.#": "1",
                            "records.3769512853": "amonks.github.io.",
                            "set_identifier": "",
                            "ttl": "10800",
                            "type": "CNAME",
                            "zone_id": "Z2HQE6DV0EKCBL"
                        },
                        "meta": {
                            "schema_version": "2"
                        },
                        "tainted": false
                    },
                    "deposed": [],
                    "provider": "provider.aws"
                },
                "aws_route53_record.bioart-space-A": {
                    "type": "aws_route53_record",
                    "depends_on": [
                        "aws_route53_zone.bioart-space-public"
                    ],
                    "primary": {
                        "id": "Z2NSODYJVZY7LB_bioart.space_A",
                        "attributes": {
                            "alias.#": "1",
                            "alias.2781413164.evaluate_target_health": "false",
                            "alias.2781413164.name": "s3-website-us-east-1.amazonaws.com",
                            "alias.2781413164.zone_id": "Z3AQBSTGFYJSTF",
                            "allow_overwrite": "true",
                            "fqdn": "bioart.space",
                            "health_check_id": "",
                            "id": "Z2NSODYJVZY7LB_bioart.space_A",
                            "name": "bioart.space",
                            "records.#": "0",
                            "set_identifier": "",
                            "ttl": "0",
                            "type": "A",
                            "zone_id": "Z2NSODYJVZY7LB"
                        },
                        "meta": {
                            "schema_version": "2"
                        },
                        "tainted": false
                    },
                    "deposed": [],
                    "provider": "provider.aws"
                },
                "aws_route53_record.blgn-mn-A": {
                    "type": "aws_route53_record",
                    "depends_on": [
                        "aws_route53_zone.blgn-mn-public",
                        "aws_s3_bucket.blgn-mn-bucket"
                    ],
                    "primary": {
                        "id": "Z2HNIG1QJ0OMXT_blgn.mn_A",
                        "attributes": {
                            "alias.#": "1",
                            "alias.2781413164.evaluate_target_health": "false",
                            "alias.2781413164.name": "s3-website-us-east-1.amazonaws.com",
                            "alias.2781413164.zone_id": "Z3AQBSTGFYJSTF",
                            "allow_overwrite": "true",
                            "fqdn": "blgn.mn",
                            "health_check_id": "",
                            "id": "Z2HNIG1QJ0OMXT_blgn.mn_A",
                            "name": "blgn.mn",
                            "records.#": "0",
                            "set_identifier": "",
                            "ttl": "0",
                            "type": "A",
                            "zone_id": "Z2HNIG1QJ0OMXT"
                        },
                        "meta": {
                            "schema_version": "2"
                        },
                        "tainted": false
                    },
                    "deposed": [],
                    "provider": "provider.aws"
                },
                "aws_route53_record.code-monks-co-A": {
                    "type": "aws_route53_record",
                    "depends_on": [
                        "aws_route53_zone.monks-co-public"
                    ],
                    "primary": {
                        "id": "Z2HQE6DV0EKCBL_code.monks.co_A",
                        "attributes": {
                            "allow_overwrite": "true",
                            "fqdn": "code.monks.co",
                            "health_check_id": "",
                            "id": "Z2HQE6DV0EKCBL_code.monks.co_A",
                            "name": "code.monks.co",
                            "records.#": "1",
                            "records.3983730613": "159.203.152.27",
                            "set_identifier": "",
                            "ttl": "300",
                            "type": "A",
                            "zone_id": "Z2HQE6DV0EKCBL"
                        },
                        "meta": {
                            "schema_version": "2"
                        },
                        "tainted": false
                    },
                    "deposed": [],
                    "provider": "provider.aws"
                },
                "aws_route53_record.deployer-bioart-space-CNAME": {
                    "type": "aws_route53_record",
                    "depends_on": [
                        "aws_route53_zone.bioart-space-public"
                    ],
                    "primary": {
                        "id": "Z2NSODYJVZY7LB_deployer.bioart.space_CNAME",
                        "attributes": {
                            "allow_overwrite": "true",
                            "fqdn": "deployer.bioart.space",
                            "health_check_id": "",
                            "id": "Z2NSODYJVZY7LB_deployer.bioart.space_CNAME",
                            "name": "deployer.bioart.space",
                            "records.#": "1",
                            "records.1967094554": "bioart-deploy.herokuapp.com",
                            "set_identifier": "",
                            "ttl": "300",
                            "type": "CNAME",
                            "zone_id": "Z2NSODYJVZY7LB"
                        },
                        "meta": {
                            "schema_version": "2"
                        },
                        "tainted": false
                    },
                    "deposed": [],
                    "provider": "provider.aws"
                },
                "aws_route53_record.dewpoint-bioart-space-CNAME": {
                    "type": "aws_route53_record",
                    "depends_on": [
                        "aws_route53_zone.bioart-space-public"
                    ],
                    "primary": {
                        "id": "Z2NSODYJVZY7LB_dewpoint.bioart.space_CNAME",
                        "attributes": {
                            "allow_overwrite": "true",
                            "fqdn": "dewpoint.bioart.space",
                            "health_check_id": "",
                            "id": "Z2NSODYJVZY7LB_dewpoint.bioart.space_CNAME",
                            "name": "dewpoint.bioart.space",
                            "records.#": "1",
                            "records.2024307633": "mauricehampton.github.io",
                            "set_identifier": "",
                            "ttl": "300",
                            "type": "CNAME",
                            "zone_id": "Z2NSODYJVZY7LB"
                        },
                        "meta": {
                            "schema_version": "2"
                        },
                        "tainted": false
                    },
                    "deposed": [],
                    "provider": "provider.aws"
                },
                "aws_route53_record.f-monks-co-A": {
                    "type": "aws_route53_record",
                    "depends_on": [
                        "aws_route53_zone.monks-co-public"
                    ],
                    "primary": {
                        "id": "Z2HQE6DV0EKCBL_f.monks.co_A",
                        "attributes": {
                            "alias.#": "1",
                            "alias.778399539.evaluate_target_health": "false",
                            "alias.778399539.name": "d14nz3dle8w6lj.cloudfront.net",
                            "alias.778399539.zone_id": "Z2FDTNDATAQYW2",
                            "allow_overwrite": "true",
                            "fqdn": "f.monks.co",
                            "health_check_id": "",
                            "id": "Z2HQE6DV0EKCBL_f.monks.co_A",
                            "name": "f.monks.co",
                            "records.#": "0",
                            "set_identifier": "",
                            "ttl": "0",
                            "type": "A",
                            "zone_id": "Z2HQE6DV0EKCBL"
                        },
                        "meta": {
                            "schema_version": "2"
                        },
                        "tainted": false
                    },
                    "deposed": [],
                    "provider": "provider.aws"
                },
                "aws_route53_record.facekov-monks-co-CNAME": {
                    "type": "aws_route53_record",
                    "depends_on": [
                        "aws_route53_zone.monks-co-public"
                    ],
                    "primary": {
                        "id": "Z2HQE6DV0EKCBL_facekov.monks.co_CNAME",
                        "attributes": {
                            "allow_overwrite": "true",
                            "fqdn": "facekov.monks.co",
                            "health_check_id": "",
                            "id": "Z2HQE6DV0EKCBL_facekov.monks.co_CNAME",
                            "name": "facekov.monks.co",
                            "records.#": "1",
                            "records.540730580": "facekov.herokuapp.com.",
                            "set_identifier": "",
                            "ttl": "10800",
                            "type": "CNAME",
                            "zone_id": "Z2HQE6DV0EKCBL"
                        },
                        "meta": {
                            "schema_version": "2"
                        },
                        "tainted": false
                    },
                    "deposed": [],
                    "provider": "provider.aws"
                },
                "aws_route53_record.fb3k3obomq6wzinzuf6bmslwjikic6vb-_domainkey-monks-co-CNAME": {
                    "type": "aws_route53_record",
                    "depends_on": [
                        "aws_route53_zone.monks-co-public"
                    ],
                    "primary": {
                        "id": "Z2HQE6DV0EKCBL_fb3k3obomq6wzinzuf6bmslwjikic6vb._domainkey.monks.co_CNAME",
                        "attributes": {
                            "allow_overwrite": "true",
                            "fqdn": "fb3k3obomq6wzinzuf6bmslwjikic6vb._domainkey.monks.co",
                            "health_check_id": "",
                            "id": "Z2HQE6DV0EKCBL_fb3k3obomq6wzinzuf6bmslwjikic6vb._domainkey.monks.co_CNAME",
                            "name": "fb3k3obomq6wzinzuf6bmslwjikic6vb._domainkey.monks.co",
                            "records.#": "1",
                            "records.3575709845": "fb3k3obomq6wzinzuf6bmslwjikic6vb.dkim.amazonses.com",
                            "set_identifier": "",
                            "ttl": "1800",
                            "type": "CNAME",
                            "zone_id": "Z2HQE6DV0EKCBL"
                        },
                        "meta": {
                            "schema_version": "2"
                        },
                        "tainted": false
                    },
                    "deposed": [],
                    "provider": "provider.aws"
                },
                "aws_route53_record.fftjs-monks-co-CNAME": {
                    "type": "aws_route53_record",
                    "depends_on": [
                        "aws_route53_zone.monks-co-public"
                    ],
                    "primary": {
                        "id": "Z2HQE6DV0EKCBL_fftjs.monks.co_CNAME",
                        "attributes": {
                            "allow_overwrite": "true",
                            "fqdn": "fftjs.monks.co",
                            "health_check_id": "",
                            "id": "Z2HQE6DV0EKCBL_fftjs.monks.co_CNAME",
                            "name": "fftjs.monks.co",
                            "records.#": "1",
                            "records.3769512853": "amonks.github.io.",
                            "set_identifier": "",
                            "ttl": "10800",
                            "type": "CNAME",
                            "zone_id": "Z2HQE6DV0EKCBL"
                        },
                        "meta": {
                            "schema_version": "2"
                        },
                        "tainted": false
                    },
                    "deposed": [],
                    "provider": "provider.aws"
                },
                "aws_route53_record.g-monks-co-CNAME": {
                    "type": "aws_route53_record",
                    "depends_on": [
                        "aws_route53_zone.monks-co-public"
                    ],
                    "primary": {
                        "id": "Z2HQE6DV0EKCBL_g.monks.co_CNAME",
                        "attributes": {
                            "allow_overwrite": "true",
                            "fqdn": "g.monks.co",
                            "health_check_id": "",
                            "id": "Z2HQE6DV0EKCBL_g.monks.co_CNAME",
                            "name": "g.monks.co",
                            "records.#": "1",
                            "records.7811179": "alias.zeit.co",
                            "set_identifier": "",
                            "ttl": "10800",
                            "type": "CNAME",
                            "zone_id": "Z2HQE6DV0EKCBL"
                        },
                        "meta": {
                            "schema_version": "2"
                        },
                        "tainted": false
                    },
                    "deposed": [],
                    "provider": "provider.aws"
                },
                "aws_route53_record.gifbooth-co-A": {
                    "type": "aws_route53_record",
                    "depends_on": [
                        "aws_route53_zone.gifbooth-co-public"
                    ],
                    "primary": {
                        "id": "Z24PSF3W8K28GR_gifbooth.co_A",
                        "attributes": {
                            "alias.#": "1",
                            "alias.3458668248.evaluate_target_health": "false",
                            "alias.3458668248.name": "d3pr1dprea0g5n.cloudfront.net",
                            "alias.3458668248.zone_id": "Z2FDTNDATAQYW2",
                            "allow_overwrite": "true",
                            "fqdn": "gifbooth.co",
                            "health_check_id": "",
                            "id": "Z24PSF3W8K28GR_gifbooth.co_A",
                            "name": "gifbooth.co",
                            "records.#": "0",
                            "set_identifier": "",
                            "ttl": "0",
                            "type": "A",
                            "zone_id": "Z24PSF3W8K28GR"
                        },
                        "meta": {
                            "schema_version": "2"
                        },
                        "tainted": false
                    },
                    "deposed": [],
                    "provider": "provider.aws"
                },
                "aws_route53_record.gifbooth-co-MX": {
                    "type": "aws_route53_record",
                    "depends_on": [
                        "aws_route53_zone.gifbooth-co-public"
                    ],
                    "primary": {
                        "id": "Z24PSF3W8K28GR_gifbooth.co_MX",
                        "attributes": {
                            "allow_overwrite": "true",
                            "fqdn": "gifbooth.co",
                            "health_check_id": "",
                            "id": "Z24PSF3W8K28GR_gifbooth.co_MX",
                            "name": "gifbooth.co",
                            "records.#": "1",
                            "records.1776752005": "10 inbound-smtp.us-east-1.amazonaws.com.",
                            "set_identifier": "",
                            "ttl": "300",
                            "type": "MX",
                            "zone_id": "Z24PSF3W8K28GR"
                        },
                        "meta": {
                            "schema_version": "2"
                        },
                        "tainted": false
                    },
                    "deposed": [],
                    "provider": "provider.aws"
                },
                "aws_route53_record.gifs-gifbooth-co-A": {
                    "type": "aws_route53_record",
                    "depends_on": [
                        "aws_route53_zone.gifbooth-co-public"
                    ],
                    "primary": {
                        "id": "Z24PSF3W8K28GR_gifs.gifbooth.co_A",
                        "attributes": {
                            "alias.#": "1",
                            "alias.4244885422.evaluate_target_health": "false",
                            "alias.4244885422.name": "d1pdqg40kkxu3t.cloudfront.net",
                            "alias.4244885422.zone_id": "Z2FDTNDATAQYW2",
                            "allow_overwrite": "true",
                            "fqdn": "gifs.gifbooth.co",
                            "health_check_id": "",
                            "id": "Z24PSF3W8K28GR_gifs.gifbooth.co_A",
                            "name": "gifs.gifbooth.co",
                            "records.#": "0",
                            "set_identifier": "",
                            "ttl": "0",
                            "type": "A",
                            "zone_id": "Z24PSF3W8K28GR"
                        },
                        "meta": {
                            "schema_version": "2"
                        },
                        "tainted": false
                    },
                    "deposed": [],
                    "provider": "provider.aws"
                },
                "aws_route53_record.gifs-radblock-xyz-A": {
                    "type": "aws_route53_record",
                    "depends_on": [
                        "aws_route53_zone.radblock-xyz-public"
                    ],
                    "primary": {
                        "id": "Z1SLXHOGO4DU45_gifs.radblock.xyz_A",
                        "attributes": {
                            "alias.#": "1",
                            "alias.3848858961.evaluate_target_health": "false",
                            "alias.3848858961.name": "d3rqnznu9ff0vi.cloudfront.net",
                            "alias.3848858961.zone_id": "Z2FDTNDATAQYW2",
                            "allow_overwrite": "true",
                            "fqdn": "gifs.radblock.xyz",
                            "health_check_id": "",
                            "id": "Z1SLXHOGO4DU45_gifs.radblock.xyz_A",
                            "name": "gifs.radblock.xyz",
                            "records.#": "0",
                            "set_identifier": "",
                            "ttl": "0",
                            "type": "A",
                            "zone_id": "Z1SLXHOGO4DU45"
                        },
                        "meta": {
                            "schema_version": "2"
                        },
                        "tainted": false
                    },
                    "deposed": [],
                    "provider": "provider.aws"
                },
                "aws_route53_record.gimme-monks-co-A": {
                    "type": "aws_route53_record",
                    "depends_on": [
                        "aws_route53_zone.monks-co-public"
                    ],
                    "primary": {
                        "id": "Z2HQE6DV0EKCBL_gimme.monks.co_A",
                        "attributes": {
                            "alias.#": "1",
                            "alias.3057190339.evaluate_target_health": "false",
                            "alias.3057190339.name": "d3kicode3ffc45.cloudfront.net",
                            "alias.3057190339.zone_id": "Z2FDTNDATAQYW2",
                            "allow_overwrite": "true",
                            "fqdn": "gimme.monks.co",
                            "health_check_id": "",
                            "id": "Z2HQE6DV0EKCBL_gimme.monks.co_A",
                            "name": "gimme.monks.co",
                            "records.#": "0",
                            "set_identifier": "",
                            "ttl": "0",
                            "type": "A",
                            "zone_id": "Z2HQE6DV0EKCBL"
                        },
                        "meta": {
                            "schema_version": "2"
                        },
                        "tainted": false
                    },
                    "deposed": [],
                    "provider": "provider.aws"
                },
                "aws_route53_record.graviton-monks-co-A": {
                    "type": "aws_route53_record",
                    "depends_on": [
                        "aws_route53_zone.monks-co-public"
                    ],
                    "primary": {
                        "id": "Z2HQE6DV0EKCBL_graviton.monks.co_A",
                        "attributes": {
                            "alias.#": "1",
                            "alias.2781413164.evaluate_target_health": "false",
                            "alias.2781413164.name": "s3-website-us-east-1.amazonaws.com",
                            "alias.2781413164.zone_id": "Z3AQBSTGFYJSTF",
                            "allow_overwrite": "true",
                            "fqdn": "graviton.monks.co",
                            "health_check_id": "",
                            "id": "Z2HQE6DV0EKCBL_graviton.monks.co_A",
                            "name": "graviton.monks.co",
                            "records.#": "0",
                            "set_identifier": "",
                            "ttl": "0",
                            "type": "A",
                            "zone_id": "Z2HQE6DV0EKCBL"
                        },
                        "meta": {
                            "schema_version": "2"
                        },
                        "tainted": false
                    },
                    "deposed": [],
                    "provider": "provider.aws"
                },
                "aws_route53_record.homer-monks-co-CNAME": {
                    "type": "aws_route53_record",
                    "depends_on": [
                        "aws_route53_zone.monks-co-public"
                    ],
                    "primary": {
                        "id": "Z2HQE6DV0EKCBL_homer.monks.co_CNAME",
                        "attributes": {
                            "allow_overwrite": "true",
                            "fqdn": "homer.monks.co",
                            "health_check_id": "",
                            "id": "Z2HQE6DV0EKCBL_homer.monks.co_CNAME",
                            "name": "homer.monks.co",
                            "records.#": "1",
                            "records.3828332948": "collectivememory.herokuapp.com.",
                            "set_identifier": "",
                            "ttl": "10800",
                            "type": "CNAME",
                            "zone_id": "Z2HQE6DV0EKCBL"
                        },
                        "meta": {
                            "schema_version": "2"
                        },
                        "tainted": false
                    },
                    "deposed": [],
                    "provider": "provider.aws"
                },
                "aws_route53_record.installation-monks-co-CNAME": {
                    "type": "aws_route53_record",
                    "depends_on": [
                        "aws_route53_zone.monks-co-public"
                    ],
                    "primary": {
                        "id": "Z2HQE6DV0EKCBL_installation.monks.co_CNAME",
                        "attributes": {
                            "allow_overwrite": "true",
                            "fqdn": "installation.monks.co",
                            "health_check_id": "",
                            "id": "Z2HQE6DV0EKCBL_installation.monks.co_CNAME",
                            "name": "installation.monks.co",
                            "records.#": "1",
                            "records.3769512853": "amonks.github.io.",
                            "set_identifier": "",
                            "ttl": "10800",
                            "type": "CNAME",
                            "zone_id": "Z2HQE6DV0EKCBL"
                        },
                        "meta": {
                            "schema_version": "2"
                        },
                        "tainted": false
                    },
                    "deposed": [],
                    "provider": "provider.aws"
                },
                "aws_route53_record.int3rn3t-website-A": {
                    "type": "aws_route53_record",
                    "depends_on": [
                        "aws_route53_zone.int3rn3t-website-public"
                    ],
                    "primary": {
                        "id": "ZZ3XMTLQHTKV_int3rn3t.website_A",
                        "attributes": {
                            "allow_overwrite": "true",
                            "fqdn": "int3rn3t.website",
                            "health_check_id": "",
                            "id": "ZZ3XMTLQHTKV_int3rn3t.website_A",
                            "name": "int3rn3t.website",
                            "records.#": "2",
                            "records.1544820271": "192.30.252.154",
                            "records.3262153612": "192.30.252.153",
                            "set_identifier": "",
                            "ttl": "300",
                            "type": "A",
                            "zone_id": "ZZ3XMTLQHTKV"
                        },
                        "meta": {
                            "schema_version": "2"
                        },
                        "tainted": false
                    },
                    "deposed": [],
                    "provider": "provider.aws"
                },
                "aws_route53_record.kapxtpmrmqkudo75vusxnmmyjidtp6b2-_domainkey-radblock-xyz-CNAME": {
                    "type": "aws_route53_record",
                    "depends_on": [
                        "aws_route53_zone.radblock-xyz-public"
                    ],
                    "primary": {
                        "id": "Z1SLXHOGO4DU45_kapxtpmrmqkudo75vusxnmmyjidtp6b2._domainkey.radblock.xyz_CNAME",
                        "attributes": {
                            "allow_overwrite": "true",
                            "fqdn": "kapxtpmrmqkudo75vusxnmmyjidtp6b2._domainkey.radblock.xyz",
                            "health_check_id": "",
                            "id": "Z1SLXHOGO4DU45_kapxtpmrmqkudo75vusxnmmyjidtp6b2._domainkey.radblock.xyz_CNAME",
                            "name": "kapxtpmrmqkudo75vusxnmmyjidtp6b2._domainkey.radblock.xyz",
                            "records.#": "1",
                            "records.3151946088": "kapxtpmrmqkudo75vusxnmmyjidtp6b2.dkim.amazonses.com",
                            "set_identifier": "",
                            "ttl": "1800",
                            "type": "CNAME",
                            "zone_id": "Z1SLXHOGO4DU45"
                        },
                        "meta": {
                            "schema_version": "2"
                        },
                        "tainted": false
                    },
                    "deposed": [],
                    "provider": "provider.aws"
                },
                "aws_route53_record.kw44g4aoxriuk5f6dfgnscvdd627aopn-_domainkey-monks-co-CNAME": {
                    "type": "aws_route53_record",
                    "depends_on": [
                        "aws_route53_zone.monks-co-public"
                    ],
                    "primary": {
                        "id": "Z2HQE6DV0EKCBL_kw44g4aoxriuk5f6dfgnscvdd627aopn._domainkey.monks.co_CNAME",
                        "attributes": {
                            "allow_overwrite": "true",
                            "fqdn": "kw44g4aoxriuk5f6dfgnscvdd627aopn._domainkey.monks.co",
                            "health_check_id": "",
                            "id": "Z2HQE6DV0EKCBL_kw44g4aoxriuk5f6dfgnscvdd627aopn._domainkey.monks.co_CNAME",
                            "name": "kw44g4aoxriuk5f6dfgnscvdd627aopn._domainkey.monks.co",
                            "records.#": "1",
                            "records.4185569958": "kw44g4aoxriuk5f6dfgnscvdd627aopn.dkim.amazonses.com",
                            "set_identifier": "",
                            "ttl": "1800",
                            "type": "CNAME",
                            "zone_id": "Z2HQE6DV0EKCBL"
                        },
                        "meta": {
                            "schema_version": "2"
                        },
                        "tainted": false
                    },
                    "deposed": [],
                    "provider": "provider.aws"
                },
                "aws_route53_record.l1zard-xn--onks-99b-com-A": {
                    "type": "aws_route53_record",
                    "depends_on": [
                        "aws_route53_zone.xn--onks-99b-com-public"
                    ],
                    "primary": {
                        "id": "Z1FLZSREYSZUOK_l1zard.xn--onks-99b.com_A",
                        "attributes": {
                            "alias.#": "1",
                            "alias.2781413164.evaluate_target_health": "false",
                            "alias.2781413164.name": "s3-website-us-east-1.amazonaws.com",
                            "alias.2781413164.zone_id": "Z3AQBSTGFYJSTF",
                            "allow_overwrite": "true",
                            "fqdn": "l1zard.xn--onks-99b.com",
                            "health_check_id": "",
                            "id": "Z1FLZSREYSZUOK_l1zard.xn--onks-99b.com_A",
                            "name": "l1zard.xn--onks-99b.com",
                            "records.#": "0",
                            "set_identifier": "",
                            "ttl": "0",
                            "type": "A",
                            "zone_id": "Z1FLZSREYSZUOK"
                        },
                        "meta": {
                            "schema_version": "2"
                        },
                        "tainted": false
                    },
                    "deposed": [],
                    "provider": "provider.aws"
                },
                "aws_route53_record.list-radblock-xyz-A": {
                    "type": "aws_route53_record",
                    "depends_on": [
                        "aws_route53_zone.radblock-xyz-public"
                    ],
                    "primary": {
                        "id": "Z1SLXHOGO4DU45_list.radblock.xyz_A",
                        "attributes": {
                            "alias.#": "1",
                            "alias.3876774151.evaluate_target_health": "false",
                            "alias.3876774151.name": "d2xydghsy5cfh0.cloudfront.net",
                            "alias.3876774151.zone_id": "Z2FDTNDATAQYW2",
                            "allow_overwrite": "true",
                            "fqdn": "list.radblock.xyz",
                            "health_check_id": "",
                            "id": "Z1SLXHOGO4DU45_list.radblock.xyz_A",
                            "name": "list.radblock.xyz",
                            "records.#": "0",
                            "set_identifier": "",
                            "ttl": "0",
                            "type": "A",
                            "zone_id": "Z1SLXHOGO4DU45"
                        },
                        "meta": {
                            "schema_version": "2"
                        },
                        "tainted": false
                    },
                    "deposed": [],
                    "provider": "provider.aws"
                },
                "aws_route53_record.lo4od7zfwvqb2jmkjuqbe5yaza4eul43-_domainkey-gifbooth-co-CNAME": {
                    "type": "aws_route53_record",
                    "depends_on": [
                        "aws_route53_zone.gifbooth-co-public"
                    ],
                    "primary": {
                        "id": "Z24PSF3W8K28GR_lo4od7zfwvqb2jmkjuqbe5yaza4eul43._domainkey.gifbooth.co_CNAME",
                        "attributes": {
                            "allow_overwrite": "true",
                            "fqdn": "lo4od7zfwvqb2jmkjuqbe5yaza4eul43._domainkey.gifbooth.co",
                            "health_check_id": "",
                            "id": "Z24PSF3W8K28GR_lo4od7zfwvqb2jmkjuqbe5yaza4eul43._domainkey.gifbooth.co_CNAME",
                            "name": "lo4od7zfwvqb2jmkjuqbe5yaza4eul43._domainkey.gifbooth.co",
                            "records.#": "1",
                            "records.2153127908": "lo4od7zfwvqb2jmkjuqbe5yaza4eul43.dkim.amazonses.com",
                            "set_identifier": "",
                            "ttl": "1800",
                            "type": "CNAME",
                            "zone_id": "Z24PSF3W8K28GR"
                        },
                        "meta": {
                            "schema_version": "2"
                        },
                        "tainted": false
                    },
                    "deposed": [],
                    "provider": "provider.aws"
                },
                "aws_route53_record.lyrics-monks-co-CNAME": {
                    "type": "aws_route53_record",
                    "depends_on": [
                        "aws_route53_zone.monks-co-public"
                    ],
                    "primary": {
                        "id": "Z2HQE6DV0EKCBL_lyrics.monks.co_CNAME",
                        "attributes": {
                            "allow_overwrite": "true",
                            "fqdn": "lyrics.monks.co",
                            "health_check_id": "",
                            "id": "Z2HQE6DV0EKCBL_lyrics.monks.co_CNAME",
                            "name": "lyrics.monks.co",
                            "records.#": "1",
                            "records.2919874956": "limitless-harbor-4493.herokuapp.com.",
                            "set_identifier": "",
                            "ttl": "10800",
                            "type": "CNAME",
                            "zone_id": "Z2HQE6DV0EKCBL"
                        },
                        "meta": {
                            "schema_version": "2"
                        },
                        "tainted": false
                    },
                    "deposed": [],
                    "provider": "provider.aws"
                },
                "aws_route53_record.mandrill-_domainkey-monks-co-TXT": {
                    "type": "aws_route53_record",
                    "depends_on": [
                        "aws_route53_zone.monks-co-public"
                    ],
                    "primary": {
                        "id": "Z2HQE6DV0EKCBL_mandrill._domainkey.monks.co_TXT",
                        "attributes": {
                            "allow_overwrite": "true",
                            "fqdn": "mandrill._domainkey.monks.co",
                            "health_check_id": "",
                            "id": "Z2HQE6DV0EKCBL_mandrill._domainkey.monks.co_TXT",
                            "name": "mandrill._domainkey.monks.co",
                            "records.#": "1",
                            "records.4276127433": "v=DKIM1; k=rsa; p=MIGfMA0GCSqGSIb3DQEBAQUAA4GNADCBiQKBgQCrLHiExVd55zd/IQ/J/mRwSRMAocV/hMB3jXwaHH36d9NaVynQFYV8NaWi69c1veUtRzGt7yAioXqLj7Z4TeEUoOLgrKsn8YnckGs9i3B3tVFB+Ch/4mPhXWiNfNdynHWBcPcbJ8kjEQ2U8y78dHZj1YeRXXVvWob2OaKynO8/lQIDAQAB;",
                            "set_identifier": "",
                            "ttl": "10800",
                            "type": "TXT",
                            "zone_id": "Z2HQE6DV0EKCBL"
                        },
                        "meta": {
                            "schema_version": "2"
                        },
                        "tainted": false
                    },
                    "deposed": [],
                    "provider": "provider.aws"
                },
                "aws_route53_record.mesmtp-_domainkey-monks-co-TXT": {
                    "type": "aws_route53_record",
                    "depends_on": [
                        "aws_route53_zone.monks-co-public"
                    ],
                    "primary": {
                        "id": "Z2HQE6DV0EKCBL_mesmtp._domainkey.monks.co_TXT",
                        "attributes": {
                            "allow_overwrite": "true",
                            "fqdn": "mesmtp._domainkey.monks.co",
                            "health_check_id": "",
                            "id": "Z2HQE6DV0EKCBL_mesmtp._domainkey.monks.co_TXT",
                            "name": "mesmtp._domainkey.monks.co",
                            "records.#": "1",
                            "records.2913199524": "v=DKIM1; k=rsa; p=MIGfMA0GCSqGSIb3DQEBAQUAA4GNADCBiQKBgQCsdLt3xomT52Iewm5v1RSpRqpXA2vIghgAHNck63znFYCEOFgVyKMbznwdqvO83Dv0MSzzHpwoC2lIj7oHZaIGHQDdISJpmOsaQrhri+3VES7lhE0z+OrfUv6kQKAYpKxgzDXSAC+n0fcIilvpzVRyKwX6yIA2rhrUM7mb21hQ6wIDAQAB",
                            "set_identifier": "",
                            "ttl": "10800",
                            "type": "TXT",
                            "zone_id": "Z2HQE6DV0EKCBL"
                        },
                        "meta": {
                            "schema_version": "2"
                        },
                        "tainted": false
                    },
                    "deposed": [],
                    "provider": "provider.aws"
                },
                "aws_route53_record.monks-co-A": {
                    "type": "aws_route53_record",
                    "depends_on": [
                        "aws_route53_zone.monks-co-public",
                        "aws_s3_bucket.blgn-mn-bucket"
                    ],
                    "primary": {
                        "id": "Z2HQE6DV0EKCBL_monks.co_A",
                        "attributes": {
                            "alias.#": "1",
                            "alias.2781413164.evaluate_target_health": "false",
                            "alias.2781413164.name": "s3-website-us-east-1.amazonaws.com",
                            "alias.2781413164.zone_id": "Z3AQBSTGFYJSTF",
                            "allow_overwrite": "true",
                            "fqdn": "monks.co",
                            "health_check_id": "",
                            "id": "Z2HQE6DV0EKCBL_monks.co_A",
                            "name": "monks.co",
                            "records.#": "0",
                            "set_identifier": "",
                            "ttl": "0",
                            "type": "A",
                            "zone_id": "Z2HQE6DV0EKCBL"
                        },
                        "meta": {
                            "schema_version": "2"
                        },
                        "tainted": false
                    },
                    "deposed": [],
                    "provider": "provider.aws"
                },
                "aws_route53_record.monks-co-MX": {
                    "type": "aws_route53_record",
                    "depends_on": [
                        "aws_route53_zone.monks-co-public"
                    ],
                    "primary": {
                        "id": "Z2HQE6DV0EKCBL_monks.co_MX",
                        "attributes": {
                            "allow_overwrite": "true",
                            "fqdn": "monks.co",
                            "health_check_id": "",
                            "id": "Z2HQE6DV0EKCBL_monks.co_MX",
                            "name": "monks.co",
                            "records.#": "2",
                            "records.2874989177": "20 in2-smtp.messagingengine.com.",
                            "records.3520593669": "10 in1-smtp.messagingengine.com.",
                            "set_identifier": "",
                            "ttl": "10800",
                            "type": "MX",
                            "zone_id": "Z2HQE6DV0EKCBL"
                        },
                        "meta": {
                            "schema_version": "2"
                        },
                        "tainted": false
                    },
                    "deposed": [],
                    "provider": "provider.aws"
                },
                "aws_route53_record.monks-co-SPF": {
                    "type": "aws_route53_record",
                    "depends_on": [
                        "aws_route53_zone.monks-co-public"
                    ],
                    "primary": {
                        "id": "Z2HQE6DV0EKCBL_monks.co_SPF",
                        "attributes": {
                            "allow_overwrite": "true",
                            "fqdn": "monks.co",
                            "health_check_id": "",
                            "id": "Z2HQE6DV0EKCBL_monks.co_SPF",
                            "name": "monks.co",
                            "records.#": "1",
                            "records.3521826842": "v=spf1 include:spf.messagingengine.com include:spf.mandrillapp.com -all",
                            "set_identifier": "",
                            "ttl": "10800",
                            "type": "SPF",
                            "zone_id": "Z2HQE6DV0EKCBL"
                        },
                        "meta": {
                            "schema_version": "2"
                        },
                        "tainted": false
                    },
                    "deposed": [],
                    "provider": "provider.aws"
                },
                "aws_route53_record.monks-co-TXT": {
                    "type": "aws_route53_record",
                    "depends_on": [
                        "aws_route53_zone.monks-co-public"
                    ],
                    "primary": {
                        "id": "Z2HQE6DV0EKCBL_monks.co_TXT",
                        "attributes": {
                            "allow_overwrite": "true",
                            "fqdn": "monks.co",
                            "health_check_id": "",
                            "id": "Z2HQE6DV0EKCBL_monks.co_TXT",
                            "name": "monks.co",
                            "records.#": "1",
                            "records.3521826842": "v=spf1 include:spf.messagingengine.com include:spf.mandrillapp.com -all",
                            "set_identifier": "",
                            "ttl": "10800",
                            "type": "TXT",
                            "zone_id": "Z2HQE6DV0EKCBL"
                        },
                        "meta": {
                            "schema_version": "2"
                        },
                        "tainted": false
                    },
                    "deposed": [],
                    "provider": "provider.aws"
                },
                "aws_route53_record.monument-monks-co-CNAME": {
                    "type": "aws_route53_record",
                    "depends_on": [
                        "aws_route53_zone.monks-co-public"
                    ],
                    "primary": {
                        "id": "Z2HQE6DV0EKCBL_monument.monks.co_CNAME",
                        "attributes": {
                            "allow_overwrite": "true",
                            "fqdn": "monument.monks.co",
                            "health_check_id": "",
                            "id": "Z2HQE6DV0EKCBL_monument.monks.co_CNAME",
                            "name": "monument.monks.co",
                            "records.#": "1",
                            "records.3769512853": "amonks.github.io.",
                            "set_identifier": "",
                            "ttl": "10800",
                            "type": "CNAME",
                            "zone_id": "Z2HQE6DV0EKCBL"
                        },
                        "meta": {
                            "schema_version": "2"
                        },
                        "tainted": false
                    },
                    "deposed": [],
                    "provider": "provider.aws"
                },
                "aws_route53_record.nabu-monks-co-CNAME": {
                    "type": "aws_route53_record",
                    "depends_on": [
                        "aws_route53_zone.monks-co-public"
                    ],
                    "primary": {
                        "id": "Z2HQE6DV0EKCBL_nabu.monks.co_CNAME",
                        "attributes": {
                            "allow_overwrite": "true",
                            "fqdn": "nabu.monks.co",
                            "health_check_id": "",
                            "id": "Z2HQE6DV0EKCBL_nabu.monks.co_CNAME",
                            "name": "nabu.monks.co",
                            "records.#": "1",
                            "records.380621196": "nabudata.herokuapp.com.",
                            "set_identifier": "",
                            "ttl": "10800",
                            "type": "CNAME",
                            "zone_id": "Z2HQE6DV0EKCBL"
                        },
                        "meta": {
                            "schema_version": "2"
                        },
                        "tainted": false
                    },
                    "deposed": [],
                    "provider": "provider.aws"
                },
                "aws_route53_record.now-monks-co-TXT": {
                    "type": "aws_route53_record",
                    "depends_on": [
                        "aws_route53_zone.monks-co-public"
                    ],
                    "primary": {
                        "id": "Z2HQE6DV0EKCBL__now.monks.co_TXT",
                        "attributes": {
                            "allow_overwrite": "true",
                            "fqdn": "_now.monks.co",
                            "health_check_id": "",
                            "id": "Z2HQE6DV0EKCBL__now.monks.co_TXT",
                            "name": "_now.monks.co",
                            "records.#": "1",
                            "records.3408021532": "b3f39bbd3640c48b8335292201c1deff27525728caa8e8807b313040bbf78118",
                            "set_identifier": "",
                            "ttl": "10800",
                            "type": "TXT",
                            "zone_id": "Z2HQE6DV0EKCBL"
                        },
                        "meta": {
                            "schema_version": "2"
                        },
                        "tainted": false
                    },
                    "deposed": [],
                    "provider": "provider.aws"
                },
                "aws_route53_record.numbers-monks-co-CNAME": {
                    "type": "aws_route53_record",
                    "depends_on": [
                        "aws_route53_zone.monks-co-public"
                    ],
                    "primary": {
                        "id": "Z2HQE6DV0EKCBL_numbers.monks.co_CNAME",
                        "attributes": {
                            "allow_overwrite": "true",
                            "fqdn": "numbers.monks.co",
                            "health_check_id": "",
                            "id": "Z2HQE6DV0EKCBL_numbers.monks.co_CNAME",
                            "name": "numbers.monks.co",
                            "records.#": "1",
                            "records.113077386": "tranquil-spire-3396.herokuapp.com.",
                            "set_identifier": "",
                            "ttl": "10800",
                            "type": "CNAME",
                            "zone_id": "Z2HQE6DV0EKCBL"
                        },
                        "meta": {
                            "schema_version": "2"
                        },
                        "tainted": false
                    },
                    "deposed": [],
                    "provider": "provider.aws"
                },
                "aws_route53_record.oblique-monks-co-CNAME": {
                    "type": "aws_route53_record",
                    "depends_on": [
                        "aws_route53_zone.monks-co-public"
                    ],
                    "primary": {
                        "id": "Z2HQE6DV0EKCBL_oblique.monks.co_CNAME",
                        "attributes": {
                            "allow_overwrite": "true",
                            "fqdn": "oblique.monks.co",
                            "health_check_id": "",
                            "id": "Z2HQE6DV0EKCBL_oblique.monks.co_CNAME",
                            "name": "oblique.monks.co",
                            "records.#": "1",
                            "records.1187996168": "oblique-strategies-api.herokuapp.com.",
                            "set_identifier": "",
                            "ttl": "10800",
                            "type": "CNAME",
                            "zone_id": "Z2HQE6DV0EKCBL"
                        },
                        "meta": {
                            "schema_version": "2"
                        },
                        "tainted": false
                    },
                    "deposed": [],
                    "provider": "provider.aws"
                },
                "aws_route53_record.presence-monks-co-CNAME": {
                    "type": "aws_route53_record",
                    "depends_on": [
                        "aws_route53_zone.monks-co-public"
                    ],
                    "primary": {
                        "id": "Z2HQE6DV0EKCBL_presence.monks.co_CNAME",
                        "attributes": {
                            "allow_overwrite": "true",
                            "fqdn": "presence.monks.co",
                            "health_check_id": "",
                            "id": "Z2HQE6DV0EKCBL_presence.monks.co_CNAME",
                            "name": "presence.monks.co",
                            "records.#": "1",
                            "records.3769512853": "amonks.github.io.",
                            "set_identifier": "",
                            "ttl": "300",
                            "type": "CNAME",
                            "zone_id": "Z2HQE6DV0EKCBL"
                        },
                        "meta": {
                            "schema_version": "2"
                        },
                        "tainted": false
                    },
                    "deposed": [],
                    "provider": "provider.aws"
                },
                "aws_route53_record.processing-monks-co-CNAME": {
                    "type": "aws_route53_record",
                    "depends_on": [
                        "aws_route53_zone.monks-co-public"
                    ],
                    "primary": {
                        "id": "Z2HQE6DV0EKCBL_processing.monks.co_CNAME",
                        "attributes": {
                            "allow_overwrite": "true",
                            "fqdn": "processing.monks.co",
                            "health_check_id": "",
                            "id": "Z2HQE6DV0EKCBL_processing.monks.co_CNAME",
                            "name": "processing.monks.co",
                            "records.#": "1",
                            "records.3769512853": "amonks.github.io.",
                            "set_identifier": "",
                            "ttl": "10800",
                            "type": "CNAME",
                            "zone_id": "Z2HQE6DV0EKCBL"
                        },
                        "meta": {
                            "schema_version": "2"
                        },
                        "tainted": false
                    },
                    "deposed": [],
                    "provider": "provider.aws"
                },
                "aws_route53_record.proxy-gifbooth-co-CNAME": {
                    "type": "aws_route53_record",
                    "depends_on": [
                        "aws_route53_zone.gifbooth-co-public"
                    ],
                    "primary": {
                        "id": "Z24PSF3W8K28GR_proxy.gifbooth.co_CNAME",
                        "attributes": {
                            "allow_overwrite": "true",
                            "fqdn": "proxy.gifbooth.co",
                            "health_check_id": "",
                            "id": "Z24PSF3W8K28GR_proxy.gifbooth.co_CNAME",
                            "name": "proxy.gifbooth.co",
                            "records.#": "1",
                            "records.305629899": "gifbooth-proxy.herokuapp.com",
                            "set_identifier": "",
                            "ttl": "300",
                            "type": "CNAME",
                            "zone_id": "Z24PSF3W8K28GR"
                        },
                        "meta": {
                            "schema_version": "2"
                        },
                        "tainted": false
                    },
                    "deposed": [],
                    "provider": "provider.aws"
                },
                "aws_route53_record.ptdgflihnjxt2scng7z7jcmi7f6e4m7m-_domainkey-radblock-xyz-CNAME": {
                    "type": "aws_route53_record",
                    "depends_on": [
                        "aws_route53_zone.radblock-xyz-public"
                    ],
                    "primary": {
                        "id": "Z1SLXHOGO4DU45_ptdgflihnjxt2scng7z7jcmi7f6e4m7m._domainkey.radblock.xyz_CNAME",
                        "attributes": {
                            "allow_overwrite": "true",
                            "fqdn": "ptdgflihnjxt2scng7z7jcmi7f6e4m7m._domainkey.radblock.xyz",
                            "health_check_id": "",
                            "id": "Z1SLXHOGO4DU45_ptdgflihnjxt2scng7z7jcmi7f6e4m7m._domainkey.radblock.xyz_CNAME",
                            "name": "ptdgflihnjxt2scng7z7jcmi7f6e4m7m._domainkey.radblock.xyz",
                            "records.#": "1",
                            "records.2396004597": "ptdgflihnjxt2scng7z7jcmi7f6e4m7m.dkim.amazonses.com",
                            "set_identifier": "",
                            "ttl": "1800",
                            "type": "CNAME",
                            "zone_id": "Z1SLXHOGO4DU45"
                        },
                        "meta": {
                            "schema_version": "2"
                        },
                        "tainted": false
                    },
                    "deposed": [],
                    "provider": "provider.aws"
                },
                "aws_route53_record.r29-gifbooth-co-A": {
                    "type": "aws_route53_record",
                    "depends_on": [
                        "aws_route53_zone.gifbooth-co-public"
                    ],
                    "primary": {
                        "id": "Z24PSF3W8K28GR_r29.gifbooth.co_A",
                        "attributes": {
                            "alias.#": "1",
                            "alias.2781413164.evaluate_target_health": "false",
                            "alias.2781413164.name": "s3-website-us-east-1.amazonaws.com",
                            "alias.2781413164.zone_id": "Z3AQBSTGFYJSTF",
                            "allow_overwrite": "true",
                            "fqdn": "r29.gifbooth.co",
                            "health_check_id": "",
                            "id": "Z24PSF3W8K28GR_r29.gifbooth.co_A",
                            "name": "r29.gifbooth.co",
                            "records.#": "0",
                            "set_identifier": "",
                            "ttl": "0",
                            "type": "A",
                            "zone_id": "Z24PSF3W8K28GR"
                        },
                        "meta": {
                            "schema_version": "2"
                        },
                        "tainted": false
                    },
                    "deposed": [],
                    "provider": "provider.aws"
                },
                "aws_route53_record.radblock-xyz-A": {
                    "type": "aws_route53_record",
                    "depends_on": [
                        "aws_route53_zone.radblock-xyz-public"
                    ],
                    "primary": {
                        "id": "Z1SLXHOGO4DU45_radblock.xyz_A",
                        "attributes": {
                            "alias.#": "1",
                            "alias.3644905530.evaluate_target_health": "false",
                            "alias.3644905530.name": "d349pl3yyh2zjc.cloudfront.net",
                            "alias.3644905530.zone_id": "Z2FDTNDATAQYW2",
                            "allow_overwrite": "true",
                            "fqdn": "radblock.xyz",
                            "health_check_id": "",
                            "id": "Z1SLXHOGO4DU45_radblock.xyz_A",
                            "name": "radblock.xyz",
                            "records.#": "0",
                            "set_identifier": "",
                            "ttl": "0",
                            "type": "A",
                            "zone_id": "Z1SLXHOGO4DU45"
                        },
                        "meta": {
                            "schema_version": "2"
                        },
                        "tainted": false
                    },
                    "deposed": [],
                    "provider": "provider.aws"
                },
                "aws_route53_record.radblock-xyz-MX": {
                    "type": "aws_route53_record",
                    "depends_on": [
                        "aws_route53_zone.radblock-xyz-public"
                    ],
                    "primary": {
                        "id": "Z1SLXHOGO4DU45_radblock.xyz_MX",
                        "attributes": {
                            "allow_overwrite": "true",
                            "fqdn": "radblock.xyz",
                            "health_check_id": "",
                            "id": "Z1SLXHOGO4DU45_radblock.xyz_MX",
                            "name": "radblock.xyz",
                            "records.#": "1",
                            "records.1776752005": "10 inbound-smtp.us-east-1.amazonaws.com.",
                            "set_identifier": "",
                            "ttl": "300",
                            "type": "MX",
                            "zone_id": "Z1SLXHOGO4DU45"
                        },
                        "meta": {
                            "schema_version": "2"
                        },
                        "tainted": false
                    },
                    "deposed": [],
                    "provider": "provider.aws"
                },
                "aws_route53_record.real-monks-co-A": {
                    "type": "aws_route53_record",
                    "depends_on": [
                        "aws_route53_zone.monks-co-public"
                    ],
                    "primary": {
                        "id": "Z2HQE6DV0EKCBL_real.monks.co_A",
                        "attributes": {
                            "alias.#": "1",
                            "alias.2781413164.evaluate_target_health": "false",
                            "alias.2781413164.name": "s3-website-us-east-1.amazonaws.com",
                            "alias.2781413164.zone_id": "Z3AQBSTGFYJSTF",
                            "allow_overwrite": "true",
                            "fqdn": "real.monks.co",
                            "health_check_id": "",
                            "id": "Z2HQE6DV0EKCBL_real.monks.co_A",
                            "name": "real.monks.co",
                            "records.#": "0",
                            "set_identifier": "",
                            "ttl": "0",
                            "type": "A",
                            "zone_id": "Z2HQE6DV0EKCBL"
                        },
                        "meta": {
                            "schema_version": "2"
                        },
                        "tainted": false
                    },
                    "deposed": [],
                    "provider": "provider.aws"
                },
                "aws_route53_record.realgifs-monks-co-A": {
                    "type": "aws_route53_record",
                    "depends_on": [
                        "aws_route53_zone.monks-co-public"
                    ],
                    "primary": {
                        "id": "Z2HQE6DV0EKCBL_realgifs.monks.co_A",
                        "attributes": {
                            "alias.#": "1",
                            "alias.2781413164.evaluate_target_health": "false",
                            "alias.2781413164.name": "s3-website-us-east-1.amazonaws.com",
                            "alias.2781413164.zone_id": "Z3AQBSTGFYJSTF",
                            "allow_overwrite": "true",
                            "fqdn": "realgifs.monks.co",
                            "health_check_id": "",
                            "id": "Z2HQE6DV0EKCBL_realgifs.monks.co_A",
                            "name": "realgifs.monks.co",
                            "records.#": "0",
                            "set_identifier": "",
                            "ttl": "0",
                            "type": "A",
                            "zone_id": "Z2HQE6DV0EKCBL"
                        },
                        "meta": {
                            "schema_version": "2"
                        },
                        "tainted": false
                    },
                    "deposed": [],
                    "provider": "provider.aws"
                },
                "aws_route53_record.realproxy-monks-co-CNAME": {
                    "type": "aws_route53_record",
                    "depends_on": [
                        "aws_route53_zone.monks-co-public"
                    ],
                    "primary": {
                        "id": "Z2HQE6DV0EKCBL_realproxy.monks.co_CNAME",
                        "attributes": {
                            "allow_overwrite": "true",
                            "fqdn": "realproxy.monks.co",
                            "health_check_id": "",
                            "id": "Z2HQE6DV0EKCBL_realproxy.monks.co_CNAME",
                            "name": "realproxy.monks.co",
                            "records.#": "1",
                            "records.673453463": "this-time-its-real.herokuapp.com.",
                            "set_identifier": "",
                            "ttl": "10800",
                            "type": "CNAME",
                            "zone_id": "Z2HQE6DV0EKCBL"
                        },
                        "meta": {
                            "schema_version": "2"
                        },
                        "tainted": false
                    },
                    "deposed": [],
                    "provider": "provider.aws"
                },
                "aws_route53_record.science-int3rn3t-website-A": {
                    "type": "aws_route53_record",
                    "depends_on": [
                        "aws_route53_zone.int3rn3t-website-public"
                    ],
                    "primary": {
                        "id": "ZZ3XMTLQHTKV_science.int3rn3t.website_A",
                        "attributes": {
                            "alias.#": "1",
                            "alias.2781413164.evaluate_target_health": "false",
                            "alias.2781413164.name": "s3-website-us-east-1.amazonaws.com",
                            "alias.2781413164.zone_id": "Z3AQBSTGFYJSTF",
                            "allow_overwrite": "true",
                            "fqdn": "science.int3rn3t.website",
                            "health_check_id": "",
                            "id": "ZZ3XMTLQHTKV_science.int3rn3t.website_A",
                            "name": "science.int3rn3t.website",
                            "records.#": "0",
                            "set_identifier": "",
                            "ttl": "0",
                            "type": "A",
                            "zone_id": "ZZ3XMTLQHTKV"
                        },
                        "meta": {
                            "schema_version": "2"
                        },
                        "tainted": false
                    },
                    "deposed": [],
                    "provider": "provider.aws"
                },
                "aws_route53_record.server-gifbooth-co-A": {
                    "type": "aws_route53_record",
                    "depends_on": [
                        "aws_route53_zone.gifbooth-co-public"
                    ],
                    "primary": {
                        "id": "Z24PSF3W8K28GR_server.gifbooth.co_A",
                        "attributes": {
                            "alias.#": "1",
                            "alias.4198787203.evaluate_target_health": "false",
                            "alias.4198787203.name": "awseb-e-9-awsebloa-1si8j8g8872wl-164988714.us-east-1.elb.amazonaws.com",
                            "alias.4198787203.zone_id": "Z35SXDOTRQ7X7K",
                            "allow_overwrite": "true",
                            "fqdn": "server.gifbooth.co",
                            "health_check_id": "",
                            "id": "Z24PSF3W8K28GR_server.gifbooth.co_A",
                            "name": "server.gifbooth.co",
                            "records.#": "0",
                            "set_identifier": "",
                            "ttl": "0",
                            "type": "A",
                            "zone_id": "Z24PSF3W8K28GR"
                        },
                        "meta": {
                            "schema_version": "2"
                        },
                        "tainted": false
                    },
                    "deposed": [],
                    "provider": "provider.aws"
                },
                "aws_route53_record.shout-monks-co-A": {
                    "type": "aws_route53_record",
                    "depends_on": [
                        "aws_route53_zone.monks-co-public"
                    ],
                    "primary": {
                        "id": "Z2HQE6DV0EKCBL_shout.monks.co_A",
                        "attributes": {
                            "alias.#": "1",
                            "alias.2781413164.evaluate_target_health": "false",
                            "alias.2781413164.name": "s3-website-us-east-1.amazonaws.com",
                            "alias.2781413164.zone_id": "Z3AQBSTGFYJSTF",
                            "allow_overwrite": "true",
                            "fqdn": "shout.monks.co",
                            "health_check_id": "",
                            "id": "Z2HQE6DV0EKCBL_shout.monks.co_A",
                            "name": "shout.monks.co",
                            "records.#": "0",
                            "set_identifier": "",
                            "ttl": "0",
                            "type": "A",
                            "zone_id": "Z2HQE6DV0EKCBL"
                        },
                        "meta": {
                            "schema_version": "2"
                        },
                        "tainted": false
                    },
                    "deposed": [],
                    "provider": "provider.aws"
                },
                "aws_route53_record.surveil-monks-co-CNAME": {
                    "type": "aws_route53_record",
                    "depends_on": [
                        "aws_route53_zone.monks-co-public"
                    ],
                    "primary": {
                        "id": "Z2HQE6DV0EKCBL_surveil.monks.co_CNAME",
                        "attributes": {
                            "allow_overwrite": "true",
                            "fqdn": "surveil.monks.co",
                            "health_check_id": "",
                            "id": "Z2HQE6DV0EKCBL_surveil.monks.co_CNAME",
                            "name": "surveil.monks.co",
                            "records.#": "1",
                            "records.3769512853": "amonks.github.io.",
                            "set_identifier": "",
                            "ttl": "10800",
                            "type": "CNAME",
                            "zone_id": "Z2HQE6DV0EKCBL"
                        },
                        "meta": {
                            "schema_version": "2"
                        },
                        "tainted": false
                    },
                    "deposed": [],
                    "provider": "provider.aws"
                },
                "aws_route53_record.text-monks-co-CNAME": {
                    "type": "aws_route53_record",
                    "depends_on": [
                        "aws_route53_zone.monks-co-public"
                    ],
                    "primary": {
                        "id": "Z2HQE6DV0EKCBL_text.monks.co_CNAME",
                        "attributes": {
                            "allow_overwrite": "true",
                            "fqdn": "text.monks.co",
                            "health_check_id": "",
                            "id": "Z2HQE6DV0EKCBL_text.monks.co_CNAME",
                            "name": "text.monks.co",
                            "records.#": "1",
                            "records.3388785338": "personaltextgen.herokuapp.com.",
                            "set_identifier": "",
                            "ttl": "10800",
                            "type": "CNAME",
                            "zone_id": "Z2HQE6DV0EKCBL"
                        },
                        "meta": {
                            "schema_version": "2"
                        },
                        "tainted": false
                    },
                    "deposed": [],
                    "provider": "provider.aws"
                },
                "aws_route53_record.u-monks-co-A": {
                    "type": "aws_route53_record",
                    "depends_on": [
                        "aws_route53_zone.monks-co-public"
                    ],
                    "primary": {
                        "id": "Z2HQE6DV0EKCBL_u.monks.co_A",
                        "attributes": {
                            "alias.#": "1",
                            "alias.2781413164.evaluate_target_health": "false",
                            "alias.2781413164.name": "s3-website-us-east-1.amazonaws.com",
                            "alias.2781413164.zone_id": "Z3AQBSTGFYJSTF",
                            "allow_overwrite": "true",
                            "fqdn": "u.monks.co",
                            "health_check_id": "",
                            "id": "Z2HQE6DV0EKCBL_u.monks.co_A",
                            "name": "u.monks.co",
                            "records.#": "0",
                            "set_identifier": "",
                            "ttl": "0",
                            "type": "A",
                            "zone_id": "Z2HQE6DV0EKCBL"
                        },
                        "meta": {
                            "schema_version": "2"
                        },
                        "tainted": false
                    },
                    "deposed": [],
                    "provider": "provider.aws"
                },
                "aws_route53_record.vj-monks-co-CNAME": {
                    "type": "aws_route53_record",
                    "depends_on": [
                        "aws_route53_zone.monks-co-public"
                    ],
                    "primary": {
                        "id": "Z2HQE6DV0EKCBL_vj.monks.co_CNAME",
                        "attributes": {
                            "allow_overwrite": "true",
                            "fqdn": "vj.monks.co",
                            "health_check_id": "",
                            "id": "Z2HQE6DV0EKCBL_vj.monks.co_CNAME",
                            "name": "vj.monks.co",
                            "records.#": "1",
                            "records.3769512853": "amonks.github.io.",
                            "set_identifier": "",
                            "ttl": "10800",
                            "type": "CNAME",
                            "zone_id": "Z2HQE6DV0EKCBL"
                        },
                        "meta": {
                            "schema_version": "2"
                        },
                        "tainted": false
                    },
                    "deposed": [],
                    "provider": "provider.aws"
                },
                "aws_route53_record.vjjs-monks-co-CNAME": {
                    "type": "aws_route53_record",
                    "depends_on": [
                        "aws_route53_zone.monks-co-public"
                    ],
                    "primary": {
                        "id": "Z2HQE6DV0EKCBL_vjjs.monks.co_CNAME",
                        "attributes": {
                            "allow_overwrite": "true",
                            "fqdn": "vjjs.monks.co",
                            "health_check_id": "",
                            "id": "Z2HQE6DV0EKCBL_vjjs.monks.co_CNAME",
                            "name": "vjjs.monks.co",
                            "records.#": "1",
                            "records.3769512853": "amonks.github.io.",
                            "set_identifier": "",
                            "ttl": "10800",
                            "type": "CNAME",
                            "zone_id": "Z2HQE6DV0EKCBL"
                        },
                        "meta": {
                            "schema_version": "2"
                        },
                        "tainted": false
                    },
                    "deposed": [],
                    "provider": "provider.aws"
                },
                "aws_route53_record.vo3lqx4fdwkk5ipwghlrbifnfngbp75u-_domainkey-gifbooth-co-CNAME": {
                    "type": "aws_route53_record",
                    "depends_on": [
                        "aws_route53_zone.gifbooth-co-public"
                    ],
                    "primary": {
                        "id": "Z24PSF3W8K28GR_vo3lqx4fdwkk5ipwghlrbifnfngbp75u._domainkey.gifbooth.co_CNAME",
                        "attributes": {
                            "allow_overwrite": "true",
                            "fqdn": "vo3lqx4fdwkk5ipwghlrbifnfngbp75u._domainkey.gifbooth.co",
                            "health_check_id": "",
                            "id": "Z24PSF3W8K28GR_vo3lqx4fdwkk5ipwghlrbifnfngbp75u._domainkey.gifbooth.co_CNAME",
                            "name": "vo3lqx4fdwkk5ipwghlrbifnfngbp75u._domainkey.gifbooth.co",
                            "records.#": "1",
                            "records.3306581987": "vo3lqx4fdwkk5ipwghlrbifnfngbp75u.dkim.amazonses.com",
                            "set_identifier": "",
                            "ttl": "1800",
                            "type": "CNAME",
                            "zone_id": "Z24PSF3W8K28GR"
                        },
                        "meta": {
                            "schema_version": "2"
                        },
                        "tainted": false
                    },
                    "deposed": [],
                    "provider": "provider.aws"
                },
                "aws_route53_record.www-bioart-space-A": {
                    "type": "aws_route53_record",
                    "depends_on": [
                        "aws_route53_zone.bioart-space-public"
                    ],
                    "primary": {
                        "id": "Z2NSODYJVZY7LB_www.bioart.space_A",
                        "attributes": {
                            "alias.#": "1",
                            "alias.2820258532.evaluate_target_health": "false",
                            "alias.2820258532.name": "bioart.space",
                            "alias.2820258532.zone_id": "Z2NSODYJVZY7LB",
                            "allow_overwrite": "true",
                            "fqdn": "www.bioart.space",
                            "health_check_id": "",
                            "id": "Z2NSODYJVZY7LB_www.bioart.space_A",
                            "name": "www.bioart.space",
                            "records.#": "0",
                            "set_identifier": "",
                            "ttl": "0",
                            "type": "A",
                            "zone_id": "Z2NSODYJVZY7LB"
                        },
                        "meta": {
                            "schema_version": "2"
                        },
                        "tainted": false
                    },
                    "deposed": [],
                    "provider": "provider.aws"
                },
                "aws_route53_record.www-gifbooth-co-A": {
                    "type": "aws_route53_record",
                    "depends_on": [
                        "aws_route53_zone.gifbooth-co-public"
                    ],
                    "primary": {
                        "id": "Z24PSF3W8K28GR_www.gifbooth.co_A",
                        "attributes": {
                            "alias.#": "1",
                            "alias.3039744310.evaluate_target_health": "false",
                            "alias.3039744310.name": "gifbooth.co",
                            "alias.3039744310.zone_id": "Z24PSF3W8K28GR",
                            "allow_overwrite": "true",
                            "fqdn": "www.gifbooth.co",
                            "health_check_id": "",
                            "id": "Z24PSF3W8K28GR_www.gifbooth.co_A",
                            "name": "www.gifbooth.co",
                            "records.#": "0",
                            "set_identifier": "",
                            "ttl": "0",
                            "type": "A",
                            "zone_id": "Z24PSF3W8K28GR"
                        },
                        "meta": {
                            "schema_version": "2"
                        },
                        "tainted": false
                    },
                    "deposed": [],
                    "provider": "provider.aws"
                },
                "aws_route53_record.www-monks-co-A": {
                    "type": "aws_route53_record",
                    "depends_on": [
                        "aws_route53_zone.monks-co-public"
                    ],
                    "primary": {
                        "id": "Z2HQE6DV0EKCBL_www.monks.co_A",
                        "attributes": {
                            "alias.#": "1",
                            "alias.1665486091.evaluate_target_health": "false",
                            "alias.1665486091.name": "dkpobroa8zd0h.cloudfront.net",
                            "alias.1665486091.zone_id": "Z2FDTNDATAQYW2",
                            "allow_overwrite": "true",
                            "fqdn": "www.monks.co",
                            "health_check_id": "",
                            "id": "Z2HQE6DV0EKCBL_www.monks.co_A",
                            "name": "www.monks.co",
                            "records.#": "0",
                            "set_identifier": "",
                            "ttl": "0",
                            "type": "A",
                            "zone_id": "Z2HQE6DV0EKCBL"
                        },
                        "meta": {
                            "schema_version": "2"
                        },
                        "tainted": false
                    },
                    "deposed": [],
                    "provider": "provider.aws"
                },
                "aws_route53_record.www-xn--onks-99b-com-CNAME": {
                    "type": "aws_route53_record",
                    "depends_on": [
                        "aws_route53_zone.xn--onks-99b-com-public"
                    ],
                    "primary": {
                        "id": "Z1FLZSREYSZUOK_www.xn--onks-99b.com_CNAME",
                        "attributes": {
                            "allow_overwrite": "true",
                            "fqdn": "www.xn--onks-99b.com",
                            "health_check_id": "",
                            "id": "Z1FLZSREYSZUOK_www.xn--onks-99b.com_CNAME",
                            "name": "www.xn--onks-99b.com",
                            "records.#": "1",
                            "records.1470783052": "monks.co",
                            "set_identifier": "",
                            "ttl": "300",
                            "type": "CNAME",
                            "zone_id": "Z1FLZSREYSZUOK"
                        },
                        "meta": {
                            "schema_version": "2"
                        },
                        "tainted": false
                    },
                    "deposed": [],
                    "provider": "provider.aws"
                },
                "aws_route53_record.xn--onks-99b-com-A": {
                    "type": "aws_route53_record",
                    "depends_on": [
                        "aws_route53_zone.xn--onks-99b-com-public"
                    ],
                    "primary": {
                        "id": "Z1FLZSREYSZUOK_xn--onks-99b.com_A",
                        "attributes": {
                            "alias.#": "1",
                            "alias.2781413164.evaluate_target_health": "false",
                            "alias.2781413164.name": "s3-website-us-east-1.amazonaws.com",
                            "alias.2781413164.zone_id": "Z3AQBSTGFYJSTF",
                            "allow_overwrite": "true",
                            "fqdn": "xn--onks-99b.com",
                            "health_check_id": "",
                            "id": "Z1FLZSREYSZUOK_xn--onks-99b.com_A",
                            "name": "xn--onks-99b.com",
                            "records.#": "0",
                            "set_identifier": "",
                            "ttl": "0",
                            "type": "A",
                            "zone_id": "Z1FLZSREYSZUOK"
                        },
                        "meta": {
                            "schema_version": "2"
                        },
                        "tainted": false
                    },
                    "deposed": [],
                    "provider": "provider.aws"
                },
                "aws_route53_record.yibczxpctizfstbzlk26eqc4li4xwtax-_domainkey-gifbooth-co-CNAME": {
                    "type": "aws_route53_record",
                    "depends_on": [
                        "aws_route53_zone.gifbooth-co-public"
                    ],
                    "primary": {
                        "id": "Z24PSF3W8K28GR_yibczxpctizfstbzlk26eqc4li4xwtax._domainkey.gifbooth.co_CNAME",
                        "attributes": {
                            "allow_overwrite": "true",
                            "fqdn": "yibczxpctizfstbzlk26eqc4li4xwtax._domainkey.gifbooth.co",
                            "health_check_id": "",
                            "id": "Z24PSF3W8K28GR_yibczxpctizfstbzlk26eqc4li4xwtax._domainkey.gifbooth.co_CNAME",
                            "name": "yibczxpctizfstbzlk26eqc4li4xwtax._domainkey.gifbooth.co",
                            "records.#": "1",
                            "records.2418165992": "yibczxpctizfstbzlk26eqc4li4xwtax.dkim.amazonses.com",
                            "set_identifier": "",
                            "ttl": "1800",
                            "type": "CNAME",
                            "zone_id": "Z24PSF3W8K28GR"
                        },
                        "meta": {
                            "schema_version": "2"
                        },
                        "tainted": false
                    },
                    "deposed": [],
                    "provider": "provider.aws"
                },
                "aws_route53_record.yungfuture-monks-co-CNAME": {
                    "type": "aws_route53_record",
                    "depends_on": [
                        "aws_route53_zone.monks-co-public"
                    ],
                    "primary": {
                        "id": "Z2HQE6DV0EKCBL_yungfuture.monks.co_CNAME",
                        "attributes": {
                            "allow_overwrite": "true",
                            "fqdn": "yungfuture.monks.co",
                            "health_check_id": "",
                            "id": "Z2HQE6DV0EKCBL_yungfuture.monks.co_CNAME",
                            "name": "yungfuture.monks.co",
                            "records.#": "1",
                            "records.1911113127": "monks.co.",
                            "set_identifier": "",
                            "ttl": "10800",
                            "type": "CNAME",
                            "zone_id": "Z2HQE6DV0EKCBL"
                        },
                        "meta": {
                            "schema_version": "2"
                        },
                        "tainted": false
                    },
                    "deposed": [],
                    "provider": "provider.aws"
                },
                "aws_route53_record.zingularity-int3rn3t-website-A": {
                    "type": "aws_route53_record",
                    "depends_on": [
                        "aws_route53_zone.int3rn3t-website-public"
                    ],
                    "primary": {
                        "id": "ZZ3XMTLQHTKV_zingularity.int3rn3t.website_A",
                        "attributes": {
                            "alias.#": "1",
                            "alias.4046996708.evaluate_target_health": "false",
                            "alias.4046996708.name": "d1pqf9r4iv73tz.cloudfront.net",
                            "alias.4046996708.zone_id": "Z2FDTNDATAQYW2",
                            "allow_overwrite": "true",
                            "fqdn": "zingularity.int3rn3t.website",
                            "health_check_id": "",
                            "id": "ZZ3XMTLQHTKV_zingularity.int3rn3t.website_A",
                            "name": "zingularity.int3rn3t.website",
                            "records.#": "0",
                            "set_identifier": "",
                            "ttl": "0",
                            "type": "A",
                            "zone_id": "ZZ3XMTLQHTKV"
                        },
                        "meta": {
                            "schema_version": "2"
                        },
                        "tainted": false
                    },
                    "deposed": [],
                    "provider": "provider.aws"
                },
                "aws_route53_zone.bioart-space-public": {
                    "type": "aws_route53_zone",
                    "depends_on": [],
                    "primary": {
                        "id": "Z2NSODYJVZY7LB",
                        "attributes": {
                            "comment": "Managed by Terraform",
                            "force_destroy": "false",
                            "id": "Z2NSODYJVZY7LB",
                            "name": "bioart.space",
                            "name_servers.#": "4",
                            "name_servers.0": "ns-1298.awsdns-34.org",
                            "name_servers.1": "ns-1744.awsdns-26.co.uk",
                            "name_servers.2": "ns-197.awsdns-24.com",
                            "name_servers.3": "ns-836.awsdns-40.net",
                            "tags.%": "0",
                            "zone_id": "Z2NSODYJVZY7LB"
                        },
                        "meta": {},
                        "tainted": false
                    },
                    "deposed": [],
                    "provider": "provider.aws"
                },
                "aws_route53_zone.blgn-mn-public": {
                    "type": "aws_route53_zone",
                    "depends_on": [],
                    "primary": {
                        "id": "Z2HNIG1QJ0OMXT",
                        "attributes": {
                            "comment": "Managed by Terraform",
                            "force_destroy": "false",
                            "id": "Z2HNIG1QJ0OMXT",
                            "name": "blgn.mn",
                            "name_servers.#": "4",
                            "name_servers.0": "ns-1252.awsdns-28.org",
                            "name_servers.1": "ns-1970.awsdns-54.co.uk",
                            "name_servers.2": "ns-72.awsdns-09.com",
                            "name_servers.3": "ns-723.awsdns-26.net",
                            "tags.%": "0",
                            "zone_id": "Z2HNIG1QJ0OMXT"
                        },
                        "meta": {},
                        "tainted": false
                    },
                    "deposed": [],
                    "provider": "provider.aws"
                },
                "aws_route53_zone.gifbooth-co-public": {
                    "type": "aws_route53_zone",
                    "depends_on": [],
                    "primary": {
                        "id": "Z24PSF3W8K28GR",
                        "attributes": {
                            "comment": "Managed by Terraform",
                            "force_destroy": "false",
                            "id": "Z24PSF3W8K28GR",
                            "name": "gifbooth.co",
                            "name_servers.#": "4",
                            "name_servers.0": "ns-1261.awsdns-29.org",
                            "name_servers.1": "ns-1774.awsdns-29.co.uk",
                            "name_servers.2": "ns-489.awsdns-61.com",
                            "name_servers.3": "ns-611.awsdns-12.net",
                            "tags.%": "0",
                            "zone_id": "Z24PSF3W8K28GR"
                        },
                        "meta": {},
                        "tainted": false
                    },
                    "deposed": [],
                    "provider": "provider.aws"
                },
                "aws_route53_zone.int3rn3t-website-public": {
                    "type": "aws_route53_zone",
                    "depends_on": [],
                    "primary": {
                        "id": "ZZ3XMTLQHTKV",
                        "attributes": {
                            "comment": "Managed by Terraform",
                            "force_destroy": "false",
                            "id": "ZZ3XMTLQHTKV",
                            "name": "int3rn3t.website",
                            "name_servers.#": "4",
                            "name_servers.0": "ns-1092.awsdns-08.org",
                            "name_servers.1": "ns-1639.awsdns-12.co.uk",
                            "name_servers.2": "ns-175.awsdns-21.com",
                            "name_servers.3": "ns-959.awsdns-55.net",
                            "tags.%": "0",
                            "zone_id": "ZZ3XMTLQHTKV"
                        },
                        "meta": {},
                        "tainted": false
                    },
                    "deposed": [],
                    "provider": "provider.aws"
                },
                "aws_route53_zone.monks-co-public": {
                    "type": "aws_route53_zone",
                    "depends_on": [],
                    "primary": {
                        "id": "Z2HQE6DV0EKCBL",
                        "attributes": {
                            "comment": "Managed by Terraform",
                            "force_destroy": "false",
                            "id": "Z2HQE6DV0EKCBL",
                            "name": "monks.co",
                            "name_servers.#": "4",
                            "name_servers.0": "ns-1380.awsdns-44.org",
                            "name_servers.1": "ns-170.awsdns-21.com",
                            "name_servers.2": "ns-1804.awsdns-33.co.uk",
                            "name_servers.3": "ns-839.awsdns-40.net",
                            "tags.%": "0",
                            "zone_id": "Z2HQE6DV0EKCBL"
                        },
                        "meta": {},
                        "tainted": false
                    },
                    "deposed": [],
                    "provider": "provider.aws"
                },
                "aws_route53_zone.radblock-xyz-public": {
                    "type": "aws_route53_zone",
                    "depends_on": [],
                    "primary": {
                        "id": "Z1SLXHOGO4DU45",
                        "attributes": {
                            "comment": "Managed by Terraform",
                            "force_destroy": "false",
                            "id": "Z1SLXHOGO4DU45",
                            "name": "radblock.xyz",
                            "name_servers.#": "4",
                            "name_servers.0": "ns-1089.awsdns-08.org",
                            "name_servers.1": "ns-1883.awsdns-43.co.uk",
                            "name_servers.2": "ns-227.awsdns-28.com",
                            "name_servers.3": "ns-644.awsdns-16.net",
                            "tags.%": "0",
                            "zone_id": "Z1SLXHOGO4DU45"
                        },
                        "meta": {},
                        "tainted": false
                    },
                    "deposed": [],
                    "provider": "provider.aws"
                },
                "aws_route53_zone.xn--onks-99b-com-public": {
                    "type": "aws_route53_zone",
                    "depends_on": [],
                    "primary": {
                        "id": "Z1FLZSREYSZUOK",
                        "attributes": {
                            "comment": "Managed by Terraform",
                            "force_destroy": "false",
                            "id": "Z1FLZSREYSZUOK",
                            "name": "xn--onks-99b.com",
                            "name_servers.#": "4",
                            "name_servers.0": "ns-1288.awsdns-33.org",
                            "name_servers.1": "ns-1784.awsdns-31.co.uk",
                            "name_servers.2": "ns-223.awsdns-27.com",
                            "name_servers.3": "ns-860.awsdns-43.net",
                            "tags.%": "0",
                            "zone_id": "Z1FLZSREYSZUOK"
                        },
                        "meta": {},
                        "tainted": false
                    },
                    "deposed": [],
                    "provider": "provider.aws"
                },
                "aws_s3_bucket.blgn-mn-bucket": {
                    "type": "aws_s3_bucket",
                    "depends_on": [],
                    "primary": {
                        "id": "blgn.mn",
                        "attributes": {
                            "acceleration_status": "",
                            "acl": "public-read",
                            "arn": "arn:aws:s3:::blgn.mn",
                            "bucket": "blgn.mn",
                            "bucket_domain_name": "blgn.mn.s3.amazonaws.com",
                            "force_destroy": "false",
                            "hosted_zone_id": "Z3AQBSTGFYJSTF",
                            "id": "blgn.mn",
                            "logging.#": "0",
                            "region": "us-east-1",
                            "replication_configuration.#": "0",
                            "request_payer": "BucketOwner",
                            "server_side_encryption_configuration.#": "0",
                            "tags.%": "0",
                            "versioning.#": "1",
                            "versioning.0.enabled": "false",
                            "versioning.0.mfa_delete": "false",
                            "website.#": "1",
                            "website.0.error_document": "",
                            "website.0.index_document": "",
                            "website.0.redirect_all_requests_to": "http://belgianman.com",
                            "website.0.routing_rules": "",
                            "website_domain": "s3-website-us-east-1.amazonaws.com",
                            "website_endpoint": "blgn.mn.s3-website-us-east-1.amazonaws.com"
                        },
                        "meta": {},
                        "tainted": false
                    },
                    "deposed": [],
                    "provider": "provider.aws"
                },
                "aws_s3_bucket.monks-co-bucket": {
                    "type": "aws_s3_bucket",
                    "depends_on": [],
                    "primary": {
                        "id": "monks.co",
                        "attributes": {
                            "acceleration_status": "",
                            "acl": "public-read",
                            "arn": "arn:aws:s3:::monks.co",
                            "bucket": "monks.co",
                            "bucket_domain_name": "monks.co.s3.amazonaws.com",
                            "force_destroy": "false",
                            "hosted_zone_id": "Z3AQBSTGFYJSTF",
                            "id": "monks.co",
                            "logging.#": "0",
                            "region": "us-east-1",
                            "replication_configuration.#": "0",
                            "request_payer": "BucketOwner",
                            "server_side_encryption_configuration.#": "0",
                            "tags.%": "0",
                            "versioning.#": "1",
                            "versioning.0.enabled": "false",
                            "versioning.0.mfa_delete": "false",
                            "website.#": "1",
                            "website.0.error_document": "",
                            "website.0.index_document": "",
                            "website.0.redirect_all_requests_to": "http://g.monks.co",
                            "website.0.routing_rules": "",
                            "website_domain": "s3-website-us-east-1.amazonaws.com",
                            "website_endpoint": "monks.co.s3-website-us-east-1.amazonaws.com"
                        },
                        "meta": {},
                        "tainted": false
                    },
                    "deposed": [],
                    "provider": "provider.aws"
                }
            },
            "depends_on": []
        }
    ]
}
