{
  "version": 4,
  "terraform_version": "0.12.25",
  "serial": 116,
  "lineage": "e5f52129-6b91-455a-b9fb-50471c68a7ac",
  "outputs": {},
  "resources": [
    {
      "module": "module.sources",
      "mode": "managed",
      "type": "aws_acm_certificate",
      "name": "monks-co-certificate",
      "provider": "provider.aws",
      "instances": [
        {
          "schema_version": 0,
          "attributes": {
            "arn": "arn:aws:acm:us-east-1:558796306206:certificate/3c11368e-19d3-4850-abd2-7f6e36cfb1eb",
            "certificate_authority_arn": "",
            "certificate_body": null,
            "certificate_chain": null,
            "domain_name": "*.monks.co",
            "domain_validation_options": [],
            "id": "arn:aws:acm:us-east-1:558796306206:certificate/3c11368e-19d3-4850-abd2-7f6e36cfb1eb",
            "options": [
              {
                "certificate_transparency_logging_preference": "ENABLED"
              }
            ],
            "private_key": null,
            "subject_alternative_names": [
              "monks.co"
            ],
            "tags": {},
            "validation_emails": [
              "hostmaster@monks.co",
              "admin@monks.co",
              "webmaster@monks.co",
              "postmaster@monks.co",
              "administrator@monks.co",
              "hostmaster@monks.co",
              "admin@monks.co",
              "webmaster@monks.co",
              "postmaster@monks.co",
              "administrator@monks.co"
            ],
            "validation_method": "EMAIL"
          },
          "private": "bnVsbA=="
        }
      ]
    },
    {
      "module": "module.sources",
      "mode": "managed",
      "type": "aws_cloudfront_distribution",
      "name": "monks-co-distribution",
      "provider": "provider.aws",
      "instances": [
        {
          "schema_version": 1,
          "attributes": {
            "active_trusted_signers": {
              "enabled": "false",
              "items.#": "0"
            },
            "aliases": [
              "monks.co"
            ],
            "arn": "arn:aws:cloudfront::558796306206:distribution/E33O8785IAZ2F9",
            "cache_behavior": [],
            "caller_reference": "2019-08-07T14:30:32.985539-05:00",
            "comment": null,
            "custom_error_response": [],
            "default_cache_behavior": [
              {
                "allowed_methods": [
                  "GET",
                  "HEAD"
                ],
                "cached_methods": [
                  "GET",
                  "HEAD"
                ],
                "compress": true,
                "default_ttl": 86400,
                "field_level_encryption_id": "",
                "forwarded_values": [
                  {
                    "cookies": [
                      {
                        "forward": "none",
                        "whitelisted_names": []
                      }
                    ],
                    "headers": [],
                    "query_string": false,
                    "query_string_cache_keys": []
                  }
                ],
                "lambda_function_association": [],
                "max_ttl": 31536000,
                "min_ttl": 0,
                "smooth_streaming": false,
                "target_origin_id": "monks.co",
                "trusted_signers": [],
                "viewer_protocol_policy": "redirect-to-https"
              }
            ],
            "default_root_object": "index.html",
            "domain_name": "dpil43tnaid34.cloudfront.net",
            "enabled": true,
            "etag": "E3QSR1807QY4IS",
            "hosted_zone_id": "Z2FDTNDATAQYW2",
            "http_version": "http2",
            "id": "E33O8785IAZ2F9",
            "in_progress_validation_batches": 0,
            "is_ipv6_enabled": false,
            "last_modified_time": "2020-06-06 20:13:47.122 +0000 UTC",
            "logging_config": [],
            "ordered_cache_behavior": [],
            "origin": [
              {
                "custom_header": [],
                "custom_origin_config": [
                  {
                    "http_port": 80,
                    "https_port": 443,
                    "origin_keepalive_timeout": 5,
                    "origin_protocol_policy": "http-only",
                    "origin_read_timeout": 30,
                    "origin_ssl_protocols": [
                      "TLSv1",
                      "TLSv1.1",
                      "TLSv1.2"
                    ]
                  }
                ],
                "domain_name": "monks.co.s3-website-us-east-1.amazonaws.com",
                "origin_id": "monks.co",
                "origin_path": "",
                "s3_origin_config": []
              }
            ],
            "origin_group": [],
            "price_class": "PriceClass_All",
            "restrictions": [
              {
                "geo_restriction": [
                  {
                    "locations": [],
                    "restriction_type": "none"
                  }
                ]
              }
            ],
            "retain_on_delete": false,
            "status": "Deployed",
            "tags": {},
            "viewer_certificate": [
              {
                "acm_certificate_arn": "arn:aws:acm:us-east-1:558796306206:certificate/3c11368e-19d3-4850-abd2-7f6e36cfb1eb",
                "cloudfront_default_certificate": false,
                "iam_certificate_id": "",
                "minimum_protocol_version": "TLSv1",
                "ssl_support_method": "sni-only"
              }
            ],
            "wait_for_deployment": true,
            "web_acl_id": ""
          },
          "private": "eyJzY2hlbWFfdmVyc2lvbiI6IjEifQ==",
          "dependencies": [
            "module.sources.aws_acm_certificate.monks-co-certificate",
            "module.sources.aws_s3_bucket.monks-co-bucket"
          ]
        }
      ]
    },
    {
      "module": "module.sources",
      "mode": "managed",
      "type": "aws_route53_record",
      "name": "_amazonses-gifbooth-co-TXT",
      "provider": "provider.aws",
      "instances": [
        {
          "schema_version": 2,
          "attributes": {
            "alias": [],
            "allow_overwrite": true,
            "failover_routing_policy": [],
            "fqdn": "_amazonses.gifbooth.co",
            "geolocation_routing_policy": [],
            "health_check_id": "",
            "id": "Z24PSF3W8K28GR__amazonses.gifbooth.co_TXT",
            "latency_routing_policy": [],
            "multivalue_answer_routing_policy": null,
            "name": "_amazonses.gifbooth.co",
            "records": [
              "rgV0IaEBkhwjbFau3iHbqgY6MnttGaeBPNQD1OZ5V90="
            ],
            "set_identifier": "",
            "ttl": 1800,
            "type": "TXT",
            "weighted_routing_policy": [],
            "zone_id": "Z24PSF3W8K28GR"
          },
          "private": "eyJzY2hlbWFfdmVyc2lvbiI6IjIifQ==",
          "dependencies": [
            "module.sources.aws_route53_zone.gifbooth-co-public"
          ]
        }
      ]
    },
    {
      "module": "module.sources",
      "mode": "managed",
      "type": "aws_route53_record",
      "name": "_amazonses-monks-co-TXT",
      "provider": "provider.aws",
      "instances": [
        {
          "schema_version": 2,
          "attributes": {
            "alias": [],
            "allow_overwrite": true,
            "failover_routing_policy": [],
            "fqdn": "_amazonses.monks.co",
            "geolocation_routing_policy": [],
            "health_check_id": "",
            "id": "Z2HQE6DV0EKCBL__amazonses.monks.co_TXT",
            "latency_routing_policy": [],
            "multivalue_answer_routing_policy": null,
            "name": "_amazonses.monks.co",
            "records": [
              "FhsJsbEIG/XDigqpB7eJufYKADoiedmLkiP1/kQT2k4="
            ],
            "set_identifier": "",
            "ttl": 1800,
            "type": "TXT",
            "weighted_routing_policy": [],
            "zone_id": "Z2HQE6DV0EKCBL"
          },
          "private": "eyJzY2hlbWFfdmVyc2lvbiI6IjIifQ==",
          "dependencies": [
            "module.sources.aws_route53_zone.monks-co-public"
          ]
        }
      ]
    },
    {
      "module": "module.sources",
      "mode": "managed",
      "type": "aws_route53_record",
      "name": "_amazonses-radblock-xyz-TXT",
      "provider": "provider.aws",
      "instances": [
        {
          "schema_version": 2,
          "attributes": {
            "alias": [],
            "allow_overwrite": true,
            "failover_routing_policy": [],
            "fqdn": "_amazonses.radblock.xyz",
            "geolocation_routing_policy": [],
            "health_check_id": "",
            "id": "Z1SLXHOGO4DU45__amazonses.radblock.xyz_TXT",
            "latency_routing_policy": [],
            "multivalue_answer_routing_policy": null,
            "name": "_amazonses.radblock.xyz",
            "records": [
              "HddxiqfGkLcgONdunZkP+rgxAomlGqeRxYocch3GAoY="
            ],
            "set_identifier": "",
            "ttl": 1800,
            "type": "TXT",
            "weighted_routing_policy": [],
            "zone_id": "Z1SLXHOGO4DU45"
          },
          "private": "eyJzY2hlbWFfdmVyc2lvbiI6IjIifQ==",
          "dependencies": [
            "module.sources.aws_route53_zone.radblock-xyz-public"
          ]
        }
      ]
    },
    {
      "module": "module.sources",
      "mode": "managed",
      "type": "aws_route53_record",
      "name": "_keybase-monks-co-TXT",
      "provider": "provider.aws",
      "instances": [
        {
          "schema_version": 2,
          "attributes": {
            "alias": [],
            "allow_overwrite": true,
            "failover_routing_policy": [],
            "fqdn": "_keybase.monks.co",
            "geolocation_routing_policy": [],
            "health_check_id": "",
            "id": "Z2HQE6DV0EKCBL__keybase.monks.co_TXT",
            "latency_routing_policy": [],
            "multivalue_answer_routing_policy": null,
            "name": "_keybase.monks.co",
            "records": [
              "keybase-site-verification=JZj7vchXA6vfSV8oa5QQyGmnI8CKDRgQIHYIFPl5sF0"
            ],
            "set_identifier": "",
            "ttl": 300,
            "type": "TXT",
            "weighted_routing_policy": [],
            "zone_id": "Z2HQE6DV0EKCBL"
          },
          "dependencies": [
            "module.sources.aws_route53_zone.monks-co-public"
          ]
        }
      ]
    },
    {
      "module": "module.sources",
      "mode": "managed",
      "type": "aws_route53_record",
      "name": "_keybase-xn--onks-99b-com-TXT",
      "provider": "provider.aws",
      "instances": [
        {
          "schema_version": 2,
          "attributes": {
            "alias": [],
            "allow_overwrite": true,
            "failover_routing_policy": [],
            "fqdn": "_keybase.xn--onks-99b.com",
            "geolocation_routing_policy": [],
            "health_check_id": "",
            "id": "Z1FLZSREYSZUOK__keybase.xn--onks-99b.com_TXT",
            "latency_routing_policy": [],
            "multivalue_answer_routing_policy": null,
            "name": "_keybase.xn--onks-99b.com",
            "records": [
              "keybase-site-verification=FW8oH3s4U7E5u4mO1QbTMFboNeFpgVui6SHDdKgAEU4"
            ],
            "set_identifier": "",
            "ttl": 300,
            "type": "TXT",
            "weighted_routing_policy": [],
            "zone_id": "Z1FLZSREYSZUOK"
          },
          "dependencies": [
            "module.sources.aws_route53_zone.xn--onks-99b-com-public"
          ]
        }
      ]
    },
    {
      "module": "module.sources",
      "mode": "managed",
      "type": "aws_route53_record",
      "name": "a-4klau6rhbc2dx4lq5fifcnrziujq22iw-_domainkey-radblock-xyz-CNAME",
      "provider": "provider.aws",
      "instances": [
        {
          "schema_version": 2,
          "attributes": {
            "alias": [],
            "allow_overwrite": null,
            "failover_routing_policy": [],
            "fqdn": "4klau6rhbc2dx4lq5fifcnrziujq22iw._domainkey.radblock.xyz",
            "geolocation_routing_policy": [],
            "health_check_id": "",
            "id": "Z1SLXHOGO4DU45_4klau6rhbc2dx4lq5fifcnrziujq22iw._domainkey.radblock.xyz_CNAME",
            "latency_routing_policy": [],
            "multivalue_answer_routing_policy": null,
            "name": "4klau6rhbc2dx4lq5fifcnrziujq22iw._domainkey.radblock.xyz",
            "records": [
              "4klau6rhbc2dx4lq5fifcnrziujq22iw.dkim.amazonses.com"
            ],
            "set_identifier": "",
            "ttl": 1800,
            "type": "CNAME",
            "weighted_routing_policy": [],
            "zone_id": "Z1SLXHOGO4DU45"
          },
          "private": "eyJzY2hlbWFfdmVyc2lvbiI6IjIifQ==",
          "dependencies": [
            "module.sources.aws_route53_zone.radblock-xyz-public"
          ]
        }
      ]
    },
    {
      "module": "module.sources",
      "mode": "managed",
      "type": "aws_route53_record",
      "name": "a-6hnnvk6qxhx2zdw5diz3r6hkebqfnn4x-_domainkey-monks-co-CNAME",
      "provider": "provider.aws",
      "instances": [
        {
          "schema_version": 2,
          "attributes": {
            "alias": [],
            "allow_overwrite": null,
            "failover_routing_policy": [],
            "fqdn": "6hnnvk6qxhx2zdw5diz3r6hkebqfnn4x._domainkey.monks.co",
            "geolocation_routing_policy": [],
            "health_check_id": "",
            "id": "Z2HQE6DV0EKCBL_6hnnvk6qxhx2zdw5diz3r6hkebqfnn4x._domainkey.monks.co_CNAME",
            "latency_routing_policy": [],
            "multivalue_answer_routing_policy": null,
            "name": "6hnnvk6qxhx2zdw5diz3r6hkebqfnn4x._domainkey.monks.co",
            "records": [
              "6hnnvk6qxhx2zdw5diz3r6hkebqfnn4x.dkim.amazonses.com"
            ],
            "set_identifier": "",
            "ttl": 1800,
            "type": "CNAME",
            "weighted_routing_policy": [],
            "zone_id": "Z2HQE6DV0EKCBL"
          },
          "private": "eyJzY2hlbWFfdmVyc2lvbiI6IjIifQ==",
          "dependencies": [
            "module.sources.aws_route53_zone.monks-co-public"
          ]
        }
      ]
    },
    {
      "module": "module.converted_zones",
      "mode": "managed",
      "type": "aws_route53_record",
      "name": "a-andrewmonks-net-CNAME",
      "provider": "provider.aws",
      "instances": [
        {
          "schema_version": 2,
          "attributes": {
            "alias": [],
            "allow_overwrite": true,
            "failover_routing_policy": [],
            "fqdn": "a.andrewmonks.net",
            "geolocation_routing_policy": [],
            "health_check_id": "",
            "id": "Z2LC9EOHE58CX5_a.andrewmonks.net_CNAME",
            "latency_routing_policy": [],
            "multivalue_answer_routing_policy": null,
            "name": "a.andrewmonks.net",
            "records": [
              "monks.co."
            ],
            "set_identifier": "",
            "ttl": 300,
            "type": "CNAME",
            "weighted_routing_policy": [],
            "zone_id": "Z2LC9EOHE58CX5"
          },
          "dependencies": [
            "module.converted_zones.aws_route53_zone.andrewmonks-net"
          ]
        }
      ]
    },
    {
      "module": "module.sources",
      "mode": "managed",
      "type": "aws_route53_record",
      "name": "a-monks-co-CNAME",
      "provider": "provider.aws",
      "instances": [
        {
          "schema_version": 2,
          "attributes": {
            "alias": [],
            "allow_overwrite": true,
            "failover_routing_policy": [],
            "fqdn": "a.monks.co",
            "geolocation_routing_policy": [],
            "health_check_id": "",
            "id": "Z2HQE6DV0EKCBL_a.monks.co_CNAME",
            "latency_routing_policy": [],
            "multivalue_answer_routing_policy": null,
            "name": "a.monks.co",
            "records": [
              "monks.co."
            ],
            "set_identifier": "",
            "ttl": 300,
            "type": "CNAME",
            "weighted_routing_policy": [],
            "zone_id": "Z2HQE6DV0EKCBL"
          },
          "dependencies": [
            "module.sources.aws_route53_zone.monks-co-public"
          ]
        }
      ]
    },
    {
      "module": "module.converted_zones",
      "mode": "managed",
      "type": "aws_route53_record",
      "name": "andrewmonks-net-A",
      "provider": "provider.aws",
      "instances": [
        {
          "schema_version": 2,
          "attributes": {
            "alias": [],
            "allow_overwrite": true,
            "failover_routing_policy": [],
            "fqdn": "andrewmonks.net",
            "geolocation_routing_policy": [],
            "health_check_id": "",
            "id": "Z2LC9EOHE58CX5_andrewmonks.net_A",
            "latency_routing_policy": [],
            "multivalue_answer_routing_policy": null,
            "name": "andrewmonks.net",
            "records": [
              "217.70.184.38"
            ],
            "set_identifier": "",
            "ttl": 300,
            "type": "A",
            "weighted_routing_policy": [],
            "zone_id": "Z2LC9EOHE58CX5"
          },
          "dependencies": [
            "module.converted_zones.aws_route53_zone.andrewmonks-net"
          ]
        }
      ]
    },
    {
      "module": "module.converted_zones",
      "mode": "managed",
      "type": "aws_route53_record",
      "name": "andrewmonks-net-MX",
      "provider": "provider.aws",
      "instances": [
        {
          "schema_version": 2,
          "attributes": {
            "alias": [],
            "allow_overwrite": true,
            "failover_routing_policy": [],
            "fqdn": "andrewmonks.net",
            "geolocation_routing_policy": [],
            "health_check_id": "",
            "id": "Z2LC9EOHE58CX5_andrewmonks.net_MX",
            "latency_routing_policy": [],
            "multivalue_answer_routing_policy": null,
            "name": "andrewmonks.net",
            "records": [
              "10 in1-smtp.messagingengine.com.",
              "20 in2-smtp.messagingengine.com."
            ],
            "set_identifier": "",
            "ttl": 300,
            "type": "MX",
            "weighted_routing_policy": [],
            "zone_id": "Z2LC9EOHE58CX5"
          },
          "dependencies": [
            "module.converted_zones.aws_route53_zone.andrewmonks-net"
          ]
        }
      ]
    },
    {
      "module": "module.converted_zones",
      "mode": "managed",
      "type": "aws_route53_record",
      "name": "andrewmonks-net-SPF",
      "provider": "provider.aws",
      "instances": [
        {
          "schema_version": 2,
          "attributes": {
            "alias": [],
            "allow_overwrite": true,
            "failover_routing_policy": [],
            "fqdn": "andrewmonks.net",
            "geolocation_routing_policy": [],
            "health_check_id": "",
            "id": "Z2LC9EOHE58CX5_andrewmonks.net_SPF",
            "latency_routing_policy": [],
            "multivalue_answer_routing_policy": null,
            "name": "andrewmonks.net",
            "records": [
              "v=spf1 include:spf.messagingengine.com -all"
            ],
            "set_identifier": "",
            "ttl": 300,
            "type": "SPF",
            "weighted_routing_policy": [],
            "zone_id": "Z2LC9EOHE58CX5"
          },
          "dependencies": [
            "module.converted_zones.aws_route53_zone.andrewmonks-net"
          ]
        }
      ]
    },
    {
      "module": "module.converted_zones",
      "mode": "managed",
      "type": "aws_route53_record",
      "name": "andrewmonks-net-TXT",
      "provider": "provider.aws",
      "instances": [
        {
          "schema_version": 2,
          "attributes": {
            "alias": [],
            "allow_overwrite": true,
            "failover_routing_policy": [],
            "fqdn": "andrewmonks.net",
            "geolocation_routing_policy": [],
            "health_check_id": "",
            "id": "Z2LC9EOHE58CX5_andrewmonks.net_TXT",
            "latency_routing_policy": [],
            "multivalue_answer_routing_policy": null,
            "name": "andrewmonks.net",
            "records": [
              "v=spf1 include:spf.messagingengine.com -all"
            ],
            "set_identifier": "",
            "ttl": 300,
            "type": "TXT",
            "weighted_routing_policy": [],
            "zone_id": "Z2LC9EOHE58CX5"
          },
          "dependencies": [
            "module.converted_zones.aws_route53_zone.andrewmonks-net"
          ]
        }
      ]
    },
    {
      "module": "module.converted_zones",
      "mode": "managed",
      "type": "aws_route53_record",
      "name": "b-ss-cx-CNAME",
      "provider": "provider.aws",
      "instances": [
        {
          "schema_version": 2,
          "attributes": {
            "alias": [],
            "allow_overwrite": null,
            "failover_routing_policy": [],
            "fqdn": "b.ss.cx",
            "geolocation_routing_policy": [],
            "health_check_id": "",
            "id": "Z1NBZRVGMI91Y9_b.ss.cx._CNAME",
            "latency_routing_policy": [],
            "multivalue_answer_routing_policy": null,
            "name": "b.ss.cx",
            "records": [
              "cross-origin-bouncer.herokuapp.com."
            ],
            "set_identifier": "",
            "ttl": 300,
            "type": "CNAME",
            "weighted_routing_policy": [],
            "zone_id": "Z1NBZRVGMI91Y9"
          },
          "dependencies": [
            "module.converted_zones.aws_route53_zone.ss-cx"
          ]
        }
      ]
    },
    {
      "module": "module.converted_zones",
      "mode": "managed",
      "type": "aws_route53_record",
      "name": "bandcamp-needsyourhelp-org-CNAME",
      "provider": "provider.aws",
      "instances": [
        {
          "schema_version": 2,
          "attributes": {
            "alias": [],
            "allow_overwrite": true,
            "failover_routing_policy": [],
            "fqdn": "bandcamp.needsyourhelp.org",
            "geolocation_routing_policy": [],
            "health_check_id": "",
            "id": "ZAWVK3MD13OJ6_bandcamp.needsyourhelp.org_CNAME",
            "latency_routing_policy": [],
            "multivalue_answer_routing_policy": null,
            "name": "bandcamp.needsyourhelp.org",
            "records": [
              "bandcamp-pirate.herokuapp.com."
            ],
            "set_identifier": "",
            "ttl": 300,
            "type": "CNAME",
            "weighted_routing_policy": [],
            "zone_id": "ZAWVK3MD13OJ6"
          },
          "dependencies": [
            "module.converted_zones.aws_route53_zone.needsyourhelp-org"
          ]
        }
      ]
    },
    {
      "module": "module.sources",
      "mode": "managed",
      "type": "aws_route53_record",
      "name": "baton-monks-co-CNAME",
      "provider": "provider.aws",
      "instances": [
        {
          "schema_version": 2,
          "attributes": {
            "alias": [],
            "allow_overwrite": true,
            "failover_routing_policy": [],
            "fqdn": "baton.monks.co",
            "geolocation_routing_policy": [],
            "health_check_id": "",
            "id": "Z2HQE6DV0EKCBL_baton.monks.co_CNAME",
            "latency_routing_policy": [],
            "multivalue_answer_routing_policy": null,
            "name": "baton.monks.co",
            "records": [
              "amonks.github.io."
            ],
            "set_identifier": "",
            "ttl": 300,
            "type": "CNAME",
            "weighted_routing_policy": [],
            "zone_id": "Z2HQE6DV0EKCBL"
          },
          "dependencies": [
            "module.sources.aws_route53_zone.monks-co-public"
          ]
        }
      ]
    },
    {
      "module": "module.converted_zones",
      "mode": "managed",
      "type": "aws_route53_record",
      "name": "belgianman-com-A",
      "provider": "provider.aws",
      "instances": [
        {
          "schema_version": 2,
          "attributes": {
            "alias": [],
            "allow_overwrite": true,
            "failover_routing_policy": [],
            "fqdn": "belgianman.com",
            "geolocation_routing_policy": [],
            "health_check_id": "",
            "id": "Z2WRXSAGEFT2C1_belgianman.com_A",
            "latency_routing_policy": [],
            "multivalue_answer_routing_policy": null,
            "name": "belgianman.com",
            "records": [
              "217.70.184.38"
            ],
            "set_identifier": "",
            "ttl": 300,
            "type": "A",
            "weighted_routing_policy": [],
            "zone_id": "Z2WRXSAGEFT2C1"
          },
          "dependencies": [
            "module.converted_zones.aws_route53_zone.belgianman-com"
          ]
        }
      ]
    },
    {
      "module": "module.converted_zones",
      "mode": "managed",
      "type": "aws_route53_record",
      "name": "belgianman-com-MX",
      "provider": "provider.aws",
      "instances": [
        {
          "schema_version": 2,
          "attributes": {
            "alias": [],
            "allow_overwrite": true,
            "failover_routing_policy": [],
            "fqdn": "belgianman.com",
            "geolocation_routing_policy": [],
            "health_check_id": "",
            "id": "Z2WRXSAGEFT2C1_belgianman.com_MX",
            "latency_routing_policy": [],
            "multivalue_answer_routing_policy": null,
            "name": "belgianman.com",
            "records": [
              "1 ASPMX.L.GOOGLE.COM.",
              "3 ALT1.ASPMX.L.GOOGLE.COM.",
              "3 ALT2.ASPMX.L.GOOGLE.COM.",
              "5 ASPMX2.GOOGLEMAIL.COM.",
              "5 ASPMX3.GOOGLEMAIL.COM."
            ],
            "set_identifier": "",
            "ttl": 28800,
            "type": "MX",
            "weighted_routing_policy": [],
            "zone_id": "Z2WRXSAGEFT2C1"
          },
          "private": "eyJzY2hlbWFfdmVyc2lvbiI6IjIifQ==",
          "dependencies": [
            "module.converted_zones.aws_route53_zone.belgianman-com"
          ]
        }
      ]
    },
    {
      "module": "module.sources",
      "mode": "managed",
      "type": "aws_route53_record",
      "name": "bioart-space-A",
      "provider": "provider.aws",
      "instances": [
        {
          "schema_version": 2,
          "attributes": {
            "alias": [
              {
                "evaluate_target_health": false,
                "name": "s3-website-us-east-1.amazonaws.com",
                "zone_id": "Z3AQBSTGFYJSTF"
              }
            ],
            "allow_overwrite": true,
            "failover_routing_policy": [],
            "fqdn": "bioart.space",
            "geolocation_routing_policy": [],
            "health_check_id": "",
            "id": "Z2NSODYJVZY7LB_bioart.space_A",
            "latency_routing_policy": [],
            "multivalue_answer_routing_policy": null,
            "name": "bioart.space",
            "records": [],
            "set_identifier": "",
            "ttl": 0,
            "type": "A",
            "weighted_routing_policy": [],
            "zone_id": "Z2NSODYJVZY7LB"
          },
          "dependencies": [
            "module.sources.aws_route53_zone.bioart-space-public"
          ]
        }
      ]
    },
    {
      "module": "module.sources",
      "mode": "managed",
      "type": "aws_route53_record",
      "name": "blgn-mn-A",
      "provider": "provider.aws",
      "instances": [
        {
          "schema_version": 2,
          "attributes": {
            "alias": [
              {
                "evaluate_target_health": false,
                "name": "s3-website-us-east-1.amazonaws.com",
                "zone_id": "Z3AQBSTGFYJSTF"
              }
            ],
            "allow_overwrite": true,
            "failover_routing_policy": [],
            "fqdn": "blgn.mn",
            "geolocation_routing_policy": [],
            "health_check_id": "",
            "id": "Z2HNIG1QJ0OMXT_blgn.mn_A",
            "latency_routing_policy": [],
            "multivalue_answer_routing_policy": null,
            "name": "blgn.mn",
            "records": [],
            "set_identifier": "",
            "ttl": 0,
            "type": "A",
            "weighted_routing_policy": [],
            "zone_id": "Z2HNIG1QJ0OMXT"
          },
          "dependencies": [
            "module.sources.aws_route53_zone.blgn-mn-public",
            "module.sources.aws_s3_bucket.blgn-mn-bucket"
          ]
        }
      ]
    },
    {
      "module": "module.converted_zones",
      "mode": "managed",
      "type": "aws_route53_record",
      "name": "brianeno-needsyourhelp-org-CNAME",
      "provider": "provider.aws",
      "instances": [
        {
          "schema_version": 2,
          "attributes": {
            "alias": [],
            "allow_overwrite": true,
            "failover_routing_policy": [],
            "fqdn": "brianeno.needsyourhelp.org",
            "geolocation_routing_policy": [],
            "health_check_id": "",
            "id": "ZAWVK3MD13OJ6_brianeno.needsyourhelp.org_CNAME",
            "latency_routing_policy": [],
            "multivalue_answer_routing_policy": null,
            "name": "brianeno.needsyourhelp.org",
            "records": [
              "oblique-strategies-api.herokuapp.com."
            ],
            "set_identifier": "",
            "ttl": 300,
            "type": "CNAME",
            "weighted_routing_policy": [],
            "zone_id": "ZAWVK3MD13OJ6"
          },
          "dependencies": [
            "module.converted_zones.aws_route53_zone.needsyourhelp-org"
          ]
        }
      ]
    },
    {
      "module": "module.sources",
      "mode": "managed",
      "type": "aws_route53_record",
      "name": "code-monks-co-A",
      "provider": "provider.aws",
      "instances": [
        {
          "schema_version": 2,
          "attributes": {
            "alias": [],
            "allow_overwrite": true,
            "failover_routing_policy": [],
            "fqdn": "code.monks.co",
            "geolocation_routing_policy": [],
            "health_check_id": "",
            "id": "Z2HQE6DV0EKCBL_code.monks.co_A",
            "latency_routing_policy": [],
            "multivalue_answer_routing_policy": null,
            "name": "code.monks.co",
            "records": [
              "159.203.152.27"
            ],
            "set_identifier": "",
            "ttl": 300,
            "type": "A",
            "weighted_routing_policy": [],
            "zone_id": "Z2HQE6DV0EKCBL"
          },
          "dependencies": [
            "module.sources.aws_route53_zone.monks-co-public"
          ]
        }
      ]
    },
    {
      "module": "module.sources",
      "mode": "managed",
      "type": "aws_route53_record",
      "name": "deployer-bioart-space-CNAME",
      "provider": "provider.aws",
      "instances": [
        {
          "schema_version": 2,
          "attributes": {
            "alias": [],
            "allow_overwrite": true,
            "failover_routing_policy": [],
            "fqdn": "deployer.bioart.space",
            "geolocation_routing_policy": [],
            "health_check_id": "",
            "id": "Z2NSODYJVZY7LB_deployer.bioart.space_CNAME",
            "latency_routing_policy": [],
            "multivalue_answer_routing_policy": null,
            "name": "deployer.bioart.space",
            "records": [
              "bioart-deploy.herokuapp.com"
            ],
            "set_identifier": "",
            "ttl": 300,
            "type": "CNAME",
            "weighted_routing_policy": [],
            "zone_id": "Z2NSODYJVZY7LB"
          },
          "dependencies": [
            "module.sources.aws_route53_zone.bioart-space-public"
          ]
        }
      ]
    },
    {
      "module": "module.sources",
      "mode": "managed",
      "type": "aws_route53_record",
      "name": "dewpoint-bioart-space-CNAME",
      "provider": "provider.aws",
      "instances": [
        {
          "schema_version": 2,
          "attributes": {
            "alias": [],
            "allow_overwrite": true,
            "failover_routing_policy": [],
            "fqdn": "dewpoint.bioart.space",
            "geolocation_routing_policy": [],
            "health_check_id": "",
            "id": "Z2NSODYJVZY7LB_dewpoint.bioart.space_CNAME",
            "latency_routing_policy": [],
            "multivalue_answer_routing_policy": null,
            "name": "dewpoint.bioart.space",
            "records": [
              "mauricehampton.github.io"
            ],
            "set_identifier": "",
            "ttl": 300,
            "type": "CNAME",
            "weighted_routing_policy": [],
            "zone_id": "Z2NSODYJVZY7LB"
          },
          "dependencies": [
            "module.sources.aws_route53_zone.bioart-space-public"
          ]
        }
      ]
    },
    {
      "module": "module.converted_zones",
      "mode": "managed",
      "type": "aws_route53_record",
      "name": "divvy-needsyourhelp-org-CNAME",
      "provider": "provider.aws",
      "instances": [
        {
          "schema_version": 2,
          "attributes": {
            "alias": [],
            "allow_overwrite": true,
            "failover_routing_policy": [],
            "fqdn": "divvy.needsyourhelp.org",
            "geolocation_routing_policy": [],
            "health_check_id": "",
            "id": "ZAWVK3MD13OJ6_divvy.needsyourhelp.org_CNAME",
            "latency_routing_policy": [],
            "multivalue_answer_routing_policy": null,
            "name": "divvy.needsyourhelp.org",
            "records": [
              "divvy-json.herokuapp.com."
            ],
            "set_identifier": "",
            "ttl": 300,
            "type": "CNAME",
            "weighted_routing_policy": [],
            "zone_id": "ZAWVK3MD13OJ6"
          },
          "dependencies": [
            "module.converted_zones.aws_route53_zone.needsyourhelp-org"
          ]
        }
      ]
    },
    {
      "module": "module.converted_zones",
      "mode": "managed",
      "type": "aws_route53_record",
      "name": "docrimes-com-A",
      "provider": "provider.aws",
      "instances": [
        {
          "schema_version": 2,
          "attributes": {
            "alias": [],
            "allow_overwrite": true,
            "failover_routing_policy": [],
            "fqdn": "docrimes.com",
            "geolocation_routing_policy": [],
            "health_check_id": "",
            "id": "Z3LLRBMYG197KV_docrimes.com_A",
            "latency_routing_policy": [],
            "multivalue_answer_routing_policy": null,
            "name": "docrimes.com",
            "records": [
              "192.30.252.153",
              "192.30.252.154"
            ],
            "set_identifier": "",
            "ttl": 300,
            "type": "A",
            "weighted_routing_policy": [],
            "zone_id": "Z3LLRBMYG197KV"
          },
          "dependencies": [
            "module.converted_zones.aws_route53_zone.docrimes-com"
          ]
        }
      ]
    },
    {
      "module": "module.converted_zones",
      "mode": "managed",
      "type": "aws_route53_record",
      "name": "doge-needsyourhelp-org-CNAME",
      "provider": "provider.aws",
      "instances": [
        {
          "schema_version": 2,
          "attributes": {
            "alias": [],
            "allow_overwrite": true,
            "failover_routing_policy": [],
            "fqdn": "doge.needsyourhelp.org",
            "geolocation_routing_policy": [],
            "health_check_id": "",
            "id": "ZAWVK3MD13OJ6_doge.needsyourhelp.org_CNAME",
            "latency_routing_policy": [],
            "multivalue_answer_routing_policy": null,
            "name": "doge.needsyourhelp.org",
            "records": [
              "amonks.github.io."
            ],
            "set_identifier": "",
            "ttl": 300,
            "type": "CNAME",
            "weighted_routing_policy": [],
            "zone_id": "ZAWVK3MD13OJ6"
          },
          "dependencies": [
            "module.converted_zones.aws_route53_zone.needsyourhelp-org"
          ]
        }
      ]
    },
    {
      "module": "module.sources",
      "mode": "managed",
      "type": "aws_route53_record",
      "name": "f-monks-co-A",
      "provider": "provider.aws",
      "instances": [
        {
          "schema_version": 2,
          "attributes": {
            "alias": [
              {
                "evaluate_target_health": false,
                "name": "d14nz3dle8w6lj.cloudfront.net",
                "zone_id": "Z2FDTNDATAQYW2"
              }
            ],
            "allow_overwrite": true,
            "failover_routing_policy": [],
            "fqdn": "f.monks.co",
            "geolocation_routing_policy": [],
            "health_check_id": "",
            "id": "Z2HQE6DV0EKCBL_f.monks.co_A",
            "latency_routing_policy": [],
            "multivalue_answer_routing_policy": null,
            "name": "f.monks.co",
            "records": [],
            "set_identifier": "",
            "ttl": 0,
            "type": "A",
            "weighted_routing_policy": [],
            "zone_id": "Z2HQE6DV0EKCBL"
          },
          "dependencies": [
            "module.sources.aws_route53_zone.monks-co-public"
          ]
        }
      ]
    },
    {
      "module": "module.converted_zones",
      "mode": "managed",
      "type": "aws_route53_record",
      "name": "facekov-andrewmonks-net-CNAME",
      "provider": "provider.aws",
      "instances": [
        {
          "schema_version": 2,
          "attributes": {
            "alias": [],
            "allow_overwrite": true,
            "failover_routing_policy": [],
            "fqdn": "facekov.andrewmonks.net",
            "geolocation_routing_policy": [],
            "health_check_id": "",
            "id": "Z2LC9EOHE58CX5_facekov.andrewmonks.net_CNAME",
            "latency_routing_policy": [],
            "multivalue_answer_routing_policy": null,
            "name": "facekov.andrewmonks.net",
            "records": [
              "facekov.herokuapp.com."
            ],
            "set_identifier": "",
            "ttl": 300,
            "type": "CNAME",
            "weighted_routing_policy": [],
            "zone_id": "Z2LC9EOHE58CX5"
          },
          "dependencies": [
            "module.converted_zones.aws_route53_zone.andrewmonks-net"
          ]
        }
      ]
    },
    {
      "module": "module.sources",
      "mode": "managed",
      "type": "aws_route53_record",
      "name": "facekov-monks-co-CNAME",
      "provider": "provider.aws",
      "instances": [
        {
          "schema_version": 2,
          "attributes": {
            "alias": [],
            "allow_overwrite": true,
            "failover_routing_policy": [],
            "fqdn": "facekov.monks.co",
            "geolocation_routing_policy": [],
            "health_check_id": "",
            "id": "Z2HQE6DV0EKCBL_facekov.monks.co_CNAME",
            "latency_routing_policy": [],
            "multivalue_answer_routing_policy": null,
            "name": "facekov.monks.co",
            "records": [
              "facekov.herokuapp.com."
            ],
            "set_identifier": "",
            "ttl": 300,
            "type": "CNAME",
            "weighted_routing_policy": [],
            "zone_id": "Z2HQE6DV0EKCBL"
          },
          "dependencies": [
            "module.sources.aws_route53_zone.monks-co-public"
          ]
        }
      ]
    },
    {
      "module": "module.sources",
      "mode": "managed",
      "type": "aws_route53_record",
      "name": "fb3k3obomq6wzinzuf6bmslwjikic6vb-_domainkey-monks-co-CNAME",
      "provider": "provider.aws",
      "instances": [
        {
          "schema_version": 2,
          "attributes": {
            "alias": [],
            "allow_overwrite": true,
            "failover_routing_policy": [],
            "fqdn": "fb3k3obomq6wzinzuf6bmslwjikic6vb._domainkey.monks.co",
            "geolocation_routing_policy": [],
            "health_check_id": "",
            "id": "Z2HQE6DV0EKCBL_fb3k3obomq6wzinzuf6bmslwjikic6vb._domainkey.monks.co_CNAME",
            "latency_routing_policy": [],
            "multivalue_answer_routing_policy": null,
            "name": "fb3k3obomq6wzinzuf6bmslwjikic6vb._domainkey.monks.co",
            "records": [
              "fb3k3obomq6wzinzuf6bmslwjikic6vb.dkim.amazonses.com"
            ],
            "set_identifier": "",
            "ttl": 1800,
            "type": "CNAME",
            "weighted_routing_policy": [],
            "zone_id": "Z2HQE6DV0EKCBL"
          },
          "private": "eyJzY2hlbWFfdmVyc2lvbiI6IjIifQ==",
          "dependencies": [
            "module.sources.aws_route53_zone.monks-co-public"
          ]
        }
      ]
    },
    {
      "module": "module.sources",
      "mode": "managed",
      "type": "aws_route53_record",
      "name": "fftjs-monks-co-CNAME",
      "provider": "provider.aws",
      "instances": [
        {
          "schema_version": 2,
          "attributes": {
            "alias": [],
            "allow_overwrite": true,
            "failover_routing_policy": [],
            "fqdn": "fftjs.monks.co",
            "geolocation_routing_policy": [],
            "health_check_id": "",
            "id": "Z2HQE6DV0EKCBL_fftjs.monks.co_CNAME",
            "latency_routing_policy": [],
            "multivalue_answer_routing_policy": null,
            "name": "fftjs.monks.co",
            "records": [
              "amonks.github.io."
            ],
            "set_identifier": "",
            "ttl": 300,
            "type": "CNAME",
            "weighted_routing_policy": [],
            "zone_id": "Z2HQE6DV0EKCBL"
          },
          "dependencies": [
            "module.sources.aws_route53_zone.monks-co-public"
          ]
        }
      ]
    },
    {
      "module": "module.converted_zones",
      "mode": "managed",
      "type": "aws_route53_record",
      "name": "fm1-_domainkey-andrewmonks-net-CNAME",
      "provider": "provider.aws",
      "instances": [
        {
          "schema_version": 2,
          "attributes": {
            "alias": [],
            "allow_overwrite": null,
            "failover_routing_policy": [],
            "fqdn": "fm1._domainkey.andrewmonks.net",
            "geolocation_routing_policy": [],
            "health_check_id": "",
            "id": "Z2LC9EOHE58CX5_fm1._domainkey.andrewmonks.net._CNAME",
            "latency_routing_policy": [],
            "multivalue_answer_routing_policy": null,
            "name": "fm1._domainkey.andrewmonks.net",
            "records": [
              "fm1.andrewmonks.net.dkim.fmhosted.com."
            ],
            "set_identifier": "",
            "ttl": 300,
            "type": "CNAME",
            "weighted_routing_policy": [],
            "zone_id": "Z2LC9EOHE58CX5"
          },
          "private": "eyJzY2hlbWFfdmVyc2lvbiI6IjIifQ==",
          "dependencies": [
            "module.converted_zones.aws_route53_zone.andrewmonks-net"
          ]
        }
      ]
    },
    {
      "module": "module.sources",
      "mode": "managed",
      "type": "aws_route53_record",
      "name": "fm1-_domainkey-monks-co-TXT",
      "provider": "provider.aws",
      "instances": [
        {
          "schema_version": 2,
          "attributes": {
            "alias": [],
            "allow_overwrite": null,
            "failover_routing_policy": [],
            "fqdn": "fm1._domainkey.monks.co",
            "geolocation_routing_policy": [],
            "health_check_id": "",
            "id": "Z2HQE6DV0EKCBL_fm1._domainkey.monks.co_CNAME",
            "latency_routing_policy": [],
            "multivalue_answer_routing_policy": null,
            "name": "fm1._domainkey.monks.co",
            "records": [
              "fm1.monks.co.dkim.fmhosted.com"
            ],
            "set_identifier": "",
            "ttl": 300,
            "type": "CNAME",
            "weighted_routing_policy": [],
            "zone_id": "Z2HQE6DV0EKCBL"
          },
          "private": "eyJzY2hlbWFfdmVyc2lvbiI6IjIifQ==",
          "dependencies": [
            "module.sources.aws_route53_zone.monks-co-public"
          ]
        }
      ]
    },
    {
      "module": "module.converted_zones",
      "mode": "managed",
      "type": "aws_route53_record",
      "name": "fm2-_domainkey-andrewmonks-net-CNAME",
      "provider": "provider.aws",
      "instances": [
        {
          "schema_version": 2,
          "attributes": {
            "alias": [],
            "allow_overwrite": null,
            "failover_routing_policy": [],
            "fqdn": "fm2._domainkey.andrewmonks.net",
            "geolocation_routing_policy": [],
            "health_check_id": "",
            "id": "Z2LC9EOHE58CX5_fm2._domainkey.andrewmonks.net._CNAME",
            "latency_routing_policy": [],
            "multivalue_answer_routing_policy": null,
            "name": "fm2._domainkey.andrewmonks.net",
            "records": [
              "fm2.andrewmonks.net.dkim.fmhosted.com."
            ],
            "set_identifier": "",
            "ttl": 300,
            "type": "CNAME",
            "weighted_routing_policy": [],
            "zone_id": "Z2LC9EOHE58CX5"
          },
          "private": "eyJzY2hlbWFfdmVyc2lvbiI6IjIifQ==",
          "dependencies": [
            "module.converted_zones.aws_route53_zone.andrewmonks-net"
          ]
        }
      ]
    },
    {
      "module": "module.sources",
      "mode": "managed",
      "type": "aws_route53_record",
      "name": "fm2-_domainkey-monks-co-TXT",
      "provider": "provider.aws",
      "instances": [
        {
          "schema_version": 2,
          "attributes": {
            "alias": [],
            "allow_overwrite": null,
            "failover_routing_policy": [],
            "fqdn": "fm2._domainkey.monks.co",
            "geolocation_routing_policy": [],
            "health_check_id": "",
            "id": "Z2HQE6DV0EKCBL_fm2._domainkey.monks.co_CNAME",
            "latency_routing_policy": [],
            "multivalue_answer_routing_policy": null,
            "name": "fm2._domainkey.monks.co",
            "records": [
              "fm2.monks.co.dkim.fmhosted.com"
            ],
            "set_identifier": "",
            "ttl": 300,
            "type": "CNAME",
            "weighted_routing_policy": [],
            "zone_id": "Z2HQE6DV0EKCBL"
          },
          "private": "eyJzY2hlbWFfdmVyc2lvbiI6IjIifQ==",
          "dependencies": [
            "module.sources.aws_route53_zone.monks-co-public"
          ]
        }
      ]
    },
    {
      "module": "module.converted_zones",
      "mode": "managed",
      "type": "aws_route53_record",
      "name": "fm3-_domainkey-andrewmonks-net-CNAME",
      "provider": "provider.aws",
      "instances": [
        {
          "schema_version": 2,
          "attributes": {
            "alias": [],
            "allow_overwrite": null,
            "failover_routing_policy": [],
            "fqdn": "fm3._domainkey.andrewmonks.net",
            "geolocation_routing_policy": [],
            "health_check_id": "",
            "id": "Z2LC9EOHE58CX5_fm3._domainkey.andrewmonks.net._CNAME",
            "latency_routing_policy": [],
            "multivalue_answer_routing_policy": null,
            "name": "fm3._domainkey.andrewmonks.net",
            "records": [
              "fm3.andrewmonks.net.dkim.fmhosted.com."
            ],
            "set_identifier": "",
            "ttl": 300,
            "type": "CNAME",
            "weighted_routing_policy": [],
            "zone_id": "Z2LC9EOHE58CX5"
          },
          "private": "eyJzY2hlbWFfdmVyc2lvbiI6IjIifQ==",
          "dependencies": [
            "module.converted_zones.aws_route53_zone.andrewmonks-net"
          ]
        }
      ]
    },
    {
      "module": "module.sources",
      "mode": "managed",
      "type": "aws_route53_record",
      "name": "fm3-_domainkey-monks-co-TXT",
      "provider": "provider.aws",
      "instances": [
        {
          "schema_version": 2,
          "attributes": {
            "alias": [],
            "allow_overwrite": null,
            "failover_routing_policy": [],
            "fqdn": "fm3._domainkey.monks.co",
            "geolocation_routing_policy": [],
            "health_check_id": "",
            "id": "Z2HQE6DV0EKCBL_fm3._domainkey.monks.co_CNAME",
            "latency_routing_policy": [],
            "multivalue_answer_routing_policy": null,
            "name": "fm3._domainkey.monks.co",
            "records": [
              "fm3.monks.co.dkim.fmhosted.com"
            ],
            "set_identifier": "",
            "ttl": 300,
            "type": "CNAME",
            "weighted_routing_policy": [],
            "zone_id": "Z2HQE6DV0EKCBL"
          },
          "private": "eyJzY2hlbWFfdmVyc2lvbiI6IjIifQ==",
          "dependencies": [
            "module.sources.aws_route53_zone.monks-co-public"
          ]
        }
      ]
    },
    {
      "module": "module.sources",
      "mode": "managed",
      "type": "aws_route53_record",
      "name": "g-monks-co-CNAME",
      "provider": "provider.aws",
      "instances": [
        {
          "schema_version": 2,
          "attributes": {
            "alias": [],
            "allow_overwrite": true,
            "failover_routing_policy": [],
            "fqdn": "g.monks.co",
            "geolocation_routing_policy": [],
            "health_check_id": "",
            "id": "Z2HQE6DV0EKCBL_g.monks.co_CNAME",
            "latency_routing_policy": [],
            "multivalue_answer_routing_policy": null,
            "name": "g.monks.co",
            "records": [
              "alias.zeit.co"
            ],
            "set_identifier": "",
            "ttl": 300,
            "type": "CNAME",
            "weighted_routing_policy": [],
            "zone_id": "Z2HQE6DV0EKCBL"
          },
          "dependencies": [
            "module.sources.aws_route53_zone.monks-co-public"
          ]
        }
      ]
    },
    {
      "module": "module.sources",
      "mode": "managed",
      "type": "aws_route53_record",
      "name": "gifbooth-co-A",
      "provider": "provider.aws",
      "instances": [
        {
          "schema_version": 2,
          "attributes": {
            "alias": [
              {
                "evaluate_target_health": false,
                "name": "d3pr1dprea0g5n.cloudfront.net",
                "zone_id": "Z2FDTNDATAQYW2"
              }
            ],
            "allow_overwrite": true,
            "failover_routing_policy": [],
            "fqdn": "gifbooth.co",
            "geolocation_routing_policy": [],
            "health_check_id": "",
            "id": "Z24PSF3W8K28GR_gifbooth.co_A",
            "latency_routing_policy": [],
            "multivalue_answer_routing_policy": null,
            "name": "gifbooth.co",
            "records": [],
            "set_identifier": "",
            "ttl": 0,
            "type": "A",
            "weighted_routing_policy": [],
            "zone_id": "Z24PSF3W8K28GR"
          },
          "dependencies": [
            "module.sources.aws_route53_zone.gifbooth-co-public"
          ]
        }
      ]
    },
    {
      "module": "module.sources",
      "mode": "managed",
      "type": "aws_route53_record",
      "name": "gifbooth-co-MX",
      "provider": "provider.aws",
      "instances": [
        {
          "schema_version": 2,
          "attributes": {
            "alias": [],
            "allow_overwrite": true,
            "failover_routing_policy": [],
            "fqdn": "gifbooth.co",
            "geolocation_routing_policy": [],
            "health_check_id": "",
            "id": "Z24PSF3W8K28GR_gifbooth.co_MX",
            "latency_routing_policy": [],
            "multivalue_answer_routing_policy": null,
            "name": "gifbooth.co",
            "records": [
              "10 inbound-smtp.us-east-1.amazonaws.com."
            ],
            "set_identifier": "",
            "ttl": 300,
            "type": "MX",
            "weighted_routing_policy": [],
            "zone_id": "Z24PSF3W8K28GR"
          },
          "dependencies": [
            "module.sources.aws_route53_zone.gifbooth-co-public"
          ]
        }
      ]
    },
    {
      "module": "module.sources",
      "mode": "managed",
      "type": "aws_route53_record",
      "name": "gifs-gifbooth-co-A",
      "provider": "provider.aws",
      "instances": [
        {
          "schema_version": 2,
          "attributes": {
            "alias": [
              {
                "evaluate_target_health": false,
                "name": "d1pdqg40kkxu3t.cloudfront.net",
                "zone_id": "Z2FDTNDATAQYW2"
              }
            ],
            "allow_overwrite": true,
            "failover_routing_policy": [],
            "fqdn": "gifs.gifbooth.co",
            "geolocation_routing_policy": [],
            "health_check_id": "",
            "id": "Z24PSF3W8K28GR_gifs.gifbooth.co_A",
            "latency_routing_policy": [],
            "multivalue_answer_routing_policy": null,
            "name": "gifs.gifbooth.co",
            "records": [],
            "set_identifier": "",
            "ttl": 0,
            "type": "A",
            "weighted_routing_policy": [],
            "zone_id": "Z24PSF3W8K28GR"
          },
          "dependencies": [
            "module.sources.aws_route53_zone.gifbooth-co-public"
          ]
        }
      ]
    },
    {
      "module": "module.sources",
      "mode": "managed",
      "type": "aws_route53_record",
      "name": "gifs-radblock-xyz-A",
      "provider": "provider.aws",
      "instances": [
        {
          "schema_version": 2,
          "attributes": {
            "alias": [
              {
                "evaluate_target_health": false,
                "name": "d3rqnznu9ff0vi.cloudfront.net",
                "zone_id": "Z2FDTNDATAQYW2"
              }
            ],
            "allow_overwrite": true,
            "failover_routing_policy": [],
            "fqdn": "gifs.radblock.xyz",
            "geolocation_routing_policy": [],
            "health_check_id": "",
            "id": "Z1SLXHOGO4DU45_gifs.radblock.xyz_A",
            "latency_routing_policy": [],
            "multivalue_answer_routing_policy": null,
            "name": "gifs.radblock.xyz",
            "records": [],
            "set_identifier": "",
            "ttl": 0,
            "type": "A",
            "weighted_routing_policy": [],
            "zone_id": "Z1SLXHOGO4DU45"
          },
          "dependencies": [
            "module.sources.aws_route53_zone.radblock-xyz-public"
          ]
        }
      ]
    },
    {
      "module": "module.sources",
      "mode": "managed",
      "type": "aws_route53_record",
      "name": "gimme-monks-co-A",
      "provider": "provider.aws",
      "instances": [
        {
          "schema_version": 2,
          "attributes": {
            "alias": [
              {
                "evaluate_target_health": false,
                "name": "d3kicode3ffc45.cloudfront.net",
                "zone_id": "Z2FDTNDATAQYW2"
              }
            ],
            "allow_overwrite": true,
            "failover_routing_policy": [],
            "fqdn": "gimme.monks.co",
            "geolocation_routing_policy": [],
            "health_check_id": "",
            "id": "Z2HQE6DV0EKCBL_gimme.monks.co_A",
            "latency_routing_policy": [],
            "multivalue_answer_routing_policy": null,
            "name": "gimme.monks.co",
            "records": [],
            "set_identifier": "",
            "ttl": 0,
            "type": "A",
            "weighted_routing_policy": [],
            "zone_id": "Z2HQE6DV0EKCBL"
          },
          "dependencies": [
            "module.sources.aws_route53_zone.monks-co-public"
          ]
        }
      ]
    },
    {
      "module": "module.sources",
      "mode": "managed",
      "type": "aws_route53_record",
      "name": "graviton-monks-co-A",
      "provider": "provider.aws",
      "instances": [
        {
          "schema_version": 2,
          "attributes": {
            "alias": [
              {
                "evaluate_target_health": false,
                "name": "s3-website-us-east-1.amazonaws.com",
                "zone_id": "Z3AQBSTGFYJSTF"
              }
            ],
            "allow_overwrite": true,
            "failover_routing_policy": [],
            "fqdn": "graviton.monks.co",
            "geolocation_routing_policy": [],
            "health_check_id": "",
            "id": "Z2HQE6DV0EKCBL_graviton.monks.co_A",
            "latency_routing_policy": [],
            "multivalue_answer_routing_policy": null,
            "name": "graviton.monks.co",
            "records": [],
            "set_identifier": "",
            "ttl": 0,
            "type": "A",
            "weighted_routing_policy": [],
            "zone_id": "Z2HQE6DV0EKCBL"
          },
          "dependencies": [
            "module.sources.aws_route53_zone.monks-co-public"
          ]
        }
      ]
    },
    {
      "module": "module.converted_zones",
      "mode": "managed",
      "type": "aws_route53_record",
      "name": "homer-andrewmonks-net-CNAME",
      "provider": "provider.aws",
      "instances": [
        {
          "schema_version": 2,
          "attributes": {
            "alias": [],
            "allow_overwrite": true,
            "failover_routing_policy": [],
            "fqdn": "homer.andrewmonks.net",
            "geolocation_routing_policy": [],
            "health_check_id": "",
            "id": "Z2LC9EOHE58CX5_homer.andrewmonks.net_CNAME",
            "latency_routing_policy": [],
            "multivalue_answer_routing_policy": null,
            "name": "homer.andrewmonks.net",
            "records": [
              "collectivememory.herokuapp.com."
            ],
            "set_identifier": "",
            "ttl": 300,
            "type": "CNAME",
            "weighted_routing_policy": [],
            "zone_id": "Z2LC9EOHE58CX5"
          },
          "dependencies": [
            "module.converted_zones.aws_route53_zone.andrewmonks-net"
          ]
        }
      ]
    },
    {
      "module": "module.sources",
      "mode": "managed",
      "type": "aws_route53_record",
      "name": "homer-monks-co-CNAME",
      "provider": "provider.aws",
      "instances": [
        {
          "schema_version": 2,
          "attributes": {
            "alias": [],
            "allow_overwrite": true,
            "failover_routing_policy": [],
            "fqdn": "homer.monks.co",
            "geolocation_routing_policy": [],
            "health_check_id": "",
            "id": "Z2HQE6DV0EKCBL_homer.monks.co_CNAME",
            "latency_routing_policy": [],
            "multivalue_answer_routing_policy": null,
            "name": "homer.monks.co",
            "records": [
              "collectivememory.herokuapp.com."
            ],
            "set_identifier": "",
            "ttl": 300,
            "type": "CNAME",
            "weighted_routing_policy": [],
            "zone_id": "Z2HQE6DV0EKCBL"
          },
          "dependencies": [
            "module.sources.aws_route53_zone.monks-co-public"
          ]
        }
      ]
    },
    {
      "module": "module.sources",
      "mode": "managed",
      "type": "aws_route53_record",
      "name": "installation-monks-co-CNAME",
      "provider": "provider.aws",
      "instances": [
        {
          "schema_version": 2,
          "attributes": {
            "alias": [],
            "allow_overwrite": true,
            "failover_routing_policy": [],
            "fqdn": "installation.monks.co",
            "geolocation_routing_policy": [],
            "health_check_id": "",
            "id": "Z2HQE6DV0EKCBL_installation.monks.co_CNAME",
            "latency_routing_policy": [],
            "multivalue_answer_routing_policy": null,
            "name": "installation.monks.co",
            "records": [
              "amonks.github.io."
            ],
            "set_identifier": "",
            "ttl": 300,
            "type": "CNAME",
            "weighted_routing_policy": [],
            "zone_id": "Z2HQE6DV0EKCBL"
          },
          "dependencies": [
            "module.sources.aws_route53_zone.monks-co-public"
          ]
        }
      ]
    },
    {
      "module": "module.sources",
      "mode": "managed",
      "type": "aws_route53_record",
      "name": "int3rn3t-website-A",
      "provider": "provider.aws",
      "instances": [
        {
          "schema_version": 2,
          "attributes": {
            "alias": [],
            "allow_overwrite": true,
            "failover_routing_policy": [],
            "fqdn": "int3rn3t.website",
            "geolocation_routing_policy": [],
            "health_check_id": "",
            "id": "ZZ3XMTLQHTKV_int3rn3t.website_A",
            "latency_routing_policy": [],
            "multivalue_answer_routing_policy": null,
            "name": "int3rn3t.website",
            "records": [
              "192.30.252.153",
              "192.30.252.154"
            ],
            "set_identifier": "",
            "ttl": 300,
            "type": "A",
            "weighted_routing_policy": [],
            "zone_id": "ZZ3XMTLQHTKV"
          },
          "dependencies": [
            "module.sources.aws_route53_zone.int3rn3t-website-public"
          ]
        }
      ]
    },
    {
      "module": "module.sources",
      "mode": "managed",
      "type": "aws_route53_record",
      "name": "kapxtpmrmqkudo75vusxnmmyjidtp6b2-_domainkey-radblock-xyz-CNAME",
      "provider": "provider.aws",
      "instances": [
        {
          "schema_version": 2,
          "attributes": {
            "alias": [],
            "allow_overwrite": true,
            "failover_routing_policy": [],
            "fqdn": "kapxtpmrmqkudo75vusxnmmyjidtp6b2._domainkey.radblock.xyz",
            "geolocation_routing_policy": [],
            "health_check_id": "",
            "id": "Z1SLXHOGO4DU45_kapxtpmrmqkudo75vusxnmmyjidtp6b2._domainkey.radblock.xyz_CNAME",
            "latency_routing_policy": [],
            "multivalue_answer_routing_policy": null,
            "name": "kapxtpmrmqkudo75vusxnmmyjidtp6b2._domainkey.radblock.xyz",
            "records": [
              "kapxtpmrmqkudo75vusxnmmyjidtp6b2.dkim.amazonses.com"
            ],
            "set_identifier": "",
            "ttl": 1800,
            "type": "CNAME",
            "weighted_routing_policy": [],
            "zone_id": "Z1SLXHOGO4DU45"
          },
          "private": "eyJzY2hlbWFfdmVyc2lvbiI6IjIifQ==",
          "dependencies": [
            "module.sources.aws_route53_zone.radblock-xyz-public"
          ]
        }
      ]
    },
    {
      "module": "module.sources",
      "mode": "managed",
      "type": "aws_route53_record",
      "name": "kw44g4aoxriuk5f6dfgnscvdd627aopn-_domainkey-monks-co-CNAME",
      "provider": "provider.aws",
      "instances": [
        {
          "schema_version": 2,
          "attributes": {
            "alias": [],
            "allow_overwrite": true,
            "failover_routing_policy": [],
            "fqdn": "kw44g4aoxriuk5f6dfgnscvdd627aopn._domainkey.monks.co",
            "geolocation_routing_policy": [],
            "health_check_id": "",
            "id": "Z2HQE6DV0EKCBL_kw44g4aoxriuk5f6dfgnscvdd627aopn._domainkey.monks.co_CNAME",
            "latency_routing_policy": [],
            "multivalue_answer_routing_policy": null,
            "name": "kw44g4aoxriuk5f6dfgnscvdd627aopn._domainkey.monks.co",
            "records": [
              "kw44g4aoxriuk5f6dfgnscvdd627aopn.dkim.amazonses.com"
            ],
            "set_identifier": "",
            "ttl": 1800,
            "type": "CNAME",
            "weighted_routing_policy": [],
            "zone_id": "Z2HQE6DV0EKCBL"
          },
          "private": "eyJzY2hlbWFfdmVyc2lvbiI6IjIifQ==",
          "dependencies": [
            "module.sources.aws_route53_zone.monks-co-public"
          ]
        }
      ]
    },
    {
      "module": "module.sources",
      "mode": "managed",
      "type": "aws_route53_record",
      "name": "l1zard-xn--onks-99b-com-A",
      "provider": "provider.aws",
      "instances": [
        {
          "schema_version": 2,
          "attributes": {
            "alias": [
              {
                "evaluate_target_health": false,
                "name": "s3-website-us-east-1.amazonaws.com",
                "zone_id": "Z3AQBSTGFYJSTF"
              }
            ],
            "allow_overwrite": true,
            "failover_routing_policy": [],
            "fqdn": "l1zard.xn--onks-99b.com",
            "geolocation_routing_policy": [],
            "health_check_id": "",
            "id": "Z1FLZSREYSZUOK_l1zard.xn--onks-99b.com_A",
            "latency_routing_policy": [],
            "multivalue_answer_routing_policy": null,
            "name": "l1zard.xn--onks-99b.com",
            "records": [],
            "set_identifier": "",
            "ttl": 0,
            "type": "A",
            "weighted_routing_policy": [],
            "zone_id": "Z1FLZSREYSZUOK"
          },
          "dependencies": [
            "module.sources.aws_route53_zone.xn--onks-99b-com-public"
          ]
        }
      ]
    },
    {
      "module": "module.converted_zones",
      "mode": "managed",
      "type": "aws_route53_record",
      "name": "liminal-website-A",
      "provider": "provider.aws",
      "instances": [
        {
          "schema_version": 2,
          "attributes": {
            "alias": [],
            "allow_overwrite": true,
            "failover_routing_policy": [],
            "fqdn": "liminal.website",
            "geolocation_routing_policy": [],
            "health_check_id": "",
            "id": "Z3PAL8WFCKZC25_liminal.website_A",
            "latency_routing_policy": [],
            "multivalue_answer_routing_policy": null,
            "name": "liminal.website",
            "records": [
              "192.30.252.153",
              "192.30.252.154"
            ],
            "set_identifier": "",
            "ttl": 300,
            "type": "A",
            "weighted_routing_policy": [],
            "zone_id": "Z3PAL8WFCKZC25"
          },
          "dependencies": [
            "module.converted_zones.aws_route53_zone.liminal-website"
          ]
        }
      ]
    },
    {
      "module": "module.sources",
      "mode": "managed",
      "type": "aws_route53_record",
      "name": "list-radblock-xyz-A",
      "provider": "provider.aws",
      "instances": [
        {
          "schema_version": 2,
          "attributes": {
            "alias": [
              {
                "evaluate_target_health": false,
                "name": "d2xydghsy5cfh0.cloudfront.net",
                "zone_id": "Z2FDTNDATAQYW2"
              }
            ],
            "allow_overwrite": true,
            "failover_routing_policy": [],
            "fqdn": "list.radblock.xyz",
            "geolocation_routing_policy": [],
            "health_check_id": "",
            "id": "Z1SLXHOGO4DU45_list.radblock.xyz_A",
            "latency_routing_policy": [],
            "multivalue_answer_routing_policy": null,
            "name": "list.radblock.xyz",
            "records": [],
            "set_identifier": "",
            "ttl": 0,
            "type": "A",
            "weighted_routing_policy": [],
            "zone_id": "Z1SLXHOGO4DU45"
          },
          "dependencies": [
            "module.sources.aws_route53_zone.radblock-xyz-public"
          ]
        }
      ]
    },
    {
      "module": "module.sources",
      "mode": "managed",
      "type": "aws_route53_record",
      "name": "lo4od7zfwvqb2jmkjuqbe5yaza4eul43-_domainkey-gifbooth-co-CNAME",
      "provider": "provider.aws",
      "instances": [
        {
          "schema_version": 2,
          "attributes": {
            "alias": [],
            "allow_overwrite": true,
            "failover_routing_policy": [],
            "fqdn": "lo4od7zfwvqb2jmkjuqbe5yaza4eul43._domainkey.gifbooth.co",
            "geolocation_routing_policy": [],
            "health_check_id": "",
            "id": "Z24PSF3W8K28GR_lo4od7zfwvqb2jmkjuqbe5yaza4eul43._domainkey.gifbooth.co_CNAME",
            "latency_routing_policy": [],
            "multivalue_answer_routing_policy": null,
            "name": "lo4od7zfwvqb2jmkjuqbe5yaza4eul43._domainkey.gifbooth.co",
            "records": [
              "lo4od7zfwvqb2jmkjuqbe5yaza4eul43.dkim.amazonses.com"
            ],
            "set_identifier": "",
            "ttl": 1800,
            "type": "CNAME",
            "weighted_routing_policy": [],
            "zone_id": "Z24PSF3W8K28GR"
          },
          "private": "eyJzY2hlbWFfdmVyc2lvbiI6IjIifQ==",
          "dependencies": [
            "module.sources.aws_route53_zone.gifbooth-co-public"
          ]
        }
      ]
    },
    {
      "module": "module.converted_zones",
      "mode": "managed",
      "type": "aws_route53_record",
      "name": "lyrics-andrewmonks-net-CNAME",
      "provider": "provider.aws",
      "instances": [
        {
          "schema_version": 2,
          "attributes": {
            "alias": [],
            "allow_overwrite": true,
            "failover_routing_policy": [],
            "fqdn": "lyrics.andrewmonks.net",
            "geolocation_routing_policy": [],
            "health_check_id": "",
            "id": "Z2LC9EOHE58CX5_lyrics.andrewmonks.net_CNAME",
            "latency_routing_policy": [],
            "multivalue_answer_routing_policy": null,
            "name": "lyrics.andrewmonks.net",
            "records": [
              "limitless-harbor-4493.herokuapp.com."
            ],
            "set_identifier": "",
            "ttl": 300,
            "type": "CNAME",
            "weighted_routing_policy": [],
            "zone_id": "Z2LC9EOHE58CX5"
          },
          "dependencies": [
            "module.converted_zones.aws_route53_zone.andrewmonks-net"
          ]
        }
      ]
    },
    {
      "module": "module.converted_zones",
      "mode": "managed",
      "type": "aws_route53_record",
      "name": "lyrics-gy-A",
      "provider": "provider.aws",
      "instances": [
        {
          "schema_version": 2,
          "attributes": {
            "alias": [],
            "allow_overwrite": true,
            "failover_routing_policy": [],
            "fqdn": "lyrics.gy",
            "geolocation_routing_policy": [],
            "health_check_id": "",
            "id": "Z1SNXKXT44GU03_lyrics.gy_A",
            "latency_routing_policy": [],
            "multivalue_answer_routing_policy": null,
            "name": "lyrics.gy",
            "records": [
              "217.70.184.38"
            ],
            "set_identifier": "",
            "ttl": 300,
            "type": "A",
            "weighted_routing_policy": [],
            "zone_id": "Z1SNXKXT44GU03"
          },
          "dependencies": [
            "module.converted_zones.aws_route53_zone.lyrics-gy"
          ]
        }
      ]
    },
    {
      "module": "module.sources",
      "mode": "managed",
      "type": "aws_route53_record",
      "name": "lyrics-monks-co-CNAME",
      "provider": "provider.aws",
      "instances": [
        {
          "schema_version": 2,
          "attributes": {
            "alias": [],
            "allow_overwrite": true,
            "failover_routing_policy": [],
            "fqdn": "lyrics.monks.co",
            "geolocation_routing_policy": [],
            "health_check_id": "",
            "id": "Z2HQE6DV0EKCBL_lyrics.monks.co_CNAME",
            "latency_routing_policy": [],
            "multivalue_answer_routing_policy": null,
            "name": "lyrics.monks.co",
            "records": [
              "limitless-harbor-4493.herokuapp.com."
            ],
            "set_identifier": "",
            "ttl": 300,
            "type": "CNAME",
            "weighted_routing_policy": [],
            "zone_id": "Z2HQE6DV0EKCBL"
          },
          "dependencies": [
            "module.sources.aws_route53_zone.monks-co-public"
          ]
        }
      ]
    },
    {
      "module": "module.sources",
      "mode": "managed",
      "type": "aws_route53_record",
      "name": "mandrill-_domainkey-monks-co-TXT",
      "provider": "provider.aws",
      "instances": [
        {
          "schema_version": 2,
          "attributes": {
            "alias": [],
            "allow_overwrite": true,
            "failover_routing_policy": [],
            "fqdn": "mandrill._domainkey.monks.co",
            "geolocation_routing_policy": [],
            "health_check_id": "",
            "id": "Z2HQE6DV0EKCBL_mandrill._domainkey.monks.co_TXT",
            "latency_routing_policy": [],
            "multivalue_answer_routing_policy": null,
            "name": "mandrill._domainkey.monks.co",
            "records": [
              "v=DKIM1; k=rsa; p=MIGfMA0GCSqGSIb3DQEBAQUAA4GNADCBiQKBgQCrLHiExVd55zd/IQ/J/mRwSRMAocV/hMB3jXwaHH36d9NaVynQFYV8NaWi69c1veUtRzGt7yAioXqLj7Z4TeEUoOLgrKsn8YnckGs9i3B3tVFB+Ch/4mPhXWiNfNdynHWBcPcbJ8kjEQ2U8y78dHZj1YeRXXVvWob2OaKynO8/lQIDAQAB;"
            ],
            "set_identifier": "",
            "ttl": 300,
            "type": "TXT",
            "weighted_routing_policy": [],
            "zone_id": "Z2HQE6DV0EKCBL"
          },
          "dependencies": [
            "module.sources.aws_route53_zone.monks-co-public"
          ]
        }
      ]
    },
    {
      "module": "module.sources",
      "mode": "managed",
      "type": "aws_route53_record",
      "name": "monks-co-A",
      "provider": "provider.aws",
      "instances": [
        {
          "schema_version": 2,
          "attributes": {
            "alias": [
              {
                "evaluate_target_health": false,
                "name": "dpil43tnaid34.cloudfront.net",
                "zone_id": "Z2FDTNDATAQYW2"
              }
            ],
            "allow_overwrite": true,
            "failover_routing_policy": [],
            "fqdn": "monks.co",
            "geolocation_routing_policy": [],
            "health_check_id": "",
            "id": "Z2HQE6DV0EKCBL_monks.co_A",
            "latency_routing_policy": [],
            "multivalue_answer_routing_policy": null,
            "name": "monks.co",
            "records": [],
            "set_identifier": "",
            "ttl": 0,
            "type": "A",
            "weighted_routing_policy": [],
            "zone_id": "Z2HQE6DV0EKCBL"
          },
          "private": "eyJzY2hlbWFfdmVyc2lvbiI6IjIifQ==",
          "dependencies": [
            "module.sources.aws_acm_certificate.monks-co-certificate",
            "module.sources.aws_cloudfront_distribution.monks-co-distribution",
            "module.sources.aws_route53_zone.monks-co-public",
            "module.sources.aws_s3_bucket.monks-co-bucket"
          ]
        }
      ]
    },
    {
      "module": "module.sources",
      "mode": "managed",
      "type": "aws_route53_record",
      "name": "monks-co-MX",
      "provider": "provider.aws",
      "instances": [
        {
          "schema_version": 2,
          "attributes": {
            "alias": [],
            "allow_overwrite": true,
            "failover_routing_policy": [],
            "fqdn": "monks.co",
            "geolocation_routing_policy": [],
            "health_check_id": "",
            "id": "Z2HQE6DV0EKCBL_monks.co_MX",
            "latency_routing_policy": [],
            "multivalue_answer_routing_policy": null,
            "name": "monks.co",
            "records": [
              "10 in1-smtp.messagingengine.com.",
              "20 in2-smtp.messagingengine.com."
            ],
            "set_identifier": "",
            "ttl": 300,
            "type": "MX",
            "weighted_routing_policy": [],
            "zone_id": "Z2HQE6DV0EKCBL"
          },
          "dependencies": [
            "module.sources.aws_route53_zone.monks-co-public"
          ]
        }
      ]
    },
    {
      "module": "module.sources",
      "mode": "managed",
      "type": "aws_route53_record",
      "name": "monks-co-SPF",
      "provider": "provider.aws",
      "instances": [
        {
          "schema_version": 2,
          "attributes": {
            "alias": [],
            "allow_overwrite": true,
            "failover_routing_policy": [],
            "fqdn": "monks.co",
            "geolocation_routing_policy": [],
            "health_check_id": "",
            "id": "Z2HQE6DV0EKCBL_monks.co_SPF",
            "latency_routing_policy": [],
            "multivalue_answer_routing_policy": null,
            "name": "monks.co",
            "records": [
              "v=spf1 include:spf.messagingengine.com include:spf.mandrillapp.com -all"
            ],
            "set_identifier": "",
            "ttl": 300,
            "type": "SPF",
            "weighted_routing_policy": [],
            "zone_id": "Z2HQE6DV0EKCBL"
          },
          "dependencies": [
            "module.sources.aws_route53_zone.monks-co-public"
          ]
        }
      ]
    },
    {
      "module": "module.sources",
      "mode": "managed",
      "type": "aws_route53_record",
      "name": "monks-co-TXT",
      "provider": "provider.aws",
      "instances": [
        {
          "schema_version": 2,
          "attributes": {
            "alias": [],
            "allow_overwrite": true,
            "failover_routing_policy": [],
            "fqdn": "monks.co",
            "geolocation_routing_policy": [],
            "health_check_id": "",
            "id": "Z2HQE6DV0EKCBL_monks.co_TXT",
            "latency_routing_policy": [],
            "multivalue_answer_routing_policy": null,
            "name": "monks.co",
            "records": [
              "v=spf1 include:spf.messagingengine.com include:spf.mandrillapp.com -all"
            ],
            "set_identifier": "",
            "ttl": 300,
            "type": "TXT",
            "weighted_routing_policy": [],
            "zone_id": "Z2HQE6DV0EKCBL"
          },
          "dependencies": [
            "module.sources.aws_route53_zone.monks-co-public"
          ]
        }
      ]
    },
    {
      "module": "module.sources",
      "mode": "managed",
      "type": "aws_route53_record",
      "name": "monument-monks-co-CNAME",
      "provider": "provider.aws",
      "instances": [
        {
          "schema_version": 2,
          "attributes": {
            "alias": [],
            "allow_overwrite": true,
            "failover_routing_policy": [],
            "fqdn": "monument.monks.co",
            "geolocation_routing_policy": [],
            "health_check_id": "",
            "id": "Z2HQE6DV0EKCBL_monument.monks.co_CNAME",
            "latency_routing_policy": [],
            "multivalue_answer_routing_policy": null,
            "name": "monument.monks.co",
            "records": [
              "amonks.github.io."
            ],
            "set_identifier": "",
            "ttl": 300,
            "type": "CNAME",
            "weighted_routing_policy": [],
            "zone_id": "Z2HQE6DV0EKCBL"
          },
          "dependencies": [
            "module.sources.aws_route53_zone.monks-co-public"
          ]
        }
      ]
    },
    {
      "module": "module.converted_zones",
      "mode": "managed",
      "type": "aws_route53_record",
      "name": "music-belgianman-com-CNAME",
      "provider": "provider.aws",
      "instances": [
        {
          "schema_version": 2,
          "attributes": {
            "alias": [],
            "allow_overwrite": true,
            "failover_routing_policy": [],
            "fqdn": "music.belgianman.com",
            "geolocation_routing_policy": [],
            "health_check_id": "",
            "id": "Z2WRXSAGEFT2C1_music.belgianman.com_CNAME",
            "latency_routing_policy": [],
            "multivalue_answer_routing_policy": null,
            "name": "music.belgianman.com",
            "records": [
              "dom.bandcamp.com."
            ],
            "set_identifier": "",
            "ttl": 300,
            "type": "CNAME",
            "weighted_routing_policy": [],
            "zone_id": "Z2WRXSAGEFT2C1"
          },
          "dependencies": [
            "module.converted_zones.aws_route53_zone.belgianman-com"
          ]
        }
      ]
    },
    {
      "module": "module.sources",
      "mode": "managed",
      "type": "aws_route53_record",
      "name": "nabu-monks-co-CNAME",
      "provider": "provider.aws",
      "instances": [
        {
          "schema_version": 2,
          "attributes": {
            "alias": [],
            "allow_overwrite": true,
            "failover_routing_policy": [],
            "fqdn": "nabu.monks.co",
            "geolocation_routing_policy": [],
            "health_check_id": "",
            "id": "Z2HQE6DV0EKCBL_nabu.monks.co_CNAME",
            "latency_routing_policy": [],
            "multivalue_answer_routing_policy": null,
            "name": "nabu.monks.co",
            "records": [
              "nabudata.herokuapp.com."
            ],
            "set_identifier": "",
            "ttl": 300,
            "type": "CNAME",
            "weighted_routing_policy": [],
            "zone_id": "Z2HQE6DV0EKCBL"
          },
          "dependencies": [
            "module.sources.aws_route53_zone.monks-co-public"
          ]
        }
      ]
    },
    {
      "module": "module.sources",
      "mode": "managed",
      "type": "aws_route53_record",
      "name": "now-monks-co-TXT",
      "provider": "provider.aws",
      "instances": [
        {
          "schema_version": 2,
          "attributes": {
            "alias": [],
            "allow_overwrite": true,
            "failover_routing_policy": [],
            "fqdn": "_now.monks.co",
            "geolocation_routing_policy": [],
            "health_check_id": "",
            "id": "Z2HQE6DV0EKCBL__now.monks.co_TXT",
            "latency_routing_policy": [],
            "multivalue_answer_routing_policy": null,
            "name": "_now.monks.co",
            "records": [
              "b3f39bbd3640c48b8335292201c1deff27525728caa8e8807b313040bbf78118"
            ],
            "set_identifier": "",
            "ttl": 300,
            "type": "TXT",
            "weighted_routing_policy": [],
            "zone_id": "Z2HQE6DV0EKCBL"
          },
          "dependencies": [
            "module.sources.aws_route53_zone.monks-co-public"
          ]
        }
      ]
    },
    {
      "module": "module.converted_zones",
      "mode": "managed",
      "type": "aws_route53_record",
      "name": "numbers-andrewmonks-net-CNAME",
      "provider": "provider.aws",
      "instances": [
        {
          "schema_version": 2,
          "attributes": {
            "alias": [],
            "allow_overwrite": true,
            "failover_routing_policy": [],
            "fqdn": "numbers.andrewmonks.net",
            "geolocation_routing_policy": [],
            "health_check_id": "",
            "id": "Z2LC9EOHE58CX5_numbers.andrewmonks.net_CNAME",
            "latency_routing_policy": [],
            "multivalue_answer_routing_policy": null,
            "name": "numbers.andrewmonks.net",
            "records": [
              "tranquil-spire-3396.herokuapp.com."
            ],
            "set_identifier": "",
            "ttl": 300,
            "type": "CNAME",
            "weighted_routing_policy": [],
            "zone_id": "Z2LC9EOHE58CX5"
          },
          "dependencies": [
            "module.converted_zones.aws_route53_zone.andrewmonks-net"
          ]
        }
      ]
    },
    {
      "module": "module.sources",
      "mode": "managed",
      "type": "aws_route53_record",
      "name": "numbers-monks-co-CNAME",
      "provider": "provider.aws",
      "instances": [
        {
          "schema_version": 2,
          "attributes": {
            "alias": [],
            "allow_overwrite": true,
            "failover_routing_policy": [],
            "fqdn": "numbers.monks.co",
            "geolocation_routing_policy": [],
            "health_check_id": "",
            "id": "Z2HQE6DV0EKCBL_numbers.monks.co_CNAME",
            "latency_routing_policy": [],
            "multivalue_answer_routing_policy": null,
            "name": "numbers.monks.co",
            "records": [
              "tranquil-spire-3396.herokuapp.com."
            ],
            "set_identifier": "",
            "ttl": 300,
            "type": "CNAME",
            "weighted_routing_policy": [],
            "zone_id": "Z2HQE6DV0EKCBL"
          },
          "dependencies": [
            "module.sources.aws_route53_zone.monks-co-public"
          ]
        }
      ]
    },
    {
      "module": "module.converted_zones",
      "mode": "managed",
      "type": "aws_route53_record",
      "name": "oblique-andrewmonks-net-CNAME",
      "provider": "provider.aws",
      "instances": [
        {
          "schema_version": 2,
          "attributes": {
            "alias": [],
            "allow_overwrite": true,
            "failover_routing_policy": [],
            "fqdn": "oblique.andrewmonks.net",
            "geolocation_routing_policy": [],
            "health_check_id": "",
            "id": "Z2LC9EOHE58CX5_oblique.andrewmonks.net_CNAME",
            "latency_routing_policy": [],
            "multivalue_answer_routing_policy": null,
            "name": "oblique.andrewmonks.net",
            "records": [
              "oblique-strategies-api.herokuapp.com."
            ],
            "set_identifier": "",
            "ttl": 300,
            "type": "CNAME",
            "weighted_routing_policy": [],
            "zone_id": "Z2LC9EOHE58CX5"
          },
          "dependencies": [
            "module.converted_zones.aws_route53_zone.andrewmonks-net"
          ]
        }
      ]
    },
    {
      "module": "module.sources",
      "mode": "managed",
      "type": "aws_route53_record",
      "name": "oblique-monks-co-CNAME",
      "provider": "provider.aws",
      "instances": [
        {
          "schema_version": 2,
          "attributes": {
            "alias": [],
            "allow_overwrite": true,
            "failover_routing_policy": [],
            "fqdn": "oblique.monks.co",
            "geolocation_routing_policy": [],
            "health_check_id": "",
            "id": "Z2HQE6DV0EKCBL_oblique.monks.co_CNAME",
            "latency_routing_policy": [],
            "multivalue_answer_routing_policy": null,
            "name": "oblique.monks.co",
            "records": [
              "oblique-strategies-api.herokuapp.com."
            ],
            "set_identifier": "",
            "ttl": 300,
            "type": "CNAME",
            "weighted_routing_policy": [],
            "zone_id": "Z2HQE6DV0EKCBL"
          },
          "dependencies": [
            "module.sources.aws_route53_zone.monks-co-public"
          ]
        }
      ]
    },
    {
      "module": "module.converted_zones",
      "mode": "managed",
      "type": "aws_route53_record",
      "name": "old-belgianman-com-CNAME",
      "provider": "provider.aws",
      "instances": [
        {
          "schema_version": 2,
          "attributes": {
            "alias": [],
            "allow_overwrite": true,
            "failover_routing_policy": [],
            "fqdn": "old.belgianman.com",
            "geolocation_routing_policy": [],
            "health_check_id": "",
            "id": "Z2WRXSAGEFT2C1_old.belgianman.com_CNAME",
            "latency_routing_policy": [],
            "multivalue_answer_routing_policy": null,
            "name": "old.belgianman.com",
            "records": [
              "belgianman.github.io."
            ],
            "set_identifier": "",
            "ttl": 300,
            "type": "CNAME",
            "weighted_routing_policy": [],
            "zone_id": "Z2WRXSAGEFT2C1"
          },
          "dependencies": [
            "module.converted_zones.aws_route53_zone.belgianman-com"
          ]
        }
      ]
    },
    {
      "module": "module.sources",
      "mode": "managed",
      "type": "aws_route53_record",
      "name": "presence-monks-co-CNAME",
      "provider": "provider.aws",
      "instances": [
        {
          "schema_version": 2,
          "attributes": {
            "alias": [],
            "allow_overwrite": true,
            "failover_routing_policy": [],
            "fqdn": "presence.monks.co",
            "geolocation_routing_policy": [],
            "health_check_id": "",
            "id": "Z2HQE6DV0EKCBL_presence.monks.co_CNAME",
            "latency_routing_policy": [],
            "multivalue_answer_routing_policy": null,
            "name": "presence.monks.co",
            "records": [
              "amonks.github.io."
            ],
            "set_identifier": "",
            "ttl": 300,
            "type": "CNAME",
            "weighted_routing_policy": [],
            "zone_id": "Z2HQE6DV0EKCBL"
          },
          "dependencies": [
            "module.sources.aws_route53_zone.monks-co-public"
          ]
        }
      ]
    },
    {
      "module": "module.sources",
      "mode": "managed",
      "type": "aws_route53_record",
      "name": "processing-monks-co-CNAME",
      "provider": "provider.aws",
      "instances": [
        {
          "schema_version": 2,
          "attributes": {
            "alias": [],
            "allow_overwrite": true,
            "failover_routing_policy": [],
            "fqdn": "processing.monks.co",
            "geolocation_routing_policy": [],
            "health_check_id": "",
            "id": "Z2HQE6DV0EKCBL_processing.monks.co_CNAME",
            "latency_routing_policy": [],
            "multivalue_answer_routing_policy": null,
            "name": "processing.monks.co",
            "records": [
              "amonks.github.io."
            ],
            "set_identifier": "",
            "ttl": 300,
            "type": "CNAME",
            "weighted_routing_policy": [],
            "zone_id": "Z2HQE6DV0EKCBL"
          },
          "dependencies": [
            "module.sources.aws_route53_zone.monks-co-public"
          ]
        }
      ]
    },
    {
      "module": "module.sources",
      "mode": "managed",
      "type": "aws_route53_record",
      "name": "proxy-gifbooth-co-CNAME",
      "provider": "provider.aws",
      "instances": [
        {
          "schema_version": 2,
          "attributes": {
            "alias": [],
            "allow_overwrite": true,
            "failover_routing_policy": [],
            "fqdn": "proxy.gifbooth.co",
            "geolocation_routing_policy": [],
            "health_check_id": "",
            "id": "Z24PSF3W8K28GR_proxy.gifbooth.co_CNAME",
            "latency_routing_policy": [],
            "multivalue_answer_routing_policy": null,
            "name": "proxy.gifbooth.co",
            "records": [
              "gifbooth-proxy.herokuapp.com"
            ],
            "set_identifier": "",
            "ttl": 300,
            "type": "CNAME",
            "weighted_routing_policy": [],
            "zone_id": "Z24PSF3W8K28GR"
          },
          "dependencies": [
            "module.sources.aws_route53_zone.gifbooth-co-public"
          ]
        }
      ]
    },
    {
      "module": "module.sources",
      "mode": "managed",
      "type": "aws_route53_record",
      "name": "ptdgflihnjxt2scng7z7jcmi7f6e4m7m-_domainkey-radblock-xyz-CNAME",
      "provider": "provider.aws",
      "instances": [
        {
          "schema_version": 2,
          "attributes": {
            "alias": [],
            "allow_overwrite": true,
            "failover_routing_policy": [],
            "fqdn": "ptdgflihnjxt2scng7z7jcmi7f6e4m7m._domainkey.radblock.xyz",
            "geolocation_routing_policy": [],
            "health_check_id": "",
            "id": "Z1SLXHOGO4DU45_ptdgflihnjxt2scng7z7jcmi7f6e4m7m._domainkey.radblock.xyz_CNAME",
            "latency_routing_policy": [],
            "multivalue_answer_routing_policy": null,
            "name": "ptdgflihnjxt2scng7z7jcmi7f6e4m7m._domainkey.radblock.xyz",
            "records": [
              "ptdgflihnjxt2scng7z7jcmi7f6e4m7m.dkim.amazonses.com"
            ],
            "set_identifier": "",
            "ttl": 1800,
            "type": "CNAME",
            "weighted_routing_policy": [],
            "zone_id": "Z1SLXHOGO4DU45"
          },
          "private": "eyJzY2hlbWFfdmVyc2lvbiI6IjIifQ==",
          "dependencies": [
            "module.sources.aws_route53_zone.radblock-xyz-public"
          ]
        }
      ]
    },
    {
      "module": "module.sources",
      "mode": "managed",
      "type": "aws_route53_record",
      "name": "r29-gifbooth-co-A",
      "provider": "provider.aws",
      "instances": [
        {
          "schema_version": 2,
          "attributes": {
            "alias": [
              {
                "evaluate_target_health": false,
                "name": "s3-website-us-east-1.amazonaws.com",
                "zone_id": "Z3AQBSTGFYJSTF"
              }
            ],
            "allow_overwrite": true,
            "failover_routing_policy": [],
            "fqdn": "r29.gifbooth.co",
            "geolocation_routing_policy": [],
            "health_check_id": "",
            "id": "Z24PSF3W8K28GR_r29.gifbooth.co_A",
            "latency_routing_policy": [],
            "multivalue_answer_routing_policy": null,
            "name": "r29.gifbooth.co",
            "records": [],
            "set_identifier": "",
            "ttl": 0,
            "type": "A",
            "weighted_routing_policy": [],
            "zone_id": "Z24PSF3W8K28GR"
          },
          "dependencies": [
            "module.sources.aws_route53_zone.gifbooth-co-public"
          ]
        }
      ]
    },
    {
      "module": "module.sources",
      "mode": "managed",
      "type": "aws_route53_record",
      "name": "radblock-xyz-A",
      "provider": "provider.aws",
      "instances": [
        {
          "schema_version": 2,
          "attributes": {
            "alias": [
              {
                "evaluate_target_health": false,
                "name": "d349pl3yyh2zjc.cloudfront.net",
                "zone_id": "Z2FDTNDATAQYW2"
              }
            ],
            "allow_overwrite": true,
            "failover_routing_policy": [],
            "fqdn": "radblock.xyz",
            "geolocation_routing_policy": [],
            "health_check_id": "",
            "id": "Z1SLXHOGO4DU45_radblock.xyz_A",
            "latency_routing_policy": [],
            "multivalue_answer_routing_policy": null,
            "name": "radblock.xyz",
            "records": [],
            "set_identifier": "",
            "ttl": 0,
            "type": "A",
            "weighted_routing_policy": [],
            "zone_id": "Z1SLXHOGO4DU45"
          },
          "dependencies": [
            "module.sources.aws_route53_zone.radblock-xyz-public"
          ]
        }
      ]
    },
    {
      "module": "module.sources",
      "mode": "managed",
      "type": "aws_route53_record",
      "name": "radblock-xyz-MX",
      "provider": "provider.aws",
      "instances": [
        {
          "schema_version": 2,
          "attributes": {
            "alias": [],
            "allow_overwrite": true,
            "failover_routing_policy": [],
            "fqdn": "radblock.xyz",
            "geolocation_routing_policy": [],
            "health_check_id": "",
            "id": "Z1SLXHOGO4DU45_radblock.xyz_MX",
            "latency_routing_policy": [],
            "multivalue_answer_routing_policy": null,
            "name": "radblock.xyz",
            "records": [
              "10 inbound-smtp.us-east-1.amazonaws.com."
            ],
            "set_identifier": "",
            "ttl": 300,
            "type": "MX",
            "weighted_routing_policy": [],
            "zone_id": "Z1SLXHOGO4DU45"
          },
          "dependencies": [
            "module.sources.aws_route53_zone.radblock-xyz-public"
          ]
        }
      ]
    },
    {
      "module": "module.sources",
      "mode": "managed",
      "type": "aws_route53_record",
      "name": "real-monks-co-A",
      "provider": "provider.aws",
      "instances": [
        {
          "schema_version": 2,
          "attributes": {
            "alias": [
              {
                "evaluate_target_health": false,
                "name": "s3-website-us-east-1.amazonaws.com",
                "zone_id": "Z3AQBSTGFYJSTF"
              }
            ],
            "allow_overwrite": true,
            "failover_routing_policy": [],
            "fqdn": "real.monks.co",
            "geolocation_routing_policy": [],
            "health_check_id": "",
            "id": "Z2HQE6DV0EKCBL_real.monks.co_A",
            "latency_routing_policy": [],
            "multivalue_answer_routing_policy": null,
            "name": "real.monks.co",
            "records": [],
            "set_identifier": "",
            "ttl": 0,
            "type": "A",
            "weighted_routing_policy": [],
            "zone_id": "Z2HQE6DV0EKCBL"
          },
          "dependencies": [
            "module.sources.aws_route53_zone.monks-co-public"
          ]
        }
      ]
    },
    {
      "module": "module.sources",
      "mode": "managed",
      "type": "aws_route53_record",
      "name": "realgifs-monks-co-A",
      "provider": "provider.aws",
      "instances": [
        {
          "schema_version": 2,
          "attributes": {
            "alias": [
              {
                "evaluate_target_health": false,
                "name": "s3-website-us-east-1.amazonaws.com",
                "zone_id": "Z3AQBSTGFYJSTF"
              }
            ],
            "allow_overwrite": true,
            "failover_routing_policy": [],
            "fqdn": "realgifs.monks.co",
            "geolocation_routing_policy": [],
            "health_check_id": "",
            "id": "Z2HQE6DV0EKCBL_realgifs.monks.co_A",
            "latency_routing_policy": [],
            "multivalue_answer_routing_policy": null,
            "name": "realgifs.monks.co",
            "records": [],
            "set_identifier": "",
            "ttl": 0,
            "type": "A",
            "weighted_routing_policy": [],
            "zone_id": "Z2HQE6DV0EKCBL"
          },
          "dependencies": [
            "module.sources.aws_route53_zone.monks-co-public"
          ]
        }
      ]
    },
    {
      "module": "module.sources",
      "mode": "managed",
      "type": "aws_route53_record",
      "name": "realproxy-monks-co-CNAME",
      "provider": "provider.aws",
      "instances": [
        {
          "schema_version": 2,
          "attributes": {
            "alias": [],
            "allow_overwrite": true,
            "failover_routing_policy": [],
            "fqdn": "realproxy.monks.co",
            "geolocation_routing_policy": [],
            "health_check_id": "",
            "id": "Z2HQE6DV0EKCBL_realproxy.monks.co_CNAME",
            "latency_routing_policy": [],
            "multivalue_answer_routing_policy": null,
            "name": "realproxy.monks.co",
            "records": [
              "this-time-its-real.herokuapp.com."
            ],
            "set_identifier": "",
            "ttl": 300,
            "type": "CNAME",
            "weighted_routing_policy": [],
            "zone_id": "Z2HQE6DV0EKCBL"
          },
          "dependencies": [
            "module.sources.aws_route53_zone.monks-co-public"
          ]
        }
      ]
    },
    {
      "module": "module.converted_zones",
      "mode": "managed",
      "type": "aws_route53_record",
      "name": "s-ss-cx-CNAME",
      "provider": "provider.aws",
      "instances": [
        {
          "schema_version": 2,
          "attributes": {
            "alias": [],
            "allow_overwrite": null,
            "failover_routing_policy": [],
            "fqdn": "s.ss.cx",
            "geolocation_routing_policy": [],
            "health_check_id": "",
            "id": "Z1NBZRVGMI91Y9_s.ss.cx._CNAME",
            "latency_routing_policy": [],
            "multivalue_answer_routing_policy": null,
            "name": "s.ss.cx",
            "records": [
              "bioart-saic-production.herokuapp.com."
            ],
            "set_identifier": "",
            "ttl": 300,
            "type": "CNAME",
            "weighted_routing_policy": [],
            "zone_id": "Z1NBZRVGMI91Y9"
          },
          "dependencies": [
            "module.converted_zones.aws_route53_zone.ss-cx"
          ]
        }
      ]
    },
    {
      "module": "module.sources",
      "mode": "managed",
      "type": "aws_route53_record",
      "name": "science-int3rn3t-website-A",
      "provider": "provider.aws",
      "instances": [
        {
          "schema_version": 2,
          "attributes": {
            "alias": [
              {
                "evaluate_target_health": false,
                "name": "s3-website-us-east-1.amazonaws.com",
                "zone_id": "Z3AQBSTGFYJSTF"
              }
            ],
            "allow_overwrite": true,
            "failover_routing_policy": [],
            "fqdn": "science.int3rn3t.website",
            "geolocation_routing_policy": [],
            "health_check_id": "",
            "id": "ZZ3XMTLQHTKV_science.int3rn3t.website_A",
            "latency_routing_policy": [],
            "multivalue_answer_routing_policy": null,
            "name": "science.int3rn3t.website",
            "records": [],
            "set_identifier": "",
            "ttl": 0,
            "type": "A",
            "weighted_routing_policy": [],
            "zone_id": "ZZ3XMTLQHTKV"
          },
          "dependencies": [
            "module.sources.aws_route53_zone.int3rn3t-website-public"
          ]
        }
      ]
    },
    {
      "module": "module.sources",
      "mode": "managed",
      "type": "aws_route53_record",
      "name": "server-gifbooth-co-A",
      "provider": "provider.aws",
      "instances": [
        {
          "schema_version": 2,
          "attributes": {
            "alias": [
              {
                "evaluate_target_health": false,
                "name": "awseb-e-9-awsebloa-1si8j8g8872wl-164988714.us-east-1.elb.amazonaws.com",
                "zone_id": "Z35SXDOTRQ7X7K"
              }
            ],
            "allow_overwrite": true,
            "failover_routing_policy": [],
            "fqdn": "server.gifbooth.co",
            "geolocation_routing_policy": [],
            "health_check_id": "",
            "id": "Z24PSF3W8K28GR_server.gifbooth.co_A",
            "latency_routing_policy": [],
            "multivalue_answer_routing_policy": null,
            "name": "server.gifbooth.co",
            "records": [],
            "set_identifier": "",
            "ttl": 0,
            "type": "A",
            "weighted_routing_policy": [],
            "zone_id": "Z24PSF3W8K28GR"
          },
          "dependencies": [
            "module.sources.aws_route53_zone.gifbooth-co-public"
          ]
        }
      ]
    },
    {
      "module": "module.sources",
      "mode": "managed",
      "type": "aws_route53_record",
      "name": "shout-monks-co-A",
      "provider": "provider.aws",
      "instances": [
        {
          "schema_version": 2,
          "attributes": {
            "alias": [
              {
                "evaluate_target_health": false,
                "name": "s3-website-us-east-1.amazonaws.com",
                "zone_id": "Z3AQBSTGFYJSTF"
              }
            ],
            "allow_overwrite": true,
            "failover_routing_policy": [],
            "fqdn": "shout.monks.co",
            "geolocation_routing_policy": [],
            "health_check_id": "",
            "id": "Z2HQE6DV0EKCBL_shout.monks.co_A",
            "latency_routing_policy": [],
            "multivalue_answer_routing_policy": null,
            "name": "shout.monks.co",
            "records": [],
            "set_identifier": "",
            "ttl": 0,
            "type": "A",
            "weighted_routing_policy": [],
            "zone_id": "Z2HQE6DV0EKCBL"
          },
          "dependencies": [
            "module.sources.aws_route53_zone.monks-co-public"
          ]
        }
      ]
    },
    {
      "module": "module.converted_zones",
      "mode": "managed",
      "type": "aws_route53_record",
      "name": "ss-cx-A",
      "provider": "provider.aws",
      "instances": [
        {
          "schema_version": 2,
          "attributes": {
            "alias": [],
            "allow_overwrite": null,
            "failover_routing_policy": [],
            "fqdn": "ss.cx",
            "geolocation_routing_policy": [],
            "health_check_id": "",
            "id": "Z1NBZRVGMI91Y9_ss.cx._A",
            "latency_routing_policy": [],
            "multivalue_answer_routing_policy": null,
            "name": "ss.cx",
            "records": [
              "168.235.71.126"
            ],
            "set_identifier": "",
            "ttl": 300,
            "type": "A",
            "weighted_routing_policy": [],
            "zone_id": "Z1NBZRVGMI91Y9"
          },
          "dependencies": [
            "module.converted_zones.aws_route53_zone.ss-cx"
          ]
        }
      ]
    },
    {
      "module": "module.converted_zones",
      "mode": "managed",
      "type": "aws_route53_record",
      "name": "status-belgianman-com-CNAME",
      "provider": "provider.aws",
      "instances": [
        {
          "schema_version": 2,
          "attributes": {
            "alias": [],
            "allow_overwrite": true,
            "failover_routing_policy": [],
            "fqdn": "status.belgianman.com",
            "geolocation_routing_policy": [],
            "health_check_id": "",
            "id": "Z2WRXSAGEFT2C1_status.belgianman.com_CNAME",
            "latency_routing_policy": [],
            "multivalue_answer_routing_policy": null,
            "name": "status.belgianman.com",
            "records": [
              "stats.pingdom.com."
            ],
            "set_identifier": "",
            "ttl": 300,
            "type": "CNAME",
            "weighted_routing_policy": [],
            "zone_id": "Z2WRXSAGEFT2C1"
          },
          "dependencies": [
            "module.converted_zones.aws_route53_zone.belgianman-com"
          ]
        }
      ]
    },
    {
      "module": "module.sources",
      "mode": "managed",
      "type": "aws_route53_record",
      "name": "surveil-monks-co-CNAME",
      "provider": "provider.aws",
      "instances": [
        {
          "schema_version": 2,
          "attributes": {
            "alias": [],
            "allow_overwrite": true,
            "failover_routing_policy": [],
            "fqdn": "surveil.monks.co",
            "geolocation_routing_policy": [],
            "health_check_id": "",
            "id": "Z2HQE6DV0EKCBL_surveil.monks.co_CNAME",
            "latency_routing_policy": [],
            "multivalue_answer_routing_policy": null,
            "name": "surveil.monks.co",
            "records": [
              "amonks.github.io."
            ],
            "set_identifier": "",
            "ttl": 300,
            "type": "CNAME",
            "weighted_routing_policy": [],
            "zone_id": "Z2HQE6DV0EKCBL"
          },
          "dependencies": [
            "module.sources.aws_route53_zone.monks-co-public"
          ]
        }
      ]
    },
    {
      "module": "module.converted_zones",
      "mode": "managed",
      "type": "aws_route53_record",
      "name": "surveil-social-A",
      "provider": "provider.aws",
      "instances": [
        {
          "schema_version": 2,
          "attributes": {
            "alias": [],
            "allow_overwrite": true,
            "failover_routing_policy": [],
            "fqdn": "surveil.social",
            "geolocation_routing_policy": [],
            "health_check_id": "",
            "id": "Z19USUAPBZQEBP_surveil.social_A",
            "latency_routing_policy": [],
            "multivalue_answer_routing_policy": null,
            "name": "surveil.social",
            "records": [
              "192.30.252.154"
            ],
            "set_identifier": "",
            "ttl": 300,
            "type": "A",
            "weighted_routing_policy": [],
            "zone_id": "Z19USUAPBZQEBP"
          },
          "dependencies": [
            "module.converted_zones.aws_route53_zone.surveil-social"
          ]
        }
      ]
    },
    {
      "module": "module.sources",
      "mode": "managed",
      "type": "aws_route53_record",
      "name": "text-monks-co-CNAME",
      "provider": "provider.aws",
      "instances": [
        {
          "schema_version": 2,
          "attributes": {
            "alias": [],
            "allow_overwrite": true,
            "failover_routing_policy": [],
            "fqdn": "text.monks.co",
            "geolocation_routing_policy": [],
            "health_check_id": "",
            "id": "Z2HQE6DV0EKCBL_text.monks.co_CNAME",
            "latency_routing_policy": [],
            "multivalue_answer_routing_policy": null,
            "name": "text.monks.co",
            "records": [
              "personaltextgen.herokuapp.com."
            ],
            "set_identifier": "",
            "ttl": 300,
            "type": "CNAME",
            "weighted_routing_policy": [],
            "zone_id": "Z2HQE6DV0EKCBL"
          },
          "dependencies": [
            "module.sources.aws_route53_zone.monks-co-public"
          ]
        }
      ]
    },
    {
      "module": "module.sources",
      "mode": "managed",
      "type": "aws_route53_record",
      "name": "u-monks-co-A",
      "provider": "provider.aws",
      "instances": [
        {
          "schema_version": 2,
          "attributes": {
            "alias": [
              {
                "evaluate_target_health": false,
                "name": "s3-website-us-east-1.amazonaws.com",
                "zone_id": "Z3AQBSTGFYJSTF"
              }
            ],
            "allow_overwrite": true,
            "failover_routing_policy": [],
            "fqdn": "u.monks.co",
            "geolocation_routing_policy": [],
            "health_check_id": "",
            "id": "Z2HQE6DV0EKCBL_u.monks.co_A",
            "latency_routing_policy": [],
            "multivalue_answer_routing_policy": null,
            "name": "u.monks.co",
            "records": [],
            "set_identifier": "",
            "ttl": 0,
            "type": "A",
            "weighted_routing_policy": [],
            "zone_id": "Z2HQE6DV0EKCBL"
          },
          "dependencies": [
            "module.sources.aws_route53_zone.monks-co-public"
          ]
        }
      ]
    },
    {
      "module": "module.converted_zones",
      "mode": "managed",
      "type": "aws_route53_record",
      "name": "v-ss-cx-CNAME",
      "provider": "provider.aws",
      "instances": [
        {
          "schema_version": 2,
          "attributes": {
            "alias": [],
            "allow_overwrite": null,
            "failover_routing_policy": [],
            "fqdn": "v.ss.cx",
            "geolocation_routing_policy": [],
            "health_check_id": "",
            "id": "Z1NBZRVGMI91Y9_v.ss.cx._CNAME",
            "latency_routing_policy": [],
            "multivalue_answer_routing_policy": null,
            "name": "v.ss.cx",
            "records": [
              "amonks.github.io."
            ],
            "set_identifier": "",
            "ttl": 300,
            "type": "CNAME",
            "weighted_routing_policy": [],
            "zone_id": "Z1NBZRVGMI91Y9"
          },
          "dependencies": [
            "module.converted_zones.aws_route53_zone.ss-cx"
          ]
        }
      ]
    },
    {
      "module": "module.sources",
      "mode": "managed",
      "type": "aws_route53_record",
      "name": "vj-monks-co-CNAME",
      "provider": "provider.aws",
      "instances": [
        {
          "schema_version": 2,
          "attributes": {
            "alias": [],
            "allow_overwrite": true,
            "failover_routing_policy": [],
            "fqdn": "vj.monks.co",
            "geolocation_routing_policy": [],
            "health_check_id": "",
            "id": "Z2HQE6DV0EKCBL_vj.monks.co_CNAME",
            "latency_routing_policy": [],
            "multivalue_answer_routing_policy": null,
            "name": "vj.monks.co",
            "records": [
              "amonks.github.io."
            ],
            "set_identifier": "",
            "ttl": 300,
            "type": "CNAME",
            "weighted_routing_policy": [],
            "zone_id": "Z2HQE6DV0EKCBL"
          },
          "dependencies": [
            "module.sources.aws_route53_zone.monks-co-public"
          ]
        }
      ]
    },
    {
      "module": "module.sources",
      "mode": "managed",
      "type": "aws_route53_record",
      "name": "vjjs-monks-co-CNAME",
      "provider": "provider.aws",
      "instances": [
        {
          "schema_version": 2,
          "attributes": {
            "alias": [],
            "allow_overwrite": true,
            "failover_routing_policy": [],
            "fqdn": "vjjs.monks.co",
            "geolocation_routing_policy": [],
            "health_check_id": "",
            "id": "Z2HQE6DV0EKCBL_vjjs.monks.co_CNAME",
            "latency_routing_policy": [],
            "multivalue_answer_routing_policy": null,
            "name": "vjjs.monks.co",
            "records": [
              "amonks.github.io."
            ],
            "set_identifier": "",
            "ttl": 300,
            "type": "CNAME",
            "weighted_routing_policy": [],
            "zone_id": "Z2HQE6DV0EKCBL"
          },
          "dependencies": [
            "module.sources.aws_route53_zone.monks-co-public"
          ]
        }
      ]
    },
    {
      "module": "module.sources",
      "mode": "managed",
      "type": "aws_route53_record",
      "name": "vo3lqx4fdwkk5ipwghlrbifnfngbp75u-_domainkey-gifbooth-co-CNAME",
      "provider": "provider.aws",
      "instances": [
        {
          "schema_version": 2,
          "attributes": {
            "alias": [],
            "allow_overwrite": true,
            "failover_routing_policy": [],
            "fqdn": "vo3lqx4fdwkk5ipwghlrbifnfngbp75u._domainkey.gifbooth.co",
            "geolocation_routing_policy": [],
            "health_check_id": "",
            "id": "Z24PSF3W8K28GR_vo3lqx4fdwkk5ipwghlrbifnfngbp75u._domainkey.gifbooth.co_CNAME",
            "latency_routing_policy": [],
            "multivalue_answer_routing_policy": null,
            "name": "vo3lqx4fdwkk5ipwghlrbifnfngbp75u._domainkey.gifbooth.co",
            "records": [
              "vo3lqx4fdwkk5ipwghlrbifnfngbp75u.dkim.amazonses.com"
            ],
            "set_identifier": "",
            "ttl": 1800,
            "type": "CNAME",
            "weighted_routing_policy": [],
            "zone_id": "Z24PSF3W8K28GR"
          },
          "private": "eyJzY2hlbWFfdmVyc2lvbiI6IjIifQ==",
          "dependencies": [
            "module.sources.aws_route53_zone.gifbooth-co-public"
          ]
        }
      ]
    },
    {
      "module": "module.converted_zones",
      "mode": "managed",
      "type": "aws_route53_record",
      "name": "vpn-ss-cx-A",
      "provider": "provider.aws",
      "instances": [
        {
          "schema_version": 2,
          "attributes": {
            "alias": [],
            "allow_overwrite": null,
            "failover_routing_policy": [],
            "fqdn": "vpn.ss.cx",
            "geolocation_routing_policy": [],
            "health_check_id": "",
            "id": "Z1NBZRVGMI91Y9_vpn.ss.cx._A",
            "latency_routing_policy": [],
            "multivalue_answer_routing_policy": null,
            "name": "vpn.ss.cx",
            "records": [
              "35.230.108.149"
            ],
            "set_identifier": "",
            "ttl": 300,
            "type": "A",
            "weighted_routing_policy": [],
            "zone_id": "Z1NBZRVGMI91Y9"
          },
          "dependencies": [
            "module.converted_zones.aws_route53_zone.ss-cx"
          ]
        }
      ]
    },
    {
      "module": "module.converted_zones",
      "mode": "managed",
      "type": "aws_route53_record",
      "name": "wafelijzer-belgianman-com-CNAME",
      "provider": "provider.aws",
      "instances": [
        {
          "schema_version": 2,
          "attributes": {
            "alias": [],
            "allow_overwrite": true,
            "failover_routing_policy": [],
            "fqdn": "wafelijzer.belgianman.com",
            "geolocation_routing_policy": [],
            "health_check_id": "",
            "id": "Z2WRXSAGEFT2C1_wafelijzer.belgianman.com_CNAME",
            "latency_routing_policy": [],
            "multivalue_answer_routing_policy": null,
            "name": "wafelijzer.belgianman.com",
            "records": [
              "belgianman.github.io."
            ],
            "set_identifier": "",
            "ttl": 300,
            "type": "CNAME",
            "weighted_routing_policy": [],
            "zone_id": "Z2WRXSAGEFT2C1"
          },
          "dependencies": [
            "module.converted_zones.aws_route53_zone.belgianman-com"
          ]
        }
      ]
    },
    {
      "module": "module.converted_zones",
      "mode": "managed",
      "type": "aws_route53_record",
      "name": "wifi-ss-cx-A",
      "provider": "provider.aws",
      "instances": [
        {
          "schema_version": 2,
          "attributes": {
            "alias": [],
            "allow_overwrite": null,
            "failover_routing_policy": [],
            "fqdn": "wifi.ss.cx",
            "geolocation_routing_policy": [],
            "health_check_id": "",
            "id": "Z1NBZRVGMI91Y9_wifi.ss.cx._A",
            "latency_routing_policy": [],
            "multivalue_answer_routing_policy": null,
            "name": "wifi.ss.cx",
            "records": [
              "35.247.99.86"
            ],
            "set_identifier": "",
            "ttl": 300,
            "type": "A",
            "weighted_routing_policy": [],
            "zone_id": "Z1NBZRVGMI91Y9"
          },
          "dependencies": [
            "module.converted_zones.aws_route53_zone.ss-cx"
          ]
        }
      ]
    },
    {
      "module": "module.converted_zones",
      "mode": "managed",
      "type": "aws_route53_record",
      "name": "wildcard-docrimes-com-A",
      "provider": "provider.aws",
      "instances": [
        {
          "schema_version": 2,
          "attributes": {
            "alias": [],
            "allow_overwrite": true,
            "failover_routing_policy": [],
            "fqdn": "*.docrimes.com",
            "geolocation_routing_policy": [],
            "health_check_id": "",
            "id": "Z3LLRBMYG197KV_*.docrimes.com_A",
            "latency_routing_policy": [],
            "multivalue_answer_routing_policy": null,
            "name": "*.docrimes.com",
            "records": [
              "192.30.252.153",
              "192.30.252.154"
            ],
            "set_identifier": "",
            "ttl": 300,
            "type": "A",
            "weighted_routing_policy": [],
            "zone_id": "Z3LLRBMYG197KV"
          },
          "dependencies": [
            "module.converted_zones.aws_route53_zone.docrimes-com"
          ]
        }
      ]
    },
    {
      "module": "module.converted_zones",
      "mode": "managed",
      "type": "aws_route53_record",
      "name": "wildcard-liminal-website-A",
      "provider": "provider.aws",
      "instances": [
        {
          "schema_version": 2,
          "attributes": {
            "alias": [],
            "allow_overwrite": true,
            "failover_routing_policy": [],
            "fqdn": "*.liminal.website",
            "geolocation_routing_policy": [],
            "health_check_id": "",
            "id": "Z3PAL8WFCKZC25_*.liminal.website_A",
            "latency_routing_policy": [],
            "multivalue_answer_routing_policy": null,
            "name": "*.liminal.website",
            "records": [
              "192.30.252.153",
              "192.30.252.154"
            ],
            "set_identifier": "",
            "ttl": 300,
            "type": "A",
            "weighted_routing_policy": [],
            "zone_id": "Z3PAL8WFCKZC25"
          },
          "dependencies": [
            "module.converted_zones.aws_route53_zone.liminal-website"
          ]
        }
      ]
    },
    {
      "module": "module.converted_zones",
      "mode": "managed",
      "type": "aws_route53_record",
      "name": "wildcard-wunder-xyz-A",
      "provider": "provider.aws",
      "instances": [
        {
          "schema_version": 2,
          "attributes": {
            "alias": [],
            "allow_overwrite": true,
            "failover_routing_policy": [],
            "fqdn": "*.wunder.xyz",
            "geolocation_routing_policy": [],
            "health_check_id": "",
            "id": "Z3DZ81ECX1FF5W_*.wunder.xyz_A",
            "latency_routing_policy": [],
            "multivalue_answer_routing_policy": null,
            "name": "*.wunder.xyz",
            "records": [
              "192.30.252.153",
              "192.30.252.154"
            ],
            "set_identifier": "",
            "ttl": 300,
            "type": "A",
            "weighted_routing_policy": [],
            "zone_id": "Z3DZ81ECX1FF5W"
          },
          "dependencies": [
            "module.converted_zones.aws_route53_zone.wunder-xyz"
          ]
        }
      ]
    },
    {
      "module": "module.converted_zones",
      "mode": "managed",
      "type": "aws_route53_record",
      "name": "wunder-xyz-A",
      "provider": "provider.aws",
      "instances": [
        {
          "schema_version": 2,
          "attributes": {
            "alias": [],
            "allow_overwrite": true,
            "failover_routing_policy": [],
            "fqdn": "wunder.xyz",
            "geolocation_routing_policy": [],
            "health_check_id": "",
            "id": "Z3DZ81ECX1FF5W_wunder.xyz_A",
            "latency_routing_policy": [],
            "multivalue_answer_routing_policy": null,
            "name": "wunder.xyz",
            "records": [
              "192.30.252.153",
              "192.30.252.154"
            ],
            "set_identifier": "",
            "ttl": 300,
            "type": "A",
            "weighted_routing_policy": [],
            "zone_id": "Z3DZ81ECX1FF5W"
          },
          "dependencies": [
            "module.converted_zones.aws_route53_zone.wunder-xyz"
          ]
        }
      ]
    },
    {
      "module": "module.converted_zones",
      "mode": "managed",
      "type": "aws_route53_record",
      "name": "www-andrewmonks-net-CNAME",
      "provider": "provider.aws",
      "instances": [
        {
          "schema_version": 2,
          "attributes": {
            "alias": [],
            "allow_overwrite": true,
            "failover_routing_policy": [],
            "fqdn": "www.andrewmonks.net",
            "geolocation_routing_policy": [],
            "health_check_id": "",
            "id": "Z2LC9EOHE58CX5_www.andrewmonks.net_CNAME",
            "latency_routing_policy": [],
            "multivalue_answer_routing_policy": null,
            "name": "www.andrewmonks.net",
            "records": [
              "monks.co."
            ],
            "set_identifier": "",
            "ttl": 300,
            "type": "CNAME",
            "weighted_routing_policy": [],
            "zone_id": "Z2LC9EOHE58CX5"
          },
          "dependencies": [
            "module.converted_zones.aws_route53_zone.andrewmonks-net"
          ]
        }
      ]
    },
    {
      "module": "module.converted_zones",
      "mode": "managed",
      "type": "aws_route53_record",
      "name": "www-belgianman-com-CNAME",
      "provider": "provider.aws",
      "instances": [
        {
          "schema_version": 2,
          "attributes": {
            "alias": [],
            "allow_overwrite": true,
            "failover_routing_policy": [],
            "fqdn": "www.belgianman.com",
            "geolocation_routing_policy": [],
            "health_check_id": "",
            "id": "Z2WRXSAGEFT2C1_www.belgianman.com_CNAME",
            "latency_routing_policy": [],
            "multivalue_answer_routing_policy": null,
            "name": "www.belgianman.com",
            "records": [
              "wafelijzer.herokuapp.com."
            ],
            "set_identifier": "",
            "ttl": 300,
            "type": "CNAME",
            "weighted_routing_policy": [],
            "zone_id": "Z2WRXSAGEFT2C1"
          },
          "dependencies": [
            "module.converted_zones.aws_route53_zone.belgianman-com"
          ]
        }
      ]
    },
    {
      "module": "module.sources",
      "mode": "managed",
      "type": "aws_route53_record",
      "name": "www-bioart-space-A",
      "provider": "provider.aws",
      "instances": [
        {
          "schema_version": 2,
          "attributes": {
            "alias": [
              {
                "evaluate_target_health": false,
                "name": "bioart.space",
                "zone_id": "Z2NSODYJVZY7LB"
              }
            ],
            "allow_overwrite": true,
            "failover_routing_policy": [],
            "fqdn": "www.bioart.space",
            "geolocation_routing_policy": [],
            "health_check_id": "",
            "id": "Z2NSODYJVZY7LB_www.bioart.space_A",
            "latency_routing_policy": [],
            "multivalue_answer_routing_policy": null,
            "name": "www.bioart.space",
            "records": [],
            "set_identifier": "",
            "ttl": 0,
            "type": "A",
            "weighted_routing_policy": [],
            "zone_id": "Z2NSODYJVZY7LB"
          },
          "dependencies": [
            "module.sources.aws_route53_zone.bioart-space-public"
          ]
        }
      ]
    },
    {
      "module": "module.sources",
      "mode": "managed",
      "type": "aws_route53_record",
      "name": "www-gifbooth-co-A",
      "provider": "provider.aws",
      "instances": [
        {
          "schema_version": 2,
          "attributes": {
            "alias": [
              {
                "evaluate_target_health": false,
                "name": "gifbooth.co",
                "zone_id": "Z24PSF3W8K28GR"
              }
            ],
            "allow_overwrite": true,
            "failover_routing_policy": [],
            "fqdn": "www.gifbooth.co",
            "geolocation_routing_policy": [],
            "health_check_id": "",
            "id": "Z24PSF3W8K28GR_www.gifbooth.co_A",
            "latency_routing_policy": [],
            "multivalue_answer_routing_policy": null,
            "name": "www.gifbooth.co",
            "records": [],
            "set_identifier": "",
            "ttl": 0,
            "type": "A",
            "weighted_routing_policy": [],
            "zone_id": "Z24PSF3W8K28GR"
          },
          "dependencies": [
            "module.sources.aws_route53_zone.gifbooth-co-public"
          ]
        }
      ]
    },
    {
      "module": "module.converted_zones",
      "mode": "managed",
      "type": "aws_route53_record",
      "name": "www-lyrics-gy-CNAME",
      "provider": "provider.aws",
      "instances": [
        {
          "schema_version": 2,
          "attributes": {
            "alias": [],
            "allow_overwrite": true,
            "failover_routing_policy": [],
            "fqdn": "www.lyrics.gy",
            "geolocation_routing_policy": [],
            "health_check_id": "",
            "id": "Z1SNXKXT44GU03_www.lyrics.gy_CNAME",
            "latency_routing_policy": [],
            "multivalue_answer_routing_policy": null,
            "name": "www.lyrics.gy",
            "records": [
              "lyricsgen.herokuapp.com."
            ],
            "set_identifier": "",
            "ttl": 300,
            "type": "CNAME",
            "weighted_routing_policy": [],
            "zone_id": "Z1SNXKXT44GU03"
          },
          "dependencies": [
            "module.converted_zones.aws_route53_zone.lyrics-gy"
          ]
        }
      ]
    },
    {
      "module": "module.converted_zones",
      "mode": "managed",
      "type": "aws_route53_record",
      "name": "www-surveil-social-CNAME",
      "provider": "provider.aws",
      "instances": [
        {
          "schema_version": 2,
          "attributes": {
            "alias": [],
            "allow_overwrite": true,
            "failover_routing_policy": [],
            "fqdn": "www.surveil.social",
            "geolocation_routing_policy": [],
            "health_check_id": "",
            "id": "Z19USUAPBZQEBP_www.surveil.social_CNAME",
            "latency_routing_policy": [],
            "multivalue_answer_routing_policy": null,
            "name": "www.surveil.social",
            "records": [
              "amonks.github.io."
            ],
            "set_identifier": "",
            "ttl": 300,
            "type": "CNAME",
            "weighted_routing_policy": [],
            "zone_id": "Z19USUAPBZQEBP"
          },
          "dependencies": [
            "module.converted_zones.aws_route53_zone.surveil-social"
          ]
        }
      ]
    },
    {
      "module": "module.sources",
      "mode": "managed",
      "type": "aws_route53_record",
      "name": "www-xn--onks-99b-com-CNAME",
      "provider": "provider.aws",
      "instances": [
        {
          "schema_version": 2,
          "attributes": {
            "alias": [],
            "allow_overwrite": true,
            "failover_routing_policy": [],
            "fqdn": "www.xn--onks-99b.com",
            "geolocation_routing_policy": [],
            "health_check_id": "",
            "id": "Z1FLZSREYSZUOK_www.xn--onks-99b.com_CNAME",
            "latency_routing_policy": [],
            "multivalue_answer_routing_policy": null,
            "name": "www.xn--onks-99b.com",
            "records": [
              "monks.co"
            ],
            "set_identifier": "",
            "ttl": 300,
            "type": "CNAME",
            "weighted_routing_policy": [],
            "zone_id": "Z1FLZSREYSZUOK"
          },
          "dependencies": [
            "module.sources.aws_route53_zone.xn--onks-99b-com-public"
          ]
        }
      ]
    },
    {
      "module": "module.sources",
      "mode": "managed",
      "type": "aws_route53_record",
      "name": "www-xn--wxa-art-CNAME",
      "provider": "provider.aws",
      "instances": [
        {
          "schema_version": 2,
          "attributes": {
            "alias": [],
            "allow_overwrite": true,
            "failover_routing_policy": [],
            "fqdn": "www.xn--wxa.art",
            "geolocation_routing_policy": [],
            "health_check_id": "",
            "id": "Z1XBQY9FU7KI6N_www.xn--wxa.art_CNAME",
            "latency_routing_policy": [],
            "multivalue_answer_routing_policy": null,
            "name": "www.xn--wxa.art",
            "records": [
              "xn--wxa.art"
            ],
            "set_identifier": "",
            "ttl": 300,
            "type": "CNAME",
            "weighted_routing_policy": [],
            "zone_id": "Z1XBQY9FU7KI6N"
          },
          "dependencies": [
            "module.sources.aws_route53_zone.xn--wxa-art-public"
          ]
        }
      ]
    },
    {
      "module": "module.sources",
      "mode": "managed",
      "type": "aws_route53_record",
      "name": "xn--onks-99b-com-A",
      "provider": "provider.aws",
      "instances": [
        {
          "schema_version": 2,
          "attributes": {
            "alias": [
              {
                "evaluate_target_health": false,
                "name": "s3-website-us-east-1.amazonaws.com",
                "zone_id": "Z3AQBSTGFYJSTF"
              }
            ],
            "allow_overwrite": true,
            "failover_routing_policy": [],
            "fqdn": "xn--onks-99b.com",
            "geolocation_routing_policy": [],
            "health_check_id": "",
            "id": "Z1FLZSREYSZUOK_xn--onks-99b.com_A",
            "latency_routing_policy": [],
            "multivalue_answer_routing_policy": null,
            "name": "xn--onks-99b.com",
            "records": [],
            "set_identifier": "",
            "ttl": 0,
            "type": "A",
            "weighted_routing_policy": [],
            "zone_id": "Z1FLZSREYSZUOK"
          },
          "dependencies": [
            "module.sources.aws_route53_zone.xn--onks-99b-com-public"
          ]
        }
      ]
    },
    {
      "module": "module.sources",
      "mode": "managed",
      "type": "aws_route53_record",
      "name": "xn--wxa-art-A",
      "provider": "provider.aws",
      "instances": [
        {
          "schema_version": 2,
          "attributes": {
            "alias": [
              {
                "evaluate_target_health": false,
                "name": "s3-website-us-east-1.amazonaws.com",
                "zone_id": "Z3AQBSTGFYJSTF"
              }
            ],
            "allow_overwrite": true,
            "failover_routing_policy": [],
            "fqdn": "xn--wxa.art",
            "geolocation_routing_policy": [],
            "health_check_id": "",
            "id": "Z1XBQY9FU7KI6N_xn--wxa.art_A",
            "latency_routing_policy": [],
            "multivalue_answer_routing_policy": null,
            "name": "xn--wxa.art",
            "records": [],
            "set_identifier": "",
            "ttl": 0,
            "type": "A",
            "weighted_routing_policy": [],
            "zone_id": "Z1XBQY9FU7KI6N"
          },
          "dependencies": [
            "module.sources.aws_route53_zone.xn--wxa-art-public",
            "module.sources.aws_s3_bucket.www-xn--wxa-art"
          ]
        }
      ]
    },
    {
      "module": "module.sources",
      "mode": "managed",
      "type": "aws_route53_record",
      "name": "yibczxpctizfstbzlk26eqc4li4xwtax-_domainkey-gifbooth-co-CNAME",
      "provider": "provider.aws",
      "instances": [
        {
          "schema_version": 2,
          "attributes": {
            "alias": [],
            "allow_overwrite": true,
            "failover_routing_policy": [],
            "fqdn": "yibczxpctizfstbzlk26eqc4li4xwtax._domainkey.gifbooth.co",
            "geolocation_routing_policy": [],
            "health_check_id": "",
            "id": "Z24PSF3W8K28GR_yibczxpctizfstbzlk26eqc4li4xwtax._domainkey.gifbooth.co_CNAME",
            "latency_routing_policy": [],
            "multivalue_answer_routing_policy": null,
            "name": "yibczxpctizfstbzlk26eqc4li4xwtax._domainkey.gifbooth.co",
            "records": [
              "yibczxpctizfstbzlk26eqc4li4xwtax.dkim.amazonses.com"
            ],
            "set_identifier": "",
            "ttl": 1800,
            "type": "CNAME",
            "weighted_routing_policy": [],
            "zone_id": "Z24PSF3W8K28GR"
          },
          "private": "eyJzY2hlbWFfdmVyc2lvbiI6IjIifQ==",
          "dependencies": [
            "module.sources.aws_route53_zone.gifbooth-co-public"
          ]
        }
      ]
    },
    {
      "module": "module.converted_zones",
      "mode": "managed",
      "type": "aws_route53_record",
      "name": "yungfuture-andrewmonks-net-CNAME",
      "provider": "provider.aws",
      "instances": [
        {
          "schema_version": 2,
          "attributes": {
            "alias": [],
            "allow_overwrite": true,
            "failover_routing_policy": [],
            "fqdn": "yungfuture.andrewmonks.net",
            "geolocation_routing_policy": [],
            "health_check_id": "",
            "id": "Z2LC9EOHE58CX5_yungfuture.andrewmonks.net_CNAME",
            "latency_routing_policy": [],
            "multivalue_answer_routing_policy": null,
            "name": "yungfuture.andrewmonks.net",
            "records": [
              "monks.co."
            ],
            "set_identifier": "",
            "ttl": 300,
            "type": "CNAME",
            "weighted_routing_policy": [],
            "zone_id": "Z2LC9EOHE58CX5"
          },
          "dependencies": [
            "module.converted_zones.aws_route53_zone.andrewmonks-net"
          ]
        }
      ]
    },
    {
      "module": "module.sources",
      "mode": "managed",
      "type": "aws_route53_record",
      "name": "yungfuture-monks-co-CNAME",
      "provider": "provider.aws",
      "instances": [
        {
          "schema_version": 2,
          "attributes": {
            "alias": [],
            "allow_overwrite": true,
            "failover_routing_policy": [],
            "fqdn": "yungfuture.monks.co",
            "geolocation_routing_policy": [],
            "health_check_id": "",
            "id": "Z2HQE6DV0EKCBL_yungfuture.monks.co_CNAME",
            "latency_routing_policy": [],
            "multivalue_answer_routing_policy": null,
            "name": "yungfuture.monks.co",
            "records": [
              "monks.co."
            ],
            "set_identifier": "",
            "ttl": 300,
            "type": "CNAME",
            "weighted_routing_policy": [],
            "zone_id": "Z2HQE6DV0EKCBL"
          },
          "dependencies": [
            "module.sources.aws_route53_zone.monks-co-public"
          ]
        }
      ]
    },
    {
      "module": "module.sources",
      "mode": "managed",
      "type": "aws_route53_record",
      "name": "zingularity-int3rn3t-website-A",
      "provider": "provider.aws",
      "instances": [
        {
          "schema_version": 2,
          "attributes": {
            "alias": [
              {
                "evaluate_target_health": false,
                "name": "d1pqf9r4iv73tz.cloudfront.net",
                "zone_id": "Z2FDTNDATAQYW2"
              }
            ],
            "allow_overwrite": true,
            "failover_routing_policy": [],
            "fqdn": "zingularity.int3rn3t.website",
            "geolocation_routing_policy": [],
            "health_check_id": "",
            "id": "ZZ3XMTLQHTKV_zingularity.int3rn3t.website_A",
            "latency_routing_policy": [],
            "multivalue_answer_routing_policy": null,
            "name": "zingularity.int3rn3t.website",
            "records": [],
            "set_identifier": "",
            "ttl": 0,
            "type": "A",
            "weighted_routing_policy": [],
            "zone_id": "ZZ3XMTLQHTKV"
          },
          "dependencies": [
            "module.sources.aws_route53_zone.int3rn3t-website-public"
          ]
        }
      ]
    },
    {
      "module": "module.converted_zones",
      "mode": "managed",
      "type": "aws_route53_zone",
      "name": "andrewmonks-net",
      "provider": "provider.aws",
      "instances": [
        {
          "schema_version": 0,
          "attributes": {
            "comment": "Managed by Terraform",
            "delegation_set_id": "",
            "force_destroy": false,
            "id": "Z2LC9EOHE58CX5",
            "name": "andrewmonks.net.",
            "name_servers": [
              "ns-1168.awsdns-18.org",
              "ns-1818.awsdns-35.co.uk",
              "ns-648.awsdns-17.net",
              "ns-79.awsdns-09.com"
            ],
            "tags": {},
            "vpc": [],
            "vpc_id": "",
            "vpc_region": "",
            "zone_id": "Z2LC9EOHE58CX5"
          }
        }
      ]
    },
    {
      "module": "module.converted_zones",
      "mode": "managed",
      "type": "aws_route53_zone",
      "name": "belgianman-com",
      "provider": "provider.aws",
      "instances": [
        {
          "schema_version": 0,
          "attributes": {
            "comment": "Managed by Terraform",
            "delegation_set_id": "",
            "force_destroy": false,
            "id": "Z2WRXSAGEFT2C1",
            "name": "belgianman.com.",
            "name_servers": [
              "ns-1146.awsdns-15.org",
              "ns-1609.awsdns-09.co.uk",
              "ns-458.awsdns-57.com",
              "ns-592.awsdns-10.net"
            ],
            "tags": {},
            "vpc": [],
            "vpc_id": "",
            "vpc_region": "",
            "zone_id": "Z2WRXSAGEFT2C1"
          }
        }
      ]
    },
    {
      "module": "module.sources",
      "mode": "managed",
      "type": "aws_route53_zone",
      "name": "bioart-space-public",
      "provider": "provider.aws",
      "instances": [
        {
          "schema_version": 0,
          "attributes": {
            "comment": "Managed by Terraform",
            "delegation_set_id": "",
            "force_destroy": false,
            "id": "Z2NSODYJVZY7LB",
            "name": "bioart.space.",
            "name_servers": [
              "ns-1298.awsdns-34.org",
              "ns-1744.awsdns-26.co.uk",
              "ns-197.awsdns-24.com",
              "ns-836.awsdns-40.net"
            ],
            "tags": {},
            "vpc": [],
            "vpc_id": "",
            "vpc_region": "",
            "zone_id": "Z2NSODYJVZY7LB"
          }
        }
      ]
    },
    {
      "module": "module.sources",
      "mode": "managed",
      "type": "aws_route53_zone",
      "name": "blgn-mn-public",
      "provider": "provider.aws",
      "instances": [
        {
          "schema_version": 0,
          "attributes": {
            "comment": "Managed by Terraform",
            "delegation_set_id": "",
            "force_destroy": false,
            "id": "Z2HNIG1QJ0OMXT",
            "name": "blgn.mn.",
            "name_servers": [
              "ns-1252.awsdns-28.org",
              "ns-1970.awsdns-54.co.uk",
              "ns-72.awsdns-09.com",
              "ns-723.awsdns-26.net"
            ],
            "tags": {},
            "vpc": [],
            "vpc_id": "",
            "vpc_region": "",
            "zone_id": "Z2HNIG1QJ0OMXT"
          }
        }
      ]
    },
    {
      "module": "module.converted_zones",
      "mode": "managed",
      "type": "aws_route53_zone",
      "name": "docrimes-com",
      "provider": "provider.aws",
      "instances": [
        {
          "schema_version": 0,
          "attributes": {
            "comment": "Managed by Terraform",
            "delegation_set_id": "",
            "force_destroy": false,
            "id": "Z3LLRBMYG197KV",
            "name": "docrimes.com.",
            "name_servers": [
              "ns-1151.awsdns-15.org",
              "ns-1628.awsdns-11.co.uk",
              "ns-492.awsdns-61.com",
              "ns-572.awsdns-07.net"
            ],
            "tags": {},
            "vpc": [],
            "vpc_id": "",
            "vpc_region": "",
            "zone_id": "Z3LLRBMYG197KV"
          }
        }
      ]
    },
    {
      "module": "module.sources",
      "mode": "managed",
      "type": "aws_route53_zone",
      "name": "gifbooth-co-public",
      "provider": "provider.aws",
      "instances": [
        {
          "schema_version": 0,
          "attributes": {
            "comment": "Managed by Terraform",
            "delegation_set_id": "",
            "force_destroy": false,
            "id": "Z24PSF3W8K28GR",
            "name": "gifbooth.co.",
            "name_servers": [
              "ns-1261.awsdns-29.org",
              "ns-1774.awsdns-29.co.uk",
              "ns-489.awsdns-61.com",
              "ns-611.awsdns-12.net"
            ],
            "tags": {},
            "vpc": [],
            "vpc_id": "",
            "vpc_region": "",
            "zone_id": "Z24PSF3W8K28GR"
          }
        }
      ]
    },
    {
      "module": "module.sources",
      "mode": "managed",
      "type": "aws_route53_zone",
      "name": "int3rn3t-website-public",
      "provider": "provider.aws",
      "instances": [
        {
          "schema_version": 0,
          "attributes": {
            "comment": "Managed by Terraform",
            "delegation_set_id": "",
            "force_destroy": false,
            "id": "ZZ3XMTLQHTKV",
            "name": "int3rn3t.website.",
            "name_servers": [
              "ns-1092.awsdns-08.org",
              "ns-1639.awsdns-12.co.uk",
              "ns-175.awsdns-21.com",
              "ns-959.awsdns-55.net"
            ],
            "tags": {},
            "vpc": [],
            "vpc_id": "",
            "vpc_region": "",
            "zone_id": "ZZ3XMTLQHTKV"
          }
        }
      ]
    },
    {
      "module": "module.converted_zones",
      "mode": "managed",
      "type": "aws_route53_zone",
      "name": "liminal-website",
      "provider": "provider.aws",
      "instances": [
        {
          "schema_version": 0,
          "attributes": {
            "comment": "Managed by Terraform",
            "delegation_set_id": "",
            "force_destroy": false,
            "id": "Z3PAL8WFCKZC25",
            "name": "liminal.website.",
            "name_servers": [
              "ns-1382.awsdns-44.org",
              "ns-1540.awsdns-00.co.uk",
              "ns-184.awsdns-23.com",
              "ns-561.awsdns-06.net"
            ],
            "tags": {},
            "vpc": [],
            "vpc_id": "",
            "vpc_region": "",
            "zone_id": "Z3PAL8WFCKZC25"
          }
        }
      ]
    },
    {
      "module": "module.converted_zones",
      "mode": "managed",
      "type": "aws_route53_zone",
      "name": "lyrics-gy",
      "provider": "provider.aws",
      "instances": [
        {
          "schema_version": 0,
          "attributes": {
            "comment": "Managed by Terraform",
            "delegation_set_id": "",
            "force_destroy": false,
            "id": "Z1SNXKXT44GU03",
            "name": "lyrics.gy.",
            "name_servers": [
              "ns-1334.awsdns-38.org",
              "ns-1807.awsdns-33.co.uk",
              "ns-87.awsdns-10.com",
              "ns-971.awsdns-57.net"
            ],
            "tags": {},
            "vpc": [],
            "vpc_id": "",
            "vpc_region": "",
            "zone_id": "Z1SNXKXT44GU03"
          }
        }
      ]
    },
    {
      "module": "module.sources",
      "mode": "managed",
      "type": "aws_route53_zone",
      "name": "monks-co-public",
      "provider": "provider.aws",
      "instances": [
        {
          "schema_version": 0,
          "attributes": {
            "comment": "Managed by Terraform",
            "delegation_set_id": "",
            "force_destroy": false,
            "id": "Z2HQE6DV0EKCBL",
            "name": "monks.co.",
            "name_servers": [
              "ns-1380.awsdns-44.org",
              "ns-170.awsdns-21.com",
              "ns-1804.awsdns-33.co.uk",
              "ns-839.awsdns-40.net"
            ],
            "tags": {},
            "vpc": [],
            "vpc_id": "",
            "vpc_region": "",
            "zone_id": "Z2HQE6DV0EKCBL"
          }
        }
      ]
    },
    {
      "module": "module.converted_zones",
      "mode": "managed",
      "type": "aws_route53_zone",
      "name": "needsyourhelp-org",
      "provider": "provider.aws",
      "instances": [
        {
          "schema_version": 0,
          "attributes": {
            "comment": "Managed by Terraform",
            "delegation_set_id": "",
            "force_destroy": false,
            "id": "ZAWVK3MD13OJ6",
            "name": "needsyourhelp.org.",
            "name_servers": [
              "ns-1286.awsdns-32.org",
              "ns-158.awsdns-19.com",
              "ns-1768.awsdns-29.co.uk",
              "ns-911.awsdns-49.net"
            ],
            "tags": {},
            "vpc": [],
            "vpc_id": "",
            "vpc_region": "",
            "zone_id": "ZAWVK3MD13OJ6"
          }
        }
      ]
    },
    {
      "module": "module.sources",
      "mode": "managed",
      "type": "aws_route53_zone",
      "name": "radblock-xyz-public",
      "provider": "provider.aws",
      "instances": [
        {
          "schema_version": 0,
          "attributes": {
            "comment": "Managed by Terraform",
            "delegation_set_id": "",
            "force_destroy": false,
            "id": "Z1SLXHOGO4DU45",
            "name": "radblock.xyz.",
            "name_servers": [
              "ns-1089.awsdns-08.org",
              "ns-1883.awsdns-43.co.uk",
              "ns-227.awsdns-28.com",
              "ns-644.awsdns-16.net"
            ],
            "tags": {},
            "vpc": [],
            "vpc_id": "",
            "vpc_region": "",
            "zone_id": "Z1SLXHOGO4DU45"
          }
        }
      ]
    },
    {
      "module": "module.converted_zones",
      "mode": "managed",
      "type": "aws_route53_zone",
      "name": "ss-cx",
      "provider": "provider.aws",
      "instances": [
        {
          "schema_version": 0,
          "attributes": {
            "comment": "Managed by Terraform",
            "delegation_set_id": "",
            "force_destroy": false,
            "id": "Z1NBZRVGMI91Y9",
            "name": "ss.cx.",
            "name_servers": [
              "ns-1489.awsdns-58.org",
              "ns-1738.awsdns-25.co.uk",
              "ns-66.awsdns-08.com",
              "ns-738.awsdns-28.net"
            ],
            "tags": {},
            "vpc": [],
            "vpc_id": null,
            "vpc_region": null,
            "zone_id": "Z1NBZRVGMI91Y9"
          }
        }
      ]
    },
    {
      "module": "module.converted_zones",
      "mode": "managed",
      "type": "aws_route53_zone",
      "name": "surveil-social",
      "provider": "provider.aws",
      "instances": [
        {
          "schema_version": 0,
          "attributes": {
            "comment": "Managed by Terraform",
            "delegation_set_id": "",
            "force_destroy": false,
            "id": "Z19USUAPBZQEBP",
            "name": "surveil.social.",
            "name_servers": [
              "ns-1391.awsdns-45.org",
              "ns-1878.awsdns-42.co.uk",
              "ns-215.awsdns-26.com",
              "ns-857.awsdns-43.net"
            ],
            "tags": {},
            "vpc": [],
            "vpc_id": "",
            "vpc_region": "",
            "zone_id": "Z19USUAPBZQEBP"
          }
        }
      ]
    },
    {
      "module": "module.converted_zones",
      "mode": "managed",
      "type": "aws_route53_zone",
      "name": "wunder-xyz",
      "provider": "provider.aws",
      "instances": [
        {
          "schema_version": 0,
          "attributes": {
            "comment": "Managed by Terraform",
            "delegation_set_id": "",
            "force_destroy": false,
            "id": "Z3DZ81ECX1FF5W",
            "name": "wunder.xyz.",
            "name_servers": [
              "ns-1075.awsdns-06.org",
              "ns-1823.awsdns-35.co.uk",
              "ns-240.awsdns-30.com",
              "ns-585.awsdns-09.net"
            ],
            "tags": {},
            "vpc": [],
            "vpc_id": "",
            "vpc_region": "",
            "zone_id": "Z3DZ81ECX1FF5W"
          }
        }
      ]
    },
    {
      "module": "module.sources",
      "mode": "managed",
      "type": "aws_route53_zone",
      "name": "xn--onks-99b-com-public",
      "provider": "provider.aws",
      "instances": [
        {
          "schema_version": 0,
          "attributes": {
            "comment": "Managed by Terraform",
            "delegation_set_id": "",
            "force_destroy": false,
            "id": "Z1FLZSREYSZUOK",
            "name": "xn--onks-99b.com.",
            "name_servers": [
              "ns-1288.awsdns-33.org",
              "ns-1784.awsdns-31.co.uk",
              "ns-223.awsdns-27.com",
              "ns-860.awsdns-43.net"
            ],
            "tags": {},
            "vpc": [],
            "vpc_id": "",
            "vpc_region": "",
            "zone_id": "Z1FLZSREYSZUOK"
          }
        }
      ]
    },
    {
      "module": "module.sources",
      "mode": "managed",
      "type": "aws_route53_zone",
      "name": "xn--wxa-art-public",
      "provider": "provider.aws",
      "instances": [
        {
          "schema_version": 0,
          "attributes": {
            "comment": "Managed by Terraform",
            "delegation_set_id": "",
            "force_destroy": false,
            "id": "Z1XBQY9FU7KI6N",
            "name": "xn--wxa.art.",
            "name_servers": [
              "ns-1522.awsdns-62.org",
              "ns-1579.awsdns-05.co.uk",
              "ns-23.awsdns-02.com",
              "ns-589.awsdns-09.net"
            ],
            "tags": {},
            "vpc": [],
            "vpc_id": "",
            "vpc_region": "",
            "zone_id": "Z1XBQY9FU7KI6N"
          }
        }
      ]
    },
    {
      "module": "module.sources",
      "mode": "managed",
      "type": "aws_s3_bucket",
      "name": "blgn-mn-bucket",
      "provider": "provider.aws",
      "instances": [
        {
          "schema_version": 0,
          "attributes": {
            "acceleration_status": "",
            "acl": "public-read",
            "arn": "arn:aws:s3:::blgn.mn",
            "bucket": "blgn.mn",
            "bucket_domain_name": "blgn.mn.s3.amazonaws.com",
            "bucket_prefix": null,
            "bucket_regional_domain_name": "blgn.mn.s3.amazonaws.com",
            "cors_rule": [],
            "force_destroy": false,
            "hosted_zone_id": "Z3AQBSTGFYJSTF",
            "id": "blgn.mn",
            "lifecycle_rule": [],
            "logging": [],
            "object_lock_configuration": [],
            "policy": null,
            "region": "us-east-1",
            "replication_configuration": [],
            "request_payer": "BucketOwner",
            "server_side_encryption_configuration": [],
            "tags": {},
            "versioning": [
              {
                "enabled": false,
                "mfa_delete": false
              }
            ],
            "website": [
              {
                "error_document": "",
                "index_document": "",
                "redirect_all_requests_to": "http://belgianman.com",
                "routing_rules": ""
              }
            ],
            "website_domain": "s3-website-us-east-1.amazonaws.com",
            "website_endpoint": "blgn.mn.s3-website-us-east-1.amazonaws.com"
          }
        }
      ]
    },
    {
      "module": "module.sources",
      "mode": "managed",
      "type": "aws_s3_bucket",
      "name": "monks-co-bucket",
      "provider": "provider.aws",
      "instances": [
        {
          "schema_version": 0,
          "attributes": {
            "acceleration_status": "",
            "acl": "public-read",
            "arn": "arn:aws:s3:::monks.co",
            "bucket": "monks.co",
            "bucket_domain_name": "monks.co.s3.amazonaws.com",
            "bucket_prefix": null,
            "bucket_regional_domain_name": "monks.co.s3.amazonaws.com",
            "cors_rule": [],
            "force_destroy": false,
            "hosted_zone_id": "Z3AQBSTGFYJSTF",
            "id": "monks.co",
            "lifecycle_rule": [],
            "logging": [],
            "object_lock_configuration": [],
            "policy": null,
            "region": "us-east-1",
            "replication_configuration": [],
            "request_payer": "BucketOwner",
            "server_side_encryption_configuration": [],
            "tags": {},
            "versioning": [
              {
                "enabled": false,
                "mfa_delete": false
              }
            ],
            "website": [
              {
                "error_document": "",
                "index_document": "index.html",
                "redirect_all_requests_to": "",
                "routing_rules": ""
              }
            ],
            "website_domain": "s3-website-us-east-1.amazonaws.com",
            "website_endpoint": "monks.co.s3-website-us-east-1.amazonaws.com"
          }
        }
      ]
    },
    {
      "module": "module.sources",
      "mode": "managed",
      "type": "aws_s3_bucket",
      "name": "www-xn--wxa-art",
      "provider": "provider.aws",
      "instances": [
        {
          "schema_version": 0,
          "attributes": {
            "acceleration_status": "",
            "acl": "public-read",
            "arn": "arn:aws:s3:::xn--wxa.art",
            "bucket": "xn--wxa.art",
            "bucket_domain_name": "xn--wxa.art.s3.amazonaws.com",
            "bucket_prefix": null,
            "bucket_regional_domain_name": "xn--wxa.art.s3.amazonaws.com",
            "cors_rule": [],
            "force_destroy": false,
            "hosted_zone_id": "Z3AQBSTGFYJSTF",
            "id": "xn--wxa.art",
            "lifecycle_rule": [],
            "logging": [],
            "object_lock_configuration": [],
            "policy": null,
            "region": "us-east-1",
            "replication_configuration": [],
            "request_payer": "BucketOwner",
            "server_side_encryption_configuration": [],
            "tags": {},
            "versioning": [
              {
                "enabled": false,
                "mfa_delete": false
              }
            ],
            "website": [
              {
                "error_document": "",
                "index_document": "",
                "redirect_all_requests_to": "https://monks.co",
                "routing_rules": ""
              }
            ],
            "website_domain": "s3-website-us-east-1.amazonaws.com",
            "website_endpoint": "xn--wxa.art.s3-website-us-east-1.amazonaws.com"
          }
        }
      ]
    },
    {
      "module": "module.sources",
      "mode": "managed",
      "type": "aws_s3_bucket_object",
      "name": "monks-co-graphql-html",
      "provider": "provider.aws",
      "instances": [
        {
          "schema_version": 0,
          "attributes": {
            "acl": "private",
            "bucket": "monks.co",
            "cache_control": "",
            "content": null,
            "content_base64": null,
            "content_disposition": "",
            "content_encoding": "",
            "content_language": "",
            "content_type": "text/html; charset=utf-8",
            "etag": "0a8a0e8f99ef2ef2e107528db1e2aa12",
            "force_destroy": false,
            "id": "graphql.html",
            "key": "graphql.html",
            "kms_key_id": null,
            "metadata": {},
            "object_lock_legal_hold_status": "",
            "object_lock_mode": "",
            "object_lock_retain_until_date": "",
            "server_side_encryption": "",
            "source": "../public/monks.co/graphql.html",
            "storage_class": "STANDARD",
            "tags": {},
            "version_id": "",
            "website_redirect": ""
          },
          "private": "bnVsbA=="
        }
      ]
    },
    {
      "module": "module.sources",
      "mode": "managed",
      "type": "aws_s3_bucket_object",
      "name": "monks-co-index-html",
      "provider": "provider.aws",
      "instances": [
        {
          "schema_version": 0,
          "attributes": {
            "acl": "private",
            "bucket": "monks.co",
            "cache_control": "",
            "content": null,
            "content_base64": null,
            "content_disposition": "",
            "content_encoding": "",
            "content_language": "",
            "content_type": "text/html; charset=utf-8",
            "etag": "8f7fd0bca863338d277447f10b950603",
            "force_destroy": false,
            "id": "index.html",
            "key": "index.html",
            "kms_key_id": null,
            "metadata": {},
            "object_lock_legal_hold_status": "",
            "object_lock_mode": "",
            "object_lock_retain_until_date": "",
            "server_side_encryption": "",
            "source": "../public/monks.co/index.html",
            "storage_class": "STANDARD",
            "tags": {},
            "version_id": "",
            "website_redirect": ""
          },
          "private": "bnVsbA=="
        }
      ]
    },
    {
      "module": "module.sources",
      "mode": "managed",
      "type": "aws_s3_bucket_object",
      "name": "monks-co-monks-jpg",
      "provider": "provider.aws",
      "instances": [
        {
          "schema_version": 0,
          "attributes": {
            "acl": "private",
            "bucket": "monks.co",
            "cache_control": "max-age=31536000",
            "content": null,
            "content_base64": null,
            "content_disposition": "",
            "content_encoding": "",
            "content_language": "",
            "content_type": "image/jpeg",
            "etag": "dd66eca5d2d54f5d53163cf205f5cede",
            "force_destroy": false,
            "id": "monks.jpg",
            "key": "monks.jpg",
            "kms_key_id": null,
            "metadata": {},
            "object_lock_legal_hold_status": "",
            "object_lock_mode": "",
            "object_lock_retain_until_date": "",
            "server_side_encryption": "",
            "source": "../public/monks.co/monks.jpg",
            "storage_class": "STANDARD",
            "tags": {},
            "version_id": "",
            "website_redirect": ""
          },
          "private": "bnVsbA=="
        }
      ]
    },
    {
      "module": "module.sources",
      "mode": "managed",
      "type": "aws_s3_bucket_object",
      "name": "monks-co-old-html",
      "provider": "provider.aws",
      "instances": [
        {
          "schema_version": 0,
          "attributes": {
            "acl": "private",
            "bucket": "monks.co",
            "cache_control": "",
            "content": null,
            "content_base64": null,
            "content_disposition": "",
            "content_encoding": "",
            "content_language": "",
            "content_type": "text/html; charset=utf-8",
            "etag": "83b7bd6e160846bdb738a06d17331fe8",
            "force_destroy": false,
            "id": "old.html",
            "key": "old.html",
            "kms_key_id": null,
            "metadata": {},
            "object_lock_legal_hold_status": "",
            "object_lock_mode": "",
            "object_lock_retain_until_date": "",
            "server_side_encryption": "",
            "source": "../public/monks.co/old.html",
            "storage_class": "STANDARD",
            "tags": {},
            "version_id": "",
            "website_redirect": ""
          },
          "private": "bnVsbA=="
        }
      ]
    }
  ]
}
