github.com/davecgh/go-spew v1.1.2-0.20180830191138-d8f796af33cc h1:U9qPSI2PIWSS1VwoXQT9A3Wy9MM3WgvqSxFWenqJduM=
github.com/go-ole/go-ole v1.3.0 h1:Dt6ye7+vXGIKZ7Xtk4s6/xVdGDQynvom7xCFEdWr6uE=
github.com/godbus/dbus/v5 v5.2.2 h1:TUR3TgtSVDmjiXOgAAyaZbYmIeP3DPkld3jgKGV8mXQ=
github.com/pmezard/go-difflib v1.0.1-0.20181226105442-5d4384ee4fb2 h1:Jamvg5psRIccs7FGNTlIRMkT8wgtp5eCXdBlqhYGL6U=
github.com/saltosystems/winrt-go v0.0.0-20260107125907-434129c1811c h1:cpqwXYAw7CQNZ2LKR6WstqaSKX1CCZWgaUuyW0ylVEU=
github.com/sirupsen/logrus v1.9.4 h1:TsZE7l11zFCLZnZ+teH4Umoq5BhEIfIzfRDZ1Uzql2w=
github.com/soypat/cyw43439 v0.0.0-20260205190802-a35ef397c936 h1:MwlTbIxUBBC1pekzNfufvTMoRKgXT/rMkZJfYr6EAzA=
github.com/soypat/lneto v0.0.0-20260212192548-fae4552ddb22 h1:qOQWHZEBaelp13Gfvl1Layc29INjgLOBGxEk7f4yTRM=
github.com/soypat/seqs v0.0.0-20260125140838-2c1c6b1bd69e h1:xF3R+8683ngGNUeIy8PHJZiJZ/XIw+hlGgxg572P0Mw=
github.com/stretchr/testify v1.11.1 h1:7s2iGBzp5EwR7/aIZr8ao5+dra3wiQyKjjFuvgVKu7U=
github.com/tinygo-org/cbgo v0.0.4 h1:3D76CRYbH03Rudi8sEgs/YO0x3JIMdyq8jlQtk/44fU=
github.com/tinygo-org/pio v0.2.0 h1:vo3xa6xDZ2rVtxrks/KcTZHF3qq4lyWOntvEvl2pOhU=
golang.org/x/exp v0.0.0-20260212183809-81e46e3db34a h1:ovFr6Z0MNmU7nH8VaX5xqw+05ST2uO1exVfZPVqRC5o=
golang.org/x/sys v0.41.0 h1:Ivj+2Cp/ylzLiEU89QhWblYnOE9zerudt9Ftecq2C6k=
gopkg.in/yaml.v3 v3.0.1 h1:fxVm/GzAzEWqLHuvctI91KS9hhNmmWOoWu0XTYJS7CA=
tinygo.org/x/bluetooth v0.14.0 h1:rrUaT+Fu6O0phGm4Y5UZULL8F7UahOq/JwGAPjJm+V4=
