{
  "version": 4,
  "terraform_version": "1.6.2",
  "serial": 416,
  "lineage": "e5f52129-6b91-455a-b9fb-50471c68a7ac",
  "outputs": {
    "monks-go_iam_user_access_key_id": {
      "value": "AKIAYEGW264PP76YB67P",
      "type": "string"
    },
    "monks-go_iam_user_secret_access_key": {
      "value": "3KKM0VkWxNWNWnsTI7/nagcvKUZXXbMGIj/+mgBu",
      "type": "string",
      "sensitive": true
    }
  },
  "resources": [
    {
      "module": "module.converted_zones",
      "mode": "managed",
      "type": "aws_route53_record",
      "name": "a-andrewmonks-net-CNAME",
      "provider": "provider[\"registry.terraform.io/hashicorp/aws\"]",
      "instances": [
        {
          "schema_version": 2,
          "attributes": {
            "alias": [],
            "allow_overwrite": true,
            "failover_routing_policy": [],
            "fqdn": "a.andrewmonks.net",
            "geolocation_routing_policy": [],
            "health_check_id": "",
            "id": "Z2LC9EOHE58CX5_a.andrewmonks.net_CNAME",
            "latency_routing_policy": [],
            "multivalue_answer_routing_policy": null,
            "name": "a.andrewmonks.net",
            "records": [
              "monks.co."
            ],
            "set_identifier": "",
            "ttl": 300,
            "type": "CNAME",
            "weighted_routing_policy": [],
            "zone_id": "Z2LC9EOHE58CX5"
          },
          "sensitive_attributes": [],
          "dependencies": [
            "module.converted_zones.aws_route53_zone.andrewmonks-net"
          ]
        }
      ]
    },
    {
      "module": "module.converted_zones",
      "mode": "managed",
      "type": "aws_route53_record",
      "name": "andrewmonks-com-A",
      "provider": "provider[\"registry.terraform.io/hashicorp/aws\"]",
      "instances": [
        {
          "schema_version": 2,
          "attributes": {
            "alias": [],
            "allow_overwrite": null,
            "failover_routing_policy": [],
            "fqdn": "andrewmonks.com",
            "geolocation_routing_policy": [],
            "health_check_id": "",
            "id": "Z00241891EYVDMH9HUUCA_andrewmonks.com._A",
            "latency_routing_policy": [],
            "multivalue_answer_routing_policy": null,
            "name": "andrewmonks.com",
            "records": [
              "217.70.184.38"
            ],
            "set_identifier": "",
            "ttl": 300,
            "type": "A",
            "weighted_routing_policy": [],
            "zone_id": "Z00241891EYVDMH9HUUCA"
          },
          "sensitive_attributes": [],
          "private": "eyJzY2hlbWFfdmVyc2lvbiI6IjIifQ==",
          "dependencies": [
            "module.converted_zones.aws_route53_zone.andrewmonks-com"
          ]
        }
      ]
    },
    {
      "module": "module.converted_zones",
      "mode": "managed",
      "type": "aws_route53_record",
      "name": "andrewmonks-net-A",
      "provider": "provider[\"registry.terraform.io/hashicorp/aws\"]",
      "instances": [
        {
          "schema_version": 2,
          "attributes": {
            "alias": [],
            "allow_overwrite": true,
            "failover_routing_policy": [],
            "fqdn": "andrewmonks.net",
            "geolocation_routing_policy": [],
            "health_check_id": "",
            "id": "Z2LC9EOHE58CX5_andrewmonks.net_A",
            "latency_routing_policy": [],
            "multivalue_answer_routing_policy": null,
            "name": "andrewmonks.net",
            "records": [
              "217.70.184.38"
            ],
            "set_identifier": "",
            "ttl": 300,
            "type": "A",
            "weighted_routing_policy": [],
            "zone_id": "Z2LC9EOHE58CX5"
          },
          "sensitive_attributes": [],
          "dependencies": [
            "module.converted_zones.aws_route53_zone.andrewmonks-net"
          ]
        }
      ]
    },
    {
      "module": "module.converted_zones",
      "mode": "managed",
      "type": "aws_route53_record",
      "name": "andrewmonks-net-MX",
      "provider": "provider[\"registry.terraform.io/hashicorp/aws\"]",
      "instances": [
        {
          "schema_version": 2,
          "attributes": {
            "alias": [],
            "allow_overwrite": true,
            "failover_routing_policy": [],
            "fqdn": "andrewmonks.net",
            "geolocation_routing_policy": [],
            "health_check_id": "",
            "id": "Z2LC9EOHE58CX5_andrewmonks.net_MX",
            "latency_routing_policy": [],
            "multivalue_answer_routing_policy": null,
            "name": "andrewmonks.net",
            "records": [
              "10 in1-smtp.messagingengine.com.",
              "20 in2-smtp.messagingengine.com."
            ],
            "set_identifier": "",
            "ttl": 300,
            "type": "MX",
            "weighted_routing_policy": [],
            "zone_id": "Z2LC9EOHE58CX5"
          },
          "sensitive_attributes": [],
          "dependencies": [
            "module.converted_zones.aws_route53_zone.andrewmonks-net"
          ]
        }
      ]
    },
    {
      "module": "module.converted_zones",
      "mode": "managed",
      "type": "aws_route53_record",
      "name": "andrewmonks-net-SPF",
      "provider": "provider[\"registry.terraform.io/hashicorp/aws\"]",
      "instances": [
        {
          "schema_version": 2,
          "attributes": {
            "alias": [],
            "allow_overwrite": true,
            "failover_routing_policy": [],
            "fqdn": "andrewmonks.net",
            "geolocation_routing_policy": [],
            "health_check_id": "",
            "id": "Z2LC9EOHE58CX5_andrewmonks.net_SPF",
            "latency_routing_policy": [],
            "multivalue_answer_routing_policy": null,
            "name": "andrewmonks.net",
            "records": [
              "v=spf1 include:spf.messagingengine.com -all"
            ],
            "set_identifier": "",
            "ttl": 300,
            "type": "SPF",
            "weighted_routing_policy": [],
            "zone_id": "Z2LC9EOHE58CX5"
          },
          "sensitive_attributes": [],
          "dependencies": [
            "module.converted_zones.aws_route53_zone.andrewmonks-net"
          ]
        }
      ]
    },
    {
      "module": "module.converted_zones",
      "mode": "managed",
      "type": "aws_route53_record",
      "name": "andrewmonks-net-TXT",
      "provider": "provider[\"registry.terraform.io/hashicorp/aws\"]",
      "instances": [
        {
          "schema_version": 2,
          "attributes": {
            "alias": [],
            "allow_overwrite": true,
            "failover_routing_policy": [],
            "fqdn": "andrewmonks.net",
            "geolocation_routing_policy": [],
            "health_check_id": "",
            "id": "Z2LC9EOHE58CX5_andrewmonks.net_TXT",
            "latency_routing_policy": [],
            "multivalue_answer_routing_policy": null,
            "name": "andrewmonks.net",
            "records": [
              "v=spf1 include:spf.messagingengine.com -all"
            ],
            "set_identifier": "",
            "ttl": 300,
            "type": "TXT",
            "weighted_routing_policy": [],
            "zone_id": "Z2LC9EOHE58CX5"
          },
          "sensitive_attributes": [],
          "dependencies": [
            "module.converted_zones.aws_route53_zone.andrewmonks-net"
          ]
        }
      ]
    },
    {
      "module": "module.converted_zones",
      "mode": "managed",
      "type": "aws_route53_record",
      "name": "andrewmonks-org-A",
      "provider": "provider[\"registry.terraform.io/hashicorp/aws\"]",
      "instances": [
        {
          "schema_version": 2,
          "attributes": {
            "alias": [],
            "allow_overwrite": null,
            "failover_routing_policy": [],
            "fqdn": "andrewmonks.org",
            "geolocation_routing_policy": [],
            "health_check_id": "",
            "id": "Z012927630GIW7J5KQF16_andrewmonks.org._A",
            "latency_routing_policy": [],
            "multivalue_answer_routing_policy": null,
            "name": "andrewmonks.org",
            "records": [
              "217.70.184.38"
            ],
            "set_identifier": "",
            "ttl": 300,
            "type": "A",
            "weighted_routing_policy": [],
            "zone_id": "Z012927630GIW7J5KQF16"
          },
          "sensitive_attributes": [],
          "private": "eyJzY2hlbWFfdmVyc2lvbiI6IjIifQ==",
          "dependencies": [
            "module.converted_zones.aws_route53_zone.andrewmonks-org"
          ]
        }
      ]
    },
    {
      "module": "module.converted_zones",
      "mode": "managed",
      "type": "aws_route53_record",
      "name": "b-ss-cx-CNAME",
      "provider": "provider[\"registry.terraform.io/hashicorp/aws\"]",
      "instances": [
        {
          "schema_version": 2,
          "attributes": {
            "alias": [],
            "allow_overwrite": null,
            "failover_routing_policy": [],
            "fqdn": "b.ss.cx",
            "geolocation_routing_policy": [],
            "health_check_id": "",
            "id": "Z1NBZRVGMI91Y9_b.ss.cx._CNAME",
            "latency_routing_policy": [],
            "multivalue_answer_routing_policy": null,
            "name": "b.ss.cx",
            "records": [
              "cross-origin-bouncer.herokuapp.com."
            ],
            "set_identifier": "",
            "ttl": 300,
            "type": "CNAME",
            "weighted_routing_policy": [],
            "zone_id": "Z1NBZRVGMI91Y9"
          },
          "sensitive_attributes": [],
          "dependencies": [
            "module.converted_zones.aws_route53_zone.ss-cx"
          ]
        }
      ]
    },
    {
      "module": "module.converted_zones",
      "mode": "managed",
      "type": "aws_route53_record",
      "name": "bandcamp-needsyourhelp-org-CNAME",
      "provider": "provider[\"registry.terraform.io/hashicorp/aws\"]",
      "instances": [
        {
          "schema_version": 2,
          "attributes": {
            "alias": [],
            "allow_overwrite": true,
            "failover_routing_policy": [],
            "fqdn": "bandcamp.needsyourhelp.org",
            "geolocation_routing_policy": [],
            "health_check_id": "",
            "id": "ZAWVK3MD13OJ6_bandcamp.needsyourhelp.org_CNAME",
            "latency_routing_policy": [],
            "multivalue_answer_routing_policy": null,
            "name": "bandcamp.needsyourhelp.org",
            "records": [
              "bandcamp-pirate.herokuapp.com."
            ],
            "set_identifier": "",
            "ttl": 300,
            "type": "CNAME",
            "weighted_routing_policy": [],
            "zone_id": "ZAWVK3MD13OJ6"
          },
          "sensitive_attributes": [],
          "dependencies": [
            "module.converted_zones.aws_route53_zone.needsyourhelp-org"
          ]
        }
      ]
    },
    {
      "module": "module.converted_zones",
      "mode": "managed",
      "type": "aws_route53_record",
      "name": "belgianman-com-A",
      "provider": "provider[\"registry.terraform.io/hashicorp/aws\"]",
      "instances": [
        {
          "schema_version": 2,
          "attributes": {
            "alias": [],
            "allow_overwrite": true,
            "failover_routing_policy": [],
            "fqdn": "belgianman.com",
            "geolocation_routing_policy": [],
            "health_check_id": "",
            "id": "Z2WRXSAGEFT2C1_belgianman.com_A",
            "latency_routing_policy": [],
            "multivalue_answer_routing_policy": null,
            "name": "belgianman.com",
            "records": [
              "66.51.122.238"
            ],
            "set_identifier": "",
            "ttl": 300,
            "type": "A",
            "weighted_routing_policy": [],
            "zone_id": "Z2WRXSAGEFT2C1"
          },
          "sensitive_attributes": [],
          "private": "eyJzY2hlbWFfdmVyc2lvbiI6IjIifQ==",
          "dependencies": [
            "module.converted_zones.aws_route53_zone.belgianman-com"
          ]
        }
      ]
    },
    {
      "module": "module.converted_zones",
      "mode": "managed",
      "type": "aws_route53_record",
      "name": "belgianman-com-AAAA",
      "provider": "provider[\"registry.terraform.io/hashicorp/aws\"]",
      "instances": [
        {
          "schema_version": 2,
          "attributes": {
            "alias": [],
            "allow_overwrite": null,
            "failover_routing_policy": [],
            "fqdn": "belgianman.com",
            "geolocation_routing_policy": [],
            "health_check_id": "",
            "id": "Z2WRXSAGEFT2C1_belgianman.com._AAAA",
            "latency_routing_policy": [],
            "multivalue_answer_routing_policy": null,
            "name": "belgianman.com",
            "records": [
              "2a09:8280:1::f:478"
            ],
            "set_identifier": "",
            "ttl": 300,
            "type": "AAAA",
            "weighted_routing_policy": [],
            "zone_id": "Z2WRXSAGEFT2C1"
          },
          "sensitive_attributes": [],
          "private": "eyJzY2hlbWFfdmVyc2lvbiI6IjIifQ==",
          "dependencies": [
            "module.converted_zones.aws_route53_zone.belgianman-com"
          ]
        }
      ]
    },
    {
      "module": "module.converted_zones",
      "mode": "managed",
      "type": "aws_route53_record",
      "name": "blgn-mn-A",
      "provider": "provider[\"registry.terraform.io/hashicorp/aws\"]",
      "instances": [
        {
          "schema_version": 2,
          "attributes": {
            "alias": [],
            "allow_overwrite": null,
            "failover_routing_policy": [],
            "fqdn": "blgn.mn",
            "geolocation_routing_policy": [],
            "health_check_id": "",
            "id": "Z00513594HO0R4BCD4CY_blgn.mn._A",
            "latency_routing_policy": [],
            "multivalue_answer_routing_policy": null,
            "name": "blgn.mn",
            "records": [
              "66.51.122.238"
            ],
            "set_identifier": "",
            "ttl": 300,
            "type": "A",
            "weighted_routing_policy": [],
            "zone_id": "Z00513594HO0R4BCD4CY"
          },
          "sensitive_attributes": [],
          "private": "eyJzY2hlbWFfdmVyc2lvbiI6IjIifQ==",
          "dependencies": [
            "module.converted_zones.aws_route53_zone.blgn-mn"
          ]
        }
      ]
    },
    {
      "module": "module.converted_zones",
      "mode": "managed",
      "type": "aws_route53_record",
      "name": "blgn-mn-AAAA",
      "provider": "provider[\"registry.terraform.io/hashicorp/aws\"]",
      "instances": [
        {
          "schema_version": 2,
          "attributes": {
            "alias": [],
            "allow_overwrite": null,
            "failover_routing_policy": [],
            "fqdn": "blgn.mn",
            "geolocation_routing_policy": [],
            "health_check_id": "",
            "id": "Z00513594HO0R4BCD4CY_blgn.mn._AAAA",
            "latency_routing_policy": [],
            "multivalue_answer_routing_policy": null,
            "name": "blgn.mn",
            "records": [
              "2a09:8280:1::f:478"
            ],
            "set_identifier": "",
            "ttl": 300,
            "type": "AAAA",
            "weighted_routing_policy": [],
            "zone_id": "Z00513594HO0R4BCD4CY"
          },
          "sensitive_attributes": [],
          "private": "eyJzY2hlbWFfdmVyc2lvbiI6IjIifQ==",
          "dependencies": [
            "module.converted_zones.aws_route53_zone.blgn-mn"
          ]
        }
      ]
    },
    {
      "module": "module.converted_zones",
      "mode": "managed",
      "type": "aws_route53_record",
      "name": "brianeno-needsyourhelp-org-CNAME",
      "provider": "provider[\"registry.terraform.io/hashicorp/aws\"]",
      "instances": [
        {
          "schema_version": 2,
          "attributes": {
            "alias": [],
            "allow_overwrite": true,
            "failover_routing_policy": [],
            "fqdn": "brianeno.needsyourhelp.org",
            "geolocation_routing_policy": [],
            "health_check_id": "",
            "id": "ZAWVK3MD13OJ6_brianeno.needsyourhelp.org_CNAME",
            "latency_routing_policy": [],
            "multivalue_answer_routing_policy": null,
            "name": "brianeno.needsyourhelp.org",
            "records": [
              "oblique-strategies-api.herokuapp.com."
            ],
            "set_identifier": "",
            "ttl": 300,
            "type": "CNAME",
            "weighted_routing_policy": [],
            "zone_id": "ZAWVK3MD13OJ6"
          },
          "sensitive_attributes": [],
          "dependencies": [
            "module.converted_zones.aws_route53_zone.needsyourhelp-org"
          ]
        }
      ]
    },
    {
      "module": "module.converted_zones",
      "mode": "managed",
      "type": "aws_route53_record",
      "name": "brigid-ss-cx-A",
      "provider": "provider[\"registry.terraform.io/hashicorp/aws\"]",
      "instances": [
        {
          "schema_version": 2,
          "attributes": {
            "alias": [],
            "allow_overwrite": null,
            "failover_routing_policy": [],
            "fqdn": "brigid.ss.cx",
            "geolocation_routing_policy": [],
            "health_check_id": "",
            "id": "Z1NBZRVGMI91Y9_brigid.ss.cx_A",
            "latency_routing_policy": [],
            "multivalue_answer_routing_policy": null,
            "name": "brigid.ss.cx",
            "records": [
              "100.103.217.4"
            ],
            "set_identifier": "",
            "ttl": 300,
            "type": "A",
            "weighted_routing_policy": [],
            "zone_id": "Z1NBZRVGMI91Y9"
          },
          "sensitive_attributes": [],
          "private": "eyJzY2hlbWFfdmVyc2lvbiI6IjIifQ==",
          "dependencies": [
            "module.converted_zones.aws_route53_zone.ss-cx"
          ]
        }
      ]
    },
    {
      "module": "module.converted_zones",
      "mode": "managed",
      "type": "aws_route53_record",
      "name": "calder-ss-cx-A",
      "provider": "provider[\"registry.terraform.io/hashicorp/aws\"]",
      "instances": [
        {
          "schema_version": 2,
          "attributes": {
            "alias": [],
            "allow_overwrite": null,
            "failover_routing_policy": [],
            "fqdn": "calder.ss.cx",
            "geolocation_routing_policy": [],
            "health_check_id": "",
            "id": "Z1NBZRVGMI91Y9_calder.ss.cx._A",
            "latency_routing_policy": [],
            "multivalue_answer_routing_policy": null,
            "name": "calder.ss.cx",
            "records": [
              "100.85.55.109"
            ],
            "set_identifier": "",
            "ttl": 300,
            "type": "A",
            "weighted_routing_policy": [],
            "zone_id": "Z1NBZRVGMI91Y9"
          },
          "sensitive_attributes": [],
          "private": "eyJzY2hlbWFfdmVyc2lvbiI6IjIifQ==",
          "dependencies": [
            "module.converted_zones.aws_route53_zone.ss-cx"
          ]
        }
      ]
    },
    {
      "module": "module.converted_zones",
      "mode": "managed",
      "type": "aws_route53_record",
      "name": "divvy-needsyourhelp-org-CNAME",
      "provider": "provider[\"registry.terraform.io/hashicorp/aws\"]",
      "instances": [
        {
          "schema_version": 2,
          "attributes": {
            "alias": [],
            "allow_overwrite": true,
            "failover_routing_policy": [],
            "fqdn": "divvy.needsyourhelp.org",
            "geolocation_routing_policy": [],
            "health_check_id": "",
            "id": "ZAWVK3MD13OJ6_divvy.needsyourhelp.org_CNAME",
            "latency_routing_policy": [],
            "multivalue_answer_routing_policy": null,
            "name": "divvy.needsyourhelp.org",
            "records": [
              "divvy-json.herokuapp.com."
            ],
            "set_identifier": "",
            "ttl": 300,
            "type": "CNAME",
            "weighted_routing_policy": [],
            "zone_id": "ZAWVK3MD13OJ6"
          },
          "sensitive_attributes": [],
          "dependencies": [
            "module.converted_zones.aws_route53_zone.needsyourhelp-org"
          ]
        }
      ]
    },
    {
      "module": "module.converted_zones",
      "mode": "managed",
      "type": "aws_route53_record",
      "name": "docrimes-com-A",
      "provider": "provider[\"registry.terraform.io/hashicorp/aws\"]",
      "instances": [
        {
          "schema_version": 2,
          "attributes": {
            "alias": [],
            "allow_overwrite": true,
            "failover_routing_policy": [],
            "fqdn": "docrimes.com",
            "geolocation_routing_policy": [],
            "health_check_id": "",
            "id": "Z3LLRBMYG197KV_docrimes.com_A",
            "latency_routing_policy": [],
            "multivalue_answer_routing_policy": null,
            "name": "docrimes.com",
            "records": [
              "192.30.252.153",
              "192.30.252.154"
            ],
            "set_identifier": "",
            "ttl": 300,
            "type": "A",
            "weighted_routing_policy": [],
            "zone_id": "Z3LLRBMYG197KV"
          },
          "sensitive_attributes": [],
          "dependencies": [
            "module.converted_zones.aws_route53_zone.docrimes-com"
          ]
        }
      ]
    },
    {
      "module": "module.converted_zones",
      "mode": "managed",
      "type": "aws_route53_record",
      "name": "doge-needsyourhelp-org-CNAME",
      "provider": "provider[\"registry.terraform.io/hashicorp/aws\"]",
      "instances": [
        {
          "schema_version": 2,
          "attributes": {
            "alias": [],
            "allow_overwrite": true,
            "failover_routing_policy": [],
            "fqdn": "doge.needsyourhelp.org",
            "geolocation_routing_policy": [],
            "health_check_id": "",
            "id": "ZAWVK3MD13OJ6_doge.needsyourhelp.org_CNAME",
            "latency_routing_policy": [],
            "multivalue_answer_routing_policy": null,
            "name": "doge.needsyourhelp.org",
            "records": [
              "amonks.github.io."
            ],
            "set_identifier": "",
            "ttl": 300,
            "type": "CNAME",
            "weighted_routing_policy": [],
            "zone_id": "ZAWVK3MD13OJ6"
          },
          "sensitive_attributes": [],
          "dependencies": [
            "module.converted_zones.aws_route53_zone.needsyourhelp-org"
          ]
        }
      ]
    },
    {
      "module": "module.converted_zones",
      "mode": "managed",
      "type": "aws_route53_record",
      "name": "facekov-andrewmonks-net-CNAME",
      "provider": "provider[\"registry.terraform.io/hashicorp/aws\"]",
      "instances": [
        {
          "schema_version": 2,
          "attributes": {
            "alias": [],
            "allow_overwrite": true,
            "failover_routing_policy": [],
            "fqdn": "facekov.andrewmonks.net",
            "geolocation_routing_policy": [],
            "health_check_id": "",
            "id": "Z2LC9EOHE58CX5_facekov.andrewmonks.net_CNAME",
            "latency_routing_policy": [],
            "multivalue_answer_routing_policy": null,
            "name": "facekov.andrewmonks.net",
            "records": [
              "facekov.herokuapp.com."
            ],
            "set_identifier": "",
            "ttl": 300,
            "type": "CNAME",
            "weighted_routing_policy": [],
            "zone_id": "Z2LC9EOHE58CX5"
          },
          "sensitive_attributes": [],
          "dependencies": [
            "module.converted_zones.aws_route53_zone.andrewmonks-net"
          ]
        }
      ]
    },
    {
      "module": "module.converted_zones",
      "mode": "managed",
      "type": "aws_route53_record",
      "name": "fm1-_domainkey-andrewmonks-net-CNAME",
      "provider": "provider[\"registry.terraform.io/hashicorp/aws\"]",
      "instances": [
        {
          "schema_version": 2,
          "attributes": {
            "alias": [],
            "allow_overwrite": null,
            "failover_routing_policy": [],
            "fqdn": "fm1._domainkey.andrewmonks.net",
            "geolocation_routing_policy": [],
            "health_check_id": "",
            "id": "Z2LC9EOHE58CX5_fm1._domainkey.andrewmonks.net._CNAME",
            "latency_routing_policy": [],
            "multivalue_answer_routing_policy": null,
            "name": "fm1._domainkey.andrewmonks.net",
            "records": [
              "fm1.andrewmonks.net.dkim.fmhosted.com."
            ],
            "set_identifier": "",
            "ttl": 300,
            "type": "CNAME",
            "weighted_routing_policy": [],
            "zone_id": "Z2LC9EOHE58CX5"
          },
          "sensitive_attributes": [],
          "private": "eyJzY2hlbWFfdmVyc2lvbiI6IjIifQ==",
          "dependencies": [
            "module.converted_zones.aws_route53_zone.andrewmonks-net"
          ]
        }
      ]
    },
    {
      "module": "module.converted_zones",
      "mode": "managed",
      "type": "aws_route53_record",
      "name": "fm2-_domainkey-andrewmonks-net-CNAME",
      "provider": "provider[\"registry.terraform.io/hashicorp/aws\"]",
      "instances": [
        {
          "schema_version": 2,
          "attributes": {
            "alias": [],
            "allow_overwrite": null,
            "failover_routing_policy": [],
            "fqdn": "fm2._domainkey.andrewmonks.net",
            "geolocation_routing_policy": [],
            "health_check_id": "",
            "id": "Z2LC9EOHE58CX5_fm2._domainkey.andrewmonks.net._CNAME",
            "latency_routing_policy": [],
            "multivalue_answer_routing_policy": null,
            "name": "fm2._domainkey.andrewmonks.net",
            "records": [
              "fm2.andrewmonks.net.dkim.fmhosted.com."
            ],
            "set_identifier": "",
            "ttl": 300,
            "type": "CNAME",
            "weighted_routing_policy": [],
            "zone_id": "Z2LC9EOHE58CX5"
          },
          "sensitive_attributes": [],
          "private": "eyJzY2hlbWFfdmVyc2lvbiI6IjIifQ==",
          "dependencies": [
            "module.converted_zones.aws_route53_zone.andrewmonks-net"
          ]
        }
      ]
    },
    {
      "module": "module.converted_zones",
      "mode": "managed",
      "type": "aws_route53_record",
      "name": "fm3-_domainkey-andrewmonks-net-CNAME",
      "provider": "provider[\"registry.terraform.io/hashicorp/aws\"]",
      "instances": [
        {
          "schema_version": 2,
          "attributes": {
            "alias": [],
            "allow_overwrite": null,
            "failover_routing_policy": [],
            "fqdn": "fm3._domainkey.andrewmonks.net",
            "geolocation_routing_policy": [],
            "health_check_id": "",
            "id": "Z2LC9EOHE58CX5_fm3._domainkey.andrewmonks.net._CNAME",
            "latency_routing_policy": [],
            "multivalue_answer_routing_policy": null,
            "name": "fm3._domainkey.andrewmonks.net",
            "records": [
              "fm3.andrewmonks.net.dkim.fmhosted.com."
            ],
            "set_identifier": "",
            "ttl": 300,
            "type": "CNAME",
            "weighted_routing_policy": [],
            "zone_id": "Z2LC9EOHE58CX5"
          },
          "sensitive_attributes": [],
          "private": "eyJzY2hlbWFfdmVyc2lvbiI6IjIifQ==",
          "dependencies": [
            "module.converted_zones.aws_route53_zone.andrewmonks-net"
          ]
        }
      ]
    },
    {
      "module": "module.converted_zones",
      "mode": "managed",
      "type": "aws_route53_record",
      "name": "homer-andrewmonks-net-CNAME",
      "provider": "provider[\"registry.terraform.io/hashicorp/aws\"]",
      "instances": [
        {
          "schema_version": 2,
          "attributes": {
            "alias": [],
            "allow_overwrite": true,
            "failover_routing_policy": [],
            "fqdn": "homer.andrewmonks.net",
            "geolocation_routing_policy": [],
            "health_check_id": "",
            "id": "Z2LC9EOHE58CX5_homer.andrewmonks.net_CNAME",
            "latency_routing_policy": [],
            "multivalue_answer_routing_policy": null,
            "name": "homer.andrewmonks.net",
            "records": [
              "collectivememory.herokuapp.com."
            ],
            "set_identifier": "",
            "ttl": 300,
            "type": "CNAME",
            "weighted_routing_policy": [],
            "zone_id": "Z2LC9EOHE58CX5"
          },
          "sensitive_attributes": [],
          "dependencies": [
            "module.converted_zones.aws_route53_zone.andrewmonks-net"
          ]
        }
      ]
    },
    {
      "module": "module.converted_zones",
      "mode": "managed",
      "type": "aws_route53_record",
      "name": "lugh-ss-cx-A",
      "provider": "provider[\"registry.terraform.io/hashicorp/aws\"]",
      "instances": [
        {
          "schema_version": 2,
          "attributes": {
            "alias": [],
            "allow_overwrite": null,
            "failover_routing_policy": [],
            "fqdn": "lugh.ss.cx",
            "geolocation_routing_policy": [],
            "health_check_id": "",
            "id": "Z1NBZRVGMI91Y9_lugh.ss.cx_A",
            "latency_routing_policy": [],
            "multivalue_answer_routing_policy": null,
            "name": "lugh.ss.cx",
            "records": [
              "100.84.171.132"
            ],
            "set_identifier": "",
            "ttl": 300,
            "type": "A",
            "weighted_routing_policy": [],
            "zone_id": "Z1NBZRVGMI91Y9"
          },
          "sensitive_attributes": [],
          "private": "eyJzY2hlbWFfdmVyc2lvbiI6IjIifQ==",
          "dependencies": [
            "module.converted_zones.aws_route53_zone.ss-cx"
          ]
        }
      ]
    },
    {
      "module": "module.converted_zones",
      "mode": "managed",
      "type": "aws_route53_record",
      "name": "lyrics-andrewmonks-net-CNAME",
      "provider": "provider[\"registry.terraform.io/hashicorp/aws\"]",
      "instances": [
        {
          "schema_version": 2,
          "attributes": {
            "alias": [],
            "allow_overwrite": true,
            "failover_routing_policy": [],
            "fqdn": "lyrics.andrewmonks.net",
            "geolocation_routing_policy": [],
            "health_check_id": "",
            "id": "Z2LC9EOHE58CX5_lyrics.andrewmonks.net_CNAME",
            "latency_routing_policy": [],
            "multivalue_answer_routing_policy": null,
            "name": "lyrics.andrewmonks.net",
            "records": [
              "limitless-harbor-4493.herokuapp.com."
            ],
            "set_identifier": "",
            "ttl": 300,
            "type": "CNAME",
            "weighted_routing_policy": [],
            "zone_id": "Z2LC9EOHE58CX5"
          },
          "sensitive_attributes": [],
          "dependencies": [
            "module.converted_zones.aws_route53_zone.andrewmonks-net"
          ]
        }
      ]
    },
    {
      "module": "module.converted_zones",
      "mode": "managed",
      "type": "aws_route53_record",
      "name": "lyrics-gy-A",
      "provider": "provider[\"registry.terraform.io/hashicorp/aws\"]",
      "instances": [
        {
          "schema_version": 2,
          "attributes": {
            "alias": [],
            "allow_overwrite": true,
            "failover_routing_policy": [],
            "fqdn": "lyrics.gy",
            "geolocation_routing_policy": [],
            "health_check_id": "",
            "id": "Z1SNXKXT44GU03_lyrics.gy_A",
            "latency_routing_policy": [],
            "multivalue_answer_routing_policy": null,
            "name": "lyrics.gy",
            "records": [
              "217.70.184.38"
            ],
            "set_identifier": "",
            "ttl": 300,
            "type": "A",
            "weighted_routing_policy": [],
            "zone_id": "Z1SNXKXT44GU03"
          },
          "sensitive_attributes": [],
          "dependencies": [
            "module.converted_zones.aws_route53_zone.lyrics-gy"
          ]
        }
      ]
    },
    {
      "module": "module.converted_zones",
      "mode": "managed",
      "type": "aws_route53_record",
      "name": "music-belgianman-com-CNAME",
      "provider": "provider[\"registry.terraform.io/hashicorp/aws\"]",
      "instances": [
        {
          "schema_version": 2,
          "attributes": {
            "alias": [],
            "allow_overwrite": true,
            "failover_routing_policy": [],
            "fqdn": "music.belgianman.com",
            "geolocation_routing_policy": [],
            "health_check_id": "",
            "id": "Z2WRXSAGEFT2C1_music.belgianman.com_CNAME",
            "latency_routing_policy": [],
            "multivalue_answer_routing_policy": null,
            "name": "music.belgianman.com",
            "records": [
              "dom.bandcamp.com."
            ],
            "set_identifier": "",
            "ttl": 300,
            "type": "CNAME",
            "weighted_routing_policy": [],
            "zone_id": "Z2WRXSAGEFT2C1"
          },
          "sensitive_attributes": [],
          "dependencies": [
            "module.converted_zones.aws_route53_zone.belgianman-com"
          ]
        }
      ]
    },
    {
      "module": "module.converted_zones",
      "mode": "managed",
      "type": "aws_route53_record",
      "name": "nencatacoa-ss-cx-A",
      "provider": "provider[\"registry.terraform.io/hashicorp/aws\"]",
      "instances": [
        {
          "schema_version": 2,
          "attributes": {
            "alias": [],
            "allow_overwrite": null,
            "failover_routing_policy": [],
            "fqdn": "nencatacoa.ss.cx",
            "geolocation_routing_policy": [],
            "health_check_id": "",
            "id": "Z1NBZRVGMI91Y9_nencatacoa.ss.cx_A",
            "latency_routing_policy": [],
            "multivalue_answer_routing_policy": null,
            "name": "nencatacoa.ss.cx",
            "records": [
              "100.65.172.95"
            ],
            "set_identifier": "",
            "ttl": 300,
            "type": "A",
            "weighted_routing_policy": [],
            "zone_id": "Z1NBZRVGMI91Y9"
          },
          "sensitive_attributes": [],
          "private": "eyJzY2hlbWFfdmVyc2lvbiI6IjIifQ==",
          "dependencies": [
            "module.converted_zones.aws_route53_zone.ss-cx"
          ]
        }
      ]
    },
    {
      "module": "module.converted_zones",
      "mode": "managed",
      "type": "aws_route53_record",
      "name": "numbers-andrewmonks-net-CNAME",
      "provider": "provider[\"registry.terraform.io/hashicorp/aws\"]",
      "instances": [
        {
          "schema_version": 2,
          "attributes": {
            "alias": [],
            "allow_overwrite": true,
            "failover_routing_policy": [],
            "fqdn": "numbers.andrewmonks.net",
            "geolocation_routing_policy": [],
            "health_check_id": "",
            "id": "Z2LC9EOHE58CX5_numbers.andrewmonks.net_CNAME",
            "latency_routing_policy": [],
            "multivalue_answer_routing_policy": null,
            "name": "numbers.andrewmonks.net",
            "records": [
              "tranquil-spire-3396.herokuapp.com."
            ],
            "set_identifier": "",
            "ttl": 300,
            "type": "CNAME",
            "weighted_routing_policy": [],
            "zone_id": "Z2LC9EOHE58CX5"
          },
          "sensitive_attributes": [],
          "dependencies": [
            "module.converted_zones.aws_route53_zone.andrewmonks-net"
          ]
        }
      ]
    },
    {
      "module": "module.converted_zones",
      "mode": "managed",
      "type": "aws_route53_record",
      "name": "oblique-andrewmonks-net-CNAME",
      "provider": "provider[\"registry.terraform.io/hashicorp/aws\"]",
      "instances": [
        {
          "schema_version": 2,
          "attributes": {
            "alias": [],
            "allow_overwrite": true,
            "failover_routing_policy": [],
            "fqdn": "oblique.andrewmonks.net",
            "geolocation_routing_policy": [],
            "health_check_id": "",
            "id": "Z2LC9EOHE58CX5_oblique.andrewmonks.net_CNAME",
            "latency_routing_policy": [],
            "multivalue_answer_routing_policy": null,
            "name": "oblique.andrewmonks.net",
            "records": [
              "oblique-strategies-api.herokuapp.com."
            ],
            "set_identifier": "",
            "ttl": 300,
            "type": "CNAME",
            "weighted_routing_policy": [],
            "zone_id": "Z2LC9EOHE58CX5"
          },
          "sensitive_attributes": [],
          "dependencies": [
            "module.converted_zones.aws_route53_zone.andrewmonks-net"
          ]
        }
      ]
    },
    {
      "module": "module.converted_zones",
      "mode": "managed",
      "type": "aws_route53_record",
      "name": "old-belgianman-com-CNAME",
      "provider": "provider[\"registry.terraform.io/hashicorp/aws\"]",
      "instances": [
        {
          "schema_version": 2,
          "attributes": {
            "alias": [],
            "allow_overwrite": true,
            "failover_routing_policy": [],
            "fqdn": "old.belgianman.com",
            "geolocation_routing_policy": [],
            "health_check_id": "",
            "id": "Z2WRXSAGEFT2C1_old.belgianman.com_CNAME",
            "latency_routing_policy": [],
            "multivalue_answer_routing_policy": null,
            "name": "old.belgianman.com",
            "records": [
              "belgianman.github.io."
            ],
            "set_identifier": "",
            "ttl": 300,
            "type": "CNAME",
            "weighted_routing_policy": [],
            "zone_id": "Z2WRXSAGEFT2C1"
          },
          "sensitive_attributes": [],
          "dependencies": [
            "module.converted_zones.aws_route53_zone.belgianman-com"
          ]
        }
      ]
    },
    {
      "module": "module.converted_zones",
      "mode": "managed",
      "type": "aws_route53_record",
      "name": "thor-ss-cx-A",
      "provider": "provider[\"registry.terraform.io/hashicorp/aws\"]",
      "instances": [
        {
          "schema_version": 2,
          "attributes": {
            "alias": [],
            "allow_overwrite": null,
            "failover_routing_policy": [],
            "fqdn": "thor.ss.cx",
            "geolocation_routing_policy": [],
            "health_check_id": "",
            "id": "Z1NBZRVGMI91Y9_thor.ss.cx_A",
            "latency_routing_policy": [],
            "multivalue_answer_routing_policy": null,
            "name": "thor.ss.cx",
            "records": [
              "100.83.137.16"
            ],
            "set_identifier": "",
            "ttl": 300,
            "type": "A",
            "weighted_routing_policy": [],
            "zone_id": "Z1NBZRVGMI91Y9"
          },
          "sensitive_attributes": [],
          "private": "eyJzY2hlbWFfdmVyc2lvbiI6IjIifQ==",
          "dependencies": [
            "module.converted_zones.aws_route53_zone.ss-cx"
          ]
        }
      ]
    },
    {
      "module": "module.converted_zones",
      "mode": "managed",
      "type": "aws_route53_record",
      "name": "wifi-ss-cx-A",
      "provider": "provider[\"registry.terraform.io/hashicorp/aws\"]",
      "instances": [
        {
          "schema_version": 2,
          "attributes": {
            "alias": [],
            "allow_overwrite": null,
            "failover_routing_policy": [],
            "fqdn": "wifi.ss.cx",
            "geolocation_routing_policy": [],
            "health_check_id": "",
            "id": "Z1NBZRVGMI91Y9_wifi.ss.cx._A",
            "latency_routing_policy": [],
            "multivalue_answer_routing_policy": null,
            "name": "wifi.ss.cx",
            "records": [
              "35.247.99.86"
            ],
            "set_identifier": "",
            "ttl": 300,
            "type": "A",
            "weighted_routing_policy": [],
            "zone_id": "Z1NBZRVGMI91Y9"
          },
          "sensitive_attributes": [],
          "dependencies": [
            "module.converted_zones.aws_route53_zone.ss-cx"
          ]
        }
      ]
    },
    {
      "module": "module.converted_zones",
      "mode": "managed",
      "type": "aws_route53_record",
      "name": "wildcard-brigid-ss-cx-A",
      "provider": "provider[\"registry.terraform.io/hashicorp/aws\"]",
      "instances": [
        {
          "schema_version": 2,
          "attributes": {
            "alias": [],
            "allow_overwrite": null,
            "failover_routing_policy": [],
            "fqdn": "*.brigid.ss.cx",
            "geolocation_routing_policy": [],
            "health_check_id": "",
            "id": "Z1NBZRVGMI91Y9_*.brigid.ss.cx._A",
            "latency_routing_policy": [],
            "multivalue_answer_routing_policy": null,
            "name": "*.brigid.ss.cx",
            "records": [
              "100.103.217.4"
            ],
            "set_identifier": "",
            "ttl": 300,
            "type": "A",
            "weighted_routing_policy": [],
            "zone_id": "Z1NBZRVGMI91Y9"
          },
          "sensitive_attributes": [],
          "private": "eyJzY2hlbWFfdmVyc2lvbiI6IjIifQ==",
          "dependencies": [
            "module.converted_zones.aws_route53_zone.ss-cx"
          ]
        }
      ]
    },
    {
      "module": "module.converted_zones",
      "mode": "managed",
      "type": "aws_route53_record",
      "name": "wildcard-docrimes-com-A",
      "provider": "provider[\"registry.terraform.io/hashicorp/aws\"]",
      "instances": [
        {
          "schema_version": 2,
          "attributes": {
            "alias": [],
            "allow_overwrite": true,
            "failover_routing_policy": [],
            "fqdn": "*.docrimes.com",
            "geolocation_routing_policy": [],
            "health_check_id": "",
            "id": "Z3LLRBMYG197KV_*.docrimes.com_A",
            "latency_routing_policy": [],
            "multivalue_answer_routing_policy": null,
            "name": "*.docrimes.com",
            "records": [
              "192.30.252.153",
              "192.30.252.154"
            ],
            "set_identifier": "",
            "ttl": 300,
            "type": "A",
            "weighted_routing_policy": [],
            "zone_id": "Z3LLRBMYG197KV"
          },
          "sensitive_attributes": [],
          "dependencies": [
            "module.converted_zones.aws_route53_zone.docrimes-com"
          ]
        }
      ]
    },
    {
      "module": "module.converted_zones",
      "mode": "managed",
      "type": "aws_route53_record",
      "name": "www-andrewmonks-net-CNAME",
      "provider": "provider[\"registry.terraform.io/hashicorp/aws\"]",
      "instances": [
        {
          "schema_version": 2,
          "attributes": {
            "alias": [],
            "allow_overwrite": true,
            "failover_routing_policy": [],
            "fqdn": "www.andrewmonks.net",
            "geolocation_routing_policy": [],
            "health_check_id": "",
            "id": "Z2LC9EOHE58CX5_www.andrewmonks.net_CNAME",
            "latency_routing_policy": [],
            "multivalue_answer_routing_policy": null,
            "name": "www.andrewmonks.net",
            "records": [
              "monks.co."
            ],
            "set_identifier": "",
            "ttl": 300,
            "type": "CNAME",
            "weighted_routing_policy": [],
            "zone_id": "Z2LC9EOHE58CX5"
          },
          "sensitive_attributes": [],
          "dependencies": [
            "module.converted_zones.aws_route53_zone.andrewmonks-net"
          ]
        }
      ]
    },
    {
      "module": "module.converted_zones",
      "mode": "managed",
      "type": "aws_route53_record",
      "name": "www-belgianman-com-A",
      "provider": "provider[\"registry.terraform.io/hashicorp/aws\"]",
      "instances": [
        {
          "schema_version": 2,
          "attributes": {
            "alias": [],
            "allow_overwrite": null,
            "failover_routing_policy": [],
            "fqdn": "www.belgianman.com",
            "geolocation_routing_policy": [],
            "health_check_id": "",
            "id": "Z2WRXSAGEFT2C1_www.belgianman.com._A",
            "latency_routing_policy": [],
            "multivalue_answer_routing_policy": null,
            "name": "www.belgianman.com",
            "records": [
              "66.51.122.238"
            ],
            "set_identifier": "",
            "ttl": 300,
            "type": "A",
            "weighted_routing_policy": [],
            "zone_id": "Z2WRXSAGEFT2C1"
          },
          "sensitive_attributes": [],
          "private": "eyJzY2hlbWFfdmVyc2lvbiI6IjIifQ==",
          "dependencies": [
            "module.converted_zones.aws_route53_zone.belgianman-com"
          ]
        }
      ]
    },
    {
      "module": "module.converted_zones",
      "mode": "managed",
      "type": "aws_route53_record",
      "name": "www-belgianman-com-AAAA",
      "provider": "provider[\"registry.terraform.io/hashicorp/aws\"]",
      "instances": [
        {
          "schema_version": 2,
          "attributes": {
            "alias": [],
            "allow_overwrite": null,
            "failover_routing_policy": [],
            "fqdn": "www.belgianman.com",
            "geolocation_routing_policy": [],
            "health_check_id": "",
            "id": "Z2WRXSAGEFT2C1_www.belgianman.com._AAAA",
            "latency_routing_policy": [],
            "multivalue_answer_routing_policy": null,
            "name": "www.belgianman.com",
            "records": [
              "2a09:8280:1::f:478"
            ],
            "set_identifier": "",
            "ttl": 300,
            "type": "AAAA",
            "weighted_routing_policy": [],
            "zone_id": "Z2WRXSAGEFT2C1"
          },
          "sensitive_attributes": [],
          "private": "eyJzY2hlbWFfdmVyc2lvbiI6IjIifQ==",
          "dependencies": [
            "module.converted_zones.aws_route53_zone.belgianman-com"
          ]
        }
      ]
    },
    {
      "module": "module.converted_zones",
      "mode": "managed",
      "type": "aws_route53_record",
      "name": "www-blgn-mn-A",
      "provider": "provider[\"registry.terraform.io/hashicorp/aws\"]",
      "instances": [
        {
          "schema_version": 2,
          "attributes": {
            "alias": [],
            "allow_overwrite": null,
            "failover_routing_policy": [],
            "fqdn": "www.blgn.mn",
            "geolocation_routing_policy": [],
            "health_check_id": "",
            "id": "Z00513594HO0R4BCD4CY_www.blgn.mn._A",
            "latency_routing_policy": [],
            "multivalue_answer_routing_policy": null,
            "name": "www.blgn.mn",
            "records": [
              "66.51.122.238"
            ],
            "set_identifier": "",
            "ttl": 300,
            "type": "A",
            "weighted_routing_policy": [],
            "zone_id": "Z00513594HO0R4BCD4CY"
          },
          "sensitive_attributes": [],
          "private": "eyJzY2hlbWFfdmVyc2lvbiI6IjIifQ==",
          "dependencies": [
            "module.converted_zones.aws_route53_zone.blgn-mn"
          ]
        }
      ]
    },
    {
      "module": "module.converted_zones",
      "mode": "managed",
      "type": "aws_route53_record",
      "name": "www-blgn-mn-AAAA",
      "provider": "provider[\"registry.terraform.io/hashicorp/aws\"]",
      "instances": [
        {
          "schema_version": 2,
          "attributes": {
            "alias": [],
            "allow_overwrite": null,
            "failover_routing_policy": [],
            "fqdn": "www.blgn.mn",
            "geolocation_routing_policy": [],
            "health_check_id": "",
            "id": "Z00513594HO0R4BCD4CY_www.blgn.mn._AAAA",
            "latency_routing_policy": [],
            "multivalue_answer_routing_policy": null,
            "name": "www.blgn.mn",
            "records": [
              "2a09:8280:1::f:478"
            ],
            "set_identifier": "",
            "ttl": 300,
            "type": "AAAA",
            "weighted_routing_policy": [],
            "zone_id": "Z00513594HO0R4BCD4CY"
          },
          "sensitive_attributes": [],
          "private": "eyJzY2hlbWFfdmVyc2lvbiI6IjIifQ==",
          "dependencies": [
            "module.converted_zones.aws_route53_zone.blgn-mn"
          ]
        }
      ]
    },
    {
      "module": "module.converted_zones",
      "mode": "managed",
      "type": "aws_route53_record",
      "name": "www-lyrics-gy-CNAME",
      "provider": "provider[\"registry.terraform.io/hashicorp/aws\"]",
      "instances": [
        {
          "schema_version": 2,
          "attributes": {
            "alias": [],
            "allow_overwrite": true,
            "failover_routing_policy": [],
            "fqdn": "www.lyrics.gy",
            "geolocation_routing_policy": [],
            "health_check_id": "",
            "id": "Z1SNXKXT44GU03_www.lyrics.gy_CNAME",
            "latency_routing_policy": [],
            "multivalue_answer_routing_policy": null,
            "name": "www.lyrics.gy",
            "records": [
              "lyricsgen.herokuapp.com."
            ],
            "set_identifier": "",
            "ttl": 300,
            "type": "CNAME",
            "weighted_routing_policy": [],
            "zone_id": "Z1SNXKXT44GU03"
          },
          "sensitive_attributes": [],
          "dependencies": [
            "module.converted_zones.aws_route53_zone.lyrics-gy"
          ]
        }
      ]
    },
    {
      "module": "module.converted_zones",
      "mode": "managed",
      "type": "aws_route53_record",
      "name": "yungfuture-andrewmonks-net-CNAME",
      "provider": "provider[\"registry.terraform.io/hashicorp/aws\"]",
      "instances": [
        {
          "schema_version": 2,
          "attributes": {
            "alias": [],
            "allow_overwrite": true,
            "failover_routing_policy": [],
            "fqdn": "yungfuture.andrewmonks.net",
            "geolocation_routing_policy": [],
            "health_check_id": "",
            "id": "Z2LC9EOHE58CX5_yungfuture.andrewmonks.net_CNAME",
            "latency_routing_policy": [],
            "multivalue_answer_routing_policy": null,
            "name": "yungfuture.andrewmonks.net",
            "records": [
              "monks.co."
            ],
            "set_identifier": "",
            "ttl": 300,
            "type": "CNAME",
            "weighted_routing_policy": [],
            "zone_id": "Z2LC9EOHE58CX5"
          },
          "sensitive_attributes": [],
          "dependencies": [
            "module.converted_zones.aws_route53_zone.andrewmonks-net"
          ]
        }
      ]
    },
    {
      "module": "module.converted_zones",
      "mode": "managed",
      "type": "aws_route53_zone",
      "name": "andrewmonks-com",
      "provider": "provider[\"registry.terraform.io/hashicorp/aws\"]",
      "instances": [
        {
          "schema_version": 0,
          "attributes": {
            "arn": "arn:aws:route53:::hostedzone/Z00241891EYVDMH9HUUCA",
            "comment": "Managed by Terraform",
            "delegation_set_id": "",
            "force_destroy": false,
            "id": "Z00241891EYVDMH9HUUCA",
            "name": "andrewmonks.com",
            "name_servers": [
              "ns-1071.awsdns-05.org",
              "ns-1670.awsdns-16.co.uk",
              "ns-344.awsdns-43.com",
              "ns-810.awsdns-37.net"
            ],
            "tags": {},
            "tags_all": {},
            "vpc": [],
            "zone_id": "Z00241891EYVDMH9HUUCA"
          },
          "sensitive_attributes": [],
          "private": "bnVsbA=="
        }
      ]
    },
    {
      "module": "module.converted_zones",
      "mode": "managed",
      "type": "aws_route53_zone",
      "name": "andrewmonks-net",
      "provider": "provider[\"registry.terraform.io/hashicorp/aws\"]",
      "instances": [
        {
          "schema_version": 0,
          "attributes": {
            "arn": "arn:aws:route53:::hostedzone/Z2LC9EOHE58CX5",
            "comment": "Managed by Terraform",
            "delegation_set_id": "",
            "force_destroy": false,
            "id": "Z2LC9EOHE58CX5",
            "name": "andrewmonks.net",
            "name_servers": [
              "ns-1168.awsdns-18.org",
              "ns-1818.awsdns-35.co.uk",
              "ns-648.awsdns-17.net",
              "ns-79.awsdns-09.com"
            ],
            "tags": {},
            "tags_all": {},
            "vpc": [],
            "zone_id": "Z2LC9EOHE58CX5"
          },
          "sensitive_attributes": []
        }
      ]
    },
    {
      "module": "module.converted_zones",
      "mode": "managed",
      "type": "aws_route53_zone",
      "name": "andrewmonks-org",
      "provider": "provider[\"registry.terraform.io/hashicorp/aws\"]",
      "instances": [
        {
          "schema_version": 0,
          "attributes": {
            "arn": "arn:aws:route53:::hostedzone/Z012927630GIW7J5KQF16",
            "comment": "Managed by Terraform",
            "delegation_set_id": "",
            "force_destroy": false,
            "id": "Z012927630GIW7J5KQF16",
            "name": "andrewmonks.org",
            "name_servers": [
              "ns-1417.awsdns-49.org",
              "ns-1803.awsdns-33.co.uk",
              "ns-296.awsdns-37.com",
              "ns-643.awsdns-16.net"
            ],
            "tags": {},
            "tags_all": {},
            "vpc": [],
            "zone_id": "Z012927630GIW7J5KQF16"
          },
          "sensitive_attributes": [],
          "private": "bnVsbA=="
        }
      ]
    },
    {
      "module": "module.converted_zones",
      "mode": "managed",
      "type": "aws_route53_zone",
      "name": "belgianman-com",
      "provider": "provider[\"registry.terraform.io/hashicorp/aws\"]",
      "instances": [
        {
          "schema_version": 0,
          "attributes": {
            "arn": "arn:aws:route53:::hostedzone/Z2WRXSAGEFT2C1",
            "comment": "Managed by Terraform",
            "delegation_set_id": "",
            "force_destroy": false,
            "id": "Z2WRXSAGEFT2C1",
            "name": "belgianman.com",
            "name_servers": [
              "ns-1146.awsdns-15.org",
              "ns-1609.awsdns-09.co.uk",
              "ns-458.awsdns-57.com",
              "ns-592.awsdns-10.net"
            ],
            "tags": {},
            "tags_all": {},
            "vpc": [],
            "zone_id": "Z2WRXSAGEFT2C1"
          },
          "sensitive_attributes": []
        }
      ]
    },
    {
      "module": "module.converted_zones",
      "mode": "managed",
      "type": "aws_route53_zone",
      "name": "blgn-mn",
      "provider": "provider[\"registry.terraform.io/hashicorp/aws\"]",
      "instances": [
        {
          "schema_version": 0,
          "attributes": {
            "arn": "arn:aws:route53:::hostedzone/Z00513594HO0R4BCD4CY",
            "comment": "Managed by Terraform",
            "delegation_set_id": "",
            "force_destroy": false,
            "id": "Z00513594HO0R4BCD4CY",
            "name": "blgn.mn",
            "name_servers": [
              "ns-103.awsdns-12.com",
              "ns-1101.awsdns-09.org",
              "ns-1997.awsdns-57.co.uk",
              "ns-838.awsdns-40.net"
            ],
            "tags": {},
            "tags_all": {},
            "vpc": [],
            "zone_id": "Z00513594HO0R4BCD4CY"
          },
          "sensitive_attributes": [],
          "private": "bnVsbA=="
        }
      ]
    },
    {
      "module": "module.converted_zones",
      "mode": "managed",
      "type": "aws_route53_zone",
      "name": "docrimes-com",
      "provider": "provider[\"registry.terraform.io/hashicorp/aws\"]",
      "instances": [
        {
          "schema_version": 0,
          "attributes": {
            "arn": "arn:aws:route53:::hostedzone/Z3LLRBMYG197KV",
            "comment": "Managed by Terraform",
            "delegation_set_id": "",
            "force_destroy": false,
            "id": "Z3LLRBMYG197KV",
            "name": "docrimes.com",
            "name_servers": [
              "ns-1151.awsdns-15.org",
              "ns-1628.awsdns-11.co.uk",
              "ns-492.awsdns-61.com",
              "ns-572.awsdns-07.net"
            ],
            "tags": {},
            "tags_all": {},
            "vpc": [],
            "zone_id": "Z3LLRBMYG197KV"
          },
          "sensitive_attributes": []
        }
      ]
    },
    {
      "module": "module.converted_zones",
      "mode": "managed",
      "type": "aws_route53_zone",
      "name": "fmail-email",
      "provider": "provider[\"registry.terraform.io/hashicorp/aws\"]",
      "instances": [
        {
          "schema_version": 0,
          "attributes": {
            "arn": "arn:aws:route53:::hostedzone/Z00241882557WGAVT96N1",
            "comment": "Managed by Terraform",
            "delegation_set_id": "",
            "force_destroy": false,
            "id": "Z00241882557WGAVT96N1",
            "name": "fmail.email",
            "name_servers": [
              "ns-1158.awsdns-16.org",
              "ns-1924.awsdns-48.co.uk",
              "ns-359.awsdns-44.com",
              "ns-960.awsdns-56.net"
            ],
            "tags": {},
            "tags_all": {},
            "vpc": [],
            "zone_id": "Z00241882557WGAVT96N1"
          },
          "sensitive_attributes": [],
          "private": "bnVsbA=="
        }
      ]
    },
    {
      "module": "module.converted_zones",
      "mode": "managed",
      "type": "aws_route53_zone",
      "name": "lyrics-gy",
      "provider": "provider[\"registry.terraform.io/hashicorp/aws\"]",
      "instances": [
        {
          "schema_version": 0,
          "attributes": {
            "arn": "arn:aws:route53:::hostedzone/Z1SNXKXT44GU03",
            "comment": "Managed by Terraform",
            "delegation_set_id": "",
            "force_destroy": false,
            "id": "Z1SNXKXT44GU03",
            "name": "lyrics.gy",
            "name_servers": [
              "ns-1334.awsdns-38.org",
              "ns-1807.awsdns-33.co.uk",
              "ns-87.awsdns-10.com",
              "ns-971.awsdns-57.net"
            ],
            "tags": {},
            "tags_all": {},
            "vpc": [],
            "zone_id": "Z1SNXKXT44GU03"
          },
          "sensitive_attributes": []
        }
      ]
    },
    {
      "module": "module.converted_zones",
      "mode": "managed",
      "type": "aws_route53_zone",
      "name": "needsyourhelp-org",
      "provider": "provider[\"registry.terraform.io/hashicorp/aws\"]",
      "instances": [
        {
          "schema_version": 0,
          "attributes": {
            "arn": "arn:aws:route53:::hostedzone/ZAWVK3MD13OJ6",
            "comment": "Managed by Terraform",
            "delegation_set_id": "",
            "force_destroy": false,
            "id": "ZAWVK3MD13OJ6",
            "name": "needsyourhelp.org",
            "name_servers": [
              "ns-1286.awsdns-32.org",
              "ns-158.awsdns-19.com",
              "ns-1768.awsdns-29.co.uk",
              "ns-911.awsdns-49.net"
            ],
            "tags": {},
            "tags_all": {},
            "vpc": [],
            "zone_id": "ZAWVK3MD13OJ6"
          },
          "sensitive_attributes": []
        }
      ]
    },
    {
      "module": "module.converted_zones",
      "mode": "managed",
      "type": "aws_route53_zone",
      "name": "ss-cx",
      "provider": "provider[\"registry.terraform.io/hashicorp/aws\"]",
      "instances": [
        {
          "schema_version": 0,
          "attributes": {
            "arn": "arn:aws:route53:::hostedzone/Z1NBZRVGMI91Y9",
            "comment": "Managed by Terraform",
            "delegation_set_id": "",
            "force_destroy": false,
            "id": "Z1NBZRVGMI91Y9",
            "name": "ss.cx",
            "name_servers": [
              "ns-1489.awsdns-58.org",
              "ns-1738.awsdns-25.co.uk",
              "ns-66.awsdns-08.com",
              "ns-738.awsdns-28.net"
            ],
            "tags": {},
            "tags_all": {},
            "vpc": [],
            "zone_id": "Z1NBZRVGMI91Y9"
          },
          "sensitive_attributes": []
        }
      ]
    },
    {
      "module": "module.sources",
      "mode": "managed",
      "type": "aws_acm_certificate",
      "name": "monks-co-certificate",
      "provider": "provider[\"registry.terraform.io/hashicorp/aws\"]",
      "instances": [
        {
          "schema_version": 0,
          "attributes": {
            "arn": "arn:aws:acm:us-east-1:558796306206:certificate/3c11368e-19d3-4850-abd2-7f6e36cfb1eb",
            "certificate_authority_arn": "",
            "certificate_body": null,
            "certificate_chain": null,
            "domain_name": "*.monks.co",
            "domain_validation_options": [],
            "id": "arn:aws:acm:us-east-1:558796306206:certificate/3c11368e-19d3-4850-abd2-7f6e36cfb1eb",
            "options": [
              {
                "certificate_transparency_logging_preference": "ENABLED"
              }
            ],
            "private_key": null,
            "status": "ISSUED",
            "subject_alternative_names": [
              "*.monks.co",
              "monks.co"
            ],
            "tags": {},
            "tags_all": {},
            "validation_emails": [
              "admin@monks.co",
              "administrator@monks.co",
              "hostmaster@monks.co",
              "postmaster@monks.co",
              "webmaster@monks.co",
              "admin@monks.co",
              "administrator@monks.co",
              "hostmaster@monks.co",
              "postmaster@monks.co",
              "webmaster@monks.co"
            ],
            "validation_method": "EMAIL",
            "validation_option": []
          },
          "sensitive_attributes": []
        }
      ]
    },
    {
      "module": "module.sources",
      "mode": "managed",
      "type": "aws_iam_access_key",
      "name": "monks-go",
      "provider": "provider[\"registry.terraform.io/hashicorp/aws\"]",
      "instances": [
        {
          "schema_version": 0,
          "attributes": {
            "create_date": "2022-12-31T16:51:17Z",
            "encrypted_secret": null,
            "encrypted_ses_smtp_password_v4": null,
            "id": "AKIAYEGW264PP76YB67P",
            "key_fingerprint": null,
            "pgp_key": null,
            "secret": "3KKM0VkWxNWNWnsTI7/nagcvKUZXXbMGIj/+mgBu",
            "ses_smtp_password_v4": "BPMC9hGIp2sxetbE1MDy3E3n6/9YhrcsWpdUmbDzGTxJ",
            "status": "Active",
            "user": "monks-go_iam_user"
          },
          "sensitive_attributes": [],
          "private": "bnVsbA==",
          "dependencies": [
            "module.sources.aws_iam_user.monks-go"
          ]
        }
      ]
    },
    {
      "module": "module.sources",
      "mode": "managed",
      "type": "aws_iam_policy",
      "name": "write_ss_cx_records",
      "provider": "provider[\"registry.terraform.io/hashicorp/aws\"]",
      "instances": [
        {
          "schema_version": 0,
          "attributes": {
            "arn": "arn:aws:iam::558796306206:policy/write_dns_records_for_ss_cx_acme_challenge",
            "description": "",
            "id": "arn:aws:iam::558796306206:policy/write_dns_records_for_ss_cx_acme_challenge",
            "name": "write_dns_records_for_ss_cx_acme_challenge",
            "name_prefix": null,
            "path": "/",
            "policy": "{\"Statement\":[{\"Action\":[\"route53:ListResourceRecordSets\",\"route53:GetChange\",\"route53:ChangeResourceRecordSets\"],\"Effect\":\"Allow\",\"Resource\":[\"arn:aws:route53:::hostedzone/Z1NBZRVGMI91Y9\",\"arn:aws:route53:::change/*\"],\"Sid\":\"\"},{\"Action\":[\"route53:ListHostedZonesByName\",\"route53:ListHostedZones\"],\"Effect\":\"Allow\",\"Resource\":\"*\",\"Sid\":\"\"}],\"Version\":\"2012-10-17\"}",
            "policy_id": "ANPAYEGW264PISRL3NXPQ",
            "tags": {},
            "tags_all": {}
          },
          "sensitive_attributes": [],
          "private": "bnVsbA=="
        }
      ]
    },
    {
      "module": "module.sources",
      "mode": "managed",
      "type": "aws_iam_user",
      "name": "monks-go",
      "provider": "provider[\"registry.terraform.io/hashicorp/aws\"]",
      "instances": [
        {
          "schema_version": 0,
          "attributes": {
            "arn": "arn:aws:iam::558796306206:user/monks-go_iam_user",
            "force_destroy": false,
            "id": "monks-go_iam_user",
            "name": "monks-go_iam_user",
            "path": "/",
            "permissions_boundary": null,
            "tags": {},
            "tags_all": {},
            "unique_id": "AIDAYEGW264PKPD6DF2HI"
          },
          "sensitive_attributes": [],
          "private": "bnVsbA=="
        }
      ]
    },
    {
      "module": "module.sources",
      "mode": "managed",
      "type": "aws_iam_user_policy_attachment",
      "name": "monks-go_iam_user_write_ss_cx_records",
      "provider": "provider[\"registry.terraform.io/hashicorp/aws\"]",
      "instances": [
        {
          "schema_version": 0,
          "attributes": {
            "id": "monks-go_iam_user-20221231165117265300000001",
            "policy_arn": "arn:aws:iam::558796306206:policy/write_dns_records_for_ss_cx_acme_challenge",
            "user": "monks-go_iam_user"
          },
          "sensitive_attributes": [],
          "private": "bnVsbA==",
          "dependencies": [
            "module.sources.aws_iam_policy.write_ss_cx_records",
            "module.sources.aws_iam_user.monks-go"
          ]
        }
      ]
    },
    {
      "module": "module.sources",
      "mode": "managed",
      "type": "aws_route53_record",
      "name": "_amazonses-monks-co-TXT",
      "provider": "provider[\"registry.terraform.io/hashicorp/aws\"]",
      "instances": [
        {
          "schema_version": 2,
          "attributes": {
            "alias": [],
            "allow_overwrite": true,
            "failover_routing_policy": [],
            "fqdn": "_amazonses.monks.co",
            "geolocation_routing_policy": [],
            "health_check_id": "",
            "id": "Z2HQE6DV0EKCBL__amazonses.monks.co_TXT",
            "latency_routing_policy": [],
            "multivalue_answer_routing_policy": null,
            "name": "_amazonses.monks.co",
            "records": [
              "FhsJsbEIG/XDigqpB7eJufYKADoiedmLkiP1/kQT2k4="
            ],
            "set_identifier": "",
            "ttl": 1800,
            "type": "TXT",
            "weighted_routing_policy": [],
            "zone_id": "Z2HQE6DV0EKCBL"
          },
          "sensitive_attributes": [],
          "private": "eyJzY2hlbWFfdmVyc2lvbiI6IjIifQ==",
          "dependencies": [
            "module.sources.aws_route53_zone.monks-co-public"
          ]
        }
      ]
    },
    {
      "module": "module.sources",
      "mode": "managed",
      "type": "aws_route53_record",
      "name": "_keybase-monks-co-TXT",
      "provider": "provider[\"registry.terraform.io/hashicorp/aws\"]",
      "instances": [
        {
          "schema_version": 2,
          "attributes": {
            "alias": [],
            "allow_overwrite": true,
            "failover_routing_policy": [],
            "fqdn": "_keybase.monks.co",
            "geolocation_routing_policy": [],
            "health_check_id": "",
            "id": "Z2HQE6DV0EKCBL__keybase.monks.co_TXT",
            "latency_routing_policy": [],
            "multivalue_answer_routing_policy": null,
            "name": "_keybase.monks.co",
            "records": [
              "keybase-site-verification=JZj7vchXA6vfSV8oa5QQyGmnI8CKDRgQIHYIFPl5sF0"
            ],
            "set_identifier": "",
            "ttl": 300,
            "type": "TXT",
            "weighted_routing_policy": [],
            "zone_id": "Z2HQE6DV0EKCBL"
          },
          "sensitive_attributes": [],
          "dependencies": [
            "module.sources.aws_route53_zone.monks-co-public"
          ]
        }
      ]
    },
    {
      "module": "module.sources",
      "mode": "managed",
      "type": "aws_route53_record",
      "name": "a-6hnnvk6qxhx2zdw5diz3r6hkebqfnn4x-_domainkey-monks-co-CNAME",
      "provider": "provider[\"registry.terraform.io/hashicorp/aws\"]",
      "instances": [
        {
          "schema_version": 2,
          "attributes": {
            "alias": [],
            "allow_overwrite": null,
            "failover_routing_policy": [],
            "fqdn": "6hnnvk6qxhx2zdw5diz3r6hkebqfnn4x._domainkey.monks.co",
            "geolocation_routing_policy": [],
            "health_check_id": "",
            "id": "Z2HQE6DV0EKCBL_6hnnvk6qxhx2zdw5diz3r6hkebqfnn4x._domainkey.monks.co_CNAME",
            "latency_routing_policy": [],
            "multivalue_answer_routing_policy": null,
            "name": "6hnnvk6qxhx2zdw5diz3r6hkebqfnn4x._domainkey.monks.co",
            "records": [
              "6hnnvk6qxhx2zdw5diz3r6hkebqfnn4x.dkim.amazonses.com"
            ],
            "set_identifier": "",
            "ttl": 1800,
            "type": "CNAME",
            "weighted_routing_policy": [],
            "zone_id": "Z2HQE6DV0EKCBL"
          },
          "sensitive_attributes": [],
          "private": "eyJzY2hlbWFfdmVyc2lvbiI6IjIifQ==",
          "dependencies": [
            "module.sources.aws_route53_zone.monks-co-public"
          ]
        }
      ]
    },
    {
      "module": "module.sources",
      "mode": "managed",
      "type": "aws_route53_record",
      "name": "baton-monks-co-CNAME",
      "provider": "provider[\"registry.terraform.io/hashicorp/aws\"]",
      "instances": [
        {
          "schema_version": 2,
          "attributes": {
            "alias": [],
            "allow_overwrite": true,
            "failover_routing_policy": [],
            "fqdn": "baton.monks.co",
            "geolocation_routing_policy": [],
            "health_check_id": "",
            "id": "Z2HQE6DV0EKCBL_baton.monks.co_CNAME",
            "latency_routing_policy": [],
            "multivalue_answer_routing_policy": null,
            "name": "baton.monks.co",
            "records": [
              "amonks.github.io."
            ],
            "set_identifier": "",
            "ttl": 300,
            "type": "CNAME",
            "weighted_routing_policy": [],
            "zone_id": "Z2HQE6DV0EKCBL"
          },
          "sensitive_attributes": [],
          "dependencies": [
            "module.sources.aws_route53_zone.monks-co-public"
          ]
        }
      ]
    },
    {
      "module": "module.sources",
      "mode": "managed",
      "type": "aws_route53_record",
      "name": "f-monks-co-A",
      "provider": "provider[\"registry.terraform.io/hashicorp/aws\"]",
      "instances": [
        {
          "schema_version": 2,
          "attributes": {
            "alias": [
              {
                "evaluate_target_health": false,
                "name": "d14nz3dle8w6lj.cloudfront.net",
                "zone_id": "Z2FDTNDATAQYW2"
              }
            ],
            "allow_overwrite": true,
            "failover_routing_policy": [],
            "fqdn": "f.monks.co",
            "geolocation_routing_policy": [],
            "health_check_id": "",
            "id": "Z2HQE6DV0EKCBL_f.monks.co_A",
            "latency_routing_policy": [],
            "multivalue_answer_routing_policy": null,
            "name": "f.monks.co",
            "records": [],
            "set_identifier": "",
            "ttl": 0,
            "type": "A",
            "weighted_routing_policy": [],
            "zone_id": "Z2HQE6DV0EKCBL"
          },
          "sensitive_attributes": [],
          "dependencies": [
            "module.sources.aws_route53_zone.monks-co-public"
          ]
        }
      ]
    },
    {
      "module": "module.sources",
      "mode": "managed",
      "type": "aws_route53_record",
      "name": "fb3k3obomq6wzinzuf6bmslwjikic6vb-_domainkey-monks-co-CNAME",
      "provider": "provider[\"registry.terraform.io/hashicorp/aws\"]",
      "instances": [
        {
          "schema_version": 2,
          "attributes": {
            "alias": [],
            "allow_overwrite": true,
            "failover_routing_policy": [],
            "fqdn": "fb3k3obomq6wzinzuf6bmslwjikic6vb._domainkey.monks.co",
            "geolocation_routing_policy": [],
            "health_check_id": "",
            "id": "Z2HQE6DV0EKCBL_fb3k3obomq6wzinzuf6bmslwjikic6vb._domainkey.monks.co_CNAME",
            "latency_routing_policy": [],
            "multivalue_answer_routing_policy": null,
            "name": "fb3k3obomq6wzinzuf6bmslwjikic6vb._domainkey.monks.co",
            "records": [
              "fb3k3obomq6wzinzuf6bmslwjikic6vb.dkim.amazonses.com"
            ],
            "set_identifier": "",
            "ttl": 1800,
            "type": "CNAME",
            "weighted_routing_policy": [],
            "zone_id": "Z2HQE6DV0EKCBL"
          },
          "sensitive_attributes": [],
          "private": "eyJzY2hlbWFfdmVyc2lvbiI6IjIifQ==",
          "dependencies": [
            "module.sources.aws_route53_zone.monks-co-public"
          ]
        }
      ]
    },
    {
      "module": "module.sources",
      "mode": "managed",
      "type": "aws_route53_record",
      "name": "fftjs-monks-co-CNAME",
      "provider": "provider[\"registry.terraform.io/hashicorp/aws\"]",
      "instances": [
        {
          "schema_version": 2,
          "attributes": {
            "alias": [],
            "allow_overwrite": true,
            "failover_routing_policy": [],
            "fqdn": "fftjs.monks.co",
            "geolocation_routing_policy": [],
            "health_check_id": "",
            "id": "Z2HQE6DV0EKCBL_fftjs.monks.co_CNAME",
            "latency_routing_policy": [],
            "multivalue_answer_routing_policy": null,
            "name": "fftjs.monks.co",
            "records": [
              "amonks.github.io."
            ],
            "set_identifier": "",
            "ttl": 300,
            "type": "CNAME",
            "weighted_routing_policy": [],
            "zone_id": "Z2HQE6DV0EKCBL"
          },
          "sensitive_attributes": [],
          "dependencies": [
            "module.sources.aws_route53_zone.monks-co-public"
          ]
        }
      ]
    },
    {
      "module": "module.sources",
      "mode": "managed",
      "type": "aws_route53_record",
      "name": "fm1-_domainkey-monks-co-TXT",
      "provider": "provider[\"registry.terraform.io/hashicorp/aws\"]",
      "instances": [
        {
          "schema_version": 2,
          "attributes": {
            "alias": [],
            "allow_overwrite": null,
            "failover_routing_policy": [],
            "fqdn": "fm1._domainkey.monks.co",
            "geolocation_routing_policy": [],
            "health_check_id": "",
            "id": "Z2HQE6DV0EKCBL_fm1._domainkey.monks.co_CNAME",
            "latency_routing_policy": [],
            "multivalue_answer_routing_policy": null,
            "name": "fm1._domainkey.monks.co",
            "records": [
              "fm1.monks.co.dkim.fmhosted.com"
            ],
            "set_identifier": "",
            "ttl": 300,
            "type": "CNAME",
            "weighted_routing_policy": [],
            "zone_id": "Z2HQE6DV0EKCBL"
          },
          "sensitive_attributes": [],
          "private": "eyJzY2hlbWFfdmVyc2lvbiI6IjIifQ==",
          "dependencies": [
            "module.sources.aws_route53_zone.monks-co-public"
          ]
        }
      ]
    },
    {
      "module": "module.sources",
      "mode": "managed",
      "type": "aws_route53_record",
      "name": "fm2-_domainkey-monks-co-TXT",
      "provider": "provider[\"registry.terraform.io/hashicorp/aws\"]",
      "instances": [
        {
          "schema_version": 2,
          "attributes": {
            "alias": [],
            "allow_overwrite": null,
            "failover_routing_policy": [],
            "fqdn": "fm2._domainkey.monks.co",
            "geolocation_routing_policy": [],
            "health_check_id": "",
            "id": "Z2HQE6DV0EKCBL_fm2._domainkey.monks.co_CNAME",
            "latency_routing_policy": [],
            "multivalue_answer_routing_policy": null,
            "name": "fm2._domainkey.monks.co",
            "records": [
              "fm2.monks.co.dkim.fmhosted.com"
            ],
            "set_identifier": "",
            "ttl": 300,
            "type": "CNAME",
            "weighted_routing_policy": [],
            "zone_id": "Z2HQE6DV0EKCBL"
          },
          "sensitive_attributes": [],
          "private": "eyJzY2hlbWFfdmVyc2lvbiI6IjIifQ==",
          "dependencies": [
            "module.sources.aws_route53_zone.monks-co-public"
          ]
        }
      ]
    },
    {
      "module": "module.sources",
      "mode": "managed",
      "type": "aws_route53_record",
      "name": "fm3-_domainkey-monks-co-TXT",
      "provider": "provider[\"registry.terraform.io/hashicorp/aws\"]",
      "instances": [
        {
          "schema_version": 2,
          "attributes": {
            "alias": [],
            "allow_overwrite": null,
            "failover_routing_policy": [],
            "fqdn": "fm3._domainkey.monks.co",
            "geolocation_routing_policy": [],
            "health_check_id": "",
            "id": "Z2HQE6DV0EKCBL_fm3._domainkey.monks.co_CNAME",
            "latency_routing_policy": [],
            "multivalue_answer_routing_policy": null,
            "name": "fm3._domainkey.monks.co",
            "records": [
              "fm3.monks.co.dkim.fmhosted.com"
            ],
            "set_identifier": "",
            "ttl": 300,
            "type": "CNAME",
            "weighted_routing_policy": [],
            "zone_id": "Z2HQE6DV0EKCBL"
          },
          "sensitive_attributes": [],
          "private": "eyJzY2hlbWFfdmVyc2lvbiI6IjIifQ==",
          "dependencies": [
            "module.sources.aws_route53_zone.monks-co-public"
          ]
        }
      ]
    },
    {
      "module": "module.sources",
      "mode": "managed",
      "type": "aws_route53_record",
      "name": "graviton-monks-co-A",
      "provider": "provider[\"registry.terraform.io/hashicorp/aws\"]",
      "instances": [
        {
          "schema_version": 2,
          "attributes": {
            "alias": [
              {
                "evaluate_target_health": false,
                "name": "s3-website-us-east-1.amazonaws.com",
                "zone_id": "Z3AQBSTGFYJSTF"
              }
            ],
            "allow_overwrite": true,
            "failover_routing_policy": [],
            "fqdn": "graviton.monks.co",
            "geolocation_routing_policy": [],
            "health_check_id": "",
            "id": "Z2HQE6DV0EKCBL_graviton.monks.co_A",
            "latency_routing_policy": [],
            "multivalue_answer_routing_policy": null,
            "name": "graviton.monks.co",
            "records": [],
            "set_identifier": "",
            "ttl": 0,
            "type": "A",
            "weighted_routing_policy": [],
            "zone_id": "Z2HQE6DV0EKCBL"
          },
          "sensitive_attributes": [],
          "dependencies": [
            "module.sources.aws_route53_zone.monks-co-public"
          ]
        }
      ]
    },
    {
      "module": "module.sources",
      "mode": "managed",
      "type": "aws_route53_record",
      "name": "installation-monks-co-CNAME",
      "provider": "provider[\"registry.terraform.io/hashicorp/aws\"]",
      "instances": [
        {
          "schema_version": 2,
          "attributes": {
            "alias": [],
            "allow_overwrite": true,
            "failover_routing_policy": [],
            "fqdn": "installation.monks.co",
            "geolocation_routing_policy": [],
            "health_check_id": "",
            "id": "Z2HQE6DV0EKCBL_installation.monks.co_CNAME",
            "latency_routing_policy": [],
            "multivalue_answer_routing_policy": null,
            "name": "installation.monks.co",
            "records": [
              "amonks.github.io."
            ],
            "set_identifier": "",
            "ttl": 300,
            "type": "CNAME",
            "weighted_routing_policy": [],
            "zone_id": "Z2HQE6DV0EKCBL"
          },
          "sensitive_attributes": [],
          "dependencies": [
            "module.sources.aws_route53_zone.monks-co-public"
          ]
        }
      ]
    },
    {
      "module": "module.sources",
      "mode": "managed",
      "type": "aws_route53_record",
      "name": "kw44g4aoxriuk5f6dfgnscvdd627aopn-_domainkey-monks-co-CNAME",
      "provider": "provider[\"registry.terraform.io/hashicorp/aws\"]",
      "instances": [
        {
          "schema_version": 2,
          "attributes": {
            "alias": [],
            "allow_overwrite": true,
            "failover_routing_policy": [],
            "fqdn": "kw44g4aoxriuk5f6dfgnscvdd627aopn._domainkey.monks.co",
            "geolocation_routing_policy": [],
            "health_check_id": "",
            "id": "Z2HQE6DV0EKCBL_kw44g4aoxriuk5f6dfgnscvdd627aopn._domainkey.monks.co_CNAME",
            "latency_routing_policy": [],
            "multivalue_answer_routing_policy": null,
            "name": "kw44g4aoxriuk5f6dfgnscvdd627aopn._domainkey.monks.co",
            "records": [
              "kw44g4aoxriuk5f6dfgnscvdd627aopn.dkim.amazonses.com"
            ],
            "set_identifier": "",
            "ttl": 1800,
            "type": "CNAME",
            "weighted_routing_policy": [],
            "zone_id": "Z2HQE6DV0EKCBL"
          },
          "sensitive_attributes": [],
          "private": "eyJzY2hlbWFfdmVyc2lvbiI6IjIifQ==",
          "dependencies": [
            "module.sources.aws_route53_zone.monks-co-public"
          ]
        }
      ]
    },
    {
      "module": "module.sources",
      "mode": "managed",
      "type": "aws_route53_record",
      "name": "lyrics-monks-co-CNAME",
      "provider": "provider[\"registry.terraform.io/hashicorp/aws\"]",
      "instances": [
        {
          "schema_version": 2,
          "attributes": {
            "alias": [],
            "allow_overwrite": true,
            "failover_routing_policy": [],
            "fqdn": "lyrics.monks.co",
            "geolocation_routing_policy": [],
            "health_check_id": "",
            "id": "Z2HQE6DV0EKCBL_lyrics.monks.co_CNAME",
            "latency_routing_policy": [],
            "multivalue_answer_routing_policy": null,
            "name": "lyrics.monks.co",
            "records": [
              "limitless-harbor-4493.herokuapp.com."
            ],
            "set_identifier": "",
            "ttl": 300,
            "type": "CNAME",
            "weighted_routing_policy": [],
            "zone_id": "Z2HQE6DV0EKCBL"
          },
          "sensitive_attributes": [],
          "dependencies": [
            "module.sources.aws_route53_zone.monks-co-public"
          ]
        }
      ]
    },
    {
      "module": "module.sources",
      "mode": "managed",
      "type": "aws_route53_record",
      "name": "mandrill-_domainkey-monks-co-TXT",
      "provider": "provider[\"registry.terraform.io/hashicorp/aws\"]",
      "instances": [
        {
          "schema_version": 2,
          "attributes": {
            "alias": [],
            "allow_overwrite": true,
            "failover_routing_policy": [],
            "fqdn": "mandrill._domainkey.monks.co",
            "geolocation_routing_policy": [],
            "health_check_id": "",
            "id": "Z2HQE6DV0EKCBL_mandrill._domainkey.monks.co_TXT",
            "latency_routing_policy": [],
            "multivalue_answer_routing_policy": null,
            "name": "mandrill._domainkey.monks.co",
            "records": [
              "v=DKIM1; k=rsa; p=MIGfMA0GCSqGSIb3DQEBAQUAA4GNADCBiQKBgQCrLHiExVd55zd/IQ/J/mRwSRMAocV/hMB3jXwaHH36d9NaVynQFYV8NaWi69c1veUtRzGt7yAioXqLj7Z4TeEUoOLgrKsn8YnckGs9i3B3tVFB+Ch/4mPhXWiNfNdynHWBcPcbJ8kjEQ2U8y78dHZj1YeRXXVvWob2OaKynO8/lQIDAQAB;"
            ],
            "set_identifier": "",
            "ttl": 300,
            "type": "TXT",
            "weighted_routing_policy": [],
            "zone_id": "Z2HQE6DV0EKCBL"
          },
          "sensitive_attributes": [],
          "dependencies": [
            "module.sources.aws_route53_zone.monks-co-public"
          ]
        }
      ]
    },
    {
      "module": "module.sources",
      "mode": "managed",
      "type": "aws_route53_record",
      "name": "monks-co-A",
      "provider": "provider[\"registry.terraform.io/hashicorp/aws\"]",
      "instances": [
        {
          "schema_version": 2,
          "attributes": {
            "alias": [],
            "allow_overwrite": true,
            "failover_routing_policy": [],
            "fqdn": "monks.co",
            "geolocation_routing_policy": [],
            "health_check_id": "",
            "id": "Z2HQE6DV0EKCBL_monks.co_A",
            "latency_routing_policy": [],
            "multivalue_answer_routing_policy": null,
            "name": "monks.co",
            "records": [
              "66.51.122.238"
            ],
            "set_identifier": "",
            "ttl": 300,
            "type": "A",
            "weighted_routing_policy": [],
            "zone_id": "Z2HQE6DV0EKCBL"
          },
          "sensitive_attributes": [],
          "private": "eyJzY2hlbWFfdmVyc2lvbiI6IjIifQ==",
          "dependencies": [
            "module.sources.aws_route53_zone.monks-co-public"
          ]
        }
      ]
    },
    {
      "module": "module.sources",
      "mode": "managed",
      "type": "aws_route53_record",
      "name": "monks-co-AAAA",
      "provider": "provider[\"registry.terraform.io/hashicorp/aws\"]",
      "instances": [
        {
          "schema_version": 2,
          "attributes": {
            "alias": [],
            "allow_overwrite": null,
            "failover_routing_policy": [],
            "fqdn": "monks.co",
            "geolocation_routing_policy": [],
            "health_check_id": "",
            "id": "Z2HQE6DV0EKCBL_monks.co_AAAA",
            "latency_routing_policy": [],
            "multivalue_answer_routing_policy": null,
            "name": "monks.co",
            "records": [
              "2a09:8280:1::f:478"
            ],
            "set_identifier": "",
            "ttl": 300,
            "type": "AAAA",
            "weighted_routing_policy": [],
            "zone_id": "Z2HQE6DV0EKCBL"
          },
          "sensitive_attributes": [],
          "private": "eyJzY2hlbWFfdmVyc2lvbiI6IjIifQ==",
          "dependencies": [
            "module.sources.aws_route53_zone.monks-co-public"
          ]
        }
      ]
    },
    {
      "module": "module.sources",
      "mode": "managed",
      "type": "aws_route53_record",
      "name": "monks-co-MX",
      "provider": "provider[\"registry.terraform.io/hashicorp/aws\"]",
      "instances": [
        {
          "schema_version": 2,
          "attributes": {
            "alias": [],
            "allow_overwrite": true,
            "failover_routing_policy": [],
            "fqdn": "monks.co",
            "geolocation_routing_policy": [],
            "health_check_id": "",
            "id": "Z2HQE6DV0EKCBL_monks.co_MX",
            "latency_routing_policy": [],
            "multivalue_answer_routing_policy": null,
            "name": "monks.co",
            "records": [
              "10 in1-smtp.messagingengine.com.",
              "20 in2-smtp.messagingengine.com."
            ],
            "set_identifier": "",
            "ttl": 300,
            "type": "MX",
            "weighted_routing_policy": [],
            "zone_id": "Z2HQE6DV0EKCBL"
          },
          "sensitive_attributes": [],
          "dependencies": [
            "module.sources.aws_route53_zone.monks-co-public"
          ]
        }
      ]
    },
    {
      "module": "module.sources",
      "mode": "managed",
      "type": "aws_route53_record",
      "name": "monks-co-SPF",
      "provider": "provider[\"registry.terraform.io/hashicorp/aws\"]",
      "instances": [
        {
          "schema_version": 2,
          "attributes": {
            "alias": [],
            "allow_overwrite": true,
            "failover_routing_policy": [],
            "fqdn": "monks.co",
            "geolocation_routing_policy": [],
            "health_check_id": "",
            "id": "Z2HQE6DV0EKCBL_monks.co_SPF",
            "latency_routing_policy": [],
            "multivalue_answer_routing_policy": null,
            "name": "monks.co",
            "records": [
              "v=spf1 include:spf.messagingengine.com include:spf.mandrillapp.com -all"
            ],
            "set_identifier": "",
            "ttl": 300,
            "type": "SPF",
            "weighted_routing_policy": [],
            "zone_id": "Z2HQE6DV0EKCBL"
          },
          "sensitive_attributes": [],
          "dependencies": [
            "module.sources.aws_route53_zone.monks-co-public"
          ]
        }
      ]
    },
    {
      "module": "module.sources",
      "mode": "managed",
      "type": "aws_route53_record",
      "name": "monks-co-TXT",
      "provider": "provider[\"registry.terraform.io/hashicorp/aws\"]",
      "instances": [
        {
          "schema_version": 2,
          "attributes": {
            "alias": [],
            "allow_overwrite": true,
            "failover_routing_policy": [],
            "fqdn": "monks.co",
            "geolocation_routing_policy": [],
            "health_check_id": "",
            "id": "Z2HQE6DV0EKCBL_monks.co_TXT",
            "latency_routing_policy": [],
            "multivalue_answer_routing_policy": null,
            "name": "monks.co",
            "records": [
              "v=spf1 include:spf.messagingengine.com include:spf.mandrillapp.com -all"
            ],
            "set_identifier": "",
            "ttl": 300,
            "type": "TXT",
            "weighted_routing_policy": [],
            "zone_id": "Z2HQE6DV0EKCBL"
          },
          "sensitive_attributes": [],
          "dependencies": [
            "module.sources.aws_route53_zone.monks-co-public"
          ]
        }
      ]
    },
    {
      "module": "module.sources",
      "mode": "managed",
      "type": "aws_route53_record",
      "name": "monument-monks-co-CNAME",
      "provider": "provider[\"registry.terraform.io/hashicorp/aws\"]",
      "instances": [
        {
          "schema_version": 2,
          "attributes": {
            "alias": [],
            "allow_overwrite": true,
            "failover_routing_policy": [],
            "fqdn": "monument.monks.co",
            "geolocation_routing_policy": [],
            "health_check_id": "",
            "id": "Z2HQE6DV0EKCBL_monument.monks.co_CNAME",
            "latency_routing_policy": [],
            "multivalue_answer_routing_policy": null,
            "name": "monument.monks.co",
            "records": [
              "amonks.github.io."
            ],
            "set_identifier": "",
            "ttl": 300,
            "type": "CNAME",
            "weighted_routing_policy": [],
            "zone_id": "Z2HQE6DV0EKCBL"
          },
          "sensitive_attributes": [],
          "dependencies": [
            "module.sources.aws_route53_zone.monks-co-public"
          ]
        }
      ]
    },
    {
      "module": "module.sources",
      "mode": "managed",
      "type": "aws_route53_record",
      "name": "nabu-monks-co-CNAME",
      "provider": "provider[\"registry.terraform.io/hashicorp/aws\"]",
      "instances": [
        {
          "schema_version": 2,
          "attributes": {
            "alias": [],
            "allow_overwrite": true,
            "failover_routing_policy": [],
            "fqdn": "nabu.monks.co",
            "geolocation_routing_policy": [],
            "health_check_id": "",
            "id": "Z2HQE6DV0EKCBL_nabu.monks.co_CNAME",
            "latency_routing_policy": [],
            "multivalue_answer_routing_policy": null,
            "name": "nabu.monks.co",
            "records": [
              "nabudata.herokuapp.com."
            ],
            "set_identifier": "",
            "ttl": 300,
            "type": "CNAME",
            "weighted_routing_policy": [],
            "zone_id": "Z2HQE6DV0EKCBL"
          },
          "sensitive_attributes": [],
          "dependencies": [
            "module.sources.aws_route53_zone.monks-co-public"
          ]
        }
      ]
    },
    {
      "module": "module.sources",
      "mode": "managed",
      "type": "aws_route53_record",
      "name": "now-monks-co-TXT",
      "provider": "provider[\"registry.terraform.io/hashicorp/aws\"]",
      "instances": [
        {
          "schema_version": 2,
          "attributes": {
            "alias": [],
            "allow_overwrite": true,
            "failover_routing_policy": [],
            "fqdn": "_now.monks.co",
            "geolocation_routing_policy": [],
            "health_check_id": "",
            "id": "Z2HQE6DV0EKCBL__now.monks.co_TXT",
            "latency_routing_policy": [],
            "multivalue_answer_routing_policy": null,
            "name": "_now.monks.co",
            "records": [
              "b3f39bbd3640c48b8335292201c1deff27525728caa8e8807b313040bbf78118"
            ],
            "set_identifier": "",
            "ttl": 300,
            "type": "TXT",
            "weighted_routing_policy": [],
            "zone_id": "Z2HQE6DV0EKCBL"
          },
          "sensitive_attributes": [],
          "dependencies": [
            "module.sources.aws_route53_zone.monks-co-public"
          ]
        }
      ]
    },
    {
      "module": "module.sources",
      "mode": "managed",
      "type": "aws_route53_record",
      "name": "numbers-monks-co-CNAME",
      "provider": "provider[\"registry.terraform.io/hashicorp/aws\"]",
      "instances": [
        {
          "schema_version": 2,
          "attributes": {
            "alias": [],
            "allow_overwrite": true,
            "failover_routing_policy": [],
            "fqdn": "numbers.monks.co",
            "geolocation_routing_policy": [],
            "health_check_id": "",
            "id": "Z2HQE6DV0EKCBL_numbers.monks.co_CNAME",
            "latency_routing_policy": [],
            "multivalue_answer_routing_policy": null,
            "name": "numbers.monks.co",
            "records": [
              "tranquil-spire-3396.herokuapp.com."
            ],
            "set_identifier": "",
            "ttl": 300,
            "type": "CNAME",
            "weighted_routing_policy": [],
            "zone_id": "Z2HQE6DV0EKCBL"
          },
          "sensitive_attributes": [],
          "dependencies": [
            "module.sources.aws_route53_zone.monks-co-public"
          ]
        }
      ]
    },
    {
      "module": "module.sources",
      "mode": "managed",
      "type": "aws_route53_record",
      "name": "oblique-monks-co-CNAME",
      "provider": "provider[\"registry.terraform.io/hashicorp/aws\"]",
      "instances": [
        {
          "schema_version": 2,
          "attributes": {
            "alias": [],
            "allow_overwrite": true,
            "failover_routing_policy": [],
            "fqdn": "oblique.monks.co",
            "geolocation_routing_policy": [],
            "health_check_id": "",
            "id": "Z2HQE6DV0EKCBL_oblique.monks.co_CNAME",
            "latency_routing_policy": [],
            "multivalue_answer_routing_policy": null,
            "name": "oblique.monks.co",
            "records": [
              "oblique-strategies-api.herokuapp.com."
            ],
            "set_identifier": "",
            "ttl": 300,
            "type": "CNAME",
            "weighted_routing_policy": [],
            "zone_id": "Z2HQE6DV0EKCBL"
          },
          "sensitive_attributes": [],
          "dependencies": [
            "module.sources.aws_route53_zone.monks-co-public"
          ]
        }
      ]
    },
    {
      "module": "module.sources",
      "mode": "managed",
      "type": "aws_route53_record",
      "name": "presence-monks-co-CNAME",
      "provider": "provider[\"registry.terraform.io/hashicorp/aws\"]",
      "instances": [
        {
          "schema_version": 2,
          "attributes": {
            "alias": [],
            "allow_overwrite": true,
            "failover_routing_policy": [],
            "fqdn": "presence.monks.co",
            "geolocation_routing_policy": [],
            "health_check_id": "",
            "id": "Z2HQE6DV0EKCBL_presence.monks.co_CNAME",
            "latency_routing_policy": [],
            "multivalue_answer_routing_policy": null,
            "name": "presence.monks.co",
            "records": [
              "amonks.github.io."
            ],
            "set_identifier": "",
            "ttl": 300,
            "type": "CNAME",
            "weighted_routing_policy": [],
            "zone_id": "Z2HQE6DV0EKCBL"
          },
          "sensitive_attributes": [],
          "dependencies": [
            "module.sources.aws_route53_zone.monks-co-public"
          ]
        }
      ]
    },
    {
      "module": "module.sources",
      "mode": "managed",
      "type": "aws_route53_record",
      "name": "processing-monks-co-CNAME",
      "provider": "provider[\"registry.terraform.io/hashicorp/aws\"]",
      "instances": [
        {
          "schema_version": 2,
          "attributes": {
            "alias": [],
            "allow_overwrite": true,
            "failover_routing_policy": [],
            "fqdn": "processing.monks.co",
            "geolocation_routing_policy": [],
            "health_check_id": "",
            "id": "Z2HQE6DV0EKCBL_processing.monks.co_CNAME",
            "latency_routing_policy": [],
            "multivalue_answer_routing_policy": null,
            "name": "processing.monks.co",
            "records": [
              "amonks.github.io."
            ],
            "set_identifier": "",
            "ttl": 300,
            "type": "CNAME",
            "weighted_routing_policy": [],
            "zone_id": "Z2HQE6DV0EKCBL"
          },
          "sensitive_attributes": [],
          "dependencies": [
            "module.sources.aws_route53_zone.monks-co-public"
          ]
        }
      ]
    },
    {
      "module": "module.sources",
      "mode": "managed",
      "type": "aws_route53_zone",
      "name": "monks-co-public",
      "provider": "provider[\"registry.terraform.io/hashicorp/aws\"]",
      "instances": [
        {
          "schema_version": 0,
          "attributes": {
            "arn": "arn:aws:route53:::hostedzone/Z2HQE6DV0EKCBL",
            "comment": "Managed by Terraform",
            "delegation_set_id": "",
            "force_destroy": false,
            "id": "Z2HQE6DV0EKCBL",
            "name": "monks.co",
            "name_servers": [
              "ns-1380.awsdns-44.org",
              "ns-170.awsdns-21.com",
              "ns-1804.awsdns-33.co.uk",
              "ns-839.awsdns-40.net"
            ],
            "tags": {},
            "tags_all": {},
            "vpc": [],
            "zone_id": "Z2HQE6DV0EKCBL"
          },
          "sensitive_attributes": []
        }
      ]
    }
  ],
  "check_results": null
}
