{
  "version": 4,
  "terraform_version": "1.6.2",
  "serial": 822,
  "lineage": "e5f52129-6b91-455a-b9fb-50471c68a7ac",
  "outputs": {
    "monks-go_iam_user_access_key_id": {
      "value": "AKIAYEGW264PF4WUBMUR",
      "type": "string"
    },
    "monks-go_iam_user_secret_access_key": {
      "value": "Rjke0yyyZj9UvWt9v7EIS8xUZtPws5X5V2BpBJpj",
      "type": "string",
      "sensitive": true
    },
    "smtp_password": {
      "value": "BB6Di5pekk0Ayfx9gLpD0sabjBa7Hllc9eltmsGsEthS",
      "type": "string",
      "sensitive": true
    },
    "smtp_username": {
      "value": "AKIAYEGW264PDMI7U3GC",
      "type": "string"
    }
  },
  "resources": [
    {
      "mode": "managed",
      "type": "aws_iam_access_key",
      "name": "monks-go",
      "provider": "provider[\"registry.terraform.io/hashicorp/aws\"]",
      "instances": [
        {
          "schema_version": 0,
          "attributes": {
            "create_date": "2023-11-01T21:44:18Z",
            "encrypted_secret": null,
            "encrypted_ses_smtp_password_v4": null,
            "id": "AKIAYEGW264PF4WUBMUR",
            "key_fingerprint": null,
            "pgp_key": null,
            "secret": "Rjke0yyyZj9UvWt9v7EIS8xUZtPws5X5V2BpBJpj",
            "ses_smtp_password_v4": "BBunjxBItlERsSqOYa7u2/3O9qjSBxm7y7vNHYinw6GZ",
            "status": "Active",
            "user": "monks-go_iam_user"
          },
          "sensitive_attributes": [],
          "private": "bnVsbA==",
          "dependencies": [
            "aws_iam_user.monks-go"
          ]
        }
      ]
    },
    {
      "mode": "managed",
      "type": "aws_iam_policy",
      "name": "send_ss_cx_emails",
      "provider": "provider[\"registry.terraform.io/hashicorp/aws\"]",
      "instances": [
        {
          "schema_version": 0,
          "attributes": {
            "arn": "arn:aws:iam::558796306206:policy/send_ss_cx_emails",
            "description": "",
            "id": "arn:aws:iam::558796306206:policy/send_ss_cx_emails",
            "name": "send_ss_cx_emails",
            "name_prefix": null,
            "path": "/",
            "policy": "{\"Statement\":[{\"Action\":[\"ses:SendRawEmail\"],\"Effect\":\"Allow\",\"Resource\":[\"arn:aws:ses:us-east-1:558796306206:identity/no-reply@mail.ss.cx\"],\"Sid\":\"\"}],\"Version\":\"2012-10-17\"}",
            "policy_id": "ANPAYEGW264PKCYDVNBWV",
            "tags": {},
            "tags_all": {}
          },
          "sensitive_attributes": [],
          "private": "bnVsbA=="
        }
      ]
    },
    {
      "mode": "managed",
      "type": "aws_iam_policy",
      "name": "write_dns_records",
      "provider": "provider[\"registry.terraform.io/hashicorp/aws\"]",
      "instances": [
        {
          "schema_version": 0,
          "attributes": {
            "arn": "arn:aws:iam::558796306206:policy/write_dns_records_for_acme_challenge",
            "description": "",
            "id": "arn:aws:iam::558796306206:policy/write_dns_records_for_acme_challenge",
            "name": "write_dns_records_for_acme_challenge",
            "name_prefix": null,
            "path": "/",
            "policy": "{\"Statement\":[{\"Action\":[\"route53:ListResourceRecordSets\",\"route53:GetChange\",\"route53:ChangeResourceRecordSets\"],\"Effect\":\"Allow\",\"Resource\":[\"arn:aws:route53:::hostedzone/*\",\"arn:aws:route53:::change/*\"],\"Sid\":\"\"},{\"Action\":[\"route53:ListHostedZonesByName\",\"route53:ListHostedZones\"],\"Effect\":\"Allow\",\"Resource\":\"*\",\"Sid\":\"\"}],\"Version\":\"2012-10-17\"}",
            "policy_id": "ANPAYEGW264PBZ5NDJI36",
            "tags": {},
            "tags_all": {}
          },
          "sensitive_attributes": [],
          "private": "bnVsbA=="
        }
      ]
    },
    {
      "mode": "managed",
      "type": "aws_iam_user",
      "name": "monks-go",
      "provider": "provider[\"registry.terraform.io/hashicorp/aws\"]",
      "instances": [
        {
          "schema_version": 0,
          "attributes": {
            "arn": "arn:aws:iam::558796306206:user/monks-go_iam_user",
            "force_destroy": false,
            "id": "monks-go_iam_user",
            "name": "monks-go_iam_user",
            "path": "/",
            "permissions_boundary": null,
            "tags": {},
            "tags_all": {},
            "unique_id": "AIDAYEGW264PJW5327LPJ"
          },
          "sensitive_attributes": [],
          "private": "bnVsbA=="
        }
      ]
    },
    {
      "mode": "managed",
      "type": "aws_iam_user_policy_attachment",
      "name": "monks-go_iam_user_write_dns_records",
      "provider": "provider[\"registry.terraform.io/hashicorp/aws\"]",
      "instances": [
        {
          "schema_version": 0,
          "attributes": {
            "id": "monks-go_iam_user-20231103055408959100000001",
            "policy_arn": "arn:aws:iam::558796306206:policy/write_dns_records_for_acme_challenge",
            "user": "monks-go_iam_user"
          },
          "sensitive_attributes": [],
          "private": "bnVsbA==",
          "dependencies": [
            "aws_iam_policy.write_dns_records",
            "aws_iam_user.monks-go"
          ]
        }
      ]
    },
    {
      "mode": "managed",
      "type": "aws_route53_record",
      "name": "_keybase-monks-co-TXT",
      "provider": "provider[\"registry.terraform.io/hashicorp/aws\"]",
      "instances": [
        {
          "schema_version": 2,
          "attributes": {
            "alias": [],
            "allow_overwrite": null,
            "failover_routing_policy": [],
            "fqdn": "_keybase.monks.co",
            "geolocation_routing_policy": [],
            "health_check_id": "",
            "id": "Z087595026NN9591ZWPS5__keybase.monks.co_TXT",
            "latency_routing_policy": [],
            "multivalue_answer_routing_policy": null,
            "name": "_keybase.monks.co",
            "records": [
              "keybase-site-verification=JZj7vchXA6vfSV8oa5QQyGmnI8CKDRgQIHYIFPl5sF0"
            ],
            "set_identifier": "",
            "ttl": 300,
            "type": "TXT",
            "weighted_routing_policy": [],
            "zone_id": "Z087595026NN9591ZWPS5"
          },
          "sensitive_attributes": [],
          "private": "eyJzY2hlbWFfdmVyc2lvbiI6IjIifQ==",
          "dependencies": [
            "aws_route53_zone.monks-co"
          ]
        }
      ]
    },
    {
      "mode": "managed",
      "type": "aws_route53_record",
      "name": "andrewmonks-com-A",
      "provider": "provider[\"registry.terraform.io/hashicorp/aws\"]",
      "instances": [
        {
          "schema_version": 2,
          "attributes": {
            "alias": [],
            "allow_overwrite": null,
            "failover_routing_policy": [],
            "fqdn": "andrewmonks.com",
            "geolocation_routing_policy": [],
            "health_check_id": "",
            "id": "Z0269020O4E9YB6YJT3O_andrewmonks.com_A",
            "latency_routing_policy": [],
            "multivalue_answer_routing_policy": null,
            "name": "andrewmonks.com",
            "records": [
              "66.51.122.238"
            ],
            "set_identifier": "",
            "ttl": 300,
            "type": "A",
            "weighted_routing_policy": [],
            "zone_id": "Z0269020O4E9YB6YJT3O"
          },
          "sensitive_attributes": [],
          "private": "eyJzY2hlbWFfdmVyc2lvbiI6IjIifQ==",
          "dependencies": [
            "aws_route53_zone.andrewmonks-com"
          ]
        }
      ]
    },
    {
      "mode": "managed",
      "type": "aws_route53_record",
      "name": "andrewmonks-com-AAAA",
      "provider": "provider[\"registry.terraform.io/hashicorp/aws\"]",
      "instances": [
        {
          "schema_version": 2,
          "attributes": {
            "alias": [],
            "allow_overwrite": null,
            "failover_routing_policy": [],
            "fqdn": "andrewmonks.com",
            "geolocation_routing_policy": [],
            "health_check_id": "",
            "id": "Z0269020O4E9YB6YJT3O_andrewmonks.com._AAAA",
            "latency_routing_policy": [],
            "multivalue_answer_routing_policy": null,
            "name": "andrewmonks.com",
            "records": [
              "2a09:8280:1::f:478"
            ],
            "set_identifier": "",
            "ttl": 300,
            "type": "AAAA",
            "weighted_routing_policy": [],
            "zone_id": "Z0269020O4E9YB6YJT3O"
          },
          "sensitive_attributes": [],
          "private": "eyJzY2hlbWFfdmVyc2lvbiI6IjIifQ==",
          "dependencies": [
            "aws_route53_zone.andrewmonks-com"
          ]
        }
      ]
    },
    {
      "mode": "managed",
      "type": "aws_route53_record",
      "name": "andrewmonks-net-A",
      "provider": "provider[\"registry.terraform.io/hashicorp/aws\"]",
      "instances": [
        {
          "schema_version": 2,
          "attributes": {
            "alias": [],
            "allow_overwrite": null,
            "failover_routing_policy": [],
            "fqdn": "andrewmonks.net",
            "geolocation_routing_policy": [],
            "health_check_id": "",
            "id": "Z08746972DFNCXK2T9QLP_andrewmonks.net_A",
            "latency_routing_policy": [],
            "multivalue_answer_routing_policy": null,
            "name": "andrewmonks.net",
            "records": [
              "66.51.122.238"
            ],
            "set_identifier": "",
            "ttl": 300,
            "type": "A",
            "weighted_routing_policy": [],
            "zone_id": "Z08746972DFNCXK2T9QLP"
          },
          "sensitive_attributes": [],
          "private": "eyJzY2hlbWFfdmVyc2lvbiI6IjIifQ==",
          "dependencies": [
            "aws_route53_zone.andrewmonks-net"
          ]
        }
      ]
    },
    {
      "mode": "managed",
      "type": "aws_route53_record",
      "name": "andrewmonks-net-AAAA",
      "provider": "provider[\"registry.terraform.io/hashicorp/aws\"]",
      "instances": [
        {
          "schema_version": 2,
          "attributes": {
            "alias": [],
            "allow_overwrite": null,
            "failover_routing_policy": [],
            "fqdn": "andrewmonks.net",
            "geolocation_routing_policy": [],
            "health_check_id": "",
            "id": "Z08746972DFNCXK2T9QLP_andrewmonks.net._AAAA",
            "latency_routing_policy": [],
            "multivalue_answer_routing_policy": null,
            "name": "andrewmonks.net",
            "records": [
              "2a09:8280:1::f:478"
            ],
            "set_identifier": "",
            "ttl": 300,
            "type": "AAAA",
            "weighted_routing_policy": [],
            "zone_id": "Z08746972DFNCXK2T9QLP"
          },
          "sensitive_attributes": [],
          "private": "eyJzY2hlbWFfdmVyc2lvbiI6IjIifQ==",
          "dependencies": [
            "aws_route53_zone.andrewmonks-net"
          ]
        }
      ]
    },
    {
      "mode": "managed",
      "type": "aws_route53_record",
      "name": "andrewmonks-net-MX",
      "provider": "provider[\"registry.terraform.io/hashicorp/aws\"]",
      "instances": [
        {
          "schema_version": 2,
          "attributes": {
            "alias": [],
            "allow_overwrite": null,
            "failover_routing_policy": [],
            "fqdn": "andrewmonks.net",
            "geolocation_routing_policy": [],
            "health_check_id": "",
            "id": "Z08746972DFNCXK2T9QLP_andrewmonks.net._MX",
            "latency_routing_policy": [],
            "multivalue_answer_routing_policy": null,
            "name": "andrewmonks.net",
            "records": [
              "10 in1-smtp.messagingengine.com.",
              "20 in2-smtp.messagingengine.com."
            ],
            "set_identifier": "",
            "ttl": 300,
            "type": "MX",
            "weighted_routing_policy": [],
            "zone_id": "Z08746972DFNCXK2T9QLP"
          },
          "sensitive_attributes": [],
          "private": "eyJzY2hlbWFfdmVyc2lvbiI6IjIifQ==",
          "dependencies": [
            "aws_route53_zone.andrewmonks-net"
          ]
        }
      ]
    },
    {
      "mode": "managed",
      "type": "aws_route53_record",
      "name": "andrewmonks-net-SPF",
      "provider": "provider[\"registry.terraform.io/hashicorp/aws\"]",
      "instances": [
        {
          "schema_version": 2,
          "attributes": {
            "alias": [],
            "allow_overwrite": null,
            "failover_routing_policy": [],
            "fqdn": "andrewmonks.net",
            "geolocation_routing_policy": [],
            "health_check_id": "",
            "id": "Z08746972DFNCXK2T9QLP_andrewmonks.net._SPF",
            "latency_routing_policy": [],
            "multivalue_answer_routing_policy": null,
            "name": "andrewmonks.net",
            "records": [
              "v=spf1 include:spf.messagingengine.com -all"
            ],
            "set_identifier": "",
            "ttl": 300,
            "type": "SPF",
            "weighted_routing_policy": [],
            "zone_id": "Z08746972DFNCXK2T9QLP"
          },
          "sensitive_attributes": [],
          "private": "eyJzY2hlbWFfdmVyc2lvbiI6IjIifQ==",
          "dependencies": [
            "aws_route53_zone.andrewmonks-net"
          ]
        }
      ]
    },
    {
      "mode": "managed",
      "type": "aws_route53_record",
      "name": "andrewmonks-net-TXT",
      "provider": "provider[\"registry.terraform.io/hashicorp/aws\"]",
      "instances": [
        {
          "schema_version": 2,
          "attributes": {
            "alias": [],
            "allow_overwrite": null,
            "failover_routing_policy": [],
            "fqdn": "andrewmonks.net",
            "geolocation_routing_policy": [],
            "health_check_id": "",
            "id": "Z08746972DFNCXK2T9QLP_andrewmonks.net._TXT",
            "latency_routing_policy": [],
            "multivalue_answer_routing_policy": null,
            "name": "andrewmonks.net",
            "records": [
              "v=spf1 include:spf.messagingengine.com -all"
            ],
            "set_identifier": "",
            "ttl": 300,
            "type": "TXT",
            "weighted_routing_policy": [],
            "zone_id": "Z08746972DFNCXK2T9QLP"
          },
          "sensitive_attributes": [],
          "private": "eyJzY2hlbWFfdmVyc2lvbiI6IjIifQ==",
          "dependencies": [
            "aws_route53_zone.andrewmonks-net"
          ]
        }
      ]
    },
    {
      "mode": "managed",
      "type": "aws_route53_record",
      "name": "andrewmonks-org-A",
      "provider": "provider[\"registry.terraform.io/hashicorp/aws\"]",
      "instances": [
        {
          "schema_version": 2,
          "attributes": {
            "alias": [],
            "allow_overwrite": null,
            "failover_routing_policy": [],
            "fqdn": "andrewmonks.org",
            "geolocation_routing_policy": [],
            "health_check_id": "",
            "id": "Z10117873SPYT5N7XDQ0B_andrewmonks.org_A",
            "latency_routing_policy": [],
            "multivalue_answer_routing_policy": null,
            "name": "andrewmonks.org",
            "records": [
              "66.51.122.238"
            ],
            "set_identifier": "",
            "ttl": 300,
            "type": "A",
            "weighted_routing_policy": [],
            "zone_id": "Z10117873SPYT5N7XDQ0B"
          },
          "sensitive_attributes": [],
          "private": "eyJzY2hlbWFfdmVyc2lvbiI6IjIifQ==",
          "dependencies": [
            "aws_route53_zone.andrewmonks-org"
          ]
        }
      ]
    },
    {
      "mode": "managed",
      "type": "aws_route53_record",
      "name": "andrewmonks-org-AAAA",
      "provider": "provider[\"registry.terraform.io/hashicorp/aws\"]",
      "instances": [
        {
          "schema_version": 2,
          "attributes": {
            "alias": [],
            "allow_overwrite": null,
            "failover_routing_policy": [],
            "fqdn": "andrewmonks.org",
            "geolocation_routing_policy": [],
            "health_check_id": "",
            "id": "Z10117873SPYT5N7XDQ0B_andrewmonks.org._AAAA",
            "latency_routing_policy": [],
            "multivalue_answer_routing_policy": null,
            "name": "andrewmonks.org",
            "records": [
              "2a09:8280:1::f:478"
            ],
            "set_identifier": "",
            "ttl": 300,
            "type": "AAAA",
            "weighted_routing_policy": [],
            "zone_id": "Z10117873SPYT5N7XDQ0B"
          },
          "sensitive_attributes": [],
          "private": "eyJzY2hlbWFfdmVyc2lvbiI6IjIifQ==",
          "dependencies": [
            "aws_route53_zone.andrewmonks-org"
          ]
        }
      ]
    },
    {
      "mode": "managed",
      "type": "aws_route53_record",
      "name": "b-ss-cx-CNAME",
      "provider": "provider[\"registry.terraform.io/hashicorp/aws\"]",
      "instances": [
        {
          "schema_version": 2,
          "attributes": {
            "alias": [],
            "allow_overwrite": null,
            "failover_routing_policy": [],
            "fqdn": "b.ss.cx",
            "geolocation_routing_policy": [],
            "health_check_id": "",
            "id": "Z10151822SI7PT6XPE76C_b.ss.cx._CNAME",
            "latency_routing_policy": [],
            "multivalue_answer_routing_policy": null,
            "name": "b.ss.cx",
            "records": [
              "cross-origin-bouncer.herokuapp.com."
            ],
            "set_identifier": "",
            "ttl": 300,
            "type": "CNAME",
            "weighted_routing_policy": [],
            "zone_id": "Z10151822SI7PT6XPE76C"
          },
          "sensitive_attributes": [],
          "private": "eyJzY2hlbWFfdmVyc2lvbiI6IjIifQ==",
          "dependencies": [
            "aws_route53_zone.ss-cx"
          ]
        }
      ]
    },
    {
      "mode": "managed",
      "type": "aws_route53_record",
      "name": "bandcamp-needsyourhelp-org-CNAME",
      "provider": "provider[\"registry.terraform.io/hashicorp/aws\"]",
      "instances": [
        {
          "schema_version": 2,
          "attributes": {
            "alias": [],
            "allow_overwrite": null,
            "failover_routing_policy": [],
            "fqdn": "bandcamp.needsyourhelp.org",
            "geolocation_routing_policy": [],
            "health_check_id": "",
            "id": "Z02692292019DKAC6PVTW_bandcamp.needsyourhelp.org._CNAME",
            "latency_routing_policy": [],
            "multivalue_answer_routing_policy": null,
            "name": "bandcamp.needsyourhelp.org",
            "records": [
              "bandcamp-pirate.herokuapp.com."
            ],
            "set_identifier": "",
            "ttl": 300,
            "type": "CNAME",
            "weighted_routing_policy": [],
            "zone_id": "Z02692292019DKAC6PVTW"
          },
          "sensitive_attributes": [],
          "private": "eyJzY2hlbWFfdmVyc2lvbiI6IjIifQ==",
          "dependencies": [
            "aws_route53_zone.needsyourhelp-org"
          ]
        }
      ]
    },
    {
      "mode": "managed",
      "type": "aws_route53_record",
      "name": "belgianman-com-A",
      "provider": "provider[\"registry.terraform.io/hashicorp/aws\"]",
      "instances": [
        {
          "schema_version": 2,
          "attributes": {
            "alias": [],
            "allow_overwrite": null,
            "failover_routing_policy": [],
            "fqdn": "belgianman.com",
            "geolocation_routing_policy": [],
            "health_check_id": "",
            "id": "Z02687952PV9RJY86U40U_belgianman.com._A",
            "latency_routing_policy": [],
            "multivalue_answer_routing_policy": null,
            "name": "belgianman.com",
            "records": [
              "66.51.122.238"
            ],
            "set_identifier": "",
            "ttl": 300,
            "type": "A",
            "weighted_routing_policy": [],
            "zone_id": "Z02687952PV9RJY86U40U"
          },
          "sensitive_attributes": [],
          "private": "eyJzY2hlbWFfdmVyc2lvbiI6IjIifQ==",
          "dependencies": [
            "aws_route53_zone.belgianman-com"
          ]
        }
      ]
    },
    {
      "mode": "managed",
      "type": "aws_route53_record",
      "name": "belgianman-com-AAAA",
      "provider": "provider[\"registry.terraform.io/hashicorp/aws\"]",
      "instances": [
        {
          "schema_version": 2,
          "attributes": {
            "alias": [],
            "allow_overwrite": null,
            "failover_routing_policy": [],
            "fqdn": "belgianman.com",
            "geolocation_routing_policy": [],
            "health_check_id": "",
            "id": "Z02687952PV9RJY86U40U_belgianman.com._AAAA",
            "latency_routing_policy": [],
            "multivalue_answer_routing_policy": null,
            "name": "belgianman.com",
            "records": [
              "2a09:8280:1::f:478"
            ],
            "set_identifier": "",
            "ttl": 300,
            "type": "AAAA",
            "weighted_routing_policy": [],
            "zone_id": "Z02687952PV9RJY86U40U"
          },
          "sensitive_attributes": [],
          "private": "eyJzY2hlbWFfdmVyc2lvbiI6IjIifQ==",
          "dependencies": [
            "aws_route53_zone.belgianman-com"
          ]
        }
      ]
    },
    {
      "mode": "managed",
      "type": "aws_route53_record",
      "name": "blgn-mn-A",
      "provider": "provider[\"registry.terraform.io/hashicorp/aws\"]",
      "instances": [
        {
          "schema_version": 2,
          "attributes": {
            "alias": [],
            "allow_overwrite": null,
            "failover_routing_policy": [],
            "fqdn": "blgn.mn",
            "geolocation_routing_policy": [],
            "health_check_id": "",
            "id": "Z087523713F7DSYJWVKDO_blgn.mn._A",
            "latency_routing_policy": [],
            "multivalue_answer_routing_policy": null,
            "name": "blgn.mn",
            "records": [
              "66.51.122.238"
            ],
            "set_identifier": "",
            "ttl": 300,
            "type": "A",
            "weighted_routing_policy": [],
            "zone_id": "Z087523713F7DSYJWVKDO"
          },
          "sensitive_attributes": [],
          "private": "eyJzY2hlbWFfdmVyc2lvbiI6IjIifQ==",
          "dependencies": [
            "aws_route53_zone.blgn-mn"
          ]
        }
      ]
    },
    {
      "mode": "managed",
      "type": "aws_route53_record",
      "name": "blgn-mn-AAAA",
      "provider": "provider[\"registry.terraform.io/hashicorp/aws\"]",
      "instances": [
        {
          "schema_version": 2,
          "attributes": {
            "alias": [],
            "allow_overwrite": null,
            "failover_routing_policy": [],
            "fqdn": "blgn.mn",
            "geolocation_routing_policy": [],
            "health_check_id": "",
            "id": "Z087523713F7DSYJWVKDO_blgn.mn._AAAA",
            "latency_routing_policy": [],
            "multivalue_answer_routing_policy": null,
            "name": "blgn.mn",
            "records": [
              "2a09:8280:1::f:478"
            ],
            "set_identifier": "",
            "ttl": 300,
            "type": "AAAA",
            "weighted_routing_policy": [],
            "zone_id": "Z087523713F7DSYJWVKDO"
          },
          "sensitive_attributes": [],
          "private": "eyJzY2hlbWFfdmVyc2lvbiI6IjIifQ==",
          "dependencies": [
            "aws_route53_zone.blgn-mn"
          ]
        }
      ]
    },
    {
      "mode": "managed",
      "type": "aws_route53_record",
      "name": "brianeno-needsyourhelp-org-CNAME",
      "provider": "provider[\"registry.terraform.io/hashicorp/aws\"]",
      "instances": [
        {
          "schema_version": 2,
          "attributes": {
            "alias": [],
            "allow_overwrite": null,
            "failover_routing_policy": [],
            "fqdn": "brianeno.needsyourhelp.org",
            "geolocation_routing_policy": [],
            "health_check_id": "",
            "id": "Z02692292019DKAC6PVTW_brianeno.needsyourhelp.org._CNAME",
            "latency_routing_policy": [],
            "multivalue_answer_routing_policy": null,
            "name": "brianeno.needsyourhelp.org",
            "records": [
              "oblique-strategies-api.herokuapp.com."
            ],
            "set_identifier": "",
            "ttl": 300,
            "type": "CNAME",
            "weighted_routing_policy": [],
            "zone_id": "Z02692292019DKAC6PVTW"
          },
          "sensitive_attributes": [],
          "private": "eyJzY2hlbWFfdmVyc2lvbiI6IjIifQ==",
          "dependencies": [
            "aws_route53_zone.needsyourhelp-org"
          ]
        }
      ]
    },
    {
      "mode": "managed",
      "type": "aws_route53_record",
      "name": "brigid-ss-cx-A",
      "provider": "provider[\"registry.terraform.io/hashicorp/aws\"]",
      "instances": [
        {
          "schema_version": 2,
          "attributes": {
            "alias": [],
            "allow_overwrite": null,
            "failover_routing_policy": [],
            "fqdn": "brigid.ss.cx",
            "geolocation_routing_policy": [],
            "health_check_id": "",
            "id": "Z10151822SI7PT6XPE76C_brigid.ss.cx._A",
            "latency_routing_policy": [],
            "multivalue_answer_routing_policy": null,
            "name": "brigid.ss.cx",
            "records": [
              "100.103.217.4"
            ],
            "set_identifier": "",
            "ttl": 300,
            "type": "A",
            "weighted_routing_policy": [],
            "zone_id": "Z10151822SI7PT6XPE76C"
          },
          "sensitive_attributes": [],
          "private": "eyJzY2hlbWFfdmVyc2lvbiI6IjIifQ==",
          "dependencies": [
            "aws_route53_zone.ss-cx"
          ]
        }
      ]
    },
    {
      "mode": "managed",
      "type": "aws_route53_record",
      "name": "calder-ss-cx-A",
      "provider": "provider[\"registry.terraform.io/hashicorp/aws\"]",
      "instances": [
        {
          "schema_version": 2,
          "attributes": {
            "alias": [],
            "allow_overwrite": null,
            "failover_routing_policy": [],
            "fqdn": "calder.ss.cx",
            "geolocation_routing_policy": [],
            "health_check_id": "",
            "id": "Z10151822SI7PT6XPE76C_calder.ss.cx._A",
            "latency_routing_policy": [],
            "multivalue_answer_routing_policy": null,
            "name": "calder.ss.cx",
            "records": [
              "100.85.55.109"
            ],
            "set_identifier": "",
            "ttl": 300,
            "type": "A",
            "weighted_routing_policy": [],
            "zone_id": "Z10151822SI7PT6XPE76C"
          },
          "sensitive_attributes": [],
          "private": "eyJzY2hlbWFfdmVyc2lvbiI6IjIifQ==",
          "dependencies": [
            "aws_route53_zone.ss-cx"
          ]
        }
      ]
    },
    {
      "mode": "managed",
      "type": "aws_route53_record",
      "name": "divvy-needsyourhelp-org-CNAME",
      "provider": "provider[\"registry.terraform.io/hashicorp/aws\"]",
      "instances": [
        {
          "schema_version": 2,
          "attributes": {
            "alias": [],
            "allow_overwrite": null,
            "failover_routing_policy": [],
            "fqdn": "divvy.needsyourhelp.org",
            "geolocation_routing_policy": [],
            "health_check_id": "",
            "id": "Z02692292019DKAC6PVTW_divvy.needsyourhelp.org._CNAME",
            "latency_routing_policy": [],
            "multivalue_answer_routing_policy": null,
            "name": "divvy.needsyourhelp.org",
            "records": [
              "divvy-json.herokuapp.com."
            ],
            "set_identifier": "",
            "ttl": 300,
            "type": "CNAME",
            "weighted_routing_policy": [],
            "zone_id": "Z02692292019DKAC6PVTW"
          },
          "sensitive_attributes": [],
          "private": "eyJzY2hlbWFfdmVyc2lvbiI6IjIifQ==",
          "dependencies": [
            "aws_route53_zone.needsyourhelp-org"
          ]
        }
      ]
    },
    {
      "mode": "managed",
      "type": "aws_route53_record",
      "name": "docrimes-com-A",
      "provider": "provider[\"registry.terraform.io/hashicorp/aws\"]",
      "instances": [
        {
          "schema_version": 2,
          "attributes": {
            "alias": [],
            "allow_overwrite": null,
            "failover_routing_policy": [],
            "fqdn": "docrimes.com",
            "geolocation_routing_policy": [],
            "health_check_id": "",
            "id": "Z08731401CP0G7772NH8O_docrimes.com_A",
            "latency_routing_policy": [],
            "multivalue_answer_routing_policy": null,
            "name": "docrimes.com",
            "records": [
              "66.51.122.238"
            ],
            "set_identifier": "",
            "ttl": 300,
            "type": "A",
            "weighted_routing_policy": [],
            "zone_id": "Z08731401CP0G7772NH8O"
          },
          "sensitive_attributes": [],
          "private": "eyJzY2hlbWFfdmVyc2lvbiI6IjIifQ==",
          "dependencies": [
            "aws_route53_zone.docrimes-com"
          ]
        }
      ]
    },
    {
      "mode": "managed",
      "type": "aws_route53_record",
      "name": "docrimes-com-AAAA",
      "provider": "provider[\"registry.terraform.io/hashicorp/aws\"]",
      "instances": [
        {
          "schema_version": 2,
          "attributes": {
            "alias": [],
            "allow_overwrite": null,
            "failover_routing_policy": [],
            "fqdn": "docrimes.com",
            "geolocation_routing_policy": [],
            "health_check_id": "",
            "id": "Z08731401CP0G7772NH8O_docrimes.com._AAAA",
            "latency_routing_policy": [],
            "multivalue_answer_routing_policy": null,
            "name": "docrimes.com",
            "records": [
              "2a09:8280:1::f:478"
            ],
            "set_identifier": "",
            "ttl": 300,
            "type": "AAAA",
            "weighted_routing_policy": [],
            "zone_id": "Z08731401CP0G7772NH8O"
          },
          "sensitive_attributes": [],
          "private": "eyJzY2hlbWFfdmVyc2lvbiI6IjIifQ==",
          "dependencies": [
            "aws_route53_zone.docrimes-com"
          ]
        }
      ]
    },
    {
      "mode": "managed",
      "type": "aws_route53_record",
      "name": "doge-needsyourhelp-org-CNAME",
      "provider": "provider[\"registry.terraform.io/hashicorp/aws\"]",
      "instances": [
        {
          "schema_version": 2,
          "attributes": {
            "alias": [],
            "allow_overwrite": null,
            "failover_routing_policy": [],
            "fqdn": "doge.needsyourhelp.org",
            "geolocation_routing_policy": [],
            "health_check_id": "",
            "id": "Z02692292019DKAC6PVTW_doge.needsyourhelp.org._CNAME",
            "latency_routing_policy": [],
            "multivalue_answer_routing_policy": null,
            "name": "doge.needsyourhelp.org",
            "records": [
              "amonks.github.io."
            ],
            "set_identifier": "",
            "ttl": 300,
            "type": "CNAME",
            "weighted_routing_policy": [],
            "zone_id": "Z02692292019DKAC6PVTW"
          },
          "sensitive_attributes": [],
          "private": "eyJzY2hlbWFfdmVyc2lvbiI6IjIifQ==",
          "dependencies": [
            "aws_route53_zone.needsyourhelp-org"
          ]
        }
      ]
    },
    {
      "mode": "managed",
      "type": "aws_route53_record",
      "name": "facekov-andrewmonks-net-CNAME",
      "provider": "provider[\"registry.terraform.io/hashicorp/aws\"]",
      "instances": [
        {
          "schema_version": 2,
          "attributes": {
            "alias": [],
            "allow_overwrite": null,
            "failover_routing_policy": [],
            "fqdn": "facekov.andrewmonks.net",
            "geolocation_routing_policy": [],
            "health_check_id": "",
            "id": "Z08746972DFNCXK2T9QLP_facekov.andrewmonks.net._CNAME",
            "latency_routing_policy": [],
            "multivalue_answer_routing_policy": null,
            "name": "facekov.andrewmonks.net",
            "records": [
              "facekov.herokuapp.com."
            ],
            "set_identifier": "",
            "ttl": 300,
            "type": "CNAME",
            "weighted_routing_policy": [],
            "zone_id": "Z08746972DFNCXK2T9QLP"
          },
          "sensitive_attributes": [],
          "private": "eyJzY2hlbWFfdmVyc2lvbiI6IjIifQ==",
          "dependencies": [
            "aws_route53_zone.andrewmonks-net"
          ]
        }
      ]
    },
    {
      "mode": "managed",
      "type": "aws_route53_record",
      "name": "fly-ss-cx-A",
      "provider": "provider[\"registry.terraform.io/hashicorp/aws\"]",
      "instances": [
        {
          "schema_version": 2,
          "attributes": {
            "alias": [],
            "allow_overwrite": null,
            "failover_routing_policy": [],
            "fqdn": "fly.ss.cx",
            "geolocation_routing_policy": [],
            "health_check_id": null,
            "id": "Z10151822SI7PT6XPE76C_fly.ss.cx._A",
            "latency_routing_policy": [],
            "multivalue_answer_routing_policy": null,
            "name": "fly.ss.cx",
            "records": [
              "100.84.224.155"
            ],
            "set_identifier": null,
            "ttl": 300,
            "type": "A",
            "weighted_routing_policy": [],
            "zone_id": "Z10151822SI7PT6XPE76C"
          },
          "sensitive_attributes": [],
          "private": "eyJzY2hlbWFfdmVyc2lvbiI6IjIifQ==",
          "dependencies": [
            "aws_route53_zone.ss-cx"
          ]
        }
      ]
    },
    {
      "mode": "managed",
      "type": "aws_route53_record",
      "name": "fm1-_domainkey-andrewmonks-net-CNAME",
      "provider": "provider[\"registry.terraform.io/hashicorp/aws\"]",
      "instances": [
        {
          "schema_version": 2,
          "attributes": {
            "alias": [],
            "allow_overwrite": null,
            "failover_routing_policy": [],
            "fqdn": "fm1._domainkey.andrewmonks.net",
            "geolocation_routing_policy": [],
            "health_check_id": "",
            "id": "Z08746972DFNCXK2T9QLP_fm1._domainkey.andrewmonks.net._CNAME",
            "latency_routing_policy": [],
            "multivalue_answer_routing_policy": null,
            "name": "fm1._domainkey.andrewmonks.net",
            "records": [
              "fm1.andrewmonks.net.dkim.fmhosted.com."
            ],
            "set_identifier": "",
            "ttl": 300,
            "type": "CNAME",
            "weighted_routing_policy": [],
            "zone_id": "Z08746972DFNCXK2T9QLP"
          },
          "sensitive_attributes": [],
          "private": "eyJzY2hlbWFfdmVyc2lvbiI6IjIifQ==",
          "dependencies": [
            "aws_route53_zone.andrewmonks-net"
          ]
        }
      ]
    },
    {
      "mode": "managed",
      "type": "aws_route53_record",
      "name": "fm1-_domainkey-fmail-email-CNAME",
      "provider": "provider[\"registry.terraform.io/hashicorp/aws\"]",
      "instances": [
        {
          "schema_version": 2,
          "attributes": {
            "alias": [],
            "allow_overwrite": null,
            "failover_routing_policy": [],
            "fqdn": "fm1._domainkey.fmail.email",
            "geolocation_routing_policy": [],
            "health_check_id": "",
            "id": "Z08736341F7T1F2YALBOA_fm1._domainkey.fmail.email._CNAME",
            "latency_routing_policy": [],
            "multivalue_answer_routing_policy": null,
            "name": "fm1._domainkey.fmail.email",
            "records": [
              "fm1.fmail.email.dkim.fmhosted.com."
            ],
            "set_identifier": "",
            "ttl": 300,
            "type": "CNAME",
            "weighted_routing_policy": [],
            "zone_id": "Z08736341F7T1F2YALBOA"
          },
          "sensitive_attributes": [],
          "private": "eyJzY2hlbWFfdmVyc2lvbiI6IjIifQ==",
          "dependencies": [
            "aws_route53_zone.fmail-email"
          ]
        }
      ]
    },
    {
      "mode": "managed",
      "type": "aws_route53_record",
      "name": "fm1-_domainkey-monks-co-CNAME",
      "provider": "provider[\"registry.terraform.io/hashicorp/aws\"]",
      "instances": [
        {
          "schema_version": 2,
          "attributes": {
            "alias": [],
            "allow_overwrite": null,
            "failover_routing_policy": [],
            "fqdn": "fm1._domainkey.monks.co",
            "geolocation_routing_policy": [],
            "health_check_id": "",
            "id": "Z087595026NN9591ZWPS5_fm1._domainkey.monks.co._CNAME",
            "latency_routing_policy": [],
            "multivalue_answer_routing_policy": null,
            "name": "fm1._domainkey.monks.co",
            "records": [
              "fm1.monks.co.dkim.fmhosted.com."
            ],
            "set_identifier": "",
            "ttl": 300,
            "type": "CNAME",
            "weighted_routing_policy": [],
            "zone_id": "Z087595026NN9591ZWPS5"
          },
          "sensitive_attributes": [],
          "private": "eyJzY2hlbWFfdmVyc2lvbiI6IjIifQ==",
          "dependencies": [
            "aws_route53_zone.monks-co"
          ]
        }
      ]
    },
    {
      "mode": "managed",
      "type": "aws_route53_record",
      "name": "fm2-_domainkey-andrewmonks-net-CNAME",
      "provider": "provider[\"registry.terraform.io/hashicorp/aws\"]",
      "instances": [
        {
          "schema_version": 2,
          "attributes": {
            "alias": [],
            "allow_overwrite": null,
            "failover_routing_policy": [],
            "fqdn": "fm2._domainkey.andrewmonks.net",
            "geolocation_routing_policy": [],
            "health_check_id": "",
            "id": "Z08746972DFNCXK2T9QLP_fm2._domainkey.andrewmonks.net._CNAME",
            "latency_routing_policy": [],
            "multivalue_answer_routing_policy": null,
            "name": "fm2._domainkey.andrewmonks.net",
            "records": [
              "fm2.andrewmonks.net.dkim.fmhosted.com."
            ],
            "set_identifier": "",
            "ttl": 300,
            "type": "CNAME",
            "weighted_routing_policy": [],
            "zone_id": "Z08746972DFNCXK2T9QLP"
          },
          "sensitive_attributes": [],
          "private": "eyJzY2hlbWFfdmVyc2lvbiI6IjIifQ==",
          "dependencies": [
            "aws_route53_zone.andrewmonks-net"
          ]
        }
      ]
    },
    {
      "mode": "managed",
      "type": "aws_route53_record",
      "name": "fm2-_domainkey-fmail-email-CNAME",
      "provider": "provider[\"registry.terraform.io/hashicorp/aws\"]",
      "instances": [
        {
          "schema_version": 2,
          "attributes": {
            "alias": [],
            "allow_overwrite": null,
            "failover_routing_policy": [],
            "fqdn": "fm2._domainkey.fmail.email",
            "geolocation_routing_policy": [],
            "health_check_id": "",
            "id": "Z08736341F7T1F2YALBOA_fm2._domainkey.fmail.email._CNAME",
            "latency_routing_policy": [],
            "multivalue_answer_routing_policy": null,
            "name": "fm2._domainkey.fmail.email",
            "records": [
              "fm2.fmail.email.dkim.fmhosted.com."
            ],
            "set_identifier": "",
            "ttl": 300,
            "type": "CNAME",
            "weighted_routing_policy": [],
            "zone_id": "Z08736341F7T1F2YALBOA"
          },
          "sensitive_attributes": [],
          "private": "eyJzY2hlbWFfdmVyc2lvbiI6IjIifQ==",
          "dependencies": [
            "aws_route53_zone.fmail-email"
          ]
        }
      ]
    },
    {
      "mode": "managed",
      "type": "aws_route53_record",
      "name": "fm2-_domainkey-monks-co-CNAME",
      "provider": "provider[\"registry.terraform.io/hashicorp/aws\"]",
      "instances": [
        {
          "schema_version": 2,
          "attributes": {
            "alias": [],
            "allow_overwrite": null,
            "failover_routing_policy": [],
            "fqdn": "fm2._domainkey.monks.co",
            "geolocation_routing_policy": [],
            "health_check_id": "",
            "id": "Z087595026NN9591ZWPS5_fm2._domainkey.monks.co._CNAME",
            "latency_routing_policy": [],
            "multivalue_answer_routing_policy": null,
            "name": "fm2._domainkey.monks.co",
            "records": [
              "fm2.monks.co.dkim.fmhosted.com."
            ],
            "set_identifier": "",
            "ttl": 300,
            "type": "CNAME",
            "weighted_routing_policy": [],
            "zone_id": "Z087595026NN9591ZWPS5"
          },
          "sensitive_attributes": [],
          "private": "eyJzY2hlbWFfdmVyc2lvbiI6IjIifQ==",
          "dependencies": [
            "aws_route53_zone.monks-co"
          ]
        }
      ]
    },
    {
      "mode": "managed",
      "type": "aws_route53_record",
      "name": "fm3-_domainkey-andrewmonks-net-CNAME",
      "provider": "provider[\"registry.terraform.io/hashicorp/aws\"]",
      "instances": [
        {
          "schema_version": 2,
          "attributes": {
            "alias": [],
            "allow_overwrite": null,
            "failover_routing_policy": [],
            "fqdn": "fm3._domainkey.andrewmonks.net",
            "geolocation_routing_policy": [],
            "health_check_id": "",
            "id": "Z08746972DFNCXK2T9QLP_fm3._domainkey.andrewmonks.net._CNAME",
            "latency_routing_policy": [],
            "multivalue_answer_routing_policy": null,
            "name": "fm3._domainkey.andrewmonks.net",
            "records": [
              "fm3.andrewmonks.net.dkim.fmhosted.com."
            ],
            "set_identifier": "",
            "ttl": 300,
            "type": "CNAME",
            "weighted_routing_policy": [],
            "zone_id": "Z08746972DFNCXK2T9QLP"
          },
          "sensitive_attributes": [],
          "private": "eyJzY2hlbWFfdmVyc2lvbiI6IjIifQ==",
          "dependencies": [
            "aws_route53_zone.andrewmonks-net"
          ]
        }
      ]
    },
    {
      "mode": "managed",
      "type": "aws_route53_record",
      "name": "fm3-_domainkey-fmail-email-CNAME",
      "provider": "provider[\"registry.terraform.io/hashicorp/aws\"]",
      "instances": [
        {
          "schema_version": 2,
          "attributes": {
            "alias": [],
            "allow_overwrite": null,
            "failover_routing_policy": [],
            "fqdn": "fm3._domainkey.fmail.email",
            "geolocation_routing_policy": [],
            "health_check_id": "",
            "id": "Z08736341F7T1F2YALBOA_fm3._domainkey.fmail.email._CNAME",
            "latency_routing_policy": [],
            "multivalue_answer_routing_policy": null,
            "name": "fm3._domainkey.fmail.email",
            "records": [
              "fm3.fmail.email.dkim.fmhosted.com."
            ],
            "set_identifier": "",
            "ttl": 300,
            "type": "CNAME",
            "weighted_routing_policy": [],
            "zone_id": "Z08736341F7T1F2YALBOA"
          },
          "sensitive_attributes": [],
          "private": "eyJzY2hlbWFfdmVyc2lvbiI6IjIifQ==",
          "dependencies": [
            "aws_route53_zone.fmail-email"
          ]
        }
      ]
    },
    {
      "mode": "managed",
      "type": "aws_route53_record",
      "name": "fm3-_domainkey-monks-co-CNAME",
      "provider": "provider[\"registry.terraform.io/hashicorp/aws\"]",
      "instances": [
        {
          "schema_version": 2,
          "attributes": {
            "alias": [],
            "allow_overwrite": null,
            "failover_routing_policy": [],
            "fqdn": "fm3._domainkey.monks.co",
            "geolocation_routing_policy": [],
            "health_check_id": "",
            "id": "Z087595026NN9591ZWPS5_fm3._domainkey.monks.co._CNAME",
            "latency_routing_policy": [],
            "multivalue_answer_routing_policy": null,
            "name": "fm3._domainkey.monks.co",
            "records": [
              "fm3.monks.co.dkim.fmhosted.com."
            ],
            "set_identifier": "",
            "ttl": 300,
            "type": "CNAME",
            "weighted_routing_policy": [],
            "zone_id": "Z087595026NN9591ZWPS5"
          },
          "sensitive_attributes": [],
          "private": "eyJzY2hlbWFfdmVyc2lvbiI6IjIifQ==",
          "dependencies": [
            "aws_route53_zone.monks-co"
          ]
        }
      ]
    },
    {
      "mode": "managed",
      "type": "aws_route53_record",
      "name": "fmail-email-A",
      "provider": "provider[\"registry.terraform.io/hashicorp/aws\"]",
      "instances": [
        {
          "schema_version": 2,
          "attributes": {
            "alias": [],
            "allow_overwrite": null,
            "failover_routing_policy": [],
            "fqdn": "fmail.email",
            "geolocation_routing_policy": [],
            "health_check_id": "",
            "id": "Z08736341F7T1F2YALBOA_fmail.email._A",
            "latency_routing_policy": [],
            "multivalue_answer_routing_policy": null,
            "name": "fmail.email",
            "records": [
              "66.51.122.238"
            ],
            "set_identifier": "",
            "ttl": 300,
            "type": "A",
            "weighted_routing_policy": [],
            "zone_id": "Z08736341F7T1F2YALBOA"
          },
          "sensitive_attributes": [],
          "private": "eyJzY2hlbWFfdmVyc2lvbiI6IjIifQ==",
          "dependencies": [
            "aws_route53_zone.fmail-email"
          ]
        }
      ]
    },
    {
      "mode": "managed",
      "type": "aws_route53_record",
      "name": "fmail-email-AAAA",
      "provider": "provider[\"registry.terraform.io/hashicorp/aws\"]",
      "instances": [
        {
          "schema_version": 2,
          "attributes": {
            "alias": [],
            "allow_overwrite": null,
            "failover_routing_policy": [],
            "fqdn": "fmail.email",
            "geolocation_routing_policy": [],
            "health_check_id": "",
            "id": "Z08736341F7T1F2YALBOA_fmail.email._AAAA",
            "latency_routing_policy": [],
            "multivalue_answer_routing_policy": null,
            "name": "fmail.email",
            "records": [
              "2a09:8280:1::f:478"
            ],
            "set_identifier": "",
            "ttl": 300,
            "type": "AAAA",
            "weighted_routing_policy": [],
            "zone_id": "Z08736341F7T1F2YALBOA"
          },
          "sensitive_attributes": [],
          "private": "eyJzY2hlbWFfdmVyc2lvbiI6IjIifQ==",
          "dependencies": [
            "aws_route53_zone.fmail-email"
          ]
        }
      ]
    },
    {
      "mode": "managed",
      "type": "aws_route53_record",
      "name": "fmail-email-MX",
      "provider": "provider[\"registry.terraform.io/hashicorp/aws\"]",
      "instances": [
        {
          "schema_version": 2,
          "attributes": {
            "alias": [],
            "allow_overwrite": null,
            "failover_routing_policy": [],
            "fqdn": "fmail.email",
            "geolocation_routing_policy": [],
            "health_check_id": "",
            "id": "Z08736341F7T1F2YALBOA_fmail.email._MX",
            "latency_routing_policy": [],
            "multivalue_answer_routing_policy": null,
            "name": "fmail.email",
            "records": [
              "10 in1-smtp.messagingengine.com.",
              "20 in2-smtp.messagingengine.com."
            ],
            "set_identifier": "",
            "ttl": 300,
            "type": "MX",
            "weighted_routing_policy": [],
            "zone_id": "Z08736341F7T1F2YALBOA"
          },
          "sensitive_attributes": [],
          "private": "eyJzY2hlbWFfdmVyc2lvbiI6IjIifQ==",
          "dependencies": [
            "aws_route53_zone.fmail-email"
          ]
        }
      ]
    },
    {
      "mode": "managed",
      "type": "aws_route53_record",
      "name": "fmail-email-TXT",
      "provider": "provider[\"registry.terraform.io/hashicorp/aws\"]",
      "instances": [
        {
          "schema_version": 2,
          "attributes": {
            "alias": [],
            "allow_overwrite": null,
            "failover_routing_policy": [],
            "fqdn": "fmail.email",
            "geolocation_routing_policy": [],
            "health_check_id": "",
            "id": "Z08736341F7T1F2YALBOA_fmail.email._TXT",
            "latency_routing_policy": [],
            "multivalue_answer_routing_policy": null,
            "name": "fmail.email",
            "records": [
              "v=spf1 include:spf.messagingengine.com -all"
            ],
            "set_identifier": "",
            "ttl": 300,
            "type": "TXT",
            "weighted_routing_policy": [],
            "zone_id": "Z08736341F7T1F2YALBOA"
          },
          "sensitive_attributes": [],
          "private": "eyJzY2hlbWFfdmVyc2lvbiI6IjIifQ==",
          "dependencies": [
            "aws_route53_zone.fmail-email"
          ]
        }
      ]
    },
    {
      "mode": "managed",
      "type": "aws_route53_record",
      "name": "go-ss-cx-A",
      "provider": "provider[\"registry.terraform.io/hashicorp/aws\"]",
      "instances": [
        {
          "schema_version": 2,
          "attributes": {
            "alias": [],
            "allow_overwrite": null,
            "failover_routing_policy": [],
            "fqdn": "go.ss.cx",
            "geolocation_routing_policy": [],
            "health_check_id": "",
            "id": "Z10151822SI7PT6XPE76C_go.ss.cx._A",
            "latency_routing_policy": [],
            "multivalue_answer_routing_policy": null,
            "name": "go.ss.cx",
            "records": [
              "100.84.224.155"
            ],
            "set_identifier": "",
            "ttl": 300,
            "type": "A",
            "weighted_routing_policy": [],
            "zone_id": "Z10151822SI7PT6XPE76C"
          },
          "sensitive_attributes": [],
          "private": "eyJzY2hlbWFfdmVyc2lvbiI6IjIifQ==",
          "dependencies": [
            "aws_route53_zone.ss-cx"
          ]
        }
      ]
    },
    {
      "mode": "managed",
      "type": "aws_route53_record",
      "name": "homer-andrewmonks-net-CNAME",
      "provider": "provider[\"registry.terraform.io/hashicorp/aws\"]",
      "instances": [
        {
          "schema_version": 2,
          "attributes": {
            "alias": [],
            "allow_overwrite": null,
            "failover_routing_policy": [],
            "fqdn": "homer.andrewmonks.net",
            "geolocation_routing_policy": [],
            "health_check_id": "",
            "id": "Z08746972DFNCXK2T9QLP_homer.andrewmonks.net._CNAME",
            "latency_routing_policy": [],
            "multivalue_answer_routing_policy": null,
            "name": "homer.andrewmonks.net",
            "records": [
              "collectivememory.herokuapp.com."
            ],
            "set_identifier": "",
            "ttl": 300,
            "type": "CNAME",
            "weighted_routing_policy": [],
            "zone_id": "Z08746972DFNCXK2T9QLP"
          },
          "sensitive_attributes": [],
          "private": "eyJzY2hlbWFfdmVyc2lvbiI6IjIifQ==",
          "dependencies": [
            "aws_route53_zone.andrewmonks-net"
          ]
        }
      ]
    },
    {
      "mode": "managed",
      "type": "aws_route53_record",
      "name": "lugh-ss-cx-A",
      "provider": "provider[\"registry.terraform.io/hashicorp/aws\"]",
      "instances": [
        {
          "schema_version": 2,
          "attributes": {
            "alias": [],
            "allow_overwrite": null,
            "failover_routing_policy": [],
            "fqdn": "lugh.ss.cx",
            "geolocation_routing_policy": [],
            "health_check_id": "",
            "id": "Z10151822SI7PT6XPE76C_lugh.ss.cx._A",
            "latency_routing_policy": [],
            "multivalue_answer_routing_policy": null,
            "name": "lugh.ss.cx",
            "records": [
              "100.84.171.132"
            ],
            "set_identifier": "",
            "ttl": 300,
            "type": "A",
            "weighted_routing_policy": [],
            "zone_id": "Z10151822SI7PT6XPE76C"
          },
          "sensitive_attributes": [],
          "private": "eyJzY2hlbWFfdmVyc2lvbiI6IjIifQ==",
          "dependencies": [
            "aws_route53_zone.ss-cx"
          ]
        }
      ]
    },
    {
      "mode": "managed",
      "type": "aws_route53_record",
      "name": "lyrics-andrewmonks-net-CNAME",
      "provider": "provider[\"registry.terraform.io/hashicorp/aws\"]",
      "instances": [
        {
          "schema_version": 2,
          "attributes": {
            "alias": [],
            "allow_overwrite": null,
            "failover_routing_policy": [],
            "fqdn": "lyrics.andrewmonks.net",
            "geolocation_routing_policy": [],
            "health_check_id": "",
            "id": "Z08746972DFNCXK2T9QLP_lyrics.andrewmonks.net._CNAME",
            "latency_routing_policy": [],
            "multivalue_answer_routing_policy": null,
            "name": "lyrics.andrewmonks.net",
            "records": [
              "limitless-harbor-4493.herokuapp.com."
            ],
            "set_identifier": "",
            "ttl": 300,
            "type": "CNAME",
            "weighted_routing_policy": [],
            "zone_id": "Z08746972DFNCXK2T9QLP"
          },
          "sensitive_attributes": [],
          "private": "eyJzY2hlbWFfdmVyc2lvbiI6IjIifQ==",
          "dependencies": [
            "aws_route53_zone.andrewmonks-net"
          ]
        }
      ]
    },
    {
      "mode": "managed",
      "type": "aws_route53_record",
      "name": "lyrics-gy-A",
      "provider": "provider[\"registry.terraform.io/hashicorp/aws\"]",
      "instances": [
        {
          "schema_version": 2,
          "attributes": {
            "alias": [],
            "allow_overwrite": null,
            "failover_routing_policy": [],
            "fqdn": "lyrics.gy",
            "geolocation_routing_policy": [],
            "health_check_id": "",
            "id": "Z10120252747GUQXJ9K00_lyrics.gy._A",
            "latency_routing_policy": [],
            "multivalue_answer_routing_policy": null,
            "name": "lyrics.gy",
            "records": [
              "217.70.184.38"
            ],
            "set_identifier": "",
            "ttl": 300,
            "type": "A",
            "weighted_routing_policy": [],
            "zone_id": "Z10120252747GUQXJ9K00"
          },
          "sensitive_attributes": [],
          "private": "eyJzY2hlbWFfdmVyc2lvbiI6IjIifQ==",
          "dependencies": [
            "aws_route53_zone.lyrics-gy"
          ]
        }
      ]
    },
    {
      "mode": "managed",
      "type": "aws_route53_record",
      "name": "mail-fmail-email-MX",
      "provider": "provider[\"registry.terraform.io/hashicorp/aws\"]",
      "instances": [
        {
          "schema_version": 2,
          "attributes": {
            "alias": [],
            "allow_overwrite": null,
            "failover_routing_policy": [],
            "fqdn": "mail.fmail.email",
            "geolocation_routing_policy": [],
            "health_check_id": "",
            "id": "Z08736341F7T1F2YALBOA_mail.fmail.email._MX",
            "latency_routing_policy": [],
            "multivalue_answer_routing_policy": null,
            "name": "mail.fmail.email",
            "records": [
              "10 in1-smtp.messagingengine.com.",
              "20 in2-smtp.messagingengine.com."
            ],
            "set_identifier": "",
            "ttl": 300,
            "type": "MX",
            "weighted_routing_policy": [],
            "zone_id": "Z08736341F7T1F2YALBOA"
          },
          "sensitive_attributes": [],
          "private": "eyJzY2hlbWFfdmVyc2lvbiI6IjIifQ==",
          "dependencies": [
            "aws_route53_zone.fmail-email"
          ]
        }
      ]
    },
    {
      "mode": "managed",
      "type": "aws_route53_record",
      "name": "mesmtp-_domainkey-fmail-email-CNAME",
      "provider": "provider[\"registry.terraform.io/hashicorp/aws\"]",
      "instances": [
        {
          "schema_version": 2,
          "attributes": {
            "alias": [],
            "allow_overwrite": null,
            "failover_routing_policy": [],
            "fqdn": "mesmtp._domainkey.fmail.email",
            "geolocation_routing_policy": [],
            "health_check_id": "",
            "id": "Z08736341F7T1F2YALBOA_mesmtp._domainkey.fmail.email._CNAME",
            "latency_routing_policy": [],
            "multivalue_answer_routing_policy": null,
            "name": "mesmtp._domainkey.fmail.email",
            "records": [
              "mesmtp.fmail.email.dkim.fmhosted.com."
            ],
            "set_identifier": "",
            "ttl": 300,
            "type": "CNAME",
            "weighted_routing_policy": [],
            "zone_id": "Z08736341F7T1F2YALBOA"
          },
          "sensitive_attributes": [],
          "private": "eyJzY2hlbWFfdmVyc2lvbiI6IjIifQ==",
          "dependencies": [
            "aws_route53_zone.fmail-email"
          ]
        }
      ]
    },
    {
      "mode": "managed",
      "type": "aws_route53_record",
      "name": "monks-co-A",
      "provider": "provider[\"registry.terraform.io/hashicorp/aws\"]",
      "instances": [
        {
          "schema_version": 2,
          "attributes": {
            "alias": [],
            "allow_overwrite": null,
            "failover_routing_policy": [],
            "fqdn": "monks.co",
            "geolocation_routing_policy": [],
            "health_check_id": "",
            "id": "Z087595026NN9591ZWPS5_monks.co_A",
            "latency_routing_policy": [],
            "multivalue_answer_routing_policy": null,
            "name": "monks.co",
            "records": [
              "66.51.122.238"
            ],
            "set_identifier": "",
            "ttl": 300,
            "type": "A",
            "weighted_routing_policy": [],
            "zone_id": "Z087595026NN9591ZWPS5"
          },
          "sensitive_attributes": [],
          "private": "eyJzY2hlbWFfdmVyc2lvbiI6IjIifQ==",
          "dependencies": [
            "aws_route53_zone.monks-co"
          ]
        }
      ]
    },
    {
      "mode": "managed",
      "type": "aws_route53_record",
      "name": "monks-co-AAAA",
      "provider": "provider[\"registry.terraform.io/hashicorp/aws\"]",
      "instances": [
        {
          "schema_version": 2,
          "attributes": {
            "alias": [],
            "allow_overwrite": null,
            "failover_routing_policy": [],
            "fqdn": "monks.co",
            "geolocation_routing_policy": [],
            "health_check_id": "",
            "id": "Z087595026NN9591ZWPS5_monks.co_AAAA",
            "latency_routing_policy": [],
            "multivalue_answer_routing_policy": null,
            "name": "monks.co",
            "records": [
              "2a09:8280:1::f:478"
            ],
            "set_identifier": "",
            "ttl": 300,
            "type": "AAAA",
            "weighted_routing_policy": [],
            "zone_id": "Z087595026NN9591ZWPS5"
          },
          "sensitive_attributes": [],
          "private": "eyJzY2hlbWFfdmVyc2lvbiI6IjIifQ==",
          "dependencies": [
            "aws_route53_zone.monks-co"
          ]
        }
      ]
    },
    {
      "mode": "managed",
      "type": "aws_route53_record",
      "name": "monks-co-MX",
      "provider": "provider[\"registry.terraform.io/hashicorp/aws\"]",
      "instances": [
        {
          "schema_version": 2,
          "attributes": {
            "alias": [],
            "allow_overwrite": null,
            "failover_routing_policy": [],
            "fqdn": "monks.co",
            "geolocation_routing_policy": [],
            "health_check_id": "",
            "id": "Z087595026NN9591ZWPS5_monks.co_MX",
            "latency_routing_policy": [],
            "multivalue_answer_routing_policy": null,
            "name": "monks.co",
            "records": [
              "10 in1-smtp.messagingengine.com.",
              "20 in2-smtp.messagingengine.com."
            ],
            "set_identifier": "",
            "ttl": 300,
            "type": "MX",
            "weighted_routing_policy": [],
            "zone_id": "Z087595026NN9591ZWPS5"
          },
          "sensitive_attributes": [],
          "private": "eyJzY2hlbWFfdmVyc2lvbiI6IjIifQ==",
          "dependencies": [
            "aws_route53_zone.monks-co"
          ]
        }
      ]
    },
    {
      "mode": "managed",
      "type": "aws_route53_record",
      "name": "monks-co-TXT",
      "provider": "provider[\"registry.terraform.io/hashicorp/aws\"]",
      "instances": [
        {
          "schema_version": 2,
          "attributes": {
            "alias": [],
            "allow_overwrite": null,
            "failover_routing_policy": [],
            "fqdn": "monks.co",
            "geolocation_routing_policy": [],
            "health_check_id": "",
            "id": "Z087595026NN9591ZWPS5_monks.co._TXT",
            "latency_routing_policy": [],
            "multivalue_answer_routing_policy": null,
            "name": "monks.co",
            "records": [
              "v=spf1 include:spf.messagingengine.com ?all"
            ],
            "set_identifier": "",
            "ttl": 300,
            "type": "TXT",
            "weighted_routing_policy": [],
            "zone_id": "Z087595026NN9591ZWPS5"
          },
          "sensitive_attributes": [],
          "private": "eyJzY2hlbWFfdmVyc2lvbiI6IjIifQ==",
          "dependencies": [
            "aws_route53_zone.monks-co"
          ]
        }
      ]
    },
    {
      "mode": "managed",
      "type": "aws_route53_record",
      "name": "music-belgianman-com-CNAME",
      "provider": "provider[\"registry.terraform.io/hashicorp/aws\"]",
      "instances": [
        {
          "schema_version": 2,
          "attributes": {
            "alias": [],
            "allow_overwrite": null,
            "failover_routing_policy": [],
            "fqdn": "music.belgianman.com",
            "geolocation_routing_policy": [],
            "health_check_id": "",
            "id": "Z02687952PV9RJY86U40U_music.belgianman.com._CNAME",
            "latency_routing_policy": [],
            "multivalue_answer_routing_policy": null,
            "name": "music.belgianman.com",
            "records": [
              "dom.bandcamp.com."
            ],
            "set_identifier": "",
            "ttl": 300,
            "type": "CNAME",
            "weighted_routing_policy": [],
            "zone_id": "Z02687952PV9RJY86U40U"
          },
          "sensitive_attributes": [],
          "private": "eyJzY2hlbWFfdmVyc2lvbiI6IjIifQ==",
          "dependencies": [
            "aws_route53_zone.belgianman-com"
          ]
        }
      ]
    },
    {
      "mode": "managed",
      "type": "aws_route53_record",
      "name": "needsyourhelp-org-A",
      "provider": "provider[\"registry.terraform.io/hashicorp/aws\"]",
      "instances": [
        {
          "schema_version": 2,
          "attributes": {
            "alias": [],
            "allow_overwrite": null,
            "failover_routing_policy": [],
            "fqdn": "needsyourhelp.org",
            "geolocation_routing_policy": [],
            "health_check_id": "",
            "id": "Z02692292019DKAC6PVTW_needsyourhelp.org._A",
            "latency_routing_policy": [],
            "multivalue_answer_routing_policy": null,
            "name": "needsyourhelp.org",
            "records": [
              "66.51.122.238"
            ],
            "set_identifier": "",
            "ttl": 300,
            "type": "A",
            "weighted_routing_policy": [],
            "zone_id": "Z02692292019DKAC6PVTW"
          },
          "sensitive_attributes": [],
          "private": "eyJzY2hlbWFfdmVyc2lvbiI6IjIifQ==",
          "dependencies": [
            "aws_route53_zone.needsyourhelp-org"
          ]
        }
      ]
    },
    {
      "mode": "managed",
      "type": "aws_route53_record",
      "name": "needsyourhelp-org-AAAA",
      "provider": "provider[\"registry.terraform.io/hashicorp/aws\"]",
      "instances": [
        {
          "schema_version": 2,
          "attributes": {
            "alias": [],
            "allow_overwrite": null,
            "failover_routing_policy": [],
            "fqdn": "needsyourhelp.org",
            "geolocation_routing_policy": [],
            "health_check_id": "",
            "id": "Z02692292019DKAC6PVTW_needsyourhelp.org._AAAA",
            "latency_routing_policy": [],
            "multivalue_answer_routing_policy": null,
            "name": "needsyourhelp.org",
            "records": [
              "2a09:8280:1::f:478"
            ],
            "set_identifier": "",
            "ttl": 300,
            "type": "AAAA",
            "weighted_routing_policy": [],
            "zone_id": "Z02692292019DKAC6PVTW"
          },
          "sensitive_attributes": [],
          "private": "eyJzY2hlbWFfdmVyc2lvbiI6IjIifQ==",
          "dependencies": [
            "aws_route53_zone.needsyourhelp-org"
          ]
        }
      ]
    },
    {
      "mode": "managed",
      "type": "aws_route53_record",
      "name": "numbers-andrewmonks-net-CNAME",
      "provider": "provider[\"registry.terraform.io/hashicorp/aws\"]",
      "instances": [
        {
          "schema_version": 2,
          "attributes": {
            "alias": [],
            "allow_overwrite": null,
            "failover_routing_policy": [],
            "fqdn": "numbers.andrewmonks.net",
            "geolocation_routing_policy": [],
            "health_check_id": "",
            "id": "Z08746972DFNCXK2T9QLP_numbers.andrewmonks.net._CNAME",
            "latency_routing_policy": [],
            "multivalue_answer_routing_policy": null,
            "name": "numbers.andrewmonks.net",
            "records": [
              "tranquil-spire-3396.herokuapp.com."
            ],
            "set_identifier": "",
            "ttl": 300,
            "type": "CNAME",
            "weighted_routing_policy": [],
            "zone_id": "Z08746972DFNCXK2T9QLP"
          },
          "sensitive_attributes": [],
          "private": "eyJzY2hlbWFfdmVyc2lvbiI6IjIifQ==",
          "dependencies": [
            "aws_route53_zone.andrewmonks-net"
          ]
        }
      ]
    },
    {
      "mode": "managed",
      "type": "aws_route53_record",
      "name": "oblique-andrewmonks-net-CNAME",
      "provider": "provider[\"registry.terraform.io/hashicorp/aws\"]",
      "instances": [
        {
          "schema_version": 2,
          "attributes": {
            "alias": [],
            "allow_overwrite": null,
            "failover_routing_policy": [],
            "fqdn": "oblique.andrewmonks.net",
            "geolocation_routing_policy": [],
            "health_check_id": "",
            "id": "Z08746972DFNCXK2T9QLP_oblique.andrewmonks.net._CNAME",
            "latency_routing_policy": [],
            "multivalue_answer_routing_policy": null,
            "name": "oblique.andrewmonks.net",
            "records": [
              "oblique-strategies-api.herokuapp.com."
            ],
            "set_identifier": "",
            "ttl": 300,
            "type": "CNAME",
            "weighted_routing_policy": [],
            "zone_id": "Z08746972DFNCXK2T9QLP"
          },
          "sensitive_attributes": [],
          "private": "eyJzY2hlbWFfdmVyc2lvbiI6IjIifQ==",
          "dependencies": [
            "aws_route53_zone.andrewmonks-net"
          ]
        }
      ]
    },
    {
      "mode": "managed",
      "type": "aws_route53_record",
      "name": "oehlen-ss-cx-A",
      "provider": "provider[\"registry.terraform.io/hashicorp/aws\"]",
      "instances": [
        {
          "schema_version": 2,
          "attributes": {
            "alias": [],
            "allow_overwrite": null,
            "failover_routing_policy": [],
            "fqdn": "oehlen.ss.cx",
            "geolocation_routing_policy": [],
            "health_check_id": "",
            "id": "Z10151822SI7PT6XPE76C_oehlen.ss.cx._A",
            "latency_routing_policy": [],
            "multivalue_answer_routing_policy": null,
            "name": "oehlen.ss.cx",
            "records": [
              "100.113.84.10"
            ],
            "set_identifier": "",
            "ttl": 300,
            "type": "A",
            "weighted_routing_policy": [],
            "zone_id": "Z10151822SI7PT6XPE76C"
          },
          "sensitive_attributes": [],
          "private": "eyJzY2hlbWFfdmVyc2lvbiI6IjIifQ==",
          "dependencies": [
            "aws_route53_zone.ss-cx"
          ]
        }
      ]
    },
    {
      "mode": "managed",
      "type": "aws_route53_record",
      "name": "old-belgianman-com-CNAME",
      "provider": "provider[\"registry.terraform.io/hashicorp/aws\"]",
      "instances": [
        {
          "schema_version": 2,
          "attributes": {
            "alias": [],
            "allow_overwrite": null,
            "failover_routing_policy": [],
            "fqdn": "old.belgianman.com",
            "geolocation_routing_policy": [],
            "health_check_id": "",
            "id": "Z02687952PV9RJY86U40U_old.belgianman.com._CNAME",
            "latency_routing_policy": [],
            "multivalue_answer_routing_policy": null,
            "name": "old.belgianman.com",
            "records": [
              "belgianman.github.io."
            ],
            "set_identifier": "",
            "ttl": 300,
            "type": "CNAME",
            "weighted_routing_policy": [],
            "zone_id": "Z02687952PV9RJY86U40U"
          },
          "sensitive_attributes": [],
          "private": "eyJzY2hlbWFfdmVyc2lvbiI6IjIifQ==",
          "dependencies": [
            "aws_route53_zone.belgianman-com"
          ]
        }
      ]
    },
    {
      "mode": "managed",
      "type": "aws_route53_record",
      "name": "popefucker-com-A",
      "provider": "provider[\"registry.terraform.io/hashicorp/aws\"]",
      "instances": [
        {
          "schema_version": 2,
          "attributes": {
            "alias": [],
            "allow_overwrite": null,
            "failover_routing_policy": [],
            "fqdn": "popefucker.com",
            "geolocation_routing_policy": [],
            "health_check_id": "",
            "id": "Z070907538N0CV3NSOA7L_popefucker.com._A",
            "latency_routing_policy": [],
            "multivalue_answer_routing_policy": null,
            "name": "popefucker.com",
            "records": [
              "66.51.122.238"
            ],
            "set_identifier": "",
            "ttl": 300,
            "type": "A",
            "weighted_routing_policy": [],
            "zone_id": "Z070907538N0CV3NSOA7L"
          },
          "sensitive_attributes": [],
          "private": "eyJzY2hlbWFfdmVyc2lvbiI6IjIifQ==",
          "dependencies": [
            "aws_route53_zone.popefucker-com"
          ]
        }
      ]
    },
    {
      "mode": "managed",
      "type": "aws_route53_record",
      "name": "popefucker-com-AAAA",
      "provider": "provider[\"registry.terraform.io/hashicorp/aws\"]",
      "instances": [
        {
          "schema_version": 2,
          "attributes": {
            "alias": [],
            "allow_overwrite": null,
            "failover_routing_policy": [],
            "fqdn": "popefucker.com",
            "geolocation_routing_policy": [],
            "health_check_id": "",
            "id": "Z070907538N0CV3NSOA7L_popefucker.com._AAAA",
            "latency_routing_policy": [],
            "multivalue_answer_routing_policy": null,
            "name": "popefucker.com",
            "records": [
              "2a09:8280:1::f:478"
            ],
            "set_identifier": "",
            "ttl": 300,
            "type": "AAAA",
            "weighted_routing_policy": [],
            "zone_id": "Z070907538N0CV3NSOA7L"
          },
          "sensitive_attributes": [],
          "private": "eyJzY2hlbWFfdmVyc2lvbiI6IjIifQ==",
          "dependencies": [
            "aws_route53_zone.popefucker-com"
          ]
        }
      ]
    },
    {
      "mode": "managed",
      "type": "aws_route53_record",
      "name": "processing-monks-co-CNAME",
      "provider": "provider[\"registry.terraform.io/hashicorp/aws\"]",
      "instances": [
        {
          "schema_version": 2,
          "attributes": {
            "alias": [],
            "allow_overwrite": null,
            "failover_routing_policy": [],
            "fqdn": "processing.monks.co",
            "geolocation_routing_policy": [],
            "health_check_id": "",
            "id": "Z087595026NN9591ZWPS5_processing.monks.co_CNAME",
            "latency_routing_policy": [],
            "multivalue_answer_routing_policy": null,
            "name": "processing.monks.co",
            "records": [
              "amonks.github.io."
            ],
            "set_identifier": "",
            "ttl": 300,
            "type": "CNAME",
            "weighted_routing_policy": [],
            "zone_id": "Z087595026NN9591ZWPS5"
          },
          "sensitive_attributes": [],
          "private": "eyJzY2hlbWFfdmVyc2lvbiI6IjIifQ==",
          "dependencies": [
            "aws_route53_zone.monks-co"
          ]
        }
      ]
    },
    {
      "mode": "managed",
      "type": "aws_route53_record",
      "name": "qaynan-ss-cx-A",
      "provider": "provider[\"registry.terraform.io/hashicorp/aws\"]",
      "instances": [
        {
          "schema_version": 2,
          "attributes": {
            "alias": [],
            "allow_overwrite": null,
            "failover_routing_policy": [],
            "fqdn": "qaynan.ss.cx",
            "geolocation_routing_policy": [],
            "health_check_id": "",
            "id": "Z10151822SI7PT6XPE76C_qaynan.ss.cx._A",
            "latency_routing_policy": [],
            "multivalue_answer_routing_policy": null,
            "name": "qaynan.ss.cx",
            "records": [
              "100.87.233.36"
            ],
            "set_identifier": "",
            "ttl": 300,
            "type": "A",
            "weighted_routing_policy": [],
            "zone_id": "Z10151822SI7PT6XPE76C"
          },
          "sensitive_attributes": [],
          "private": "eyJzY2hlbWFfdmVyc2lvbiI6IjIifQ==",
          "dependencies": [
            "aws_route53_zone.ss-cx"
          ]
        }
      ]
    },
    {
      "mode": "managed",
      "type": "aws_route53_record",
      "name": "ss-cx-A",
      "provider": "provider[\"registry.terraform.io/hashicorp/aws\"]",
      "instances": [
        {
          "schema_version": 2,
          "attributes": {
            "alias": [],
            "allow_overwrite": null,
            "failover_routing_policy": [],
            "fqdn": "ss.cx",
            "geolocation_routing_policy": [],
            "health_check_id": "",
            "id": "Z10151822SI7PT6XPE76C_ss.cx._A",
            "latency_routing_policy": [],
            "multivalue_answer_routing_policy": null,
            "name": "ss.cx",
            "records": [
              "66.51.122.238"
            ],
            "set_identifier": "",
            "ttl": 300,
            "type": "A",
            "weighted_routing_policy": [],
            "zone_id": "Z10151822SI7PT6XPE76C"
          },
          "sensitive_attributes": [],
          "private": "eyJzY2hlbWFfdmVyc2lvbiI6IjIifQ==",
          "dependencies": [
            "aws_route53_zone.ss-cx"
          ]
        }
      ]
    },
    {
      "mode": "managed",
      "type": "aws_route53_record",
      "name": "ss-cx-AAAA",
      "provider": "provider[\"registry.terraform.io/hashicorp/aws\"]",
      "instances": [
        {
          "schema_version": 2,
          "attributes": {
            "alias": [],
            "allow_overwrite": null,
            "failover_routing_policy": [],
            "fqdn": "ss.cx",
            "geolocation_routing_policy": [],
            "health_check_id": "",
            "id": "Z10151822SI7PT6XPE76C_ss.cx._AAAA",
            "latency_routing_policy": [],
            "multivalue_answer_routing_policy": null,
            "name": "ss.cx",
            "records": [
              "2a09:8280:1::f:478"
            ],
            "set_identifier": "",
            "ttl": 300,
            "type": "AAAA",
            "weighted_routing_policy": [],
            "zone_id": "Z10151822SI7PT6XPE76C"
          },
          "sensitive_attributes": [],
          "private": "eyJzY2hlbWFfdmVyc2lvbiI6IjIifQ==",
          "dependencies": [
            "aws_route53_zone.ss-cx"
          ]
        }
      ]
    },
    {
      "mode": "managed",
      "type": "aws_route53_record",
      "name": "thor-ss-cx-A",
      "provider": "provider[\"registry.terraform.io/hashicorp/aws\"]",
      "instances": [
        {
          "schema_version": 2,
          "attributes": {
            "alias": [],
            "allow_overwrite": null,
            "failover_routing_policy": [],
            "fqdn": "thor.ss.cx",
            "geolocation_routing_policy": [],
            "health_check_id": "",
            "id": "Z10151822SI7PT6XPE76C_thor.ss.cx._A",
            "latency_routing_policy": [],
            "multivalue_answer_routing_policy": null,
            "name": "thor.ss.cx",
            "records": [
              "100.83.137.16"
            ],
            "set_identifier": "",
            "ttl": 300,
            "type": "A",
            "weighted_routing_policy": [],
            "zone_id": "Z10151822SI7PT6XPE76C"
          },
          "sensitive_attributes": [],
          "private": "eyJzY2hlbWFfdmVyc2lvbiI6IjIifQ==",
          "dependencies": [
            "aws_route53_zone.ss-cx"
          ]
        }
      ]
    },
    {
      "mode": "managed",
      "type": "aws_route53_record",
      "name": "wifi-ss-cx-A",
      "provider": "provider[\"registry.terraform.io/hashicorp/aws\"]",
      "instances": [
        {
          "schema_version": 2,
          "attributes": {
            "alias": [],
            "allow_overwrite": null,
            "failover_routing_policy": [],
            "fqdn": "wifi.ss.cx",
            "geolocation_routing_policy": [],
            "health_check_id": "",
            "id": "Z10151822SI7PT6XPE76C_wifi.ss.cx._A",
            "latency_routing_policy": [],
            "multivalue_answer_routing_policy": null,
            "name": "wifi.ss.cx",
            "records": [
              "35.247.99.86"
            ],
            "set_identifier": "",
            "ttl": 300,
            "type": "A",
            "weighted_routing_policy": [],
            "zone_id": "Z10151822SI7PT6XPE76C"
          },
          "sensitive_attributes": [],
          "private": "eyJzY2hlbWFfdmVyc2lvbiI6IjIifQ==",
          "dependencies": [
            "aws_route53_zone.ss-cx"
          ]
        }
      ]
    },
    {
      "mode": "managed",
      "type": "aws_route53_record",
      "name": "wildcard-brigid-ss-cx-A",
      "provider": "provider[\"registry.terraform.io/hashicorp/aws\"]",
      "instances": [
        {
          "schema_version": 2,
          "attributes": {
            "alias": [],
            "allow_overwrite": null,
            "failover_routing_policy": [],
            "fqdn": "*.brigid.ss.cx",
            "geolocation_routing_policy": [],
            "health_check_id": "",
            "id": "Z10151822SI7PT6XPE76C_*.brigid.ss.cx._A",
            "latency_routing_policy": [],
            "multivalue_answer_routing_policy": null,
            "name": "*.brigid.ss.cx",
            "records": [
              "100.103.217.4"
            ],
            "set_identifier": "",
            "ttl": 300,
            "type": "A",
            "weighted_routing_policy": [],
            "zone_id": "Z10151822SI7PT6XPE76C"
          },
          "sensitive_attributes": [],
          "private": "eyJzY2hlbWFfdmVyc2lvbiI6IjIifQ==",
          "dependencies": [
            "aws_route53_zone.ss-cx"
          ]
        }
      ]
    },
    {
      "mode": "managed",
      "type": "aws_route53_record",
      "name": "www-andrewmonks-com-A",
      "provider": "provider[\"registry.terraform.io/hashicorp/aws\"]",
      "instances": [
        {
          "schema_version": 2,
          "attributes": {
            "alias": [],
            "allow_overwrite": null,
            "failover_routing_policy": [],
            "fqdn": "www.andrewmonks.com",
            "geolocation_routing_policy": [],
            "health_check_id": "",
            "id": "Z0269020O4E9YB6YJT3O_www.andrewmonks.com._A",
            "latency_routing_policy": [],
            "multivalue_answer_routing_policy": null,
            "name": "www.andrewmonks.com",
            "records": [
              "66.51.122.238"
            ],
            "set_identifier": "",
            "ttl": 300,
            "type": "A",
            "weighted_routing_policy": [],
            "zone_id": "Z0269020O4E9YB6YJT3O"
          },
          "sensitive_attributes": [],
          "private": "eyJzY2hlbWFfdmVyc2lvbiI6IjIifQ==",
          "dependencies": [
            "aws_route53_zone.andrewmonks-com"
          ]
        }
      ]
    },
    {
      "mode": "managed",
      "type": "aws_route53_record",
      "name": "www-andrewmonks-com-AAAA",
      "provider": "provider[\"registry.terraform.io/hashicorp/aws\"]",
      "instances": [
        {
          "schema_version": 2,
          "attributes": {
            "alias": [],
            "allow_overwrite": null,
            "failover_routing_policy": [],
            "fqdn": "www.andrewmonks.com",
            "geolocation_routing_policy": [],
            "health_check_id": "",
            "id": "Z0269020O4E9YB6YJT3O_www.andrewmonks.com._AAAA",
            "latency_routing_policy": [],
            "multivalue_answer_routing_policy": null,
            "name": "www.andrewmonks.com",
            "records": [
              "2a09:8280:1::f:478"
            ],
            "set_identifier": "",
            "ttl": 300,
            "type": "AAAA",
            "weighted_routing_policy": [],
            "zone_id": "Z0269020O4E9YB6YJT3O"
          },
          "sensitive_attributes": [],
          "private": "eyJzY2hlbWFfdmVyc2lvbiI6IjIifQ==",
          "dependencies": [
            "aws_route53_zone.andrewmonks-com"
          ]
        }
      ]
    },
    {
      "mode": "managed",
      "type": "aws_route53_record",
      "name": "www-andrewmonks-net-A",
      "provider": "provider[\"registry.terraform.io/hashicorp/aws\"]",
      "instances": [
        {
          "schema_version": 2,
          "attributes": {
            "alias": [],
            "allow_overwrite": null,
            "failover_routing_policy": [],
            "fqdn": "www.andrewmonks.net",
            "geolocation_routing_policy": [],
            "health_check_id": "",
            "id": "Z08746972DFNCXK2T9QLP_www.andrewmonks.net._A",
            "latency_routing_policy": [],
            "multivalue_answer_routing_policy": null,
            "name": "www.andrewmonks.net",
            "records": [
              "66.51.122.238"
            ],
            "set_identifier": "",
            "ttl": 300,
            "type": "A",
            "weighted_routing_policy": [],
            "zone_id": "Z08746972DFNCXK2T9QLP"
          },
          "sensitive_attributes": [],
          "private": "eyJzY2hlbWFfdmVyc2lvbiI6IjIifQ==",
          "dependencies": [
            "aws_route53_zone.andrewmonks-net"
          ]
        }
      ]
    },
    {
      "mode": "managed",
      "type": "aws_route53_record",
      "name": "www-andrewmonks-net-AAAA",
      "provider": "provider[\"registry.terraform.io/hashicorp/aws\"]",
      "instances": [
        {
          "schema_version": 2,
          "attributes": {
            "alias": [],
            "allow_overwrite": null,
            "failover_routing_policy": [],
            "fqdn": "www.andrewmonks.net",
            "geolocation_routing_policy": [],
            "health_check_id": "",
            "id": "Z08746972DFNCXK2T9QLP_www.andrewmonks.net._AAAA",
            "latency_routing_policy": [],
            "multivalue_answer_routing_policy": null,
            "name": "www.andrewmonks.net",
            "records": [
              "2a09:8280:1::f:478"
            ],
            "set_identifier": "",
            "ttl": 300,
            "type": "AAAA",
            "weighted_routing_policy": [],
            "zone_id": "Z08746972DFNCXK2T9QLP"
          },
          "sensitive_attributes": [],
          "private": "eyJzY2hlbWFfdmVyc2lvbiI6IjIifQ==",
          "dependencies": [
            "aws_route53_zone.andrewmonks-net"
          ]
        }
      ]
    },
    {
      "mode": "managed",
      "type": "aws_route53_record",
      "name": "www-andrewmonks-org-A",
      "provider": "provider[\"registry.terraform.io/hashicorp/aws\"]",
      "instances": [
        {
          "schema_version": 2,
          "attributes": {
            "alias": [],
            "allow_overwrite": null,
            "failover_routing_policy": [],
            "fqdn": "www.andrewmonks.org",
            "geolocation_routing_policy": [],
            "health_check_id": "",
            "id": "Z10117873SPYT5N7XDQ0B_www.andrewmonks.org._A",
            "latency_routing_policy": [],
            "multivalue_answer_routing_policy": null,
            "name": "www.andrewmonks.org",
            "records": [
              "66.51.122.238"
            ],
            "set_identifier": "",
            "ttl": 300,
            "type": "A",
            "weighted_routing_policy": [],
            "zone_id": "Z10117873SPYT5N7XDQ0B"
          },
          "sensitive_attributes": [],
          "private": "eyJzY2hlbWFfdmVyc2lvbiI6IjIifQ==",
          "dependencies": [
            "aws_route53_zone.andrewmonks-org"
          ]
        }
      ]
    },
    {
      "mode": "managed",
      "type": "aws_route53_record",
      "name": "www-andrewmonks-org-AAAA",
      "provider": "provider[\"registry.terraform.io/hashicorp/aws\"]",
      "instances": [
        {
          "schema_version": 2,
          "attributes": {
            "alias": [],
            "allow_overwrite": null,
            "failover_routing_policy": [],
            "fqdn": "www.andrewmonks.org",
            "geolocation_routing_policy": [],
            "health_check_id": "",
            "id": "Z10117873SPYT5N7XDQ0B_www.andrewmonks.org._AAAA",
            "latency_routing_policy": [],
            "multivalue_answer_routing_policy": null,
            "name": "www.andrewmonks.org",
            "records": [
              "2a09:8280:1::f:478"
            ],
            "set_identifier": "",
            "ttl": 300,
            "type": "AAAA",
            "weighted_routing_policy": [],
            "zone_id": "Z10117873SPYT5N7XDQ0B"
          },
          "sensitive_attributes": [],
          "private": "eyJzY2hlbWFfdmVyc2lvbiI6IjIifQ==",
          "dependencies": [
            "aws_route53_zone.andrewmonks-org"
          ]
        }
      ]
    },
    {
      "mode": "managed",
      "type": "aws_route53_record",
      "name": "www-belgianman-com-A",
      "provider": "provider[\"registry.terraform.io/hashicorp/aws\"]",
      "instances": [
        {
          "schema_version": 2,
          "attributes": {
            "alias": [],
            "allow_overwrite": null,
            "failover_routing_policy": [],
            "fqdn": "www.belgianman.com",
            "geolocation_routing_policy": [],
            "health_check_id": "",
            "id": "Z02687952PV9RJY86U40U_www.belgianman.com._A",
            "latency_routing_policy": [],
            "multivalue_answer_routing_policy": null,
            "name": "www.belgianman.com",
            "records": [
              "66.51.122.238"
            ],
            "set_identifier": "",
            "ttl": 300,
            "type": "A",
            "weighted_routing_policy": [],
            "zone_id": "Z02687952PV9RJY86U40U"
          },
          "sensitive_attributes": [],
          "private": "eyJzY2hlbWFfdmVyc2lvbiI6IjIifQ==",
          "dependencies": [
            "aws_route53_zone.belgianman-com"
          ]
        }
      ]
    },
    {
      "mode": "managed",
      "type": "aws_route53_record",
      "name": "www-belgianman-com-AAAA",
      "provider": "provider[\"registry.terraform.io/hashicorp/aws\"]",
      "instances": [
        {
          "schema_version": 2,
          "attributes": {
            "alias": [],
            "allow_overwrite": null,
            "failover_routing_policy": [],
            "fqdn": "www.belgianman.com",
            "geolocation_routing_policy": [],
            "health_check_id": "",
            "id": "Z02687952PV9RJY86U40U_www.belgianman.com._AAAA",
            "latency_routing_policy": [],
            "multivalue_answer_routing_policy": null,
            "name": "www.belgianman.com",
            "records": [
              "2a09:8280:1::f:478"
            ],
            "set_identifier": "",
            "ttl": 300,
            "type": "AAAA",
            "weighted_routing_policy": [],
            "zone_id": "Z02687952PV9RJY86U40U"
          },
          "sensitive_attributes": [],
          "private": "eyJzY2hlbWFfdmVyc2lvbiI6IjIifQ==",
          "dependencies": [
            "aws_route53_zone.belgianman-com"
          ]
        }
      ]
    },
    {
      "mode": "managed",
      "type": "aws_route53_record",
      "name": "www-blgn-mn-A",
      "provider": "provider[\"registry.terraform.io/hashicorp/aws\"]",
      "instances": [
        {
          "schema_version": 2,
          "attributes": {
            "alias": [],
            "allow_overwrite": null,
            "failover_routing_policy": [],
            "fqdn": "www.blgn.mn",
            "geolocation_routing_policy": [],
            "health_check_id": "",
            "id": "Z087523713F7DSYJWVKDO_www.blgn.mn._A",
            "latency_routing_policy": [],
            "multivalue_answer_routing_policy": null,
            "name": "www.blgn.mn",
            "records": [
              "66.51.122.238"
            ],
            "set_identifier": "",
            "ttl": 300,
            "type": "A",
            "weighted_routing_policy": [],
            "zone_id": "Z087523713F7DSYJWVKDO"
          },
          "sensitive_attributes": [],
          "private": "eyJzY2hlbWFfdmVyc2lvbiI6IjIifQ==",
          "dependencies": [
            "aws_route53_zone.blgn-mn"
          ]
        }
      ]
    },
    {
      "mode": "managed",
      "type": "aws_route53_record",
      "name": "www-blgn-mn-AAAA",
      "provider": "provider[\"registry.terraform.io/hashicorp/aws\"]",
      "instances": [
        {
          "schema_version": 2,
          "attributes": {
            "alias": [],
            "allow_overwrite": null,
            "failover_routing_policy": [],
            "fqdn": "www.blgn.mn",
            "geolocation_routing_policy": [],
            "health_check_id": "",
            "id": "Z087523713F7DSYJWVKDO_www.blgn.mn._AAAA",
            "latency_routing_policy": [],
            "multivalue_answer_routing_policy": null,
            "name": "www.blgn.mn",
            "records": [
              "2a09:8280:1::f:478"
            ],
            "set_identifier": "",
            "ttl": 300,
            "type": "AAAA",
            "weighted_routing_policy": [],
            "zone_id": "Z087523713F7DSYJWVKDO"
          },
          "sensitive_attributes": [],
          "private": "eyJzY2hlbWFfdmVyc2lvbiI6IjIifQ==",
          "dependencies": [
            "aws_route53_zone.blgn-mn"
          ]
        }
      ]
    },
    {
      "mode": "managed",
      "type": "aws_route53_record",
      "name": "www-docrimes-com-A",
      "provider": "provider[\"registry.terraform.io/hashicorp/aws\"]",
      "instances": [
        {
          "schema_version": 2,
          "attributes": {
            "alias": [],
            "allow_overwrite": null,
            "failover_routing_policy": [],
            "fqdn": "www.docrimes.com",
            "geolocation_routing_policy": [],
            "health_check_id": "",
            "id": "Z08731401CP0G7772NH8O_www.docrimes.com._A",
            "latency_routing_policy": [],
            "multivalue_answer_routing_policy": null,
            "name": "www.docrimes.com",
            "records": [
              "66.51.122.238"
            ],
            "set_identifier": "",
            "ttl": 300,
            "type": "A",
            "weighted_routing_policy": [],
            "zone_id": "Z08731401CP0G7772NH8O"
          },
          "sensitive_attributes": [],
          "private": "eyJzY2hlbWFfdmVyc2lvbiI6IjIifQ==",
          "dependencies": [
            "aws_route53_zone.docrimes-com"
          ]
        }
      ]
    },
    {
      "mode": "managed",
      "type": "aws_route53_record",
      "name": "www-docrimes-com-AAAA",
      "provider": "provider[\"registry.terraform.io/hashicorp/aws\"]",
      "instances": [
        {
          "schema_version": 2,
          "attributes": {
            "alias": [],
            "allow_overwrite": null,
            "failover_routing_policy": [],
            "fqdn": "www.docrimes.com",
            "geolocation_routing_policy": [],
            "health_check_id": "",
            "id": "Z08731401CP0G7772NH8O_www.docrimes.com._AAAA",
            "latency_routing_policy": [],
            "multivalue_answer_routing_policy": null,
            "name": "www.docrimes.com",
            "records": [
              "2a09:8280:1::f:478"
            ],
            "set_identifier": "",
            "ttl": 300,
            "type": "AAAA",
            "weighted_routing_policy": [],
            "zone_id": "Z08731401CP0G7772NH8O"
          },
          "sensitive_attributes": [],
          "private": "eyJzY2hlbWFfdmVyc2lvbiI6IjIifQ==",
          "dependencies": [
            "aws_route53_zone.docrimes-com"
          ]
        }
      ]
    },
    {
      "mode": "managed",
      "type": "aws_route53_record",
      "name": "www-fmail-email-A",
      "provider": "provider[\"registry.terraform.io/hashicorp/aws\"]",
      "instances": [
        {
          "schema_version": 2,
          "attributes": {
            "alias": [],
            "allow_overwrite": null,
            "failover_routing_policy": [],
            "fqdn": "www.fmail.email",
            "geolocation_routing_policy": [],
            "health_check_id": "",
            "id": "Z08736341F7T1F2YALBOA_www.fmail.email._A",
            "latency_routing_policy": [],
            "multivalue_answer_routing_policy": null,
            "name": "www.fmail.email",
            "records": [
              "66.51.122.238"
            ],
            "set_identifier": "",
            "ttl": 300,
            "type": "A",
            "weighted_routing_policy": [],
            "zone_id": "Z08736341F7T1F2YALBOA"
          },
          "sensitive_attributes": [],
          "private": "eyJzY2hlbWFfdmVyc2lvbiI6IjIifQ==",
          "dependencies": [
            "aws_route53_zone.fmail-email"
          ]
        }
      ]
    },
    {
      "mode": "managed",
      "type": "aws_route53_record",
      "name": "www-fmail-email-AAAA",
      "provider": "provider[\"registry.terraform.io/hashicorp/aws\"]",
      "instances": [
        {
          "schema_version": 2,
          "attributes": {
            "alias": [],
            "allow_overwrite": null,
            "failover_routing_policy": [],
            "fqdn": "www.fmail.email",
            "geolocation_routing_policy": [],
            "health_check_id": "",
            "id": "Z08736341F7T1F2YALBOA_www.fmail.email._AAAA",
            "latency_routing_policy": [],
            "multivalue_answer_routing_policy": null,
            "name": "www.fmail.email",
            "records": [
              "2a09:8280:1::f:478"
            ],
            "set_identifier": "",
            "ttl": 300,
            "type": "AAAA",
            "weighted_routing_policy": [],
            "zone_id": "Z08736341F7T1F2YALBOA"
          },
          "sensitive_attributes": [],
          "private": "eyJzY2hlbWFfdmVyc2lvbiI6IjIifQ==",
          "dependencies": [
            "aws_route53_zone.fmail-email"
          ]
        }
      ]
    },
    {
      "mode": "managed",
      "type": "aws_route53_record",
      "name": "www-lyrics-gy-CNAME",
      "provider": "provider[\"registry.terraform.io/hashicorp/aws\"]",
      "instances": [
        {
          "schema_version": 2,
          "attributes": {
            "alias": [],
            "allow_overwrite": null,
            "failover_routing_policy": [],
            "fqdn": "www.lyrics.gy",
            "geolocation_routing_policy": [],
            "health_check_id": "",
            "id": "Z10120252747GUQXJ9K00_www.lyrics.gy._CNAME",
            "latency_routing_policy": [],
            "multivalue_answer_routing_policy": null,
            "name": "www.lyrics.gy",
            "records": [
              "lyricsgen.herokuapp.com."
            ],
            "set_identifier": "",
            "ttl": 300,
            "type": "CNAME",
            "weighted_routing_policy": [],
            "zone_id": "Z10120252747GUQXJ9K00"
          },
          "sensitive_attributes": [],
          "private": "eyJzY2hlbWFfdmVyc2lvbiI6IjIifQ==",
          "dependencies": [
            "aws_route53_zone.lyrics-gy"
          ]
        }
      ]
    },
    {
      "mode": "managed",
      "type": "aws_route53_record",
      "name": "www-monks-co-A",
      "provider": "provider[\"registry.terraform.io/hashicorp/aws\"]",
      "instances": [
        {
          "schema_version": 2,
          "attributes": {
            "alias": [],
            "allow_overwrite": null,
            "failover_routing_policy": [],
            "fqdn": "www.monks.co",
            "geolocation_routing_policy": [],
            "health_check_id": "",
            "id": "Z087595026NN9591ZWPS5_www.monks.co._A",
            "latency_routing_policy": [],
            "multivalue_answer_routing_policy": null,
            "name": "www.monks.co",
            "records": [
              "66.51.122.238"
            ],
            "set_identifier": "",
            "ttl": 300,
            "type": "A",
            "weighted_routing_policy": [],
            "zone_id": "Z087595026NN9591ZWPS5"
          },
          "sensitive_attributes": [],
          "private": "eyJzY2hlbWFfdmVyc2lvbiI6IjIifQ==",
          "dependencies": [
            "aws_route53_zone.monks-co"
          ]
        }
      ]
    },
    {
      "mode": "managed",
      "type": "aws_route53_record",
      "name": "www-monks-co-AAAA",
      "provider": "provider[\"registry.terraform.io/hashicorp/aws\"]",
      "instances": [
        {
          "schema_version": 2,
          "attributes": {
            "alias": [],
            "allow_overwrite": null,
            "failover_routing_policy": [],
            "fqdn": "www.monks.co",
            "geolocation_routing_policy": [],
            "health_check_id": "",
            "id": "Z087595026NN9591ZWPS5_www.monks.co._AAAA",
            "latency_routing_policy": [],
            "multivalue_answer_routing_policy": null,
            "name": "www.monks.co",
            "records": [
              "2a09:8280:1::f:478"
            ],
            "set_identifier": "",
            "ttl": 300,
            "type": "AAAA",
            "weighted_routing_policy": [],
            "zone_id": "Z087595026NN9591ZWPS5"
          },
          "sensitive_attributes": [],
          "private": "eyJzY2hlbWFfdmVyc2lvbiI6IjIifQ==",
          "dependencies": [
            "aws_route53_zone.monks-co"
          ]
        }
      ]
    },
    {
      "mode": "managed",
      "type": "aws_route53_record",
      "name": "www-needsyourhelp-org-A",
      "provider": "provider[\"registry.terraform.io/hashicorp/aws\"]",
      "instances": [
        {
          "schema_version": 2,
          "attributes": {
            "alias": [],
            "allow_overwrite": null,
            "failover_routing_policy": [],
            "fqdn": "www.needsyourhelp.org",
            "geolocation_routing_policy": [],
            "health_check_id": "",
            "id": "Z02692292019DKAC6PVTW_www.needsyourhelp.org._A",
            "latency_routing_policy": [],
            "multivalue_answer_routing_policy": null,
            "name": "www.needsyourhelp.org",
            "records": [
              "66.51.122.238"
            ],
            "set_identifier": "",
            "ttl": 300,
            "type": "A",
            "weighted_routing_policy": [],
            "zone_id": "Z02692292019DKAC6PVTW"
          },
          "sensitive_attributes": [],
          "private": "eyJzY2hlbWFfdmVyc2lvbiI6IjIifQ==",
          "dependencies": [
            "aws_route53_zone.needsyourhelp-org"
          ]
        }
      ]
    },
    {
      "mode": "managed",
      "type": "aws_route53_record",
      "name": "www-needsyourhelp-org-AAAA",
      "provider": "provider[\"registry.terraform.io/hashicorp/aws\"]",
      "instances": [
        {
          "schema_version": 2,
          "attributes": {
            "alias": [],
            "allow_overwrite": null,
            "failover_routing_policy": [],
            "fqdn": "www.needsyourhelp.org",
            "geolocation_routing_policy": [],
            "health_check_id": "",
            "id": "Z02692292019DKAC6PVTW_www.needsyourhelp.org._AAAA",
            "latency_routing_policy": [],
            "multivalue_answer_routing_policy": null,
            "name": "www.needsyourhelp.org",
            "records": [
              "2a09:8280:1::f:478"
            ],
            "set_identifier": "",
            "ttl": 300,
            "type": "AAAA",
            "weighted_routing_policy": [],
            "zone_id": "Z02692292019DKAC6PVTW"
          },
          "sensitive_attributes": [],
          "private": "eyJzY2hlbWFfdmVyc2lvbiI6IjIifQ==",
          "dependencies": [
            "aws_route53_zone.needsyourhelp-org"
          ]
        }
      ]
    },
    {
      "mode": "managed",
      "type": "aws_route53_record",
      "name": "www-popefucker-com-A",
      "provider": "provider[\"registry.terraform.io/hashicorp/aws\"]",
      "instances": [
        {
          "schema_version": 2,
          "attributes": {
            "alias": [],
            "allow_overwrite": null,
            "failover_routing_policy": [],
            "fqdn": "www.popefucker.com",
            "geolocation_routing_policy": [],
            "health_check_id": "",
            "id": "Z070907538N0CV3NSOA7L_www.popefucker.com._A",
            "latency_routing_policy": [],
            "multivalue_answer_routing_policy": null,
            "name": "www.popefucker.com",
            "records": [
              "66.51.122.238"
            ],
            "set_identifier": "",
            "ttl": 300,
            "type": "A",
            "weighted_routing_policy": [],
            "zone_id": "Z070907538N0CV3NSOA7L"
          },
          "sensitive_attributes": [],
          "private": "eyJzY2hlbWFfdmVyc2lvbiI6IjIifQ==",
          "dependencies": [
            "aws_route53_zone.popefucker-com"
          ]
        }
      ]
    },
    {
      "mode": "managed",
      "type": "aws_route53_record",
      "name": "www-popefucker-com-AAAA",
      "provider": "provider[\"registry.terraform.io/hashicorp/aws\"]",
      "instances": [
        {
          "schema_version": 2,
          "attributes": {
            "alias": [],
            "allow_overwrite": null,
            "failover_routing_policy": [],
            "fqdn": "www.popefucker.com",
            "geolocation_routing_policy": [],
            "health_check_id": "",
            "id": "Z070907538N0CV3NSOA7L_www.popefucker.com._AAAA",
            "latency_routing_policy": [],
            "multivalue_answer_routing_policy": null,
            "name": "www.popefucker.com",
            "records": [
              "2a09:8280:1::f:478"
            ],
            "set_identifier": "",
            "ttl": 300,
            "type": "AAAA",
            "weighted_routing_policy": [],
            "zone_id": "Z070907538N0CV3NSOA7L"
          },
          "sensitive_attributes": [],
          "private": "eyJzY2hlbWFfdmVyc2lvbiI6IjIifQ==",
          "dependencies": [
            "aws_route53_zone.popefucker-com"
          ]
        }
      ]
    },
    {
      "mode": "managed",
      "type": "aws_route53_record",
      "name": "www-ss-cx-A",
      "provider": "provider[\"registry.terraform.io/hashicorp/aws\"]",
      "instances": [
        {
          "schema_version": 2,
          "attributes": {
            "alias": [],
            "allow_overwrite": null,
            "failover_routing_policy": [],
            "fqdn": "www.ss.cx",
            "geolocation_routing_policy": [],
            "health_check_id": "",
            "id": "Z10151822SI7PT6XPE76C_www.ss.cx._A",
            "latency_routing_policy": [],
            "multivalue_answer_routing_policy": null,
            "name": "www.ss.cx",
            "records": [
              "66.51.122.238"
            ],
            "set_identifier": "",
            "ttl": 300,
            "type": "A",
            "weighted_routing_policy": [],
            "zone_id": "Z10151822SI7PT6XPE76C"
          },
          "sensitive_attributes": [],
          "private": "eyJzY2hlbWFfdmVyc2lvbiI6IjIifQ==",
          "dependencies": [
            "aws_route53_zone.ss-cx"
          ]
        }
      ]
    },
    {
      "mode": "managed",
      "type": "aws_route53_record",
      "name": "www-ss-cx-AAAA",
      "provider": "provider[\"registry.terraform.io/hashicorp/aws\"]",
      "instances": [
        {
          "schema_version": 2,
          "attributes": {
            "alias": [],
            "allow_overwrite": null,
            "failover_routing_policy": [],
            "fqdn": "www.ss.cx",
            "geolocation_routing_policy": [],
            "health_check_id": "",
            "id": "Z10151822SI7PT6XPE76C_www.ss.cx._AAAA",
            "latency_routing_policy": [],
            "multivalue_answer_routing_policy": null,
            "name": "www.ss.cx",
            "records": [
              "2a09:8280:1::f:478"
            ],
            "set_identifier": "",
            "ttl": 300,
            "type": "AAAA",
            "weighted_routing_policy": [],
            "zone_id": "Z10151822SI7PT6XPE76C"
          },
          "sensitive_attributes": [],
          "private": "eyJzY2hlbWFfdmVyc2lvbiI6IjIifQ==",
          "dependencies": [
            "aws_route53_zone.ss-cx"
          ]
        }
      ]
    },
    {
      "mode": "managed",
      "type": "aws_route53_record",
      "name": "yungfuture-andrewmonks-net-CNAME",
      "provider": "provider[\"registry.terraform.io/hashicorp/aws\"]",
      "instances": [
        {
          "schema_version": 2,
          "attributes": {
            "alias": [],
            "allow_overwrite": null,
            "failover_routing_policy": [],
            "fqdn": "yungfuture.andrewmonks.net",
            "geolocation_routing_policy": [],
            "health_check_id": "",
            "id": "Z08746972DFNCXK2T9QLP_yungfuture.andrewmonks.net._CNAME",
            "latency_routing_policy": [],
            "multivalue_answer_routing_policy": null,
            "name": "yungfuture.andrewmonks.net",
            "records": [
              "monks.co."
            ],
            "set_identifier": "",
            "ttl": 300,
            "type": "CNAME",
            "weighted_routing_policy": [],
            "zone_id": "Z08746972DFNCXK2T9QLP"
          },
          "sensitive_attributes": [],
          "private": "eyJzY2hlbWFfdmVyc2lvbiI6IjIifQ==",
          "dependencies": [
            "aws_route53_zone.andrewmonks-net"
          ]
        }
      ]
    },
    {
      "mode": "managed",
      "type": "aws_route53_zone",
      "name": "andrewmonks-com",
      "provider": "provider[\"registry.terraform.io/hashicorp/aws\"]",
      "instances": [
        {
          "schema_version": 0,
          "attributes": {
            "arn": "arn:aws:route53:::hostedzone/Z0269020O4E9YB6YJT3O",
            "comment": "Managed by Terraform",
            "delegation_set_id": "",
            "force_destroy": false,
            "id": "Z0269020O4E9YB6YJT3O",
            "name": "andrewmonks.com",
            "name_servers": [
              "ns-1238.awsdns-26.org",
              "ns-132.awsdns-16.com",
              "ns-1617.awsdns-10.co.uk",
              "ns-802.awsdns-36.net"
            ],
            "tags": {},
            "tags_all": {},
            "vpc": [],
            "zone_id": "Z0269020O4E9YB6YJT3O"
          },
          "sensitive_attributes": [],
          "private": "bnVsbA=="
        }
      ]
    },
    {
      "mode": "managed",
      "type": "aws_route53_zone",
      "name": "andrewmonks-net",
      "provider": "provider[\"registry.terraform.io/hashicorp/aws\"]",
      "instances": [
        {
          "schema_version": 0,
          "attributes": {
            "arn": "arn:aws:route53:::hostedzone/Z08746972DFNCXK2T9QLP",
            "comment": "Managed by Terraform",
            "delegation_set_id": "",
            "force_destroy": false,
            "id": "Z08746972DFNCXK2T9QLP",
            "name": "andrewmonks.net",
            "name_servers": [
              "ns-1244.awsdns-27.org",
              "ns-1573.awsdns-04.co.uk",
              "ns-56.awsdns-07.com",
              "ns-828.awsdns-39.net"
            ],
            "tags": {},
            "tags_all": {},
            "vpc": [],
            "zone_id": "Z08746972DFNCXK2T9QLP"
          },
          "sensitive_attributes": [],
          "private": "bnVsbA=="
        }
      ]
    },
    {
      "mode": "managed",
      "type": "aws_route53_zone",
      "name": "andrewmonks-org",
      "provider": "provider[\"registry.terraform.io/hashicorp/aws\"]",
      "instances": [
        {
          "schema_version": 0,
          "attributes": {
            "arn": "arn:aws:route53:::hostedzone/Z10117873SPYT5N7XDQ0B",
            "comment": "Managed by Terraform",
            "delegation_set_id": "",
            "force_destroy": false,
            "id": "Z10117873SPYT5N7XDQ0B",
            "name": "andrewmonks.org",
            "name_servers": [
              "ns-1265.awsdns-30.org",
              "ns-1631.awsdns-11.co.uk",
              "ns-508.awsdns-63.com",
              "ns-921.awsdns-51.net"
            ],
            "tags": {},
            "tags_all": {},
            "vpc": [],
            "zone_id": "Z10117873SPYT5N7XDQ0B"
          },
          "sensitive_attributes": [],
          "private": "bnVsbA=="
        }
      ]
    },
    {
      "mode": "managed",
      "type": "aws_route53_zone",
      "name": "belgianman-com",
      "provider": "provider[\"registry.terraform.io/hashicorp/aws\"]",
      "instances": [
        {
          "schema_version": 0,
          "attributes": {
            "arn": "arn:aws:route53:::hostedzone/Z02687952PV9RJY86U40U",
            "comment": "Managed by Terraform",
            "delegation_set_id": "",
            "force_destroy": false,
            "id": "Z02687952PV9RJY86U40U",
            "name": "belgianman.com",
            "name_servers": [
              "ns-1288.awsdns-33.org",
              "ns-1972.awsdns-54.co.uk",
              "ns-474.awsdns-59.com",
              "ns-763.awsdns-31.net"
            ],
            "tags": {},
            "tags_all": {},
            "vpc": [],
            "zone_id": "Z02687952PV9RJY86U40U"
          },
          "sensitive_attributes": [],
          "private": "bnVsbA=="
        }
      ]
    },
    {
      "mode": "managed",
      "type": "aws_route53_zone",
      "name": "blgn-mn",
      "provider": "provider[\"registry.terraform.io/hashicorp/aws\"]",
      "instances": [
        {
          "schema_version": 0,
          "attributes": {
            "arn": "arn:aws:route53:::hostedzone/Z087523713F7DSYJWVKDO",
            "comment": "Managed by Terraform",
            "delegation_set_id": "",
            "force_destroy": false,
            "id": "Z087523713F7DSYJWVKDO",
            "name": "blgn.mn",
            "name_servers": [
              "ns-1076.awsdns-06.org",
              "ns-2005.awsdns-58.co.uk",
              "ns-212.awsdns-26.com",
              "ns-762.awsdns-31.net"
            ],
            "tags": {},
            "tags_all": {},
            "vpc": [],
            "zone_id": "Z087523713F7DSYJWVKDO"
          },
          "sensitive_attributes": [],
          "private": "bnVsbA=="
        }
      ]
    },
    {
      "mode": "managed",
      "type": "aws_route53_zone",
      "name": "docrimes-com",
      "provider": "provider[\"registry.terraform.io/hashicorp/aws\"]",
      "instances": [
        {
          "schema_version": 0,
          "attributes": {
            "arn": "arn:aws:route53:::hostedzone/Z08731401CP0G7772NH8O",
            "comment": "Managed by Terraform",
            "delegation_set_id": "",
            "force_destroy": false,
            "id": "Z08731401CP0G7772NH8O",
            "name": "docrimes.com",
            "name_servers": [
              "ns-1106.awsdns-10.org",
              "ns-1971.awsdns-54.co.uk",
              "ns-199.awsdns-24.com",
              "ns-711.awsdns-24.net"
            ],
            "tags": {},
            "tags_all": {},
            "vpc": [],
            "zone_id": "Z08731401CP0G7772NH8O"
          },
          "sensitive_attributes": [],
          "private": "bnVsbA=="
        }
      ]
    },
    {
      "mode": "managed",
      "type": "aws_route53_zone",
      "name": "fmail-email",
      "provider": "provider[\"registry.terraform.io/hashicorp/aws\"]",
      "instances": [
        {
          "schema_version": 0,
          "attributes": {
            "arn": "arn:aws:route53:::hostedzone/Z08736341F7T1F2YALBOA",
            "comment": "Managed by Terraform",
            "delegation_set_id": "",
            "force_destroy": false,
            "id": "Z08736341F7T1F2YALBOA",
            "name": "fmail.email",
            "name_servers": [
              "ns-1490.awsdns-58.org",
              "ns-1892.awsdns-44.co.uk",
              "ns-287.awsdns-35.com",
              "ns-668.awsdns-19.net"
            ],
            "tags": {},
            "tags_all": {},
            "vpc": [],
            "zone_id": "Z08736341F7T1F2YALBOA"
          },
          "sensitive_attributes": [],
          "private": "bnVsbA=="
        }
      ]
    },
    {
      "mode": "managed",
      "type": "aws_route53_zone",
      "name": "lyrics-gy",
      "provider": "provider[\"registry.terraform.io/hashicorp/aws\"]",
      "instances": [
        {
          "schema_version": 0,
          "attributes": {
            "arn": "arn:aws:route53:::hostedzone/Z10120252747GUQXJ9K00",
            "comment": "Managed by Terraform",
            "delegation_set_id": "",
            "force_destroy": false,
            "id": "Z10120252747GUQXJ9K00",
            "name": "lyrics.gy",
            "name_servers": [
              "ns-1345.awsdns-40.org",
              "ns-1592.awsdns-07.co.uk",
              "ns-267.awsdns-33.com",
              "ns-535.awsdns-02.net"
            ],
            "tags": {},
            "tags_all": {},
            "vpc": [],
            "zone_id": "Z10120252747GUQXJ9K00"
          },
          "sensitive_attributes": [],
          "private": "bnVsbA=="
        }
      ]
    },
    {
      "mode": "managed",
      "type": "aws_route53_zone",
      "name": "monks-co",
      "provider": "provider[\"registry.terraform.io/hashicorp/aws\"]",
      "instances": [
        {
          "schema_version": 0,
          "attributes": {
            "arn": "arn:aws:route53:::hostedzone/Z087595026NN9591ZWPS5",
            "comment": "Managed by Terraform",
            "delegation_set_id": "",
            "force_destroy": null,
            "id": "Z087595026NN9591ZWPS5",
            "name": "monks.co",
            "name_servers": [
              "ns-1029.awsdns-00.org",
              "ns-1742.awsdns-25.co.uk",
              "ns-496.awsdns-62.com",
              "ns-772.awsdns-32.net"
            ],
            "tags": {},
            "tags_all": {},
            "vpc": [],
            "zone_id": "Z087595026NN9591ZWPS5"
          },
          "sensitive_attributes": [],
          "private": "eyJzY2hlbWFfdmVyc2lvbiI6IjAifQ=="
        }
      ]
    },
    {
      "mode": "managed",
      "type": "aws_route53_zone",
      "name": "needsyourhelp-org",
      "provider": "provider[\"registry.terraform.io/hashicorp/aws\"]",
      "instances": [
        {
          "schema_version": 0,
          "attributes": {
            "arn": "arn:aws:route53:::hostedzone/Z02692292019DKAC6PVTW",
            "comment": "Managed by Terraform",
            "delegation_set_id": "",
            "force_destroy": false,
            "id": "Z02692292019DKAC6PVTW",
            "name": "needsyourhelp.org",
            "name_servers": [
              "ns-1013.awsdns-62.net",
              "ns-1330.awsdns-38.org",
              "ns-1606.awsdns-08.co.uk",
              "ns-326.awsdns-40.com"
            ],
            "tags": {},
            "tags_all": {},
            "vpc": [],
            "zone_id": "Z02692292019DKAC6PVTW"
          },
          "sensitive_attributes": [],
          "private": "bnVsbA=="
        }
      ]
    },
    {
      "mode": "managed",
      "type": "aws_route53_zone",
      "name": "popefucker-com",
      "provider": "provider[\"registry.terraform.io/hashicorp/aws\"]",
      "instances": [
        {
          "schema_version": 0,
          "attributes": {
            "arn": "arn:aws:route53:::hostedzone/Z070907538N0CV3NSOA7L",
            "comment": "Managed by Terraform",
            "delegation_set_id": "",
            "force_destroy": false,
            "id": "Z070907538N0CV3NSOA7L",
            "name": "popefucker.com",
            "name_servers": [
              "ns-1180.awsdns-19.org",
              "ns-1778.awsdns-30.co.uk",
              "ns-337.awsdns-42.com",
              "ns-816.awsdns-38.net"
            ],
            "tags": {},
            "tags_all": {},
            "vpc": [],
            "zone_id": "Z070907538N0CV3NSOA7L"
          },
          "sensitive_attributes": [],
          "private": "bnVsbA=="
        }
      ]
    },
    {
      "mode": "managed",
      "type": "aws_route53_zone",
      "name": "ss-cx",
      "provider": "provider[\"registry.terraform.io/hashicorp/aws\"]",
      "instances": [
        {
          "schema_version": 0,
          "attributes": {
            "arn": "arn:aws:route53:::hostedzone/Z10151822SI7PT6XPE76C",
            "comment": "Managed by Terraform",
            "delegation_set_id": "",
            "force_destroy": false,
            "id": "Z10151822SI7PT6XPE76C",
            "name": "ss.cx",
            "name_servers": [
              "ns-1073.awsdns-06.org",
              "ns-1548.awsdns-01.co.uk",
              "ns-193.awsdns-24.com",
              "ns-837.awsdns-40.net"
            ],
            "tags": {},
            "tags_all": {},
            "vpc": [],
            "zone_id": "Z10151822SI7PT6XPE76C"
          },
          "sensitive_attributes": [],
          "private": "bnVsbA=="
        }
      ]
    },
    {
      "mode": "managed",
      "type": "gandi_nameservers",
      "name": "gandi_domain_andrewmonks_com",
      "provider": "provider[\"registry.terraform.io/go-gandi/gandi\"]",
      "instances": [
        {
          "schema_version": 0,
          "attributes": {
            "domain": "andrewmonks.com",
            "id": "andrewmonks.com",
            "nameservers": [
              "ns-1238.awsdns-26.org",
              "ns-132.awsdns-16.com",
              "ns-1617.awsdns-10.co.uk",
              "ns-802.awsdns-36.net"
            ],
            "timeouts": null
          },
          "sensitive_attributes": [],
          "private": "eyJlMmJmYjczMC1lY2FhLTExZTYtOGY4OC0zNDM2M2JjN2M0YzAiOnsiY3JlYXRlIjo2MDAwMDAwMDAwMCwiZGVmYXVsdCI6NjAwMDAwMDAwMDAsImRlbGV0ZSI6NjAwMDAwMDAwMDAsInJlYWQiOjYwMDAwMDAwMDAwLCJ1cGRhdGUiOjYwMDAwMDAwMDAwfX0=",
          "dependencies": [
            "aws_route53_zone.andrewmonks-com"
          ]
        }
      ]
    },
    {
      "mode": "managed",
      "type": "gandi_nameservers",
      "name": "gandi_domain_andrewmonks_net",
      "provider": "provider[\"registry.terraform.io/go-gandi/gandi\"]",
      "instances": [
        {
          "schema_version": 0,
          "attributes": {
            "domain": "andrewmonks.net",
            "id": "andrewmonks.net",
            "nameservers": [
              "ns-1244.awsdns-27.org",
              "ns-1573.awsdns-04.co.uk",
              "ns-56.awsdns-07.com",
              "ns-828.awsdns-39.net"
            ],
            "timeouts": null
          },
          "sensitive_attributes": [],
          "private": "eyJlMmJmYjczMC1lY2FhLTExZTYtOGY4OC0zNDM2M2JjN2M0YzAiOnsiY3JlYXRlIjo2MDAwMDAwMDAwMCwiZGVmYXVsdCI6NjAwMDAwMDAwMDAsImRlbGV0ZSI6NjAwMDAwMDAwMDAsInJlYWQiOjYwMDAwMDAwMDAwLCJ1cGRhdGUiOjYwMDAwMDAwMDAwfX0=",
          "dependencies": [
            "aws_route53_zone.andrewmonks-net"
          ]
        }
      ]
    },
    {
      "mode": "managed",
      "type": "gandi_nameservers",
      "name": "gandi_domain_andrewmonks_org",
      "provider": "provider[\"registry.terraform.io/go-gandi/gandi\"]",
      "instances": [
        {
          "schema_version": 0,
          "attributes": {
            "domain": "andrewmonks.org",
            "id": "andrewmonks.org",
            "nameservers": [
              "ns-1265.awsdns-30.org",
              "ns-1631.awsdns-11.co.uk",
              "ns-508.awsdns-63.com",
              "ns-921.awsdns-51.net"
            ],
            "timeouts": null
          },
          "sensitive_attributes": [],
          "private": "eyJlMmJmYjczMC1lY2FhLTExZTYtOGY4OC0zNDM2M2JjN2M0YzAiOnsiY3JlYXRlIjo2MDAwMDAwMDAwMCwiZGVmYXVsdCI6NjAwMDAwMDAwMDAsImRlbGV0ZSI6NjAwMDAwMDAwMDAsInJlYWQiOjYwMDAwMDAwMDAwLCJ1cGRhdGUiOjYwMDAwMDAwMDAwfX0=",
          "dependencies": [
            "aws_route53_zone.andrewmonks-org"
          ]
        }
      ]
    },
    {
      "mode": "managed",
      "type": "gandi_nameservers",
      "name": "gandi_domain_belgianman_com",
      "provider": "provider[\"registry.terraform.io/go-gandi/gandi\"]",
      "instances": [
        {
          "schema_version": 0,
          "attributes": {
            "domain": "belgianman.com",
            "id": "belgianman.com",
            "nameservers": [
              "ns-1288.awsdns-33.org",
              "ns-1972.awsdns-54.co.uk",
              "ns-474.awsdns-59.com",
              "ns-763.awsdns-31.net"
            ],
            "timeouts": null
          },
          "sensitive_attributes": [],
          "private": "eyJlMmJmYjczMC1lY2FhLTExZTYtOGY4OC0zNDM2M2JjN2M0YzAiOnsiY3JlYXRlIjo2MDAwMDAwMDAwMCwiZGVmYXVsdCI6NjAwMDAwMDAwMDAsImRlbGV0ZSI6NjAwMDAwMDAwMDAsInJlYWQiOjYwMDAwMDAwMDAwLCJ1cGRhdGUiOjYwMDAwMDAwMDAwfX0=",
          "dependencies": [
            "aws_route53_zone.belgianman-com"
          ]
        }
      ]
    },
    {
      "mode": "managed",
      "type": "gandi_nameservers",
      "name": "gandi_domain_blgn_mn",
      "provider": "provider[\"registry.terraform.io/go-gandi/gandi\"]",
      "instances": [
        {
          "schema_version": 0,
          "attributes": {
            "domain": "blgn.mn",
            "id": "blgn.mn",
            "nameservers": [
              "ns-1076.awsdns-06.org",
              "ns-2005.awsdns-58.co.uk",
              "ns-212.awsdns-26.com",
              "ns-762.awsdns-31.net"
            ],
            "timeouts": null
          },
          "sensitive_attributes": [],
          "private": "eyJlMmJmYjczMC1lY2FhLTExZTYtOGY4OC0zNDM2M2JjN2M0YzAiOnsiY3JlYXRlIjo2MDAwMDAwMDAwMCwiZGVmYXVsdCI6NjAwMDAwMDAwMDAsImRlbGV0ZSI6NjAwMDAwMDAwMDAsInJlYWQiOjYwMDAwMDAwMDAwLCJ1cGRhdGUiOjYwMDAwMDAwMDAwfX0=",
          "dependencies": [
            "aws_route53_zone.blgn-mn"
          ]
        }
      ]
    },
    {
      "mode": "managed",
      "type": "gandi_nameservers",
      "name": "gandi_domain_docrimes_com",
      "provider": "provider[\"registry.terraform.io/go-gandi/gandi\"]",
      "instances": [
        {
          "schema_version": 0,
          "attributes": {
            "domain": "docrimes.com",
            "id": "docrimes.com",
            "nameservers": [
              "ns-1106.awsdns-10.org",
              "ns-1971.awsdns-54.co.uk",
              "ns-199.awsdns-24.com",
              "ns-711.awsdns-24.net"
            ],
            "timeouts": null
          },
          "sensitive_attributes": [],
          "private": "eyJlMmJmYjczMC1lY2FhLTExZTYtOGY4OC0zNDM2M2JjN2M0YzAiOnsiY3JlYXRlIjo2MDAwMDAwMDAwMCwiZGVmYXVsdCI6NjAwMDAwMDAwMDAsImRlbGV0ZSI6NjAwMDAwMDAwMDAsInJlYWQiOjYwMDAwMDAwMDAwLCJ1cGRhdGUiOjYwMDAwMDAwMDAwfX0=",
          "dependencies": [
            "aws_route53_zone.docrimes-com"
          ]
        }
      ]
    },
    {
      "mode": "managed",
      "type": "gandi_nameservers",
      "name": "gandi_domain_fmail_email",
      "provider": "provider[\"registry.terraform.io/go-gandi/gandi\"]",
      "instances": [
        {
          "schema_version": 0,
          "attributes": {
            "domain": "fmail.email",
            "id": "fmail.email",
            "nameservers": [
              "ns-1490.awsdns-58.org",
              "ns-1892.awsdns-44.co.uk",
              "ns-287.awsdns-35.com",
              "ns-668.awsdns-19.net"
            ],
            "timeouts": null
          },
          "sensitive_attributes": [],
          "private": "eyJlMmJmYjczMC1lY2FhLTExZTYtOGY4OC0zNDM2M2JjN2M0YzAiOnsiY3JlYXRlIjo2MDAwMDAwMDAwMCwiZGVmYXVsdCI6NjAwMDAwMDAwMDAsImRlbGV0ZSI6NjAwMDAwMDAwMDAsInJlYWQiOjYwMDAwMDAwMDAwLCJ1cGRhdGUiOjYwMDAwMDAwMDAwfX0=",
          "dependencies": [
            "aws_route53_zone.fmail-email"
          ]
        }
      ]
    },
    {
      "mode": "managed",
      "type": "gandi_nameservers",
      "name": "gandi_domain_lyrics_gy",
      "provider": "provider[\"registry.terraform.io/go-gandi/gandi\"]",
      "instances": [
        {
          "schema_version": 0,
          "attributes": {
            "domain": "lyrics.gy",
            "id": "lyrics.gy",
            "nameservers": [
              "ns-1345.awsdns-40.org",
              "ns-1592.awsdns-07.co.uk",
              "ns-267.awsdns-33.com",
              "ns-535.awsdns-02.net"
            ],
            "timeouts": null
          },
          "sensitive_attributes": [],
          "private": "eyJlMmJmYjczMC1lY2FhLTExZTYtOGY4OC0zNDM2M2JjN2M0YzAiOnsiY3JlYXRlIjo2MDAwMDAwMDAwMCwiZGVmYXVsdCI6NjAwMDAwMDAwMDAsImRlbGV0ZSI6NjAwMDAwMDAwMDAsInJlYWQiOjYwMDAwMDAwMDAwLCJ1cGRhdGUiOjYwMDAwMDAwMDAwfX0=",
          "dependencies": [
            "aws_route53_zone.lyrics-gy"
          ]
        }
      ]
    },
    {
      "mode": "managed",
      "type": "gandi_nameservers",
      "name": "gandi_domain_monks_co",
      "provider": "provider[\"registry.terraform.io/go-gandi/gandi\"]",
      "instances": [
        {
          "schema_version": 0,
          "attributes": {
            "domain": "monks.co",
            "id": "monks.co",
            "nameservers": [
              "ns-1029.awsdns-00.org",
              "ns-1742.awsdns-25.co.uk",
              "ns-496.awsdns-62.com",
              "ns-772.awsdns-32.net"
            ],
            "timeouts": null
          },
          "sensitive_attributes": [],
          "private": "eyJlMmJmYjczMC1lY2FhLTExZTYtOGY4OC0zNDM2M2JjN2M0YzAiOnsiY3JlYXRlIjo2MDAwMDAwMDAwMCwiZGVmYXVsdCI6NjAwMDAwMDAwMDAsImRlbGV0ZSI6NjAwMDAwMDAwMDAsInJlYWQiOjYwMDAwMDAwMDAwLCJ1cGRhdGUiOjYwMDAwMDAwMDAwfX0=",
          "dependencies": [
            "aws_route53_zone.monks-co"
          ]
        }
      ]
    },
    {
      "mode": "managed",
      "type": "gandi_nameservers",
      "name": "gandi_domain_needsyourhelp_org",
      "provider": "provider[\"registry.terraform.io/go-gandi/gandi\"]",
      "instances": [
        {
          "schema_version": 0,
          "attributes": {
            "domain": "needsyourhelp.org",
            "id": "needsyourhelp.org",
            "nameservers": [
              "ns-1013.awsdns-62.net",
              "ns-1330.awsdns-38.org",
              "ns-1606.awsdns-08.co.uk",
              "ns-326.awsdns-40.com"
            ],
            "timeouts": null
          },
          "sensitive_attributes": [],
          "private": "eyJlMmJmYjczMC1lY2FhLTExZTYtOGY4OC0zNDM2M2JjN2M0YzAiOnsiY3JlYXRlIjo2MDAwMDAwMDAwMCwiZGVmYXVsdCI6NjAwMDAwMDAwMDAsImRlbGV0ZSI6NjAwMDAwMDAwMDAsInJlYWQiOjYwMDAwMDAwMDAwLCJ1cGRhdGUiOjYwMDAwMDAwMDAwfX0=",
          "dependencies": [
            "aws_route53_zone.needsyourhelp-org"
          ]
        }
      ]
    },
    {
      "mode": "managed",
      "type": "gandi_nameservers",
      "name": "gandi_domain_popefucker_com",
      "provider": "provider[\"registry.terraform.io/go-gandi/gandi\"]",
      "instances": [
        {
          "schema_version": 0,
          "attributes": {
            "domain": "popefucker.com",
            "id": "popefucker.com",
            "nameservers": [
              "ns-1180.awsdns-19.org",
              "ns-1778.awsdns-30.co.uk",
              "ns-337.awsdns-42.com",
              "ns-816.awsdns-38.net"
            ],
            "timeouts": null
          },
          "sensitive_attributes": [],
          "private": "eyJlMmJmYjczMC1lY2FhLTExZTYtOGY4OC0zNDM2M2JjN2M0YzAiOnsiY3JlYXRlIjo2MDAwMDAwMDAwMCwiZGVmYXVsdCI6NjAwMDAwMDAwMDAsImRlbGV0ZSI6NjAwMDAwMDAwMDAsInJlYWQiOjYwMDAwMDAwMDAwLCJ1cGRhdGUiOjYwMDAwMDAwMDAwfX0=",
          "dependencies": [
            "aws_route53_zone.popefucker-com"
          ]
        }
      ]
    },
    {
      "mode": "managed",
      "type": "gandi_nameservers",
      "name": "gandi_domain_ss_cx",
      "provider": "provider[\"registry.terraform.io/go-gandi/gandi\"]",
      "instances": [
        {
          "schema_version": 0,
          "attributes": {
            "domain": "ss.cx",
            "id": "ss.cx",
            "nameservers": [
              "ns-1073.awsdns-06.org",
              "ns-1548.awsdns-01.co.uk",
              "ns-193.awsdns-24.com",
              "ns-837.awsdns-40.net"
            ],
            "timeouts": null
          },
          "sensitive_attributes": [],
          "private": "eyJlMmJmYjczMC1lY2FhLTExZTYtOGY4OC0zNDM2M2JjN2M0YzAiOnsiY3JlYXRlIjo2MDAwMDAwMDAwMCwiZGVmYXVsdCI6NjAwMDAwMDAwMDAsImRlbGV0ZSI6NjAwMDAwMDAwMDAsInJlYWQiOjYwMDAwMDAwMDAwLCJ1cGRhdGUiOjYwMDAwMDAwMDAwfX0=",
          "dependencies": [
            "aws_route53_zone.ss-cx"
          ]
        }
      ]
    },
    {
      "module": "module.ss-cx-mailer",
      "mode": "data",
      "type": "aws_iam_policy_document",
      "name": "policy_document",
      "provider": "provider[\"registry.terraform.io/hashicorp/aws\"]",
      "instances": [
        {
          "schema_version": 0,
          "attributes": {
            "id": "3648505298",
            "json": "{\n  \"Version\": \"2012-10-17\",\n  \"Statement\": [\n    {\n      \"Sid\": \"\",\n      \"Effect\": \"Allow\",\n      \"Action\": [\n        \"ses:SendRawEmail\",\n        \"ses:SendEmail\"\n      ],\n      \"Resource\": \"arn:aws:ses:us-east-1:558796306206:identity/ss.cx\"\n    }\n  ]\n}",
            "override_json": null,
            "override_policy_documents": null,
            "policy_id": null,
            "source_json": null,
            "source_policy_documents": null,
            "statement": [
              {
                "actions": [
                  "ses:SendEmail",
                  "ses:SendRawEmail"
                ],
                "condition": [],
                "effect": "Allow",
                "not_actions": [],
                "not_principals": [],
                "not_resources": [],
                "principals": [],
                "resources": [
                  "arn:aws:ses:us-east-1:558796306206:identity/ss.cx"
                ],
                "sid": ""
              }
            ],
            "version": "2012-10-17"
          },
          "sensitive_attributes": []
        }
      ]
    },
    {
      "module": "module.ss-cx-mailer",
      "mode": "managed",
      "type": "aws_iam_access_key",
      "name": "access_key",
      "provider": "provider[\"registry.terraform.io/hashicorp/aws\"]",
      "instances": [
        {
          "schema_version": 0,
          "attributes": {
            "create_date": "2023-11-01T23:53:26Z",
            "encrypted_secret": null,
            "encrypted_ses_smtp_password_v4": null,
            "id": "AKIAYEGW264PDMI7U3GC",
            "key_fingerprint": null,
            "pgp_key": null,
            "secret": "8D0Cq6dpEn6a7PTobi+o9LlPp9TALMsPpwDVmxYC",
            "ses_smtp_password_v4": "BB6Di5pekk0Ayfx9gLpD0sabjBa7Hllc9eltmsGsEthS",
            "status": "Active",
            "user": "mailer-ss.cx"
          },
          "sensitive_attributes": [],
          "private": "bnVsbA==",
          "dependencies": [
            "module.ss-cx-mailer.aws_iam_user.user"
          ]
        }
      ]
    },
    {
      "module": "module.ss-cx-mailer",
      "mode": "managed",
      "type": "aws_iam_policy",
      "name": "policy",
      "provider": "provider[\"registry.terraform.io/hashicorp/aws\"]",
      "instances": [
        {
          "schema_version": 0,
          "attributes": {
            "arn": "arn:aws:iam::558796306206:policy/Mailer-ss.cx",
            "description": "",
            "id": "arn:aws:iam::558796306206:policy/Mailer-ss.cx",
            "name": "Mailer-ss.cx",
            "name_prefix": null,
            "path": "/",
            "policy": "{\"Statement\":[{\"Action\":[\"ses:SendRawEmail\",\"ses:SendEmail\"],\"Effect\":\"Allow\",\"Resource\":\"arn:aws:ses:us-east-1:558796306206:identity/ss.cx\",\"Sid\":\"\"}],\"Version\":\"2012-10-17\"}",
            "policy_id": "ANPAYEGW264PN7M7K2X6A",
            "tags": {},
            "tags_all": {}
          },
          "sensitive_attributes": [],
          "private": "bnVsbA==",
          "dependencies": [
            "module.ss-cx-mailer.aws_ses_domain_identity.mailer",
            "module.ss-cx-mailer.data.aws_iam_policy_document.policy_document"
          ]
        }
      ]
    },
    {
      "module": "module.ss-cx-mailer",
      "mode": "managed",
      "type": "aws_iam_user",
      "name": "user",
      "provider": "provider[\"registry.terraform.io/hashicorp/aws\"]",
      "instances": [
        {
          "schema_version": 0,
          "attributes": {
            "arn": "arn:aws:iam::558796306206:user/mailer-ss.cx",
            "force_destroy": false,
            "id": "mailer-ss.cx",
            "name": "mailer-ss.cx",
            "path": "/",
            "permissions_boundary": null,
            "tags": {},
            "tags_all": {},
            "unique_id": "AIDAYEGW264PDSQPX2X2X"
          },
          "sensitive_attributes": [],
          "private": "bnVsbA=="
        }
      ]
    },
    {
      "module": "module.ss-cx-mailer",
      "mode": "managed",
      "type": "aws_iam_user_policy_attachment",
      "name": "user_policy",
      "provider": "provider[\"registry.terraform.io/hashicorp/aws\"]",
      "instances": [
        {
          "schema_version": 0,
          "attributes": {
            "id": "mailer-ss.cx-20231101235402372200000001",
            "policy_arn": "arn:aws:iam::558796306206:policy/Mailer-ss.cx",
            "user": "mailer-ss.cx"
          },
          "sensitive_attributes": [],
          "private": "bnVsbA==",
          "dependencies": [
            "module.ss-cx-mailer.aws_iam_policy.policy",
            "module.ss-cx-mailer.aws_iam_user.user",
            "module.ss-cx-mailer.aws_ses_domain_identity.mailer",
            "module.ss-cx-mailer.data.aws_iam_policy_document.policy_document"
          ]
        }
      ]
    },
    {
      "module": "module.ss-cx-mailer",
      "mode": "managed",
      "type": "aws_route53_record",
      "name": "DKIM",
      "provider": "provider[\"registry.terraform.io/hashicorp/aws\"]",
      "instances": [
        {
          "index_key": 0,
          "schema_version": 2,
          "attributes": {
            "alias": [],
            "allow_overwrite": null,
            "failover_routing_policy": [],
            "fqdn": "yjgqbqxqm3jhadfotfvrwnzrmow3a7dj._domainkey.ss.cx",
            "geolocation_routing_policy": [],
            "health_check_id": "",
            "id": "Z10151822SI7PT6XPE76C_yjgqbqxqm3jhadfotfvrwnzrmow3a7dj._domainkey.ss.cx_CNAME",
            "latency_routing_policy": [],
            "multivalue_answer_routing_policy": null,
            "name": "yjgqbqxqm3jhadfotfvrwnzrmow3a7dj._domainkey.ss.cx",
            "records": [
              "yjgqbqxqm3jhadfotfvrwnzrmow3a7dj.dkim.amazonses.com"
            ],
            "set_identifier": "",
            "ttl": 300,
            "type": "CNAME",
            "weighted_routing_policy": [],
            "zone_id": "Z10151822SI7PT6XPE76C"
          },
          "sensitive_attributes": [],
          "private": "eyJzY2hlbWFfdmVyc2lvbiI6IjIifQ==",
          "dependencies": [
            "aws_route53_zone.ss-cx",
            "module.ss-cx-mailer.aws_ses_domain_dkim.mailer",
            "module.ss-cx-mailer.aws_ses_domain_identity.mailer",
            "module.ss-cx-mailer.aws_ses_domain_mail_from.mailer"
          ]
        },
        {
          "index_key": 1,
          "schema_version": 2,
          "attributes": {
            "alias": [],
            "allow_overwrite": null,
            "failover_routing_policy": [],
            "fqdn": "wvajxys275ttn4w6t2mj6n5gzlq25c3z._domainkey.ss.cx",
            "geolocation_routing_policy": [],
            "health_check_id": "",
            "id": "Z10151822SI7PT6XPE76C_wvajxys275ttn4w6t2mj6n5gzlq25c3z._domainkey.ss.cx_CNAME",
            "latency_routing_policy": [],
            "multivalue_answer_routing_policy": null,
            "name": "wvajxys275ttn4w6t2mj6n5gzlq25c3z._domainkey.ss.cx",
            "records": [
              "wvajxys275ttn4w6t2mj6n5gzlq25c3z.dkim.amazonses.com"
            ],
            "set_identifier": "",
            "ttl": 300,
            "type": "CNAME",
            "weighted_routing_policy": [],
            "zone_id": "Z10151822SI7PT6XPE76C"
          },
          "sensitive_attributes": [],
          "private": "eyJzY2hlbWFfdmVyc2lvbiI6IjIifQ==",
          "dependencies": [
            "aws_route53_zone.ss-cx",
            "module.ss-cx-mailer.aws_ses_domain_dkim.mailer",
            "module.ss-cx-mailer.aws_ses_domain_identity.mailer",
            "module.ss-cx-mailer.aws_ses_domain_mail_from.mailer"
          ]
        },
        {
          "index_key": 2,
          "schema_version": 2,
          "attributes": {
            "alias": [],
            "allow_overwrite": null,
            "failover_routing_policy": [],
            "fqdn": "lkbgnnxjbqamx5fcqrihhrkpwtf7x4ke._domainkey.ss.cx",
            "geolocation_routing_policy": [],
            "health_check_id": "",
            "id": "Z10151822SI7PT6XPE76C_lkbgnnxjbqamx5fcqrihhrkpwtf7x4ke._domainkey.ss.cx_CNAME",
            "latency_routing_policy": [],
            "multivalue_answer_routing_policy": null,
            "name": "lkbgnnxjbqamx5fcqrihhrkpwtf7x4ke._domainkey.ss.cx",
            "records": [
              "lkbgnnxjbqamx5fcqrihhrkpwtf7x4ke.dkim.amazonses.com"
            ],
            "set_identifier": "",
            "ttl": 300,
            "type": "CNAME",
            "weighted_routing_policy": [],
            "zone_id": "Z10151822SI7PT6XPE76C"
          },
          "sensitive_attributes": [],
          "private": "eyJzY2hlbWFfdmVyc2lvbiI6IjIifQ==",
          "dependencies": [
            "aws_route53_zone.ss-cx",
            "module.ss-cx-mailer.aws_ses_domain_dkim.mailer",
            "module.ss-cx-mailer.aws_ses_domain_identity.mailer",
            "module.ss-cx-mailer.aws_ses_domain_mail_from.mailer"
          ]
        }
      ]
    },
    {
      "module": "module.ss-cx-mailer",
      "mode": "managed",
      "type": "aws_route53_record",
      "name": "MX",
      "provider": "provider[\"registry.terraform.io/hashicorp/aws\"]",
      "instances": [
        {
          "schema_version": 2,
          "attributes": {
            "alias": [],
            "allow_overwrite": null,
            "failover_routing_policy": [],
            "fqdn": "mail.ss.cx",
            "geolocation_routing_policy": [],
            "health_check_id": "",
            "id": "Z10151822SI7PT6XPE76C_mail.ss.cx_MX",
            "latency_routing_policy": [],
            "multivalue_answer_routing_policy": null,
            "name": "mail.ss.cx",
            "records": [
              "10 feedback-smtp.us-east-1.amazonses.com"
            ],
            "set_identifier": "",
            "ttl": 600,
            "type": "MX",
            "weighted_routing_policy": [],
            "zone_id": "Z10151822SI7PT6XPE76C"
          },
          "sensitive_attributes": [],
          "private": "eyJzY2hlbWFfdmVyc2lvbiI6IjIifQ==",
          "dependencies": [
            "aws_route53_zone.ss-cx",
            "module.ss-cx-mailer.aws_ses_domain_identity.mailer",
            "module.ss-cx-mailer.aws_ses_domain_mail_from.mailer"
          ]
        }
      ]
    },
    {
      "module": "module.ss-cx-mailer",
      "mode": "managed",
      "type": "aws_route53_record",
      "name": "SPF-TXT",
      "provider": "provider[\"registry.terraform.io/hashicorp/aws\"]",
      "instances": [
        {
          "schema_version": 2,
          "attributes": {
            "alias": [],
            "allow_overwrite": null,
            "failover_routing_policy": [],
            "fqdn": "mail.ss.cx",
            "geolocation_routing_policy": [],
            "health_check_id": "",
            "id": "Z10151822SI7PT6XPE76C_mail.ss.cx_TXT",
            "latency_routing_policy": [],
            "multivalue_answer_routing_policy": null,
            "name": "mail.ss.cx",
            "records": [
              "v=spf1 include:amazonses.com ~all"
            ],
            "set_identifier": "",
            "ttl": 300,
            "type": "TXT",
            "weighted_routing_policy": [],
            "zone_id": "Z10151822SI7PT6XPE76C"
          },
          "sensitive_attributes": [],
          "private": "eyJzY2hlbWFfdmVyc2lvbiI6IjIifQ==",
          "dependencies": [
            "aws_route53_zone.ss-cx",
            "module.ss-cx-mailer.aws_ses_domain_identity.mailer",
            "module.ss-cx-mailer.aws_ses_domain_mail_from.mailer"
          ]
        }
      ]
    },
    {
      "module": "module.ss-cx-mailer",
      "mode": "managed",
      "type": "aws_route53_record",
      "name": "TXT-verification",
      "provider": "provider[\"registry.terraform.io/hashicorp/aws\"]",
      "instances": [
        {
          "schema_version": 2,
          "attributes": {
            "alias": [],
            "allow_overwrite": null,
            "failover_routing_policy": [],
            "fqdn": "_amazonses.ss.cx",
            "geolocation_routing_policy": [],
            "health_check_id": "",
            "id": "Z10151822SI7PT6XPE76C__amazonses.ss.cx_TXT",
            "latency_routing_policy": [],
            "multivalue_answer_routing_policy": null,
            "name": "_amazonses.ss.cx",
            "records": [
              "Z5VHamY4wx+3mNncJjup2BdN82RAb5muht8yefcy5vk="
            ],
            "set_identifier": "",
            "ttl": 300,
            "type": "TXT",
            "weighted_routing_policy": [],
            "zone_id": "Z10151822SI7PT6XPE76C"
          },
          "sensitive_attributes": [],
          "private": "eyJzY2hlbWFfdmVyc2lvbiI6IjIifQ==",
          "dependencies": [
            "aws_route53_zone.ss-cx",
            "module.ss-cx-mailer.aws_ses_domain_identity.mailer"
          ]
        }
      ]
    },
    {
      "module": "module.ss-cx-mailer",
      "mode": "managed",
      "type": "aws_ses_domain_dkim",
      "name": "mailer",
      "provider": "provider[\"registry.terraform.io/hashicorp/aws\"]",
      "instances": [
        {
          "schema_version": 0,
          "attributes": {
            "dkim_tokens": [
              "yjgqbqxqm3jhadfotfvrwnzrmow3a7dj",
              "wvajxys275ttn4w6t2mj6n5gzlq25c3z",
              "lkbgnnxjbqamx5fcqrihhrkpwtf7x4ke"
            ],
            "domain": "ss.cx",
            "id": "ss.cx"
          },
          "sensitive_attributes": [],
          "private": "bnVsbA==",
          "dependencies": [
            "module.ss-cx-mailer.aws_ses_domain_identity.mailer"
          ]
        }
      ]
    },
    {
      "module": "module.ss-cx-mailer",
      "mode": "managed",
      "type": "aws_ses_domain_identity",
      "name": "mailer",
      "provider": "provider[\"registry.terraform.io/hashicorp/aws\"]",
      "instances": [
        {
          "schema_version": 0,
          "attributes": {
            "arn": "arn:aws:ses:us-east-1:558796306206:identity/ss.cx",
            "domain": "ss.cx",
            "id": "ss.cx",
            "verification_token": "Z5VHamY4wx+3mNncJjup2BdN82RAb5muht8yefcy5vk="
          },
          "sensitive_attributes": [],
          "private": "bnVsbA=="
        }
      ]
    },
    {
      "module": "module.ss-cx-mailer",
      "mode": "managed",
      "type": "aws_ses_domain_identity_verification",
      "name": "mailer",
      "provider": "provider[\"registry.terraform.io/hashicorp/aws\"]",
      "instances": [
        {
          "schema_version": 0,
          "attributes": {
            "arn": "arn:aws:ses:us-east-1:558796306206:identity/ss.cx",
            "domain": "ss.cx",
            "id": "ss.cx",
            "timeouts": null
          },
          "sensitive_attributes": [],
          "private": "eyJlMmJmYjczMC1lY2FhLTExZTYtOGY4OC0zNDM2M2JjN2M0YzAiOnsiY3JlYXRlIjoyNzAwMDAwMDAwMDAwfX0=",
          "dependencies": [
            "aws_route53_zone.ss-cx",
            "module.ss-cx-mailer.aws_route53_record.TXT-verification",
            "module.ss-cx-mailer.aws_ses_domain_identity.mailer"
          ]
        }
      ]
    },
    {
      "module": "module.ss-cx-mailer",
      "mode": "managed",
      "type": "aws_ses_domain_mail_from",
      "name": "mailer",
      "provider": "provider[\"registry.terraform.io/hashicorp/aws\"]",
      "instances": [
        {
          "schema_version": 0,
          "attributes": {
            "behavior_on_mx_failure": "UseDefaultValue",
            "domain": "ss.cx",
            "id": "ss.cx",
            "mail_from_domain": "mail.ss.cx"
          },
          "sensitive_attributes": [],
          "private": "bnVsbA==",
          "dependencies": [
            "module.ss-cx-mailer.aws_ses_domain_identity.mailer"
          ]
        }
      ]
    }
  ],
  "check_results": null
}
